{
    "version": 3,
    "terraform_version": "0.12.31",
    "serial": 1,
    "lineage": "abd325ed-46b4-411d-84a8-805f56aaff71",
    "modules": [
        {
            "path": [
                "root"
            ],
            "outputs": {
                "google_cloudbuild_trigger_tfer--rmgpgab-dagger-test-us-central1-gangadhar3303-myapp--mahtg_id": {
                    "sensitive": false,
                    "type": "string",
                    "value": "7244b3e6-17ec-48c7-9b65-9c6ddd240904"
                }
            },
            "resources": {
                "google_cloudbuild_trigger.tfer--rmgpgab-dagger-test-us-central1-gangadhar3303-myapp--mahtg": {
                    "type": "google_cloudbuild_trigger",
                    "depends_on": [],
                    "primary": {
                        "id": "7244b3e6-17ec-48c7-9b65-9c6ddd240904",
                        "attributes": {
                            "build.#": "0",
                            "create_time": "",
                            "description": "",
                            "disabled": "false",
                            "filename": "",
                            "github.#": "0",
                            "id": "7244b3e6-17ec-48c7-9b65-9c6ddd240904",
                            "ignored_files.#": "0",
                            "included_files.#": "0",
                            "name": "",
                            "project": "ce-ps-3team",
                            "pubsub_config.#": "0",
                            "service_account": "",
                            "substitutions.%": "0",
                            "tags.#": "0",
                            "trigger_id": "",
                            "trigger_template.#": "0",
                            "webhook_config.#": "0"
                        },
                        "meta": {
                            "schema_version": 1
                        },
                        "tainted": false
                    },
                    "deposed": [],
                    "provider": "provider.google"
                }
            },
            "depends_on": []
        },
        {
            "path": [
                "root"
            ],
            "outputs": {
                "google_storage_bucket_acl_tfer--bsk-lb-storage_id": {
                    "sensitive": false,
                    "type": "string",
                    "value": "bsk-lb-storage"
                },
                "google_storage_bucket_acl_tfer--devnets-terraform-backend_id": {
                    "sensitive": false,
                    "type": "string",
                    "value": "devnets-terraform-backend"
                },
                "google_storage_bucket_acl_tfer--export-chuq0gogg3gr95jqfsag_id": {
                    "sensitive": false,
                    "type": "string",
                    "value": "export-chuq0gogg3gr95jqfsag"
                },
                "google_storage_bucket_acl_tfer--export-ci05qjmota228v9uep50_id": {
                    "sensitive": false,
                    "type": "string",
                    "value": "export-ci05qjmota228v9uep50"
                },
                "google_storage_bucket_acl_tfer--gitlab-pod-poc-23_id": {
                    "sensitive": false,
                    "type": "string",
                    "value": "gitlab-pod-poc-23"
                },
                "google_storage_bucket_acl_tfer--k8-assignment-ce-ps6_id": {
                    "sensitive": false,
                    "type": "string",
                    "value": "k8-assignment-ce-ps6"
                },
                "google_storage_bucket_acl_tfer--mytest1675_id": {
                    "sensitive": false,
                    "type": "string",
                    "value": "mytest1675"
                },
                "google_storage_bucket_iam_binding_tfer--bsk-lb-storage_id": {
                    "sensitive": false,
                    "type": "string",
                    "value": "bsk-lb-storage"
                },
                "google_storage_bucket_iam_binding_tfer--devnets-terraform-backend_id": {
                    "sensitive": false,
                    "type": "string",
                    "value": "devnets-terraform-backend"
                },
                "google_storage_bucket_iam_binding_tfer--export-chuq0gogg3gr95jqfsag_id": {
                    "sensitive": false,
                    "type": "string",
                    "value": "export-chuq0gogg3gr95jqfsag"
                },
                "google_storage_bucket_iam_binding_tfer--export-ci05qjmota228v9uep50_id": {
                    "sensitive": false,
                    "type": "string",
                    "value": "export-ci05qjmota228v9uep50"
                },
                "google_storage_bucket_iam_binding_tfer--gitlab-pod-poc-23_id": {
                    "sensitive": false,
                    "type": "string",
                    "value": "gitlab-pod-poc-23"
                },
                "google_storage_bucket_iam_binding_tfer--k8-assignment-ce-ps6_id": {
                    "sensitive": false,
                    "type": "string",
                    "value": "k8-assignment-ce-ps6"
                },
                "google_storage_bucket_iam_binding_tfer--mytest1675_id": {
                    "sensitive": false,
                    "type": "string",
                    "value": "mytest1675"
                },
                "google_storage_bucket_iam_policy_tfer--bsk-lb-storage_id": {
                    "sensitive": false,
                    "type": "string",
                    "value": "bsk-lb-storage"
                },
                "google_storage_bucket_iam_policy_tfer--devnets-terraform-backend_id": {
                    "sensitive": false,
                    "type": "string",
                    "value": "devnets-terraform-backend"
                },
                "google_storage_bucket_iam_policy_tfer--export-chuq0gogg3gr95jqfsag_id": {
                    "sensitive": false,
                    "type": "string",
                    "value": "export-chuq0gogg3gr95jqfsag"
                },
                "google_storage_bucket_iam_policy_tfer--export-ci05qjmota228v9uep50_id": {
                    "sensitive": false,
                    "type": "string",
                    "value": "export-ci05qjmota228v9uep50"
                },
                "google_storage_bucket_iam_policy_tfer--gitlab-pod-poc-23_id": {
                    "sensitive": false,
                    "type": "string",
                    "value": "gitlab-pod-poc-23"
                },
                "google_storage_bucket_iam_policy_tfer--k8-assignment-ce-ps6_id": {
                    "sensitive": false,
                    "type": "string",
                    "value": "k8-assignment-ce-ps6"
                },
                "google_storage_bucket_iam_policy_tfer--mytest1675_id": {
                    "sensitive": false,
                    "type": "string",
                    "value": "mytest1675"
                },
                "google_storage_bucket_tfer--bsk-lb-storage_name": {
                    "sensitive": false,
                    "type": "string",
                    "value": "bsk-lb-storage"
                },
                "google_storage_bucket_tfer--bsk-lb-storage_self_link": {
                    "sensitive": false,
                    "type": "string",
                    "value": "https://www.googleapis.com/storage/v1/b/bsk-lb-storage"
                },
                "google_storage_bucket_tfer--devnets-terraform-backend_name": {
                    "sensitive": false,
                    "type": "string",
                    "value": "devnets-terraform-backend"
                },
                "google_storage_bucket_tfer--devnets-terraform-backend_self_link": {
                    "sensitive": false,
                    "type": "string",
                    "value": "https://www.googleapis.com/storage/v1/b/devnets-terraform-backend"
                },
                "google_storage_bucket_tfer--export-chuq0gogg3gr95jqfsag_name": {
                    "sensitive": false,
                    "type": "string",
                    "value": "export-chuq0gogg3gr95jqfsag"
                },
                "google_storage_bucket_tfer--export-chuq0gogg3gr95jqfsag_self_link": {
                    "sensitive": false,
                    "type": "string",
                    "value": "https://www.googleapis.com/storage/v1/b/export-chuq0gogg3gr95jqfsag"
                },
                "google_storage_bucket_tfer--export-ci05qjmota228v9uep50_name": {
                    "sensitive": false,
                    "type": "string",
                    "value": "export-ci05qjmota228v9uep50"
                },
                "google_storage_bucket_tfer--export-ci05qjmota228v9uep50_self_link": {
                    "sensitive": false,
                    "type": "string",
                    "value": "https://www.googleapis.com/storage/v1/b/export-ci05qjmota228v9uep50"
                },
                "google_storage_bucket_tfer--gitlab-pod-poc-23_name": {
                    "sensitive": false,
                    "type": "string",
                    "value": "gitlab-pod-poc-23"
                },
                "google_storage_bucket_tfer--gitlab-pod-poc-23_self_link": {
                    "sensitive": false,
                    "type": "string",
                    "value": "https://www.googleapis.com/storage/v1/b/gitlab-pod-poc-23"
                },
                "google_storage_bucket_tfer--k8-assignment-ce-ps6_name": {
                    "sensitive": false,
                    "type": "string",
                    "value": "k8-assignment-ce-ps6"
                },
                "google_storage_bucket_tfer--k8-assignment-ce-ps6_self_link": {
                    "sensitive": false,
                    "type": "string",
                    "value": "https://www.googleapis.com/storage/v1/b/k8-assignment-ce-ps6"
                },
                "google_storage_bucket_tfer--mytest1675_name": {
                    "sensitive": false,
                    "type": "string",
                    "value": "mytest1675"
                },
                "google_storage_bucket_tfer--mytest1675_self_link": {
                    "sensitive": false,
                    "type": "string",
                    "value": "https://www.googleapis.com/storage/v1/b/mytest1675"
                },
                "google_storage_default_object_acl_tfer--bsk-lb-storage_id": {
                    "sensitive": false,
                    "type": "string",
                    "value": "bsk-lb-storage"
                },
                "google_storage_default_object_acl_tfer--devnets-terraform-backend_id": {
                    "sensitive": false,
                    "type": "string",
                    "value": "devnets-terraform-backend"
                },
                "google_storage_default_object_acl_tfer--export-chuq0gogg3gr95jqfsag_id": {
                    "sensitive": false,
                    "type": "string",
                    "value": "export-chuq0gogg3gr95jqfsag"
                },
                "google_storage_default_object_acl_tfer--export-ci05qjmota228v9uep50_id": {
                    "sensitive": false,
                    "type": "string",
                    "value": "export-ci05qjmota228v9uep50"
                },
                "google_storage_default_object_acl_tfer--gitlab-pod-poc-23_id": {
                    "sensitive": false,
                    "type": "string",
                    "value": "gitlab-pod-poc-23"
                },
                "google_storage_default_object_acl_tfer--k8-assignment-ce-ps6_id": {
                    "sensitive": false,
                    "type": "string",
                    "value": "k8-assignment-ce-ps6"
                },
                "google_storage_default_object_acl_tfer--mytest1675_id": {
                    "sensitive": false,
                    "type": "string",
                    "value": "mytest1675"
                }
            },
            "resources": {
                "google_storage_bucket.tfer--bsk-lb-storage": {
                    "type": "google_storage_bucket",
                    "depends_on": [],
                    "primary": {
                        "id": "bsk-lb-storage",
                        "attributes": {
                            "cors.#": "0",
                            "default_event_based_hold": "false",
                            "encryption.#": "0",
                            "force_destroy": "false",
                            "id": "bsk-lb-storage",
                            "labels.%": "0",
                            "lifecycle_rule.#": "0",
                            "location": "US",
                            "logging.#": "0",
                            "name": "bsk-lb-storage",
                            "project": "ce-ps-3team",
                            "requester_pays": "false",
                            "retention_policy.#": "0",
                            "self_link": "https://www.googleapis.com/storage/v1/b/bsk-lb-storage",
                            "storage_class": "STANDARD",
                            "uniform_bucket_level_access": "true",
                            "url": "gs://bsk-lb-storage",
                            "versioning.#": "0",
                            "website.#": "0"
                        },
                        "meta": {
                            "schema_version": 0
                        },
                        "tainted": false
                    },
                    "deposed": [],
                    "provider": "provider.google"
                },
                "google_storage_bucket.tfer--devnets-terraform-backend": {
                    "type": "google_storage_bucket",
                    "depends_on": [],
                    "primary": {
                        "id": "devnets-terraform-backend",
                        "attributes": {
                            "cors.#": "0",
                            "default_event_based_hold": "false",
                            "encryption.#": "0",
                            "force_destroy": "false",
                            "id": "devnets-terraform-backend",
                            "labels.%": "0",
                            "lifecycle_rule.#": "0",
                            "location": "US",
                            "logging.#": "0",
                            "name": "devnets-terraform-backend",
                            "project": "ce-ps-3team",
                            "requester_pays": "false",
                            "retention_policy.#": "0",
                            "self_link": "https://www.googleapis.com/storage/v1/b/devnets-terraform-backend",
                            "storage_class": "STANDARD",
                            "uniform_bucket_level_access": "true",
                            "url": "gs://devnets-terraform-backend",
                            "versioning.#": "0",
                            "website.#": "0"
                        },
                        "meta": {
                            "schema_version": 0
                        },
                        "tainted": false
                    },
                    "deposed": [],
                    "provider": "provider.google"
                },
                "google_storage_bucket.tfer--export-chuq0gogg3gr95jqfsag": {
                    "type": "google_storage_bucket",
                    "depends_on": [],
                    "primary": {
                        "id": "export-chuq0gogg3gr95jqfsag",
                        "attributes": {
                            "cors.#": "0",
                            "default_event_based_hold": "false",
                            "encryption.#": "0",
                            "force_destroy": "false",
                            "id": "export-chuq0gogg3gr95jqfsag",
                            "labels.%": "0",
                            "lifecycle_rule.#": "0",
                            "location": "US",
                            "logging.#": "0",
                            "name": "export-chuq0gogg3gr95jqfsag",
                            "project": "ce-ps-3team",
                            "requester_pays": "false",
                            "retention_policy.#": "0",
                            "self_link": "https://www.googleapis.com/storage/v1/b/export-chuq0gogg3gr95jqfsag",
                            "storage_class": "STANDARD",
                            "uniform_bucket_level_access": "false",
                            "url": "gs://export-chuq0gogg3gr95jqfsag",
                            "versioning.#": "0",
                            "website.#": "0"
                        },
                        "meta": {
                            "schema_version": 0
                        },
                        "tainted": false
                    },
                    "deposed": [],
                    "provider": "provider.google"
                },
                "google_storage_bucket.tfer--export-ci05qjmota228v9uep50": {
                    "type": "google_storage_bucket",
                    "depends_on": [],
                    "primary": {
                        "id": "export-ci05qjmota228v9uep50",
                        "attributes": {
                            "cors.#": "0",
                            "default_event_based_hold": "false",
                            "encryption.#": "0",
                            "force_destroy": "false",
                            "id": "export-ci05qjmota228v9uep50",
                            "labels.%": "0",
                            "lifecycle_rule.#": "0",
                            "location": "US",
                            "logging.#": "0",
                            "name": "export-ci05qjmota228v9uep50",
                            "project": "ce-ps-3team",
                            "requester_pays": "false",
                            "retention_policy.#": "0",
                            "self_link": "https://www.googleapis.com/storage/v1/b/export-ci05qjmota228v9uep50",
                            "storage_class": "STANDARD",
                            "uniform_bucket_level_access": "false",
                            "url": "gs://export-ci05qjmota228v9uep50",
                            "versioning.#": "0",
                            "website.#": "0"
                        },
                        "meta": {
                            "schema_version": 0
                        },
                        "tainted": false
                    },
                    "deposed": [],
                    "provider": "provider.google"
                },
                "google_storage_bucket.tfer--gitlab-pod-poc-23": {
                    "type": "google_storage_bucket",
                    "depends_on": [],
                    "primary": {
                        "id": "gitlab-pod-poc-23",
                        "attributes": {
                            "cors.#": "0",
                            "default_event_based_hold": "false",
                            "encryption.#": "0",
                            "force_destroy": "false",
                            "id": "gitlab-pod-poc-23",
                            "labels.%": "2",
                            "labels.createdby": "aditya",
                            "labels.purpose": "gitlab-pod-poc",
                            "lifecycle_rule.#": "0",
                            "location": "US-CENTRAL1",
                            "logging.#": "0",
                            "name": "gitlab-pod-poc-23",
                            "project": "ce-ps-3team",
                            "requester_pays": "false",
                            "retention_policy.#": "0",
                            "self_link": "https://www.googleapis.com/storage/v1/b/gitlab-pod-poc-23",
                            "storage_class": "STANDARD",
                            "uniform_bucket_level_access": "true",
                            "url": "gs://gitlab-pod-poc-23",
                            "versioning.#": "0",
                            "website.#": "0"
                        },
                        "meta": {
                            "schema_version": 0
                        },
                        "tainted": false
                    },
                    "deposed": [],
                    "provider": "provider.google"
                },
                "google_storage_bucket.tfer--k8-assignment-ce-ps6": {
                    "type": "google_storage_bucket",
                    "depends_on": [],
                    "primary": {
                        "id": "k8-assignment-ce-ps6",
                        "attributes": {
                            "cors.#": "0",
                            "default_event_based_hold": "false",
                            "encryption.#": "0",
                            "force_destroy": "false",
                            "id": "k8-assignment-ce-ps6",
                            "labels.%": "0",
                            "lifecycle_rule.#": "0",
                            "location": "US-EAST1",
                            "logging.#": "0",
                            "name": "k8-assignment-ce-ps6",
                            "project": "ce-ps-3team",
                            "requester_pays": "false",
                            "retention_policy.#": "0",
                            "self_link": "https://www.googleapis.com/storage/v1/b/k8-assignment-ce-ps6",
                            "storage_class": "STANDARD",
                            "uniform_bucket_level_access": "true",
                            "url": "gs://k8-assignment-ce-ps6",
                            "versioning.#": "0",
                            "website.#": "0"
                        },
                        "meta": {
                            "schema_version": 0
                        },
                        "tainted": false
                    },
                    "deposed": [],
                    "provider": "provider.google"
                },
                "google_storage_bucket.tfer--mytest1675": {
                    "type": "google_storage_bucket",
                    "depends_on": [],
                    "primary": {
                        "id": "mytest1675",
                        "attributes": {
                            "cors.#": "0",
                            "default_event_based_hold": "false",
                            "encryption.#": "0",
                            "force_destroy": "false",
                            "id": "mytest1675",
                            "labels.%": "0",
                            "lifecycle_rule.#": "0",
                            "location": "US-CENTRAL1",
                            "logging.#": "0",
                            "name": "mytest1675",
                            "project": "ce-ps-3team",
                            "requester_pays": "false",
                            "retention_policy.#": "0",
                            "self_link": "https://www.googleapis.com/storage/v1/b/mytest1675",
                            "storage_class": "STANDARD",
                            "uniform_bucket_level_access": "true",
                            "url": "gs://mytest1675",
                            "versioning.#": "0",
                            "website.#": "0"
                        },
                        "meta": {
                            "schema_version": 0
                        },
                        "tainted": false
                    },
                    "deposed": [],
                    "provider": "provider.google"
                },
                "google_storage_bucket_acl.tfer--bsk-lb-storage": {
                    "type": "google_storage_bucket_acl",
                    "depends_on": [],
                    "primary": {
                        "id": "bsk-lb-storage",
                        "attributes": {
                            "bucket": "bsk-lb-storage",
                            "id": "bsk-lb-storage",
                            "role_entity.#": "0"
                        },
                        "meta": {
                            "schema_version": 0
                        },
                        "tainted": false
                    },
                    "deposed": [],
                    "provider": "provider.google"
                },
                "google_storage_bucket_acl.tfer--devnets-terraform-backend": {
                    "type": "google_storage_bucket_acl",
                    "depends_on": [],
                    "primary": {
                        "id": "devnets-terraform-backend",
                        "attributes": {
                            "bucket": "devnets-terraform-backend",
                            "id": "devnets-terraform-backend",
                            "role_entity.#": "0"
                        },
                        "meta": {
                            "schema_version": 0
                        },
                        "tainted": false
                    },
                    "deposed": [],
                    "provider": "provider.google"
                },
                "google_storage_bucket_acl.tfer--export-chuq0gogg3gr95jqfsag": {
                    "type": "google_storage_bucket_acl",
                    "depends_on": [],
                    "primary": {
                        "id": "export-chuq0gogg3gr95jqfsag",
                        "attributes": {
                            "bucket": "export-chuq0gogg3gr95jqfsag",
                            "id": "export-chuq0gogg3gr95jqfsag",
                            "role_entity.#": "0"
                        },
                        "meta": {
                            "schema_version": 0
                        },
                        "tainted": false
                    },
                    "deposed": [],
                    "provider": "provider.google"
                },
                "google_storage_bucket_acl.tfer--export-ci05qjmota228v9uep50": {
                    "type": "google_storage_bucket_acl",
                    "depends_on": [],
                    "primary": {
                        "id": "export-ci05qjmota228v9uep50",
                        "attributes": {
                            "bucket": "export-ci05qjmota228v9uep50",
                            "id": "export-ci05qjmota228v9uep50",
                            "role_entity.#": "0"
                        },
                        "meta": {
                            "schema_version": 0
                        },
                        "tainted": false
                    },
                    "deposed": [],
                    "provider": "provider.google"
                },
                "google_storage_bucket_acl.tfer--gitlab-pod-poc-23": {
                    "type": "google_storage_bucket_acl",
                    "depends_on": [],
                    "primary": {
                        "id": "gitlab-pod-poc-23",
                        "attributes": {
                            "bucket": "gitlab-pod-poc-23",
                            "id": "gitlab-pod-poc-23",
                            "role_entity.#": "0"
                        },
                        "meta": {
                            "schema_version": 0
                        },
                        "tainted": false
                    },
                    "deposed": [],
                    "provider": "provider.google"
                },
                "google_storage_bucket_acl.tfer--k8-assignment-ce-ps6": {
                    "type": "google_storage_bucket_acl",
                    "depends_on": [],
                    "primary": {
                        "id": "k8-assignment-ce-ps6",
                        "attributes": {
                            "bucket": "k8-assignment-ce-ps6",
                            "id": "k8-assignment-ce-ps6",
                            "role_entity.#": "0"
                        },
                        "meta": {
                            "schema_version": 0
                        },
                        "tainted": false
                    },
                    "deposed": [],
                    "provider": "provider.google"
                },
                "google_storage_bucket_acl.tfer--mytest1675": {
                    "type": "google_storage_bucket_acl",
                    "depends_on": [],
                    "primary": {
                        "id": "mytest1675",
                        "attributes": {
                            "bucket": "mytest1675",
                            "id": "mytest1675",
                            "role_entity.#": "0"
                        },
                        "meta": {
                            "schema_version": 0
                        },
                        "tainted": false
                    },
                    "deposed": [],
                    "provider": "provider.google"
                },
                "google_storage_bucket_iam_binding.tfer--bsk-lb-storage": {
                    "type": "google_storage_bucket_iam_binding",
                    "depends_on": [],
                    "primary": {
                        "id": "bsk-lb-storage",
                        "attributes": {
                            "bucket": "b/bsk-lb-storage",
                            "id": "bsk-lb-storage",
                            "members.#": "0",
                            "role": ""
                        },
                        "meta": {
                            "schema_version": 0
                        },
                        "tainted": false
                    },
                    "deposed": [],
                    "provider": "provider.google"
                },
                "google_storage_bucket_iam_binding.tfer--devnets-terraform-backend": {
                    "type": "google_storage_bucket_iam_binding",
                    "depends_on": [],
                    "primary": {
                        "id": "devnets-terraform-backend",
                        "attributes": {
                            "bucket": "b/devnets-terraform-backend",
                            "id": "devnets-terraform-backend",
                            "members.#": "0",
                            "role": ""
                        },
                        "meta": {
                            "schema_version": 0
                        },
                        "tainted": false
                    },
                    "deposed": [],
                    "provider": "provider.google"
                },
                "google_storage_bucket_iam_binding.tfer--export-chuq0gogg3gr95jqfsag": {
                    "type": "google_storage_bucket_iam_binding",
                    "depends_on": [],
                    "primary": {
                        "id": "export-chuq0gogg3gr95jqfsag",
                        "attributes": {
                            "bucket": "b/export-chuq0gogg3gr95jqfsag",
                            "id": "export-chuq0gogg3gr95jqfsag",
                            "members.#": "0",
                            "role": ""
                        },
                        "meta": {
                            "schema_version": 0
                        },
                        "tainted": false
                    },
                    "deposed": [],
                    "provider": "provider.google"
                },
                "google_storage_bucket_iam_binding.tfer--export-ci05qjmota228v9uep50": {
                    "type": "google_storage_bucket_iam_binding",
                    "depends_on": [],
                    "primary": {
                        "id": "export-ci05qjmota228v9uep50",
                        "attributes": {
                            "bucket": "b/export-ci05qjmota228v9uep50",
                            "id": "export-ci05qjmota228v9uep50",
                            "members.#": "0",
                            "role": ""
                        },
                        "meta": {
                            "schema_version": 0
                        },
                        "tainted": false
                    },
                    "deposed": [],
                    "provider": "provider.google"
                },
                "google_storage_bucket_iam_binding.tfer--gitlab-pod-poc-23": {
                    "type": "google_storage_bucket_iam_binding",
                    "depends_on": [],
                    "primary": {
                        "id": "gitlab-pod-poc-23",
                        "attributes": {
                            "bucket": "b/gitlab-pod-poc-23",
                            "id": "gitlab-pod-poc-23",
                            "members.#": "0",
                            "role": ""
                        },
                        "meta": {
                            "schema_version": 0
                        },
                        "tainted": false
                    },
                    "deposed": [],
                    "provider": "provider.google"
                },
                "google_storage_bucket_iam_binding.tfer--k8-assignment-ce-ps6": {
                    "type": "google_storage_bucket_iam_binding",
                    "depends_on": [],
                    "primary": {
                        "id": "k8-assignment-ce-ps6",
                        "attributes": {
                            "bucket": "b/k8-assignment-ce-ps6",
                            "id": "k8-assignment-ce-ps6",
                            "members.#": "0",
                            "role": ""
                        },
                        "meta": {
                            "schema_version": 0
                        },
                        "tainted": false
                    },
                    "deposed": [],
                    "provider": "provider.google"
                },
                "google_storage_bucket_iam_binding.tfer--mytest1675": {
                    "type": "google_storage_bucket_iam_binding",
                    "depends_on": [],
                    "primary": {
                        "id": "mytest1675",
                        "attributes": {
                            "bucket": "b/mytest1675",
                            "id": "mytest1675",
                            "members.#": "0",
                            "role": ""
                        },
                        "meta": {
                            "schema_version": 0
                        },
                        "tainted": false
                    },
                    "deposed": [],
                    "provider": "provider.google"
                },
                "google_storage_bucket_iam_policy.tfer--bsk-lb-storage": {
                    "type": "google_storage_bucket_iam_policy",
                    "depends_on": [],
                    "primary": {
                        "id": "bsk-lb-storage",
                        "attributes": {
                            "bucket": "b/bsk-lb-storage",
                            "etag": "CAE=",
                            "id": "bsk-lb-storage",
                            "policy_data": "{\"bindings\":[{\"members\":[\"projectEditor:ce-ps-3team\",\"projectOwner:ce-ps-3team\"],\"role\":\"roles/storage.legacyBucketOwner\"},{\"members\":[\"projectViewer:ce-ps-3team\"],\"role\":\"roles/storage.legacyBucketReader\"},{\"members\":[\"projectEditor:ce-ps-3team\",\"projectOwner:ce-ps-3team\"],\"role\":\"roles/storage.legacyObjectOwner\"},{\"members\":[\"projectViewer:ce-ps-3team\"],\"role\":\"roles/storage.legacyObjectReader\"}]}"
                        },
                        "meta": {
                            "schema_version": 0
                        },
                        "tainted": false
                    },
                    "deposed": [],
                    "provider": "provider.google"
                },
                "google_storage_bucket_iam_policy.tfer--devnets-terraform-backend": {
                    "type": "google_storage_bucket_iam_policy",
                    "depends_on": [],
                    "primary": {
                        "id": "devnets-terraform-backend",
                        "attributes": {
                            "bucket": "b/devnets-terraform-backend",
                            "etag": "CAE=",
                            "id": "devnets-terraform-backend",
                            "policy_data": "{\"bindings\":[{\"members\":[\"projectEditor:ce-ps-3team\",\"projectOwner:ce-ps-3team\"],\"role\":\"roles/storage.legacyBucketOwner\"},{\"members\":[\"projectViewer:ce-ps-3team\"],\"role\":\"roles/storage.legacyBucketReader\"},{\"members\":[\"projectEditor:ce-ps-3team\",\"projectOwner:ce-ps-3team\"],\"role\":\"roles/storage.legacyObjectOwner\"},{\"members\":[\"projectViewer:ce-ps-3team\"],\"role\":\"roles/storage.legacyObjectReader\"}]}"
                        },
                        "meta": {
                            "schema_version": 0
                        },
                        "tainted": false
                    },
                    "deposed": [],
                    "provider": "provider.google"
                },
                "google_storage_bucket_iam_policy.tfer--export-chuq0gogg3gr95jqfsag": {
                    "type": "google_storage_bucket_iam_policy",
                    "depends_on": [],
                    "primary": {
                        "id": "export-chuq0gogg3gr95jqfsag",
                        "attributes": {
                            "bucket": "b/export-chuq0gogg3gr95jqfsag",
                            "etag": "CAE=",
                            "id": "export-chuq0gogg3gr95jqfsag",
                            "policy_data": "{\"bindings\":[{\"members\":[\"projectEditor:ce-ps-3team\",\"projectOwner:ce-ps-3team\"],\"role\":\"roles/storage.legacyBucketOwner\"},{\"members\":[\"projectViewer:ce-ps-3team\"],\"role\":\"roles/storage.legacyBucketReader\"}]}"
                        },
                        "meta": {
                            "schema_version": 0
                        },
                        "tainted": false
                    },
                    "deposed": [],
                    "provider": "provider.google"
                },
                "google_storage_bucket_iam_policy.tfer--export-ci05qjmota228v9uep50": {
                    "type": "google_storage_bucket_iam_policy",
                    "depends_on": [],
                    "primary": {
                        "id": "export-ci05qjmota228v9uep50",
                        "attributes": {
                            "bucket": "b/export-ci05qjmota228v9uep50",
                            "etag": "CAE=",
                            "id": "export-ci05qjmota228v9uep50",
                            "policy_data": "{\"bindings\":[{\"members\":[\"projectEditor:ce-ps-3team\",\"projectOwner:ce-ps-3team\"],\"role\":\"roles/storage.legacyBucketOwner\"},{\"members\":[\"projectViewer:ce-ps-3team\"],\"role\":\"roles/storage.legacyBucketReader\"}]}"
                        },
                        "meta": {
                            "schema_version": 0
                        },
                        "tainted": false
                    },
                    "deposed": [],
                    "provider": "provider.google"
                },
                "google_storage_bucket_iam_policy.tfer--gitlab-pod-poc-23": {
                    "type": "google_storage_bucket_iam_policy",
                    "depends_on": [],
                    "primary": {
                        "id": "gitlab-pod-poc-23",
                        "attributes": {
                            "bucket": "b/gitlab-pod-poc-23",
                            "etag": "CAI=",
                            "id": "gitlab-pod-poc-23",
                            "policy_data": "{\"bindings\":[{\"members\":[\"projectEditor:ce-ps-3team\",\"projectOwner:ce-ps-3team\"],\"role\":\"roles/storage.legacyBucketOwner\"},{\"members\":[\"projectViewer:ce-ps-3team\"],\"role\":\"roles/storage.legacyBucketReader\"},{\"members\":[\"projectEditor:ce-ps-3team\",\"projectOwner:ce-ps-3team\"],\"role\":\"roles/storage.legacyObjectOwner\"},{\"members\":[\"projectViewer:ce-ps-3team\"],\"role\":\"roles/storage.legacyObjectReader\"},{\"members\":[\"user:aditya.chandrakar@searce.com\"],\"role\":\"roles/storage.objectCreator\"}]}"
                        },
                        "meta": {
                            "schema_version": 0
                        },
                        "tainted": false
                    },
                    "deposed": [],
                    "provider": "provider.google"
                },
                "google_storage_bucket_iam_policy.tfer--k8-assignment-ce-ps6": {
                    "type": "google_storage_bucket_iam_policy",
                    "depends_on": [],
                    "primary": {
                        "id": "k8-assignment-ce-ps6",
                        "attributes": {
                            "bucket": "b/k8-assignment-ce-ps6",
                            "etag": "CAE=",
                            "id": "k8-assignment-ce-ps6",
                            "policy_data": "{\"bindings\":[{\"members\":[\"projectEditor:ce-ps-3team\",\"projectOwner:ce-ps-3team\"],\"role\":\"roles/storage.legacyBucketOwner\"},{\"members\":[\"projectViewer:ce-ps-3team\"],\"role\":\"roles/storage.legacyBucketReader\"},{\"members\":[\"projectEditor:ce-ps-3team\",\"projectOwner:ce-ps-3team\"],\"role\":\"roles/storage.legacyObjectOwner\"},{\"members\":[\"projectViewer:ce-ps-3team\"],\"role\":\"roles/storage.legacyObjectReader\"}]}"
                        },
                        "meta": {
                            "schema_version": 0
                        },
                        "tainted": false
                    },
                    "deposed": [],
                    "provider": "provider.google"
                },
                "google_storage_bucket_iam_policy.tfer--mytest1675": {
                    "type": "google_storage_bucket_iam_policy",
                    "depends_on": [],
                    "primary": {
                        "id": "mytest1675",
                        "attributes": {
                            "bucket": "b/mytest1675",
                            "etag": "CAI=",
                            "id": "mytest1675",
                            "policy_data": "{\"bindings\":[{\"members\":[\"user:pallapolu.sindhu@searce.com\"],\"role\":\"roles/storage.admin\"},{\"members\":[\"projectEditor:ce-ps-3team\",\"projectOwner:ce-ps-3team\"],\"role\":\"roles/storage.legacyBucketOwner\"},{\"members\":[\"projectViewer:ce-ps-3team\"],\"role\":\"roles/storage.legacyBucketReader\"},{\"members\":[\"projectEditor:ce-ps-3team\",\"projectOwner:ce-ps-3team\"],\"role\":\"roles/storage.legacyObjectOwner\"},{\"members\":[\"projectViewer:ce-ps-3team\"],\"role\":\"roles/storage.legacyObjectReader\"}]}"
                        },
                        "meta": {
                            "schema_version": 0
                        },
                        "tainted": false
                    },
                    "deposed": [],
                    "provider": "provider.google"
                },
                "google_storage_default_object_acl.tfer--bsk-lb-storage": {
                    "type": "google_storage_default_object_acl",
                    "depends_on": [],
                    "primary": {
                        "id": "bsk-lb-storage",
                        "attributes": {
                            "bucket": "bsk-lb-storage",
                            "id": "bsk-lb-storage",
                            "role_entity.#": "0"
                        },
                        "meta": {
                            "schema_version": 0
                        },
                        "tainted": false
                    },
                    "deposed": [],
                    "provider": "provider.google"
                },
                "google_storage_default_object_acl.tfer--devnets-terraform-backend": {
                    "type": "google_storage_default_object_acl",
                    "depends_on": [],
                    "primary": {
                        "id": "devnets-terraform-backend",
                        "attributes": {
                            "bucket": "devnets-terraform-backend",
                            "id": "devnets-terraform-backend",
                            "role_entity.#": "0"
                        },
                        "meta": {
                            "schema_version": 0
                        },
                        "tainted": false
                    },
                    "deposed": [],
                    "provider": "provider.google"
                },
                "google_storage_default_object_acl.tfer--export-chuq0gogg3gr95jqfsag": {
                    "type": "google_storage_default_object_acl",
                    "depends_on": [],
                    "primary": {
                        "id": "export-chuq0gogg3gr95jqfsag",
                        "attributes": {
                            "bucket": "export-chuq0gogg3gr95jqfsag",
                            "id": "export-chuq0gogg3gr95jqfsag",
                            "role_entity.#": "3",
                            "role_entity.0": "OWNER:project-editors-19361973525",
                            "role_entity.1": "OWNER:project-owners-19361973525",
                            "role_entity.2": "READER:project-viewers-19361973525"
                        },
                        "meta": {
                            "schema_version": 0
                        },
                        "tainted": false
                    },
                    "deposed": [],
                    "provider": "provider.google"
                },
                "google_storage_default_object_acl.tfer--export-ci05qjmota228v9uep50": {
                    "type": "google_storage_default_object_acl",
                    "depends_on": [],
                    "primary": {
                        "id": "export-ci05qjmota228v9uep50",
                        "attributes": {
                            "bucket": "export-ci05qjmota228v9uep50",
                            "id": "export-ci05qjmota228v9uep50",
                            "role_entity.#": "3",
                            "role_entity.0": "OWNER:project-editors-19361973525",
                            "role_entity.1": "OWNER:project-owners-19361973525",
                            "role_entity.2": "READER:project-viewers-19361973525"
                        },
                        "meta": {
                            "schema_version": 0
                        },
                        "tainted": false
                    },
                    "deposed": [],
                    "provider": "provider.google"
                },
                "google_storage_default_object_acl.tfer--gitlab-pod-poc-23": {
                    "type": "google_storage_default_object_acl",
                    "depends_on": [],
                    "primary": {
                        "id": "gitlab-pod-poc-23",
                        "attributes": {
                            "bucket": "gitlab-pod-poc-23",
                            "id": "gitlab-pod-poc-23",
                            "role_entity.#": "0"
                        },
                        "meta": {
                            "schema_version": 0
                        },
                        "tainted": false
                    },
                    "deposed": [],
                    "provider": "provider.google"
                },
                "google_storage_default_object_acl.tfer--k8-assignment-ce-ps6": {
                    "type": "google_storage_default_object_acl",
                    "depends_on": [],
                    "primary": {
                        "id": "k8-assignment-ce-ps6",
                        "attributes": {
                            "bucket": "k8-assignment-ce-ps6",
                            "id": "k8-assignment-ce-ps6",
                            "role_entity.#": "0"
                        },
                        "meta": {
                            "schema_version": 0
                        },
                        "tainted": false
                    },
                    "deposed": [],
                    "provider": "provider.google"
                },
                "google_storage_default_object_acl.tfer--mytest1675": {
                    "type": "google_storage_default_object_acl",
                    "depends_on": [],
                    "primary": {
                        "id": "mytest1675",
                        "attributes": {
                            "bucket": "mytest1675",
                            "id": "mytest1675",
                            "role_entity.#": "0"
                        },
                        "meta": {
                            "schema_version": 0
                        },
                        "tainted": false
                    },
                    "deposed": [],
                    "provider": "provider.google"
                }
            },
            "depends_on": []
        },
        {
            "path": [
                "root"
            ],
            "outputs": {
                "google_bigquery_dataset_tfer--ce-ps-3team-003A-adhoc_daniel_self_link": {
                    "sensitive": false,
                    "type": "string",
                    "value": "https://bigquery.googleapis.com/bigquery/v2/projects/ce-ps-3team/datasets/adhoc_daniel"
                },
                "google_bigquery_dataset_tfer--ce-ps-3team-003A-dbt_v2_dex_self_link": {
                    "sensitive": false,
                    "type": "string",
                    "value": "https://bigquery.googleapis.com/bigquery/v2/projects/ce-ps-3team/datasets/dbt_v2_dex"
                },
                "google_bigquery_dataset_tfer--ce-ps-3team-003A-dbt_v2_labels_self_link": {
                    "sensitive": false,
                    "type": "string",
                    "value": "https://bigquery.googleapis.com/bigquery/v2/projects/ce-ps-3team/datasets/dbt_v2_labels"
                },
                "google_bigquery_dataset_tfer--ce-ps-3team-003A-test_bq_self_link": {
                    "sensitive": false,
                    "type": "string",
                    "value": "https://bigquery.googleapis.com/bigquery/v2/projects/ce-ps-3team/datasets/test_bq"
                },
                "google_bigquery_table_tfer--ce-ps-3team-003A-test_bq-002E-jhgaf_self_link": {
                    "sensitive": false,
                    "type": "string",
                    "value": "https://bigquery.googleapis.com/bigquery/v2/projects/ce-ps-3team/datasets/test_bq/tables/jhgaf"
                },
                "google_bigquery_table_tfer--ce-ps-3team-003A-test_bq-002E-table1_self_link": {
                    "sensitive": false,
                    "type": "string",
                    "value": "https://bigquery.googleapis.com/bigquery/v2/projects/ce-ps-3team/datasets/test_bq/tables/table1"
                }
            },
            "resources": {
                "google_bigquery_dataset.tfer--ce-ps-3team-003A-adhoc_daniel": {
                    "type": "google_bigquery_dataset",
                    "depends_on": [],
                    "primary": {
                        "id": "ce-ps-3team:adhoc_daniel",
                        "attributes": {
                            "access.#": "4",
                            "access.0.domain": "",
                            "access.0.group_by_email": "",
                            "access.0.role": "OWNER",
                            "access.0.special_group": "",
                            "access.0.user_by_email": "d.krupiza@gmail.com",
                            "access.0.view.#": "0",
                            "access.1.domain": "",
                            "access.1.group_by_email": "",
                            "access.1.role": "OWNER",
                            "access.1.special_group": "projectOwners",
                            "access.1.user_by_email": "",
                            "access.1.view.#": "0",
                            "access.2.domain": "",
                            "access.2.group_by_email": "",
                            "access.2.role": "READER",
                            "access.2.special_group": "projectReaders",
                            "access.2.user_by_email": "",
                            "access.2.view.#": "0",
                            "access.3.domain": "",
                            "access.3.group_by_email": "",
                            "access.3.role": "WRITER",
                            "access.3.special_group": "projectWriters",
                            "access.3.user_by_email": "",
                            "access.3.view.#": "0",
                            "creation_time": "1685688348939",
                            "dataset_id": "adhoc_daniel",
                            "default_encryption_configuration.#": "0",
                            "default_partition_expiration_ms": "0",
                            "default_table_expiration_ms": "0",
                            "delete_contents_on_destroy": "false",
                            "description": "",
                            "etag": "9UUtkcWwHpnAIpy4XM/jpg==",
                            "friendly_name": "",
                            "id": "ce-ps-3team:adhoc_daniel",
                            "labels.%": "0",
                            "last_modified_time": "1685688348939",
                            "location": "US",
                            "project": "ce-ps-3team",
                            "self_link": "https://bigquery.googleapis.com/bigquery/v2/projects/ce-ps-3team/datasets/adhoc_daniel"
                        },
                        "meta": {
                            "schema_version": 0
                        },
                        "tainted": false
                    },
                    "deposed": [],
                    "provider": "provider.google"
                },
                "google_bigquery_dataset.tfer--ce-ps-3team-003A-dbt_v2_dex": {
                    "type": "google_bigquery_dataset",
                    "depends_on": [],
                    "primary": {
                        "id": "ce-ps-3team:dbt_v2_dex",
                        "attributes": {
                            "access.#": "7",
                            "access.0.domain": "",
                            "access.0.group_by_email": "",
                            "access.0.role": "",
                            "access.0.special_group": "",
                            "access.0.user_by_email": "",
                            "access.0.view.#": "1",
                            "access.0.view.0.dataset_id": "analyst_tables",
                            "access.0.view.0.project_id": "d5-nansen-external",
                            "access.0.view.0.table_id": "dex_trades",
                            "access.1.domain": "",
                            "access.1.group_by_email": "",
                            "access.1.role": "",
                            "access.1.special_group": "",
                            "access.1.user_by_email": "",
                            "access.1.view.#": "1",
                            "access.1.view.0.dataset_id": "analyst_tables",
                            "access.1.view.0.project_id": "d5-nansen-external",
                            "access.1.view.0.table_id": "dex_trades_eth_equivalent",
                            "access.2.domain": "",
                            "access.2.group_by_email": "",
                            "access.2.role": "",
                            "access.2.special_group": "",
                            "access.2.user_by_email": "",
                            "access.2.view.#": "1",
                            "access.2.view.0.dataset_id": "analyst_tables",
                            "access.2.view.0.project_id": "d5-nansen-external",
                            "access.2.view.0.table_id": "price_token_ohlcv",
                            "access.3.domain": "",
                            "access.3.group_by_email": "",
                            "access.3.role": "OWNER",
                            "access.3.special_group": "",
                            "access.3.user_by_email": "lars@dataframe.no",
                            "access.3.view.#": "0",
                            "access.4.domain": "",
                            "access.4.group_by_email": "",
                            "access.4.role": "OWNER",
                            "access.4.special_group": "projectOwners",
                            "access.4.user_by_email": "",
                            "access.4.view.#": "0",
                            "access.5.domain": "",
                            "access.5.group_by_email": "",
                            "access.5.role": "READER",
                            "access.5.special_group": "projectReaders",
                            "access.5.user_by_email": "",
                            "access.5.view.#": "0",
                            "access.6.domain": "",
                            "access.6.group_by_email": "",
                            "access.6.role": "WRITER",
                            "access.6.special_group": "projectWriters",
                            "access.6.user_by_email": "",
                            "access.6.view.#": "0",
                            "creation_time": "1685688349041",
                            "dataset_id": "dbt_v2_dex",
                            "default_encryption_configuration.#": "0",
                            "default_partition_expiration_ms": "0",
                            "default_table_expiration_ms": "0",
                            "delete_contents_on_destroy": "false",
                            "description": "",
                            "etag": "50hnTjSEjesLiGLozOra8g==",
                            "friendly_name": "",
                            "id": "ce-ps-3team:dbt_v2_dex",
                            "labels.%": "0",
                            "last_modified_time": "1685688349041",
                            "location": "US",
                            "project": "ce-ps-3team",
                            "self_link": "https://bigquery.googleapis.com/bigquery/v2/projects/ce-ps-3team/datasets/dbt_v2_dex"
                        },
                        "meta": {
                            "schema_version": 0
                        },
                        "tainted": false
                    },
                    "deposed": [],
                    "provider": "provider.google"
                },
                "google_bigquery_dataset.tfer--ce-ps-3team-003A-dbt_v2_labels": {
                    "type": "google_bigquery_dataset",
                    "depends_on": [],
                    "primary": {
                        "id": "ce-ps-3team:dbt_v2_labels",
                        "attributes": {
                            "access.#": "7",
                            "access.0.domain": "",
                            "access.0.group_by_email": "",
                            "access.0.role": "",
                            "access.0.special_group": "",
                            "access.0.user_by_email": "",
                            "access.0.view.#": "1",
                            "access.0.view.0.dataset_id": "analyst_tables",
                            "access.0.view.0.project_id": "d5-nansen-external",
                            "access.0.view.0.table_id": "labels",
                            "access.1.domain": "",
                            "access.1.group_by_email": "",
                            "access.1.role": "",
                            "access.1.special_group": "",
                            "access.1.user_by_email": "",
                            "access.1.view.#": "1",
                            "access.1.view.0.dataset_id": "attcat_retool",
                            "access.1.view.0.project_id": "nansen-attribution-dev",
                            "access.1.view.0.table_id": "lbl_all_names",
                            "access.2.domain": "",
                            "access.2.group_by_email": "",
                            "access.2.role": "",
                            "access.2.special_group": "",
                            "access.2.user_by_email": "",
                            "access.2.view.#": "1",
                            "access.2.view.0.dataset_id": "attcat_retool",
                            "access.2.view.0.project_id": "nansen-attribution-prod",
                            "access.2.view.0.table_id": "lbl_all_names",
                            "access.3.domain": "",
                            "access.3.group_by_email": "",
                            "access.3.role": "OWNER",
                            "access.3.special_group": "",
                            "access.3.user_by_email": "lars@dataframe.no",
                            "access.3.view.#": "0",
                            "access.4.domain": "",
                            "access.4.group_by_email": "",
                            "access.4.role": "OWNER",
                            "access.4.special_group": "projectOwners",
                            "access.4.user_by_email": "",
                            "access.4.view.#": "0",
                            "access.5.domain": "",
                            "access.5.group_by_email": "",
                            "access.5.role": "READER",
                            "access.5.special_group": "projectReaders",
                            "access.5.user_by_email": "",
                            "access.5.view.#": "0",
                            "access.6.domain": "",
                            "access.6.group_by_email": "",
                            "access.6.role": "WRITER",
                            "access.6.special_group": "projectWriters",
                            "access.6.user_by_email": "",
                            "access.6.view.#": "0",
                            "creation_time": "1685688349042",
                            "dataset_id": "dbt_v2_labels",
                            "default_encryption_configuration.#": "0",
                            "default_partition_expiration_ms": "0",
                            "default_table_expiration_ms": "0",
                            "delete_contents_on_destroy": "false",
                            "description": "",
                            "etag": "sVVDHZdGCmfnX5Gzo+cwtg==",
                            "friendly_name": "",
                            "id": "ce-ps-3team:dbt_v2_labels",
                            "labels.%": "0",
                            "last_modified_time": "1685688349042",
                            "location": "US",
                            "project": "ce-ps-3team",
                            "self_link": "https://bigquery.googleapis.com/bigquery/v2/projects/ce-ps-3team/datasets/dbt_v2_labels"
                        },
                        "meta": {
                            "schema_version": 0
                        },
                        "tainted": false
                    },
                    "deposed": [],
                    "provider": "provider.google"
                },
                "google_bigquery_dataset.tfer--ce-ps-3team-003A-test_bq": {
                    "type": "google_bigquery_dataset",
                    "depends_on": [],
                    "primary": {
                        "id": "ce-ps-3team:test_bq",
                        "attributes": {
                            "access.#": "4",
                            "access.0.domain": "",
                            "access.0.group_by_email": "",
                            "access.0.role": "OWNER",
                            "access.0.special_group": "",
                            "access.0.user_by_email": "tarun.kumar@searce.com",
                            "access.0.view.#": "0",
                            "access.1.domain": "",
                            "access.1.group_by_email": "",
                            "access.1.role": "OWNER",
                            "access.1.special_group": "projectOwners",
                            "access.1.user_by_email": "",
                            "access.1.view.#": "0",
                            "access.2.domain": "",
                            "access.2.group_by_email": "",
                            "access.2.role": "READER",
                            "access.2.special_group": "projectReaders",
                            "access.2.user_by_email": "",
                            "access.2.view.#": "0",
                            "access.3.domain": "",
                            "access.3.group_by_email": "",
                            "access.3.role": "WRITER",
                            "access.3.special_group": "projectWriters",
                            "access.3.user_by_email": "",
                            "access.3.view.#": "0",
                            "creation_time": "1684741481113",
                            "dataset_id": "test_bq",
                            "default_encryption_configuration.#": "0",
                            "default_partition_expiration_ms": "0",
                            "default_table_expiration_ms": "0",
                            "delete_contents_on_destroy": "false",
                            "description": "",
                            "etag": "uj3o3Hh5v7ZGH+bI5p8iGg==",
                            "friendly_name": "",
                            "id": "ce-ps-3team:test_bq",
                            "labels.%": "0",
                            "last_modified_time": "1684741481113",
                            "location": "asia-south2",
                            "project": "ce-ps-3team",
                            "self_link": "https://bigquery.googleapis.com/bigquery/v2/projects/ce-ps-3team/datasets/test_bq"
                        },
                        "meta": {
                            "schema_version": 0
                        },
                        "tainted": false
                    },
                    "deposed": [],
                    "provider": "provider.google"
                },
                "google_bigquery_table.tfer--ce-ps-3team-003A-test_bq-002E-jhgaf": {
                    "type": "google_bigquery_table",
                    "depends_on": [],
                    "primary": {
                        "id": "ce-ps-3team:test_bq.jhgaf",
                        "attributes": {
                            "creation_time": "1684741563436",
                            "dataset_id": "test_bq",
                            "description": "",
                            "etag": "rCHmwoQMoo5RQOmu10QNnA==",
                            "expiration_time": "0",
                            "friendly_name": "",
                            "id": "ce-ps-3team:test_bq.jhgaf",
                            "labels.%": "0",
                            "last_modified_time": "1684741563466",
                            "location": "asia-south2",
                            "num_bytes": "0",
                            "num_long_term_bytes": "0",
                            "num_rows": "0",
                            "project": "ce-ps-3team",
                            "schema": "[{\"mode\":\"NULLABLE\",\"name\":\"asdjk\",\"type\":\"STRING\"},{\"mode\":\"NULLABLE\",\"name\":\"asdsaf\",\"type\":\"STRING\"},{\"mode\":\"NULLABLE\",\"name\":\"oas\",\"type\":\"STRING\"},{\"mode\":\"NULLABLE\",\"name\":\"asjn\",\"type\":\"STRING\"},{\"mode\":\"NULLABLE\",\"name\":\"kjnas\",\"type\":\"STRING\"},{\"mode\":\"NULLABLE\",\"name\":\"jasnkj\",\"type\":\"STRING\"}]",
                            "self_link": "https://bigquery.googleapis.com/bigquery/v2/projects/ce-ps-3team/datasets/test_bq/tables/jhgaf",
                            "table_id": "jhgaf",
                            "type": "TABLE"
                        },
                        "meta": {
                            "schema_version": 0
                        },
                        "tainted": false
                    },
                    "deposed": [],
                    "provider": "provider.google"
                },
                "google_bigquery_table.tfer--ce-ps-3team-003A-test_bq-002E-table1": {
                    "type": "google_bigquery_table",
                    "depends_on": [],
                    "primary": {
                        "id": "ce-ps-3team:test_bq.table1",
                        "attributes": {
                            "creation_time": "1684741521384",
                            "dataset_id": "test_bq",
                            "description": "",
                            "etag": "KewonFmeNH2LeEmznu3PwA==",
                            "expiration_time": "0",
                            "friendly_name": "",
                            "id": "ce-ps-3team:test_bq.table1",
                            "labels.%": "0",
                            "last_modified_time": "1684741521437",
                            "location": "asia-south2",
                            "num_bytes": "0",
                            "num_long_term_bytes": "0",
                            "num_rows": "0",
                            "project": "ce-ps-3team",
                            "schema": "[{\"mode\":\"NULLABLE\",\"name\":\"asd\",\"type\":\"STRING\"},{\"mode\":\"NULLABLE\",\"name\":\"asdasd\",\"type\":\"STRING\"},{\"mode\":\"NULLABLE\",\"name\":\"wx\",\"type\":\"STRING\"},{\"mode\":\"NULLABLE\",\"name\":\"sqdd\",\"type\":\"STRING\"},{\"mode\":\"NULLABLE\",\"name\":\"qwdwd\",\"type\":\"STRING\"}]",
                            "self_link": "https://bigquery.googleapis.com/bigquery/v2/projects/ce-ps-3team/datasets/test_bq/tables/table1",
                            "table_id": "table1",
                            "type": "TABLE"
                        },
                        "meta": {
                            "schema_version": 0
                        },
                        "tainted": false
                    },
                    "deposed": [],
                    "provider": "provider.google"
                }
            },
            "depends_on": []
        },
        {
            "path": [
                "root"
            ],
            "outputs": {},
            "resources": {},
            "depends_on": []
        },
        {
            "path": [
                "root"
            ],
            "outputs": {
                "google_compute_url_map_tfer--penlab-neg-https-url-redirect_self_link": {
                    "sensitive": false,
                    "type": "string",
                    "value": "https://www.googleapis.com/compute/v1/projects/ce-ps-3team/global/urlMaps/penlab-neg-https-url-redirect"
                }
            },
            "resources": {
                "google_compute_url_map.tfer--penlab-neg-https-url-redirect": {
                    "type": "google_compute_url_map",
                    "depends_on": [],
                    "primary": {
                        "id": "penlab-neg-https-url-redirect",
                        "attributes": {
                            "creation_timestamp": "2023-03-08T02:55:01.401-08:00",
                            "default_route_action.#": "0",
                            "default_service": "",
                            "default_url_redirect.#": "1",
                            "default_url_redirect.0.host_redirect": "",
                            "default_url_redirect.0.https_redirect": "true",
                            "default_url_redirect.0.path_redirect": "",
                            "default_url_redirect.0.prefix_redirect": "",
                            "default_url_redirect.0.redirect_response_code": "MOVED_PERMANENTLY_DEFAULT",
                            "default_url_redirect.0.strip_query": "false",
                            "description": "",
                            "fingerprint": "7f7qrN1158Y=",
                            "header_action.#": "0",
                            "host_rule.#": "0",
                            "id": "penlab-neg-https-url-redirect",
                            "map_id": "6013273848997599082",
                            "name": "penlab-neg-https-url-redirect",
                            "path_matcher.#": "0",
                            "project": "ce-ps-3team",
                            "self_link": "https://www.googleapis.com/compute/v1/projects/ce-ps-3team/global/urlMaps/penlab-neg-https-url-redirect",
                            "test.#": "0"
                        },
                        "meta": {
                            "schema_version": 0
                        },
                        "tainted": false
                    },
                    "deposed": [],
                    "provider": "provider.google"
                }
            },
            "depends_on": []
        },
        {
            "path": [
                "root"
            ],
            "outputs": {},
            "resources": {},
            "depends_on": []
        },
        {
            "path": [
                "root"
            ],
            "outputs": {},
            "resources": {},
            "depends_on": []
        },
        {
            "path": [
                "root"
            ],
            "outputs": {},
            "resources": {},
            "depends_on": []
        },
        {
            "path": [
                "root"
            ],
            "outputs": {},
            "resources": {},
            "depends_on": []
        },
        {
            "path": [
                "root"
            ],
            "outputs": {
                "google_compute_subnetwork_tfer--edge01-devnet-private_self_link": {
                    "sensitive": false,
                    "type": "string",
                    "value": "https://www.googleapis.com/compute/v1/projects/ce-ps-3team/regions/us-central1/subnetworks/edge01-devnet-private"
                },
                "google_compute_subnetwork_tfer--edge01-devnet-public_self_link": {
                    "sensitive": false,
                    "type": "string",
                    "value": "https://www.googleapis.com/compute/v1/projects/ce-ps-3team/regions/us-central1/subnetworks/edge01-devnet-public"
                },
                "google_compute_subnetwork_tfer--edge01-proxy-only-subnet_self_link": {
                    "sensitive": false,
                    "type": "string",
                    "value": "https://www.googleapis.com/compute/v1/projects/ce-ps-3team/regions/us-central1/subnetworks/edge01-proxy-only-subnet"
                },
                "google_compute_subnetwork_tfer--private-subnet_self_link": {
                    "sensitive": false,
                    "type": "string",
                    "value": "https://www.googleapis.com/compute/v1/projects/ce-ps-3team/regions/us-central1/subnetworks/private-subnet"
                },
                "google_compute_subnetwork_tfer--public-subnet_self_link": {
                    "sensitive": false,
                    "type": "string",
                    "value": "https://www.googleapis.com/compute/v1/projects/ce-ps-3team/regions/us-central1/subnetworks/public-subnet"
                },
                "google_compute_subnetwork_tfer--raghu-test_self_link": {
                    "sensitive": false,
                    "type": "string",
                    "value": "https://www.googleapis.com/compute/v1/projects/ce-ps-3team/regions/us-central1/subnetworks/raghu-test"
                },
                "google_compute_subnetwork_tfer--sub1_self_link": {
                    "sensitive": false,
                    "type": "string",
                    "value": "https://www.googleapis.com/compute/v1/projects/ce-ps-3team/regions/us-central1/subnetworks/sub1"
                },
                "google_compute_subnetwork_tfer--test-arijita_self_link": {
                    "sensitive": false,
                    "type": "string",
                    "value": "https://www.googleapis.com/compute/v1/projects/ce-ps-3team/regions/us-central1/subnetworks/test-arijita"
                }
            },
            "resources": {
                "google_compute_subnetwork.tfer--edge01-devnet-private": {
                    "type": "google_compute_subnetwork",
                    "depends_on": [],
                    "primary": {
                        "id": "edge01-devnet-private",
                        "attributes": {
                            "creation_timestamp": "2023-05-23T03:47:50.305-07:00",
                            "description": "",
                            "external_ipv6_prefix": "",
                            "gateway_address": "10.10.64.1",
                            "id": "edge01-devnet-private",
                            "ip_cidr_range": "10.10.64.0/18",
                            "ipv6_access_type": "",
                            "ipv6_cidr_range": "",
                            "log_config.#": "1",
                            "log_config.0.aggregation_interval": "INTERVAL_10_MIN",
                            "log_config.0.filter_expr": "true",
                            "log_config.0.flow_sampling": "0.5",
                            "log_config.0.metadata": "INCLUDE_ALL_METADATA",
                            "log_config.0.metadata_fields.#": "0",
                            "name": "edge01-devnet-private",
                            "network": "https://www.googleapis.com/compute/v1/projects/ce-ps-3team/global/networks/edge01-devent",
                            "private_ip_google_access": "true",
                            "private_ipv6_google_access": "DISABLE_GOOGLE_ACCESS",
                            "project": "ce-ps-3team",
                            "purpose": "PRIVATE",
                            "region": "us-central1",
                            "role": "",
                            "secondary_ip_range.#": "0",
                            "self_link": "https://www.googleapis.com/compute/v1/projects/ce-ps-3team/regions/us-central1/subnetworks/edge01-devnet-private",
                            "stack_type": "IPV4_ONLY"
                        },
                        "meta": {
                            "schema_version": 0
                        },
                        "tainted": false
                    },
                    "deposed": [],
                    "provider": "provider.google"
                },
                "google_compute_subnetwork.tfer--edge01-devnet-public": {
                    "type": "google_compute_subnetwork",
                    "depends_on": [],
                    "primary": {
                        "id": "edge01-devnet-public",
                        "attributes": {
                            "creation_timestamp": "2023-05-23T03:47:50.321-07:00",
                            "description": "",
                            "external_ipv6_prefix": "",
                            "gateway_address": "10.10.0.1",
                            "id": "edge01-devnet-public",
                            "ip_cidr_range": "10.10.0.0/18",
                            "ipv6_access_type": "",
                            "ipv6_cidr_range": "",
                            "log_config.#": "1",
                            "log_config.0.aggregation_interval": "INTERVAL_10_MIN",
                            "log_config.0.filter_expr": "true",
                            "log_config.0.flow_sampling": "0.5",
                            "log_config.0.metadata": "INCLUDE_ALL_METADATA",
                            "log_config.0.metadata_fields.#": "0",
                            "name": "edge01-devnet-public",
                            "network": "https://www.googleapis.com/compute/v1/projects/ce-ps-3team/global/networks/edge01-devent",
                            "private_ip_google_access": "false",
                            "private_ipv6_google_access": "DISABLE_GOOGLE_ACCESS",
                            "project": "ce-ps-3team",
                            "purpose": "PRIVATE",
                            "region": "us-central1",
                            "role": "",
                            "secondary_ip_range.#": "0",
                            "self_link": "https://www.googleapis.com/compute/v1/projects/ce-ps-3team/regions/us-central1/subnetworks/edge01-devnet-public",
                            "stack_type": "IPV4_ONLY"
                        },
                        "meta": {
                            "schema_version": 0
                        },
                        "tainted": false
                    },
                    "deposed": [],
                    "provider": "provider.google"
                },
                "google_compute_subnetwork.tfer--edge01-proxy-only-subnet": {
                    "type": "google_compute_subnetwork",
                    "depends_on": [],
                    "primary": {
                        "id": "edge01-proxy-only-subnet",
                        "attributes": {
                            "creation_timestamp": "2023-05-23T03:47:50.190-07:00",
                            "description": "",
                            "external_ipv6_prefix": "",
                            "gateway_address": "10.0.3.1",
                            "id": "edge01-proxy-only-subnet",
                            "ip_cidr_range": "10.0.3.0/24",
                            "ipv6_access_type": "",
                            "ipv6_cidr_range": "",
                            "log_config.#": "0",
                            "name": "edge01-proxy-only-subnet",
                            "network": "https://www.googleapis.com/compute/v1/projects/ce-ps-3team/global/networks/edge01-devent",
                            "private_ip_google_access": "false",
                            "private_ipv6_google_access": "DISABLE_GOOGLE_ACCESS",
                            "project": "ce-ps-3team",
                            "purpose": "REGIONAL_MANAGED_PROXY",
                            "region": "us-central1",
                            "role": "ACTIVE",
                            "secondary_ip_range.#": "0",
                            "self_link": "https://www.googleapis.com/compute/v1/projects/ce-ps-3team/regions/us-central1/subnetworks/edge01-proxy-only-subnet",
                            "stack_type": ""
                        },
                        "meta": {
                            "schema_version": 0
                        },
                        "tainted": false
                    },
                    "deposed": [],
                    "provider": "provider.google"
                },
                "google_compute_subnetwork.tfer--private-subnet": {
                    "type": "google_compute_subnetwork",
                    "depends_on": [],
                    "primary": {
                        "id": "private-subnet",
                        "attributes": {
                            "creation_timestamp": "2023-05-12T03:26:07.089-07:00",
                            "description": "",
                            "external_ipv6_prefix": "",
                            "gateway_address": "10.0.20.1",
                            "id": "private-subnet",
                            "ip_cidr_range": "10.0.20.0/24",
                            "ipv6_access_type": "",
                            "ipv6_cidr_range": "",
                            "log_config.#": "0",
                            "name": "private-subnet",
                            "network": "https://www.googleapis.com/compute/v1/projects/ce-ps-3team/global/networks/gangadhars-network",
                            "private_ip_google_access": "true",
                            "private_ipv6_google_access": "DISABLE_GOOGLE_ACCESS",
                            "project": "ce-ps-3team",
                            "purpose": "PRIVATE",
                            "region": "us-central1",
                            "role": "",
                            "secondary_ip_range.#": "0",
                            "self_link": "https://www.googleapis.com/compute/v1/projects/ce-ps-3team/regions/us-central1/subnetworks/private-subnet",
                            "stack_type": "IPV4_ONLY"
                        },
                        "meta": {
                            "schema_version": 0
                        },
                        "tainted": false
                    },
                    "deposed": [],
                    "provider": "provider.google"
                },
                "google_compute_subnetwork.tfer--public-subnet": {
                    "type": "google_compute_subnetwork",
                    "depends_on": [],
                    "primary": {
                        "id": "public-subnet",
                        "attributes": {
                            "creation_timestamp": "2023-05-12T03:26:06.561-07:00",
                            "description": "",
                            "external_ipv6_prefix": "",
                            "gateway_address": "10.0.10.1",
                            "id": "public-subnet",
                            "ip_cidr_range": "10.0.10.0/24",
                            "ipv6_access_type": "",
                            "ipv6_cidr_range": "",
                            "log_config.#": "0",
                            "name": "public-subnet",
                            "network": "https://www.googleapis.com/compute/v1/projects/ce-ps-3team/global/networks/gangadhars-network",
                            "private_ip_google_access": "false",
                            "private_ipv6_google_access": "DISABLE_GOOGLE_ACCESS",
                            "project": "ce-ps-3team",
                            "purpose": "PRIVATE",
                            "region": "us-central1",
                            "role": "",
                            "secondary_ip_range.#": "0",
                            "self_link": "https://www.googleapis.com/compute/v1/projects/ce-ps-3team/regions/us-central1/subnetworks/public-subnet",
                            "stack_type": "IPV4_ONLY"
                        },
                        "meta": {
                            "schema_version": 0
                        },
                        "tainted": false
                    },
                    "deposed": [],
                    "provider": "provider.google"
                },
                "google_compute_subnetwork.tfer--raghu-test": {
                    "type": "google_compute_subnetwork",
                    "depends_on": [],
                    "primary": {
                        "id": "raghu-test",
                        "attributes": {
                            "creation_timestamp": "2023-05-09T03:35:53.493-07:00",
                            "description": "",
                            "external_ipv6_prefix": "",
                            "gateway_address": "10.0.0.1",
                            "id": "raghu-test",
                            "ip_cidr_range": "10.0.0.0/22",
                            "ipv6_access_type": "",
                            "ipv6_cidr_range": "",
                            "log_config.#": "0",
                            "name": "raghu-test",
                            "network": "https://www.googleapis.com/compute/v1/projects/ce-ps-3team/global/networks/raghu-test",
                            "private_ip_google_access": "true",
                            "private_ipv6_google_access": "DISABLE_GOOGLE_ACCESS",
                            "project": "ce-ps-3team",
                            "purpose": "PRIVATE",
                            "region": "us-central1",
                            "role": "",
                            "secondary_ip_range.#": "0",
                            "self_link": "https://www.googleapis.com/compute/v1/projects/ce-ps-3team/regions/us-central1/subnetworks/raghu-test",
                            "stack_type": "IPV4_ONLY"
                        },
                        "meta": {
                            "schema_version": 0
                        },
                        "tainted": false
                    },
                    "deposed": [],
                    "provider": "provider.google"
                },
                "google_compute_subnetwork.tfer--sub1": {
                    "type": "google_compute_subnetwork",
                    "depends_on": [],
                    "primary": {
                        "id": "sub1",
                        "attributes": {
                            "creation_timestamp": "2023-06-13T21:31:22.508-07:00",
                            "description": "",
                            "external_ipv6_prefix": "",
                            "gateway_address": "10.1.1.1",
                            "id": "sub1",
                            "ip_cidr_range": "10.1.1.0/24",
                            "ipv6_access_type": "",
                            "ipv6_cidr_range": "",
                            "log_config.#": "0",
                            "name": "sub1",
                            "network": "https://www.googleapis.com/compute/v1/projects/ce-ps-3team/global/networks/tarun-test",
                            "private_ip_google_access": "true",
                            "private_ipv6_google_access": "DISABLE_GOOGLE_ACCESS",
                            "project": "ce-ps-3team",
                            "purpose": "PRIVATE",
                            "region": "us-central1",
                            "role": "",
                            "secondary_ip_range.#": "0",
                            "self_link": "https://www.googleapis.com/compute/v1/projects/ce-ps-3team/regions/us-central1/subnetworks/sub1",
                            "stack_type": "IPV4_ONLY"
                        },
                        "meta": {
                            "schema_version": 0
                        },
                        "tainted": false
                    },
                    "deposed": [],
                    "provider": "provider.google"
                },
                "google_compute_subnetwork.tfer--test-arijita": {
                    "type": "google_compute_subnetwork",
                    "depends_on": [],
                    "primary": {
                        "id": "test-arijita",
                        "attributes": {
                            "creation_timestamp": "2023-06-21T23:31:44.248-07:00",
                            "description": "",
                            "external_ipv6_prefix": "",
                            "gateway_address": "10.128.0.1",
                            "id": "test-arijita",
                            "ip_cidr_range": "10.128.0.0/20",
                            "ipv6_access_type": "",
                            "ipv6_cidr_range": "",
                            "log_config.#": "0",
                            "name": "test-arijita",
                            "network": "https://www.googleapis.com/compute/v1/projects/ce-ps-3team/global/networks/test-arijita",
                            "private_ip_google_access": "false",
                            "private_ipv6_google_access": "DISABLE_GOOGLE_ACCESS",
                            "project": "ce-ps-3team",
                            "purpose": "PRIVATE",
                            "region": "us-central1",
                            "role": "",
                            "secondary_ip_range.#": "0",
                            "self_link": "https://www.googleapis.com/compute/v1/projects/ce-ps-3team/regions/us-central1/subnetworks/test-arijita",
                            "stack_type": "IPV4_ONLY"
                        },
                        "meta": {
                            "schema_version": 0
                        },
                        "tainted": false
                    },
                    "deposed": [],
                    "provider": "provider.google"
                }
            },
            "depends_on": []
        },
        {
            "path": [
                "root"
            ],
            "outputs": {
                "google_compute_instance_tfer--drs-sql-windows-poc_self_link": {
                    "sensitive": false,
                    "type": "string",
                    "value": "https://www.googleapis.com/compute/v1/projects/ce-ps-3team/zones/us-central1-a/instances/drs-sql-windows-poc"
                },
                "google_compute_instance_tfer--drs-windows-poc_self_link": {
                    "sensitive": false,
                    "type": "string",
                    "value": "https://www.googleapis.com/compute/v1/projects/ce-ps-3team/zones/us-central1-a/instances/drs-windows-poc"
                }
            },
            "resources": {
                "google_compute_instance.tfer--drs-sql-windows-poc": {
                    "type": "google_compute_instance",
                    "depends_on": [],
                    "primary": {
                        "id": "projects/ce-ps-3team/zones/us-central1-a/instances/drs-sql-windows-poc",
                        "attributes": {
                            "advanced_machine_features.#": "0",
                            "attached_disk.#": "0",
                            "boot_disk.#": "1",
                            "boot_disk.0.auto_delete": "true",
                            "boot_disk.0.device_name": "drs-sql-windows-poc",
                            "boot_disk.0.disk_encryption_key_raw": "",
                            "boot_disk.0.disk_encryption_key_sha256": "",
                            "boot_disk.0.initialize_params.#": "1",
                            "boot_disk.0.initialize_params.0.image": "https://www.googleapis.com/compute/v1/projects/windows-sql-cloud/global/images/sql-2014-enterprise-windows-2012-r2-dc-v20230621",
                            "boot_disk.0.initialize_params.0.labels.%": "0",
                            "boot_disk.0.initialize_params.0.size": "50",
                            "boot_disk.0.initialize_params.0.type": "pd-balanced",
                            "boot_disk.0.kms_key_self_link": "",
                            "boot_disk.0.mode": "READ_WRITE",
                            "boot_disk.0.source": "https://www.googleapis.com/compute/v1/projects/ce-ps-3team/zones/us-central1-a/disks/drs-sql-windows-poc",
                            "can_ip_forward": "false",
                            "confidential_instance_config.#": "1",
                            "confidential_instance_config.0.enable_confidential_compute": "false",
                            "cpu_platform": "AMD Rome",
                            "current_status": "RUNNING",
                            "deletion_protection": "false",
                            "description": "",
                            "enable_display": "false",
                            "guest_accelerator.#": "0",
                            "hostname": "",
                            "id": "projects/ce-ps-3team/zones/us-central1-a/instances/drs-sql-windows-poc",
                            "instance_id": "785722660283954811",
                            "label_fingerprint": "42WmSpB8rSM=",
                            "labels.%": "0",
                            "machine_type": "e2-medium",
                            "metadata.%": "1",
                            "metadata.windows-keys": "{\"expireOn\":\"2023-06-30T08:04:09.683367Z\",\"userName\":\"arijita_mitra\",\"email\":\"arijita.mitra@searce.com\",\"modulus\":\"g4peU2xHAAtzioA44g5t6kcc4PHUGEWPAR2az95S/v9w4QgvU9gnmOK7LOE5x1Uhd7aXO3EqFNEJiA/BkAhFMVjUm3NoK5A7whQ+SolLLTZK2zvea2EiFthKy2+J2r1ov1lJr3PYftSM/h9n6s3G46H40DiCrlTsviRDQF0O38YC4LvTZJoUk9y7f71vShBe+uWMKJT6BoxRT3OE5GqY+hMyursFudyh4rVHtVMrraXdP8HLxuPWiwBKk8sEC+m0mJHTP2i13QBct/UGB6zMhF/cJQSSDeHtIblnBiV3Qv+yDwgLqxQnuxh2KrP5PtxdfFn3fZkXoOXavuDIOqsvzQ==\",\"exponent\":\"AQAB\"}",
                            "metadata_fingerprint": "-rXCulPN9EA=",
                            "min_cpu_platform": "",
                            "name": "drs-sql-windows-poc",
                            "network_interface.#": "1",
                            "network_interface.0.access_config.#": "1",
                            "network_interface.0.access_config.0.nat_ip": "104.154.19.195",
                            "network_interface.0.access_config.0.network_tier": "PREMIUM",
                            "network_interface.0.access_config.0.public_ptr_domain_name": "",
                            "network_interface.0.alias_ip_range.#": "0",
                            "network_interface.0.ipv6_access_config.#": "0",
                            "network_interface.0.ipv6_access_type": "",
                            "network_interface.0.name": "nic0",
                            "network_interface.0.network": "https://www.googleapis.com/compute/v1/projects/ce-ps-3team/global/networks/raghu-test",
                            "network_interface.0.network_ip": "10.0.0.57",
                            "network_interface.0.nic_type": "",
                            "network_interface.0.stack_type": "IPV4_ONLY",
                            "network_interface.0.subnetwork": "https://www.googleapis.com/compute/v1/projects/ce-ps-3team/regions/us-central1/subnetworks/raghu-test",
                            "network_interface.0.subnetwork_project": "ce-ps-3team",
                            "project": "ce-ps-3team",
                            "reservation_affinity.#": "1",
                            "reservation_affinity.0.specific_reservation.#": "0",
                            "reservation_affinity.0.type": "ANY_RESERVATION",
                            "resource_policies.#": "0",
                            "scheduling.#": "1",
                            "scheduling.0.automatic_restart": "true",
                            "scheduling.0.min_node_cpus": "0",
                            "scheduling.0.node_affinities.#": "0",
                            "scheduling.0.on_host_maintenance": "MIGRATE",
                            "scheduling.0.preemptible": "false",
                            "scratch_disk.#": "0",
                            "self_link": "https://www.googleapis.com/compute/v1/projects/ce-ps-3team/zones/us-central1-a/instances/drs-sql-windows-poc",
                            "service_account.#": "1",
                            "service_account.0.email": "19361973525-compute@developer.gserviceaccount.com",
                            "service_account.0.scopes.#": "6",
                            "service_account.0.scopes.0": "https://www.googleapis.com/auth/devstorage.read_only",
                            "service_account.0.scopes.1": "https://www.googleapis.com/auth/logging.write",
                            "service_account.0.scopes.2": "https://www.googleapis.com/auth/monitoring.write",
                            "service_account.0.scopes.3": "https://www.googleapis.com/auth/service.management.readonly",
                            "service_account.0.scopes.4": "https://www.googleapis.com/auth/servicecontrol",
                            "service_account.0.scopes.5": "https://www.googleapis.com/auth/trace.append",
                            "shielded_instance_config.#": "1",
                            "shielded_instance_config.0.enable_integrity_monitoring": "true",
                            "shielded_instance_config.0.enable_secure_boot": "false",
                            "shielded_instance_config.0.enable_vtpm": "true",
                            "tags.#": "0",
                            "tags_fingerprint": "42WmSpB8rSM=",
                            "zone": "us-central1-a"
                        },
                        "meta": {
                            "schema_version": 6
                        },
                        "tainted": false
                    },
                    "deposed": [],
                    "provider": "provider.google"
                },
                "google_compute_instance.tfer--drs-windows-poc": {
                    "type": "google_compute_instance",
                    "depends_on": [],
                    "primary": {
                        "id": "projects/ce-ps-3team/zones/us-central1-a/instances/drs-windows-poc",
                        "attributes": {
                            "advanced_machine_features.#": "0",
                            "attached_disk.#": "0",
                            "boot_disk.#": "1",
                            "boot_disk.0.auto_delete": "true",
                            "boot_disk.0.device_name": "drs-poc",
                            "boot_disk.0.disk_encryption_key_raw": "",
                            "boot_disk.0.disk_encryption_key_sha256": "",
                            "boot_disk.0.initialize_params.#": "1",
                            "boot_disk.0.initialize_params.0.image": "https://www.googleapis.com/compute/v1/projects/windows-cloud/global/images/windows-server-2022-dc-v20230615",
                            "boot_disk.0.initialize_params.0.labels.%": "0",
                            "boot_disk.0.initialize_params.0.size": "50",
                            "boot_disk.0.initialize_params.0.type": "pd-balanced",
                            "boot_disk.0.kms_key_self_link": "",
                            "boot_disk.0.mode": "READ_WRITE",
                            "boot_disk.0.source": "https://www.googleapis.com/compute/v1/projects/ce-ps-3team/zones/us-central1-a/disks/drs-windows-poc",
                            "can_ip_forward": "false",
                            "confidential_instance_config.#": "1",
                            "confidential_instance_config.0.enable_confidential_compute": "false",
                            "cpu_platform": "AMD Rome",
                            "current_status": "RUNNING",
                            "deletion_protection": "false",
                            "description": "",
                            "enable_display": "false",
                            "guest_accelerator.#": "0",
                            "hostname": "",
                            "id": "projects/ce-ps-3team/zones/us-central1-a/instances/drs-windows-poc",
                            "instance_id": "7936349682021906906",
                            "label_fingerprint": "42WmSpB8rSM=",
                            "labels.%": "0",
                            "machine_type": "e2-medium",
                            "metadata.%": "1",
                            "metadata.windows-keys": "{\"expireOn\":\"2023-06-30T09:37:23.419840Z\",\"userName\":\"arijita_mitra\",\"email\":\"arijita.mitra@searce.com\",\"modulus\":\"0kmICOH46lOyJeHiPrYJorC6Mz6REM5Ur9Tdoyiz+J2pR5fmy8GtGyLnP9tBdpY1zXYtd2oZwx+ZHfXOTf4rRemr2wOyJ9II8fB55k7jdDewBrTnOFqg69NwOaphCmEJVlRLH4rFWmZ5S+aLizKqW38pP+iwGkrvoct6vu7J+mX+ypjDOqhpAutmlhgF9CS9a59GsDtY/pn3/dXl6QddCg3IPR2X4Em15wmrfVKFAUjep3Te5RjBc7oPwk89VnnKHXxvvz9pmvlVQqzxUp9DW85xsQS2DP5TsLULKNWMi0N0ieGKToEMFI2AhiO0r5fXksCcVASBHpq6uKCowJE9cw==\",\"exponent\":\"AQAB\"}",
                            "metadata_fingerprint": "CIMB6hszdaM=",
                            "min_cpu_platform": "",
                            "name": "drs-windows-poc",
                            "network_interface.#": "1",
                            "network_interface.0.access_config.#": "1",
                            "network_interface.0.access_config.0.nat_ip": "35.184.39.16",
                            "network_interface.0.access_config.0.network_tier": "PREMIUM",
                            "network_interface.0.access_config.0.public_ptr_domain_name": "",
                            "network_interface.0.alias_ip_range.#": "0",
                            "network_interface.0.ipv6_access_config.#": "0",
                            "network_interface.0.ipv6_access_type": "",
                            "network_interface.0.name": "nic0",
                            "network_interface.0.network": "https://www.googleapis.com/compute/v1/projects/ce-ps-3team/global/networks/raghu-test",
                            "network_interface.0.network_ip": "10.0.0.56",
                            "network_interface.0.nic_type": "",
                            "network_interface.0.stack_type": "IPV4_ONLY",
                            "network_interface.0.subnetwork": "https://www.googleapis.com/compute/v1/projects/ce-ps-3team/regions/us-central1/subnetworks/raghu-test",
                            "network_interface.0.subnetwork_project": "ce-ps-3team",
                            "project": "ce-ps-3team",
                            "reservation_affinity.#": "1",
                            "reservation_affinity.0.specific_reservation.#": "0",
                            "reservation_affinity.0.type": "ANY_RESERVATION",
                            "resource_policies.#": "0",
                            "scheduling.#": "1",
                            "scheduling.0.automatic_restart": "true",
                            "scheduling.0.min_node_cpus": "0",
                            "scheduling.0.node_affinities.#": "0",
                            "scheduling.0.on_host_maintenance": "MIGRATE",
                            "scheduling.0.preemptible": "false",
                            "scratch_disk.#": "0",
                            "self_link": "https://www.googleapis.com/compute/v1/projects/ce-ps-3team/zones/us-central1-a/instances/drs-windows-poc",
                            "service_account.#": "1",
                            "service_account.0.email": "19361973525-compute@developer.gserviceaccount.com",
                            "service_account.0.scopes.#": "6",
                            "service_account.0.scopes.0": "https://www.googleapis.com/auth/devstorage.read_only",
                            "service_account.0.scopes.1": "https://www.googleapis.com/auth/logging.write",
                            "service_account.0.scopes.2": "https://www.googleapis.com/auth/monitoring.write",
                            "service_account.0.scopes.3": "https://www.googleapis.com/auth/service.management.readonly",
                            "service_account.0.scopes.4": "https://www.googleapis.com/auth/servicecontrol",
                            "service_account.0.scopes.5": "https://www.googleapis.com/auth/trace.append",
                            "shielded_instance_config.#": "1",
                            "shielded_instance_config.0.enable_integrity_monitoring": "true",
                            "shielded_instance_config.0.enable_secure_boot": "false",
                            "shielded_instance_config.0.enable_vtpm": "true",
                            "tags.#": "0",
                            "tags_fingerprint": "42WmSpB8rSM=",
                            "zone": "us-central1-a"
                        },
                        "meta": {
                            "schema_version": 6
                        },
                        "tainted": false
                    },
                    "deposed": [],
                    "provider": "provider.google"
                }
            },
            "depends_on": []
        },
        {
            "path": [
                "root"
            ],
            "outputs": {},
            "resources": {},
            "depends_on": []
        },
        {
            "path": [
                "root"
            ],
            "outputs": {},
            "resources": {},
            "depends_on": []
        },
        {
            "path": [
                "root"
            ],
            "outputs": {},
            "resources": {},
            "depends_on": []
        },
        {
            "path": [
                "root"
            ],
            "outputs": {
                "google_dns_managed_zone_tfer--searcecloud-site_id": {
                    "sensitive": false,
                    "type": "string",
                    "value": "searcecloud-site"
                },
                "google_dns_record_set_tfer--searcecloud-site__acme-challenge-002E-searcecloud-002E-site-002E--CNAME_id": {
                    "sensitive": false,
                    "type": "string",
                    "value": "searcecloud-site/_acme-challenge.searcecloud.site./CNAME"
                },
                "google_dns_record_set_tfer--searcecloud-site_searcecloud-002E-site-002E--NS_id": {
                    "sensitive": false,
                    "type": "string",
                    "value": "searcecloud-site/searcecloud.site./NS"
                },
                "google_dns_record_set_tfer--searcecloud-site_searcecloud-002E-site-002E--SOA_id": {
                    "sensitive": false,
                    "type": "string",
                    "value": "searcecloud-site/searcecloud.site./SOA"
                }
            },
            "resources": {
                "google_dns_managed_zone.tfer--searcecloud-site": {
                    "type": "google_dns_managed_zone",
                    "depends_on": [],
                    "primary": {
                        "id": "searcecloud-site",
                        "attributes": {
                            "description": "",
                            "dns_name": "searcecloud.site.",
                            "dnssec_config.#": "0",
                            "force_destroy": "false",
                            "forwarding_config.#": "0",
                            "id": "searcecloud-site",
                            "labels.%": "0",
                            "name": "searcecloud-site",
                            "name_servers.#": "4",
                            "name_servers.0": "ns-cloud-c1.googledomains.com.",
                            "name_servers.1": "ns-cloud-c2.googledomains.com.",
                            "name_servers.2": "ns-cloud-c3.googledomains.com.",
                            "name_servers.3": "ns-cloud-c4.googledomains.com.",
                            "peering_config.#": "0",
                            "private_visibility_config.#": "0",
                            "project": "ce-ps-3team",
                            "visibility": "public"
                        },
                        "meta": {
                            "schema_version": 0
                        },
                        "tainted": false
                    },
                    "deposed": [],
                    "provider": "provider.google"
                },
                "google_dns_record_set.tfer--searcecloud-site__acme-challenge-002E-searcecloud-002E-site-002E--CNAME": {
                    "type": "google_dns_record_set",
                    "depends_on": [],
                    "primary": {
                        "id": "searcecloud-site/_acme-challenge.searcecloud.site./CNAME",
                        "attributes": {
                            "id": "searcecloud-site/_acme-challenge.searcecloud.site./CNAME",
                            "managed_zone": "searcecloud-site",
                            "name": "_acme-challenge.searcecloud.site.",
                            "project": "ce-ps-3team",
                            "rrdatas.#": "1",
                            "rrdatas.0": "062c5213-2d99-48cb-83c9-e3f671cc85aa.5.authorize.certificatemanager.goog.",
                            "ttl": "300",
                            "type": "CNAME"
                        },
                        "meta": {
                            "schema_version": 0
                        },
                        "tainted": false
                    },
                    "deposed": [],
                    "provider": "provider.google"
                },
                "google_dns_record_set.tfer--searcecloud-site_searcecloud-002E-site-002E--NS": {
                    "type": "google_dns_record_set",
                    "depends_on": [],
                    "primary": {
                        "id": "searcecloud-site/searcecloud.site./NS",
                        "attributes": {
                            "id": "searcecloud-site/searcecloud.site./NS",
                            "managed_zone": "searcecloud-site",
                            "name": "searcecloud.site.",
                            "project": "ce-ps-3team",
                            "rrdatas.#": "4",
                            "rrdatas.0": "ns-cloud-c1.googledomains.com.",
                            "rrdatas.1": "ns-cloud-c2.googledomains.com.",
                            "rrdatas.2": "ns-cloud-c3.googledomains.com.",
                            "rrdatas.3": "ns-cloud-c4.googledomains.com.",
                            "ttl": "21600",
                            "type": "NS"
                        },
                        "meta": {
                            "schema_version": 0
                        },
                        "tainted": false
                    },
                    "deposed": [],
                    "provider": "provider.google"
                },
                "google_dns_record_set.tfer--searcecloud-site_searcecloud-002E-site-002E--SOA": {
                    "type": "google_dns_record_set",
                    "depends_on": [],
                    "primary": {
                        "id": "searcecloud-site/searcecloud.site./SOA",
                        "attributes": {
                            "id": "searcecloud-site/searcecloud.site./SOA",
                            "managed_zone": "searcecloud-site",
                            "name": "searcecloud.site.",
                            "project": "ce-ps-3team",
                            "rrdatas.#": "1",
                            "rrdatas.0": "ns-cloud-c1.googledomains.com. cloud-dns-hostmaster.google.com. 1 21600 3600 259200 300",
                            "ttl": "21600",
                            "type": "SOA"
                        },
                        "meta": {
                            "schema_version": 0
                        },
                        "tainted": false
                    },
                    "deposed": [],
                    "provider": "provider.google"
                }
            },
            "depends_on": []
        },
        {
            "path": [
                "root"
            ],
            "outputs": {
                "google_cloud_scheduler_job_tfer--vertext-ai-scheduler_id": {
                    "sensitive": false,
                    "type": "string",
                    "value": "projects/ce-ps-3team/locations/us-central1/jobs/vertext-ai-scheduler"
                }
            },
            "resources": {
                "google_cloud_scheduler_job.tfer--vertext-ai-scheduler": {
                    "type": "google_cloud_scheduler_job",
                    "depends_on": [],
                    "primary": {
                        "id": "projects/ce-ps-3team/locations/us-central1/jobs/vertext-ai-scheduler",
                        "attributes": {
                            "app_engine_http_target.#": "0",
                            "attempt_deadline": "180s",
                            "description": "Scheduler to trigger a lambda function",
                            "http_target.#": "1",
                            "http_target.0.body": "ewogICAicGlwZWxpbmVfc3BlY191cmkiOiAiaHR0cHM6Ly9zdG9yYWdlLmNsb3VkLmdvb2dsZS5jb20vazgtYXNzaWdubWVudC1jZS1wczYvaGVsbG9fd29ybGRfc2NoZWR1bGVkX3BpcGVsaW5lLmpzb24iLAogICAicGFyYW1ldGVyX3ZhbHVlcyI6IHsKICAgICAiZ3JlZXRfbmFtZSI6ICJjZS1wczYtdGVhbS4uLiEhIgogICB9CiB9",
                            "http_target.0.headers.%": "0",
                            "http_target.0.http_method": "POST",
                            "http_target.0.oauth_token.#": "0",
                            "http_target.0.oidc_token.#": "1",
                            "http_target.0.oidc_token.0.audience": "https://us-central1-ce-ps-3team.cloudfunctions.net/hello-world-cloud-function",
                            "http_target.0.oidc_token.0.service_account_email": "19361973525-compute@developer.gserviceaccount.com",
                            "http_target.0.uri": "https://us-central1-ce-ps-3team.cloudfunctions.net/function-1-test",
                            "id": "projects/ce-ps-3team/locations/us-central1/jobs/vertext-ai-scheduler",
                            "name": "vertext-ai-scheduler",
                            "project": "ce-ps-3team",
                            "pubsub_target.#": "0",
                            "region": "us-central1",
                            "retry_config.#": "1",
                            "retry_config.0.max_backoff_duration": "3600s",
                            "retry_config.0.max_doublings": "5",
                            "retry_config.0.max_retry_duration": "0s",
                            "retry_config.0.min_backoff_duration": "5s",
                            "retry_config.0.retry_count": "0",
                            "schedule": "* 12 * * *",
                            "time_zone": "Asia/Calcutta"
                        },
                        "meta": {
                            "schema_version": 0
                        },
                        "tainted": false
                    },
                    "deposed": [],
                    "provider": "provider.google"
                }
            },
            "depends_on": []
        },
        {
            "path": [
                "root"
            ],
            "outputs": {},
            "resources": {},
            "depends_on": []
        },
        {
            "path": [
                "root"
            ],
            "outputs": {},
            "resources": {},
            "depends_on": []
        },
        {
            "path": [
                "root"
            ],
            "outputs": {
                "google_pubsub_subscription_tfer--projects-002F-ce-ps-3team-002F-subscriptions-002F-keda-test-subscription_id": {
                    "sensitive": false,
                    "type": "string",
                    "value": "keda-test-subscription"
                },
                "google_pubsub_topic_tfer--projects-002F-ce-ps-3team-002F-topics-002F-cloud-ingest-pulse_id": {
                    "sensitive": false,
                    "type": "string",
                    "value": "ce-ps-3team/cloud-ingest-pulse"
                },
                "google_pubsub_topic_tfer--projects-002F-ce-ps-3team-002F-topics-002F-cloud-ingest-start_id": {
                    "sensitive": false,
                    "type": "string",
                    "value": "ce-ps-3team/cloud-ingest-start"
                },
                "google_pubsub_topic_tfer--projects-002F-ce-ps-3team-002F-topics-002F-dac-test-push-ep_id": {
                    "sensitive": false,
                    "type": "string",
                    "value": "ce-ps-3team/dac-test-push-ep"
                },
                "google_pubsub_topic_tfer--projects-002F-ce-ps-3team-002F-topics-002F-keda-test-topic_id": {
                    "sensitive": false,
                    "type": "string",
                    "value": "ce-ps-3team/keda-test-topic"
                },
                "google_pubsub_topic_tfer--projects-002F-ce-ps-3team-002F-topics-002F-test-cloud-ingest-control_id": {
                    "sensitive": false,
                    "type": "string",
                    "value": "ce-ps-3team/test-cloud-ingest-control"
                },
                "google_pubsub_topic_tfer--projects-002F-ce-ps-3team-002F-topics-002F-test-cloud-ingest-list_id": {
                    "sensitive": false,
                    "type": "string",
                    "value": "ce-ps-3team/test-cloud-ingest-list"
                }
            },
            "resources": {
                "google_pubsub_subscription.tfer--projects-002F-ce-ps-3team-002F-subscriptions-002F-keda-test-subscription": {
                    "type": "google_pubsub_subscription",
                    "depends_on": [],
                    "primary": {
                        "id": "keda-test-subscription",
                        "attributes": {
                            "ack_deadline_seconds": "10",
                            "dead_letter_policy.#": "0",
                            "enable_message_ordering": "false",
                            "expiration_policy.#": "1",
                            "expiration_policy.0.ttl": "2678400s",
                            "filter": "",
                            "id": "keda-test-subscription",
                            "labels.%": "0",
                            "message_retention_duration": "604800s",
                            "name": "keda-test-subscription",
                            "project": "ce-ps-3team",
                            "push_config.#": "0",
                            "retain_acked_messages": "false",
                            "retry_policy.#": "0",
                            "topic": "projects/ce-ps-3team/topics/keda-test-topic"
                        },
                        "meta": {
                            "schema_version": 0
                        },
                        "tainted": false
                    },
                    "deposed": [],
                    "provider": "provider.google"
                },
                "google_pubsub_topic.tfer--projects-002F-ce-ps-3team-002F-topics-002F-cloud-ingest-pulse": {
                    "type": "google_pubsub_topic",
                    "depends_on": [],
                    "primary": {
                        "id": "ce-ps-3team/cloud-ingest-pulse",
                        "attributes": {
                            "id": "ce-ps-3team/cloud-ingest-pulse",
                            "kms_key_name": "",
                            "labels.%": "0",
                            "message_storage_policy.#": "0",
                            "name": "cloud-ingest-pulse",
                            "project": "ce-ps-3team",
                            "schema_settings.#": "0"
                        },
                        "meta": {
                            "schema_version": 0
                        },
                        "tainted": false
                    },
                    "deposed": [],
                    "provider": "provider.google"
                },
                "google_pubsub_topic.tfer--projects-002F-ce-ps-3team-002F-topics-002F-cloud-ingest-start": {
                    "type": "google_pubsub_topic",
                    "depends_on": [],
                    "primary": {
                        "id": "ce-ps-3team/cloud-ingest-start",
                        "attributes": {
                            "id": "ce-ps-3team/cloud-ingest-start",
                            "kms_key_name": "",
                            "labels.%": "0",
                            "message_storage_policy.#": "0",
                            "name": "cloud-ingest-start",
                            "project": "ce-ps-3team",
                            "schema_settings.#": "0"
                        },
                        "meta": {
                            "schema_version": 0
                        },
                        "tainted": false
                    },
                    "deposed": [],
                    "provider": "provider.google"
                },
                "google_pubsub_topic.tfer--projects-002F-ce-ps-3team-002F-topics-002F-dac-test-push-ep": {
                    "type": "google_pubsub_topic",
                    "depends_on": [],
                    "primary": {
                        "id": "ce-ps-3team/dac-test-push-ep",
                        "attributes": {
                            "id": "ce-ps-3team/dac-test-push-ep",
                            "kms_key_name": "",
                            "labels.%": "0",
                            "message_storage_policy.#": "0",
                            "name": "dac-test-push-ep",
                            "project": "ce-ps-3team",
                            "schema_settings.#": "0"
                        },
                        "meta": {
                            "schema_version": 0
                        },
                        "tainted": false
                    },
                    "deposed": [],
                    "provider": "provider.google"
                },
                "google_pubsub_topic.tfer--projects-002F-ce-ps-3team-002F-topics-002F-keda-test-topic": {
                    "type": "google_pubsub_topic",
                    "depends_on": [],
                    "primary": {
                        "id": "ce-ps-3team/keda-test-topic",
                        "attributes": {
                            "id": "ce-ps-3team/keda-test-topic",
                            "kms_key_name": "",
                            "labels.%": "0",
                            "message_storage_policy.#": "0",
                            "name": "keda-test-topic",
                            "project": "ce-ps-3team",
                            "schema_settings.#": "0"
                        },
                        "meta": {
                            "schema_version": 0
                        },
                        "tainted": false
                    },
                    "deposed": [],
                    "provider": "provider.google"
                },
                "google_pubsub_topic.tfer--projects-002F-ce-ps-3team-002F-topics-002F-test-cloud-ingest-control": {
                    "type": "google_pubsub_topic",
                    "depends_on": [],
                    "primary": {
                        "id": "ce-ps-3team/test-cloud-ingest-control",
                        "attributes": {
                            "id": "ce-ps-3team/test-cloud-ingest-control",
                            "kms_key_name": "",
                            "labels.%": "0",
                            "message_storage_policy.#": "0",
                            "name": "test-cloud-ingest-control",
                            "project": "ce-ps-3team",
                            "schema_settings.#": "0"
                        },
                        "meta": {
                            "schema_version": 0
                        },
                        "tainted": false
                    },
                    "deposed": [],
                    "provider": "provider.google"
                },
                "google_pubsub_topic.tfer--projects-002F-ce-ps-3team-002F-topics-002F-test-cloud-ingest-list": {
                    "type": "google_pubsub_topic",
                    "depends_on": [],
                    "primary": {
                        "id": "ce-ps-3team/test-cloud-ingest-list",
                        "attributes": {
                            "id": "ce-ps-3team/test-cloud-ingest-list",
                            "kms_key_name": "",
                            "labels.%": "0",
                            "message_storage_policy.#": "0",
                            "name": "test-cloud-ingest-list",
                            "project": "ce-ps-3team",
                            "schema_settings.#": "0"
                        },
                        "meta": {
                            "schema_version": 0
                        },
                        "tainted": false
                    },
                    "deposed": [],
                    "provider": "provider.google"
                }
            },
            "depends_on": []
        },
        {
            "path": [
                "root"
            ],
            "outputs": {
                "google_project_tfer--ce-ps-3team_id": {
                    "sensitive": false,
                    "type": "string",
                    "value": "ce-ps-3team"
                }
            },
            "resources": {
                "google_project.tfer--ce-ps-3team": {
                    "type": "google_project",
                    "depends_on": [],
                    "primary": {
                        "id": "ce-ps-3team",
                        "attributes": {
                            "auto_create_network": "true",
                            "billing_account": "01D4D1-9E5860-12D556",
                            "folder_id": "",
                            "id": "ce-ps-3team",
                            "labels.%": "0",
                            "name": "CE-PS-6team",
                            "number": "19361973525",
                            "org_id": "137290607384",
                            "project_id": "ce-ps-3team"
                        },
                        "meta": {
                            "schema_version": 1
                        },
                        "tainted": false
                    },
                    "deposed": [],
                    "provider": "provider.google"
                }
            },
            "depends_on": []
        },
        {
            "path": [
                "root"
            ],
            "outputs": {},
            "resources": {},
            "depends_on": []
        },
        {
            "path": [
                "root"
            ],
            "outputs": {},
            "resources": {},
            "depends_on": []
        },
        {
            "path": [
                "root"
            ],
            "outputs": {},
            "resources": {},
            "depends_on": []
        },
        {
            "path": [
                "root"
            ],
            "outputs": {},
            "resources": {},
            "depends_on": []
        },
        {
            "path": [
                "root"
            ],
            "outputs": {},
            "resources": {},
            "depends_on": []
        },
        {
            "path": [
                "root"
            ],
            "outputs": {},
            "resources": {},
            "depends_on": []
        },
        {
            "path": [
                "root"
            ],
            "outputs": {},
            "resources": {},
            "depends_on": []
        },
        {
            "path": [
                "root"
            ],
            "outputs": {},
            "resources": {},
            "depends_on": []
        },
        {
            "path": [
                "root"
            ],
            "outputs": {
                "google_compute_instance_template_tfer--edge01-explorer-template-20230523111413601600000001_self_link": {
                    "sensitive": false,
                    "type": "string",
                    "value": "https://www.googleapis.com/compute/v1/projects/ce-ps-3team/global/instanceTemplates/edge01-explorer-template-20230523111413601600000001"
                },
                "google_compute_instance_template_tfer--edge01-fullnode-template-20230523111413605800000005_self_link": {
                    "sensitive": false,
                    "type": "string",
                    "value": "https://www.googleapis.com/compute/v1/projects/ce-ps-3team/global/instanceTemplates/edge01-fullnode-template-20230523111413605800000005"
                },
                "google_compute_instance_template_tfer--ganga-e2-micro-debian-template-1_self_link": {
                    "sensitive": false,
                    "type": "string",
                    "value": "https://www.googleapis.com/compute/v1/projects/ce-ps-3team/global/instanceTemplates/ganga-e2-micro-debian-template-1"
                },
                "google_compute_instance_template_tfer--ganga-e2-micro-ubuntu-2204-hostname_self_link": {
                    "sensitive": false,
                    "type": "string",
                    "value": "https://www.googleapis.com/compute/v1/projects/ce-ps-3team/global/instanceTemplates/ganga-e2-micro-ubuntu-2204-hostname"
                },
                "google_compute_instance_template_tfer--ganga-e2-micro-ubuntu-2204_self_link": {
                    "sensitive": false,
                    "type": "string",
                    "value": "https://www.googleapis.com/compute/v1/projects/ce-ps-3team/global/instanceTemplates/ganga-e2-micro-ubuntu-2204"
                },
                "google_compute_instance_template_tfer--instance-template-harshal_self_link": {
                    "sensitive": false,
                    "type": "string",
                    "value": "https://www.googleapis.com/compute/v1/projects/ce-ps-3team/global/instanceTemplates/instance-template-harshal"
                }
            },
            "resources": {
                "google_compute_instance_template.tfer--edge01-explorer-template-20230523111413601600000001": {
                    "type": "google_compute_instance_template",
                    "depends_on": [],
                    "primary": {
                        "id": "edge01-explorer-template-20230523111413601600000001",
                        "attributes": {
                            "can_ip_forward": "false",
                            "description": "",
                            "disk.#": "1",
                            "disk.0.auto_delete": "true",
                            "disk.0.boot": "true",
                            "disk.0.device_name": "persistent-disk-0",
                            "disk.0.disk_encryption_key.#": "0",
                            "disk.0.disk_name": "",
                            "disk.0.disk_size_gb": "30",
                            "disk.0.disk_type": "pd-standard",
                            "disk.0.interface": "SCSI",
                            "disk.0.labels.%": "0",
                            "disk.0.mode": "READ_WRITE",
                            "disk.0.resource_policies.#": "0",
                            "disk.0.source": "",
                            "disk.0.source_image": "projects/ubuntu-os-cloud/global/images/ubuntu-2204-jammy-v20230429",
                            "disk.0.type": "PERSISTENT",
                            "id": "edge01-explorer-template-20230523111413601600000001",
                            "instance_description": "",
                            "labels.%": "3",
                            "labels.deployment-name": "edge01",
                            "labels.owner": "gangadhar",
                            "labels.role": "explorer",
                            "machine_type": "e2-micro",
                            "metadata.%": "0",
                            "metadata_fingerprint": "GCSo0e451So=",
                            "min_cpu_platform": "",
                            "name": "edge01-explorer-template-20230523111413601600000001",
                            "network_interface.#": "1",
                            "network_interface.0.access_config.#": "0",
                            "network_interface.0.alias_ip_range.#": "0",
                            "network_interface.0.ipv6_access_config.#": "0",
                            "network_interface.0.ipv6_access_type": "",
                            "network_interface.0.name": "nic0",
                            "network_interface.0.network": "https://www.googleapis.com/compute/v1/projects/ce-ps-3team/global/networks/edge01-devent",
                            "network_interface.0.network_ip": "",
                            "network_interface.0.nic_type": "",
                            "network_interface.0.stack_type": "",
                            "network_interface.0.subnetwork": "https://www.googleapis.com/compute/v1/projects/ce-ps-3team/regions/us-central1/subnetworks/edge01-devnet-private",
                            "network_interface.0.subnetwork_project": "ce-ps-3team",
                            "project": "ce-ps-3team",
                            "region": "us-central1",
                            "scheduling.#": "1",
                            "scheduling.0.automatic_restart": "true",
                            "scheduling.0.min_node_cpus": "0",
                            "scheduling.0.node_affinities.#": "0",
                            "scheduling.0.on_host_maintenance": "MIGRATE",
                            "scheduling.0.preemptible": "false",
                            "self_link": "https://www.googleapis.com/compute/v1/projects/ce-ps-3team/global/instanceTemplates/edge01-explorer-template-20230523111413601600000001",
                            "service_account.#": "1",
                            "service_account.0.email": "edge01-devnet-compute-engine@ce-ps-3team.iam.gserviceaccount.com",
                            "service_account.0.scopes.#": "1",
                            "service_account.0.scopes.0": "https://www.googleapis.com/auth/cloud-platform",
                            "tags.#": "2",
                            "tags.0": "edge01",
                            "tags.1": "explorer",
                            "tags_fingerprint": ""
                        },
                        "meta": {
                            "schema_version": 1
                        },
                        "tainted": false
                    },
                    "deposed": [],
                    "provider": "provider.google"
                },
                "google_compute_instance_template.tfer--edge01-fullnode-template-20230523111413605800000005": {
                    "type": "google_compute_instance_template",
                    "depends_on": [],
                    "primary": {
                        "id": "edge01-fullnode-template-20230523111413605800000005",
                        "attributes": {
                            "can_ip_forward": "false",
                            "description": "",
                            "disk.#": "2",
                            "disk.0.auto_delete": "true",
                            "disk.0.boot": "true",
                            "disk.0.device_name": "persistent-disk-0",
                            "disk.0.disk_encryption_key.#": "0",
                            "disk.0.disk_name": "",
                            "disk.0.disk_size_gb": "30",
                            "disk.0.disk_type": "pd-standard",
                            "disk.0.interface": "SCSI",
                            "disk.0.labels.%": "0",
                            "disk.0.mode": "READ_WRITE",
                            "disk.0.resource_policies.#": "0",
                            "disk.0.source": "",
                            "disk.0.source_image": "projects/ubuntu-os-cloud/global/images/ubuntu-2204-jammy-v20230429",
                            "disk.0.type": "PERSISTENT",
                            "disk.1.auto_delete": "false",
                            "disk.1.boot": "false",
                            "disk.1.device_name": "fullnode-disk",
                            "disk.1.disk_encryption_key.#": "0",
                            "disk.1.disk_name": "fullnode-disk",
                            "disk.1.disk_size_gb": "10",
                            "disk.1.disk_type": "pd-balanced",
                            "disk.1.interface": "SCSI",
                            "disk.1.labels.%": "0",
                            "disk.1.mode": "READ_WRITE",
                            "disk.1.resource_policies.#": "0",
                            "disk.1.source": "",
                            "disk.1.source_image": "",
                            "disk.1.type": "PERSISTENT",
                            "id": "edge01-fullnode-template-20230523111413605800000005",
                            "instance_description": "",
                            "labels.%": "3",
                            "labels.deployment-name": "edge01",
                            "labels.owner": "gangadhar",
                            "labels.role": "fullnode",
                            "machine_type": "e2-micro",
                            "metadata.%": "0",
                            "metadata_fingerprint": "GCSo0e451So=",
                            "min_cpu_platform": "",
                            "name": "edge01-fullnode-template-20230523111413605800000005",
                            "network_interface.#": "1",
                            "network_interface.0.access_config.#": "0",
                            "network_interface.0.alias_ip_range.#": "0",
                            "network_interface.0.ipv6_access_config.#": "0",
                            "network_interface.0.ipv6_access_type": "",
                            "network_interface.0.name": "nic0",
                            "network_interface.0.network": "https://www.googleapis.com/compute/v1/projects/ce-ps-3team/global/networks/edge01-devent",
                            "network_interface.0.network_ip": "",
                            "network_interface.0.nic_type": "",
                            "network_interface.0.stack_type": "",
                            "network_interface.0.subnetwork": "https://www.googleapis.com/compute/v1/projects/ce-ps-3team/regions/us-central1/subnetworks/edge01-devnet-private",
                            "network_interface.0.subnetwork_project": "ce-ps-3team",
                            "project": "ce-ps-3team",
                            "region": "us-central1",
                            "scheduling.#": "1",
                            "scheduling.0.automatic_restart": "true",
                            "scheduling.0.min_node_cpus": "0",
                            "scheduling.0.node_affinities.#": "0",
                            "scheduling.0.on_host_maintenance": "MIGRATE",
                            "scheduling.0.preemptible": "false",
                            "self_link": "https://www.googleapis.com/compute/v1/projects/ce-ps-3team/global/instanceTemplates/edge01-fullnode-template-20230523111413605800000005",
                            "service_account.#": "1",
                            "service_account.0.email": "edge01-devnet-compute-engine@ce-ps-3team.iam.gserviceaccount.com",
                            "service_account.0.scopes.#": "1",
                            "service_account.0.scopes.0": "https://www.googleapis.com/auth/cloud-platform",
                            "tags.#": "2",
                            "tags.0": "edge01",
                            "tags.1": "fullnode",
                            "tags_fingerprint": ""
                        },
                        "meta": {
                            "schema_version": 1
                        },
                        "tainted": false
                    },
                    "deposed": [],
                    "provider": "provider.google"
                },
                "google_compute_instance_template.tfer--ganga-e2-micro-debian-template-1": {
                    "type": "google_compute_instance_template",
                    "depends_on": [],
                    "primary": {
                        "id": "ganga-e2-micro-debian-template-1",
                        "attributes": {
                            "can_ip_forward": "false",
                            "confidential_instance_config.#": "1",
                            "confidential_instance_config.0.enable_confidential_compute": "false",
                            "description": "",
                            "disk.#": "2",
                            "disk.0.auto_delete": "true",
                            "disk.0.boot": "true",
                            "disk.0.device_name": "ganga-e2-micro-debian-template",
                            "disk.0.disk_encryption_key.#": "0",
                            "disk.0.disk_name": "",
                            "disk.0.disk_size_gb": "10",
                            "disk.0.disk_type": "pd-balanced",
                            "disk.0.interface": "",
                            "disk.0.labels.%": "0",
                            "disk.0.mode": "READ_WRITE",
                            "disk.0.resource_policies.#": "0",
                            "disk.0.source": "",
                            "disk.0.source_image": "projects/debian-cloud/global/images/debian-11-bullseye-v20230411",
                            "disk.0.type": "PERSISTENT",
                            "disk.1.auto_delete": "false",
                            "disk.1.boot": "false",
                            "disk.1.device_name": "persistent-disk-1",
                            "disk.1.disk_encryption_key.#": "0",
                            "disk.1.disk_name": "",
                            "disk.1.disk_size_gb": "10",
                            "disk.1.disk_type": "pd-standard",
                            "disk.1.interface": "",
                            "disk.1.labels.%": "0",
                            "disk.1.mode": "READ_WRITE",
                            "disk.1.resource_policies.#": "0",
                            "disk.1.source": "",
                            "disk.1.source_image": "",
                            "disk.1.type": "PERSISTENT",
                            "id": "ganga-e2-micro-debian-template-1",
                            "instance_description": "",
                            "machine_type": "e2-micro",
                            "metadata.%": "0",
                            "metadata_fingerprint": "GCSo0e451So=",
                            "min_cpu_platform": "",
                            "name": "ganga-e2-micro-debian-template-1",
                            "network_interface.#": "1",
                            "network_interface.0.access_config.#": "0",
                            "network_interface.0.alias_ip_range.#": "0",
                            "network_interface.0.ipv6_access_config.#": "0",
                            "network_interface.0.ipv6_access_type": "",
                            "network_interface.0.name": "nic0",
                            "network_interface.0.network": "https://www.googleapis.com/compute/v1/projects/ce-ps-3team/global/networks/us-central1-ganga-network",
                            "network_interface.0.network_ip": "",
                            "network_interface.0.nic_type": "",
                            "network_interface.0.stack_type": "IPV4_ONLY",
                            "network_interface.0.subnetwork": "https://www.googleapis.com/compute/v1/projects/ce-ps-3team/regions/us-central1/subnetworks/us-central-1-ganga-private-subnet",
                            "network_interface.0.subnetwork_project": "ce-ps-3team",
                            "project": "ce-ps-3team",
                            "region": "us-central1",
                            "reservation_affinity.#": "1",
                            "reservation_affinity.0.specific_reservation.#": "0",
                            "reservation_affinity.0.type": "ANY_RESERVATION",
                            "scheduling.#": "1",
                            "scheduling.0.automatic_restart": "true",
                            "scheduling.0.min_node_cpus": "0",
                            "scheduling.0.node_affinities.#": "0",
                            "scheduling.0.on_host_maintenance": "MIGRATE",
                            "scheduling.0.preemptible": "false",
                            "self_link": "https://www.googleapis.com/compute/v1/projects/ce-ps-3team/global/instanceTemplates/ganga-e2-micro-debian-template-1",
                            "service_account.#": "1",
                            "service_account.0.email": "19361973525-compute@developer.gserviceaccount.com",
                            "service_account.0.scopes.#": "6",
                            "service_account.0.scopes.0": "https://www.googleapis.com/auth/devstorage.read_only",
                            "service_account.0.scopes.1": "https://www.googleapis.com/auth/logging.write",
                            "service_account.0.scopes.2": "https://www.googleapis.com/auth/monitoring.write",
                            "service_account.0.scopes.3": "https://www.googleapis.com/auth/service.management.readonly",
                            "service_account.0.scopes.4": "https://www.googleapis.com/auth/servicecontrol",
                            "service_account.0.scopes.5": "https://www.googleapis.com/auth/trace.append",
                            "shielded_instance_config.#": "1",
                            "shielded_instance_config.0.enable_integrity_monitoring": "true",
                            "shielded_instance_config.0.enable_secure_boot": "false",
                            "shielded_instance_config.0.enable_vtpm": "true",
                            "tags.#": "1",
                            "tags.0": "ganga-test",
                            "tags_fingerprint": ""
                        },
                        "meta": {
                            "schema_version": 1
                        },
                        "tainted": false
                    },
                    "deposed": [],
                    "provider": "provider.google"
                },
                "google_compute_instance_template.tfer--ganga-e2-micro-ubuntu-2204": {
                    "type": "google_compute_instance_template",
                    "depends_on": [],
                    "primary": {
                        "id": "ganga-e2-micro-ubuntu-2204",
                        "attributes": {
                            "can_ip_forward": "false",
                            "confidential_instance_config.#": "1",
                            "confidential_instance_config.0.enable_confidential_compute": "false",
                            "description": "",
                            "disk.#": "1",
                            "disk.0.auto_delete": "true",
                            "disk.0.boot": "true",
                            "disk.0.device_name": "ganga-e2-micro-ubuntu-2204",
                            "disk.0.disk_encryption_key.#": "0",
                            "disk.0.disk_name": "",
                            "disk.0.disk_size_gb": "10",
                            "disk.0.disk_type": "pd-balanced",
                            "disk.0.interface": "",
                            "disk.0.labels.%": "0",
                            "disk.0.mode": "READ_WRITE",
                            "disk.0.resource_policies.#": "0",
                            "disk.0.source": "",
                            "disk.0.source_image": "projects/ubuntu-os-cloud/global/images/ubuntu-2204-jammy-v20230429",
                            "disk.0.type": "PERSISTENT",
                            "id": "ganga-e2-micro-ubuntu-2204",
                            "instance_description": "",
                            "machine_type": "e2-micro",
                            "metadata.%": "0",
                            "metadata_fingerprint": "GCSo0e451So=",
                            "min_cpu_platform": "",
                            "name": "ganga-e2-micro-ubuntu-2204",
                            "network_interface.#": "1",
                            "network_interface.0.access_config.#": "0",
                            "network_interface.0.alias_ip_range.#": "0",
                            "network_interface.0.ipv6_access_config.#": "0",
                            "network_interface.0.ipv6_access_type": "",
                            "network_interface.0.name": "nic0",
                            "network_interface.0.network": "https://www.googleapis.com/compute/v1/projects/ce-ps-3team/global/networks/gangadhars-network",
                            "network_interface.0.network_ip": "",
                            "network_interface.0.nic_type": "",
                            "network_interface.0.stack_type": "IPV4_ONLY",
                            "network_interface.0.subnetwork": "https://www.googleapis.com/compute/v1/projects/ce-ps-3team/regions/us-central1/subnetworks/private-subnet",
                            "network_interface.0.subnetwork_project": "ce-ps-3team",
                            "project": "ce-ps-3team",
                            "region": "us-central1",
                            "reservation_affinity.#": "1",
                            "reservation_affinity.0.specific_reservation.#": "0",
                            "reservation_affinity.0.type": "ANY_RESERVATION",
                            "scheduling.#": "1",
                            "scheduling.0.automatic_restart": "true",
                            "scheduling.0.min_node_cpus": "0",
                            "scheduling.0.node_affinities.#": "0",
                            "scheduling.0.on_host_maintenance": "MIGRATE",
                            "scheduling.0.preemptible": "false",
                            "self_link": "https://www.googleapis.com/compute/v1/projects/ce-ps-3team/global/instanceTemplates/ganga-e2-micro-ubuntu-2204",
                            "service_account.#": "1",
                            "service_account.0.email": "19361973525-compute@developer.gserviceaccount.com",
                            "service_account.0.scopes.#": "6",
                            "service_account.0.scopes.0": "https://www.googleapis.com/auth/devstorage.read_only",
                            "service_account.0.scopes.1": "https://www.googleapis.com/auth/logging.write",
                            "service_account.0.scopes.2": "https://www.googleapis.com/auth/monitoring.write",
                            "service_account.0.scopes.3": "https://www.googleapis.com/auth/service.management.readonly",
                            "service_account.0.scopes.4": "https://www.googleapis.com/auth/servicecontrol",
                            "service_account.0.scopes.5": "https://www.googleapis.com/auth/trace.append",
                            "shielded_instance_config.#": "1",
                            "shielded_instance_config.0.enable_integrity_monitoring": "true",
                            "shielded_instance_config.0.enable_secure_boot": "false",
                            "shielded_instance_config.0.enable_vtpm": "true",
                            "tags.#": "0",
                            "tags_fingerprint": ""
                        },
                        "meta": {
                            "schema_version": 1
                        },
                        "tainted": false
                    },
                    "deposed": [],
                    "provider": "provider.google"
                },
                "google_compute_instance_template.tfer--ganga-e2-micro-ubuntu-2204-hostname": {
                    "type": "google_compute_instance_template",
                    "depends_on": [],
                    "primary": {
                        "id": "ganga-e2-micro-ubuntu-2204-hostname",
                        "attributes": {
                            "can_ip_forward": "false",
                            "confidential_instance_config.#": "1",
                            "confidential_instance_config.0.enable_confidential_compute": "false",
                            "description": "",
                            "disk.#": "1",
                            "disk.0.auto_delete": "true",
                            "disk.0.boot": "true",
                            "disk.0.device_name": "ganga-e2-micro-ubuntu-2204",
                            "disk.0.disk_encryption_key.#": "0",
                            "disk.0.disk_name": "",
                            "disk.0.disk_size_gb": "10",
                            "disk.0.disk_type": "pd-balanced",
                            "disk.0.interface": "",
                            "disk.0.labels.%": "0",
                            "disk.0.mode": "READ_WRITE",
                            "disk.0.resource_policies.#": "0",
                            "disk.0.source": "",
                            "disk.0.source_image": "projects/ubuntu-os-cloud/global/images/ubuntu-2204-jammy-v20230429",
                            "disk.0.type": "PERSISTENT",
                            "id": "ganga-e2-micro-ubuntu-2204-hostname",
                            "instance_description": "",
                            "machine_type": "e2-micro",
                            "metadata.%": "0",
                            "metadata_fingerprint": "GCSo0e451So=",
                            "min_cpu_platform": "",
                            "name": "ganga-e2-micro-ubuntu-2204-hostname",
                            "network_interface.#": "1",
                            "network_interface.0.access_config.#": "1",
                            "network_interface.0.access_config.0.nat_ip": "",
                            "network_interface.0.access_config.0.network_tier": "PREMIUM",
                            "network_interface.0.access_config.0.public_ptr_domain_name": "",
                            "network_interface.0.alias_ip_range.#": "0",
                            "network_interface.0.ipv6_access_config.#": "0",
                            "network_interface.0.ipv6_access_type": "",
                            "network_interface.0.name": "nic0",
                            "network_interface.0.network": "https://www.googleapis.com/compute/v1/projects/ce-ps-3team/global/networks/gangadhars-network",
                            "network_interface.0.network_ip": "",
                            "network_interface.0.nic_type": "",
                            "network_interface.0.stack_type": "IPV4_ONLY",
                            "network_interface.0.subnetwork": "https://www.googleapis.com/compute/v1/projects/ce-ps-3team/regions/us-central1/subnetworks/private-subnet",
                            "network_interface.0.subnetwork_project": "ce-ps-3team",
                            "project": "ce-ps-3team",
                            "region": "us-central1",
                            "reservation_affinity.#": "1",
                            "reservation_affinity.0.specific_reservation.#": "0",
                            "reservation_affinity.0.type": "ANY_RESERVATION",
                            "scheduling.#": "1",
                            "scheduling.0.automatic_restart": "true",
                            "scheduling.0.min_node_cpus": "0",
                            "scheduling.0.node_affinities.#": "0",
                            "scheduling.0.on_host_maintenance": "MIGRATE",
                            "scheduling.0.preemptible": "false",
                            "self_link": "https://www.googleapis.com/compute/v1/projects/ce-ps-3team/global/instanceTemplates/ganga-e2-micro-ubuntu-2204-hostname",
                            "service_account.#": "1",
                            "service_account.0.email": "19361973525-compute@developer.gserviceaccount.com",
                            "service_account.0.scopes.#": "6",
                            "service_account.0.scopes.0": "https://www.googleapis.com/auth/devstorage.read_only",
                            "service_account.0.scopes.1": "https://www.googleapis.com/auth/logging.write",
                            "service_account.0.scopes.2": "https://www.googleapis.com/auth/monitoring.write",
                            "service_account.0.scopes.3": "https://www.googleapis.com/auth/service.management.readonly",
                            "service_account.0.scopes.4": "https://www.googleapis.com/auth/servicecontrol",
                            "service_account.0.scopes.5": "https://www.googleapis.com/auth/trace.append",
                            "shielded_instance_config.#": "1",
                            "shielded_instance_config.0.enable_integrity_monitoring": "true",
                            "shielded_instance_config.0.enable_secure_boot": "false",
                            "shielded_instance_config.0.enable_vtpm": "true",
                            "tags.#": "0",
                            "tags_fingerprint": ""
                        },
                        "meta": {
                            "schema_version": 1
                        },
                        "tainted": false
                    },
                    "deposed": [],
                    "provider": "provider.google"
                },
                "google_compute_instance_template.tfer--instance-template-harshal": {
                    "type": "google_compute_instance_template",
                    "depends_on": [],
                    "primary": {
                        "id": "instance-template-harshal",
                        "attributes": {
                            "can_ip_forward": "false",
                            "confidential_instance_config.#": "1",
                            "confidential_instance_config.0.enable_confidential_compute": "false",
                            "description": "",
                            "disk.#": "1",
                            "disk.0.auto_delete": "true",
                            "disk.0.boot": "true",
                            "disk.0.device_name": "instance-template-harshal",
                            "disk.0.disk_encryption_key.#": "0",
                            "disk.0.disk_name": "",
                            "disk.0.disk_size_gb": "10",
                            "disk.0.disk_type": "pd-balanced",
                            "disk.0.interface": "",
                            "disk.0.labels.%": "0",
                            "disk.0.mode": "READ_WRITE",
                            "disk.0.resource_policies.#": "0",
                            "disk.0.source": "",
                            "disk.0.source_image": "projects/debian-cloud/global/images/debian-11-bullseye-v20230509",
                            "disk.0.type": "PERSISTENT",
                            "id": "instance-template-harshal",
                            "instance_description": "",
                            "machine_type": "e2-micro",
                            "metadata.%": "0",
                            "metadata_fingerprint": "GCSo0e451So=",
                            "min_cpu_platform": "",
                            "name": "instance-template-harshal",
                            "network_interface.#": "1",
                            "network_interface.0.access_config.#": "1",
                            "network_interface.0.access_config.0.nat_ip": "",
                            "network_interface.0.access_config.0.network_tier": "PREMIUM",
                            "network_interface.0.access_config.0.public_ptr_domain_name": "",
                            "network_interface.0.alias_ip_range.#": "0",
                            "network_interface.0.ipv6_access_config.#": "0",
                            "network_interface.0.ipv6_access_type": "",
                            "network_interface.0.name": "nic0",
                            "network_interface.0.network": "https://www.googleapis.com/compute/v1/projects/ce-ps-3team/global/networks/raghu-test",
                            "network_interface.0.network_ip": "",
                            "network_interface.0.nic_type": "",
                            "network_interface.0.stack_type": "IPV4_ONLY",
                            "network_interface.0.subnetwork": "https://www.googleapis.com/compute/v1/projects/ce-ps-3team/regions/us-central1/subnetworks/raghu-test",
                            "network_interface.0.subnetwork_project": "ce-ps-3team",
                            "project": "ce-ps-3team",
                            "region": "us-central1",
                            "reservation_affinity.#": "1",
                            "reservation_affinity.0.specific_reservation.#": "0",
                            "reservation_affinity.0.type": "ANY_RESERVATION",
                            "scheduling.#": "1",
                            "scheduling.0.automatic_restart": "true",
                            "scheduling.0.min_node_cpus": "0",
                            "scheduling.0.node_affinities.#": "0",
                            "scheduling.0.on_host_maintenance": "MIGRATE",
                            "scheduling.0.preemptible": "false",
                            "self_link": "https://www.googleapis.com/compute/v1/projects/ce-ps-3team/global/instanceTemplates/instance-template-harshal",
                            "service_account.#": "1",
                            "service_account.0.email": "19361973525-compute@developer.gserviceaccount.com",
                            "service_account.0.scopes.#": "6",
                            "service_account.0.scopes.0": "https://www.googleapis.com/auth/devstorage.read_only",
                            "service_account.0.scopes.1": "https://www.googleapis.com/auth/logging.write",
                            "service_account.0.scopes.2": "https://www.googleapis.com/auth/monitoring.write",
                            "service_account.0.scopes.3": "https://www.googleapis.com/auth/service.management.readonly",
                            "service_account.0.scopes.4": "https://www.googleapis.com/auth/servicecontrol",
                            "service_account.0.scopes.5": "https://www.googleapis.com/auth/trace.append",
                            "shielded_instance_config.#": "1",
                            "shielded_instance_config.0.enable_integrity_monitoring": "true",
                            "shielded_instance_config.0.enable_secure_boot": "false",
                            "shielded_instance_config.0.enable_vtpm": "true",
                            "tags.#": "2",
                            "tags.0": "http-server",
                            "tags.1": "https-server",
                            "tags_fingerprint": ""
                        },
                        "meta": {
                            "schema_version": 1
                        },
                        "tainted": false
                    },
                    "deposed": [],
                    "provider": "provider.google"
                }
            },
            "depends_on": []
        },
        {
            "path": [
                "root"
            ],
            "outputs": {
                "google_logging_metric_tfer--test_id": {
                    "sensitive": false,
                    "type": "string",
                    "value": "test"
                }
            },
            "resources": {
                "google_logging_metric.tfer--test": {
                    "type": "google_logging_metric",
                    "depends_on": [],
                    "primary": {
                        "id": "test",
                        "attributes": {
                            "bucket_options.#": "0",
                            "description": "",
                            "filter": "resource.type=\"gce_instance\"\nresource.labels.instance_id=\"2430768853524140805\"",
                            "id": "test",
                            "label_extractors.%": "0",
                            "metric_descriptor.#": "1",
                            "metric_descriptor.0.display_name": "",
                            "metric_descriptor.0.labels.#": "0",
                            "metric_descriptor.0.metric_kind": "DELTA",
                            "metric_descriptor.0.unit": "1",
                            "metric_descriptor.0.value_type": "INT64",
                            "name": "test",
                            "project": "ce-ps-3team",
                            "value_extractor": ""
                        },
                        "meta": {
                            "schema_version": 0
                        },
                        "tainted": false
                    },
                    "deposed": [],
                    "provider": "provider.google"
                }
            },
            "depends_on": []
        },
        {
            "path": [
                "root"
            ],
            "outputs": {},
            "resources": {},
            "depends_on": []
        },
        {
            "path": [
                "root"
            ],
            "outputs": {},
            "resources": {},
            "depends_on": []
        },
        {
            "path": [
                "root"
            ],
            "outputs": {
                "google_compute_image_tfer--booksite-packer_self_link": {
                    "sensitive": false,
                    "type": "string",
                    "value": "https://www.googleapis.com/compute/v1/projects/ce-ps-3team/global/images/booksite-packer"
                }
            },
            "resources": {
                "google_compute_image.tfer--booksite-packer": {
                    "type": "google_compute_image",
                    "depends_on": [],
                    "primary": {
                        "id": "booksite-packer",
                        "attributes": {
                            "archive_size_bytes": "1084022912",
                            "creation_timestamp": "2022-11-28T23:49:31.890-08:00",
                            "description": "packer-demo-image",
                            "disk_size_gb": "20",
                            "family": "",
                            "guest_os_features.#": "4",
                            "guest_os_features.0.type": "GVNIC",
                            "guest_os_features.1.type": "SEV_CAPABLE",
                            "guest_os_features.2.type": "UEFI_COMPATIBLE",
                            "guest_os_features.3.type": "VIRTIO_SCSI_MULTIQUEUE",
                            "id": "booksite-packer",
                            "label_fingerprint": "Lb15BIIzI0A=",
                            "labels.%": "2",
                            "labels.role": "web",
                            "labels.team": "frontend",
                            "licenses.#": "1",
                            "licenses.0": "https://www.googleapis.com/compute/v1/projects/ubuntu-os-cloud/global/licenses/ubuntu-2004-lts",
                            "name": "booksite-packer",
                            "project": "ce-ps-3team",
                            "self_link": "https://www.googleapis.com/compute/v1/projects/ce-ps-3team/global/images/booksite-packer",
                            "source_disk": "https://www.googleapis.com/compute/v1/projects/ce-ps-3team/zones/us-central1-a/disks/packer-6385b8f4-6807-3936-93ab-bc2a842f057c",
                            "source_image": "",
                            "source_snapshot": ""
                        },
                        "meta": {
                            "schema_version": 0
                        },
                        "tainted": false
                    },
                    "deposed": [],
                    "provider": "provider.google"
                }
            },
            "depends_on": []
        },
        {
            "path": [
                "root"
            ],
            "outputs": {},
            "resources": {},
            "depends_on": []
        },
        {
            "path": [
                "root"
            ],
            "outputs": {},
            "resources": {},
            "depends_on": []
        },
        {
            "path": [
                "root"
            ],
            "outputs": {},
            "resources": {},
            "depends_on": []
        },
        {
            "path": [
                "root"
            ],
            "outputs": {
                "google_compute_disk_tfer--us-central1-a-002F-disk-1_self_link": {
                    "sensitive": false,
                    "type": "string",
                    "value": "https://www.googleapis.com/compute/v1/projects/ce-ps-3team/zones/us-central1-a/disks/disk-1"
                },
                "google_compute_disk_tfer--us-central1-a-002F-drs-sql-windows-poc_self_link": {
                    "sensitive": false,
                    "type": "string",
                    "value": "https://www.googleapis.com/compute/v1/projects/ce-ps-3team/zones/us-central1-a/disks/drs-sql-windows-poc"
                },
                "google_compute_disk_tfer--us-central1-a-002F-drs-windows-poc_self_link": {
                    "sensitive": false,
                    "type": "string",
                    "value": "https://www.googleapis.com/compute/v1/projects/ce-ps-3team/zones/us-central1-a/disks/drs-windows-poc"
                },
                "google_compute_disk_tfer--us-central1-a-002F-fullnode-disk_self_link": {
                    "sensitive": false,
                    "type": "string",
                    "value": "https://www.googleapis.com/compute/v1/projects/ce-ps-3team/zones/us-central1-a/disks/fullnode-disk"
                },
                "google_compute_disk_tfer--us-central1-a-002F-pvc-6914123d-2f2a-45c1-a657-729a6f64d9ea_self_link": {
                    "sensitive": false,
                    "type": "string",
                    "value": "https://www.googleapis.com/compute/v1/projects/ce-ps-3team/zones/us-central1-a/disks/pvc-6914123d-2f2a-45c1-a657-729a6f64d9ea"
                },
                "google_compute_disk_tfer--us-central1-a-002F-pvc-70398b55-69b5-4bdc-b76c-3a70cb5dca05_self_link": {
                    "sensitive": false,
                    "type": "string",
                    "value": "https://www.googleapis.com/compute/v1/projects/ce-ps-3team/zones/us-central1-a/disks/pvc-70398b55-69b5-4bdc-b76c-3a70cb5dca05"
                },
                "google_compute_disk_tfer--us-central1-a-002F-pvc-a8567c29-9e59-4a68-8aa3-d06df7070035_self_link": {
                    "sensitive": false,
                    "type": "string",
                    "value": "https://www.googleapis.com/compute/v1/projects/ce-ps-3team/zones/us-central1-a/disks/pvc-a8567c29-9e59-4a68-8aa3-d06df7070035"
                },
                "google_compute_disk_tfer--us-central1-a-002F-pvc-c2a9ee04-0bf5-4233-b289-9cb8b5597c1b_self_link": {
                    "sensitive": false,
                    "type": "string",
                    "value": "https://www.googleapis.com/compute/v1/projects/ce-ps-3team/zones/us-central1-a/disks/pvc-c2a9ee04-0bf5-4233-b289-9cb8b5597c1b"
                },
                "google_compute_disk_tfer--us-central1-a-002F-validator-disk_self_link": {
                    "sensitive": false,
                    "type": "string",
                    "value": "https://www.googleapis.com/compute/v1/projects/ce-ps-3team/zones/us-central1-a/disks/validator-disk"
                },
                "google_compute_disk_tfer--us-central1-b-002F-edge02-validator-z9ck-1_self_link": {
                    "sensitive": false,
                    "type": "string",
                    "value": "https://www.googleapis.com/compute/v1/projects/ce-ps-3team/zones/us-central1-b/disks/edge02-validator-z9ck-1"
                },
                "google_compute_disk_tfer--us-central1-b-002F-fullnode-disk_self_link": {
                    "sensitive": false,
                    "type": "string",
                    "value": "https://www.googleapis.com/compute/v1/projects/ce-ps-3team/zones/us-central1-b/disks/fullnode-disk"
                },
                "google_compute_disk_tfer--us-central1-b-002F-gangadhar-group-1-1fw9-1_self_link": {
                    "sensitive": false,
                    "type": "string",
                    "value": "https://www.googleapis.com/compute/v1/projects/ce-ps-3team/zones/us-central1-b/disks/gangadhar-group-1-1fw9-1"
                },
                "google_compute_disk_tfer--us-central1-b-002F-validator-disk_self_link": {
                    "sensitive": false,
                    "type": "string",
                    "value": "https://www.googleapis.com/compute/v1/projects/ce-ps-3team/zones/us-central1-b/disks/validator-disk"
                },
                "google_compute_disk_tfer--us-central1-c-002F-edge02-validator-gbx5-1_self_link": {
                    "sensitive": false,
                    "type": "string",
                    "value": "https://www.googleapis.com/compute/v1/projects/ce-ps-3team/zones/us-central1-c/disks/edge02-validator-gbx5-1"
                },
                "google_compute_disk_tfer--us-central1-c-002F-fullnode-disk_self_link": {
                    "sensitive": false,
                    "type": "string",
                    "value": "https://www.googleapis.com/compute/v1/projects/ce-ps-3team/zones/us-central1-c/disks/fullnode-disk"
                },
                "google_compute_disk_tfer--us-central1-c-002F-gangadhar-group-1-h8jx-1_self_link": {
                    "sensitive": false,
                    "type": "string",
                    "value": "https://www.googleapis.com/compute/v1/projects/ce-ps-3team/zones/us-central1-c/disks/gangadhar-group-1-h8jx-1"
                },
                "google_compute_disk_tfer--us-central1-c-002F-pvc-bec25a43-4401-41c9-b9ef-83b8e7eae957_self_link": {
                    "sensitive": false,
                    "type": "string",
                    "value": "https://www.googleapis.com/compute/v1/projects/ce-ps-3team/zones/us-central1-c/disks/pvc-bec25a43-4401-41c9-b9ef-83b8e7eae957"
                },
                "google_compute_disk_tfer--us-central1-c-002F-validator-disk_self_link": {
                    "sensitive": false,
                    "type": "string",
                    "value": "https://www.googleapis.com/compute/v1/projects/ce-ps-3team/zones/us-central1-c/disks/validator-disk"
                }
            },
            "resources": {
                "google_compute_disk.tfer--us-central1-a-002F-disk-1": {
                    "type": "google_compute_disk",
                    "depends_on": [],
                    "primary": {
                        "id": "us-central1-a/disk-1",
                        "attributes": {
                            "creation_timestamp": "2023-05-23T09:30:19.533-07:00",
                            "description": "",
                            "disk_encryption_key.#": "0",
                            "id": "us-central1-a/disk-1",
                            "image": "",
                            "label_fingerprint": "42WmSpB8rSM=",
                            "labels.%": "0",
                            "last_attach_timestamp": "2023-05-23T09:30:19.533-07:00",
                            "last_detach_timestamp": "2023-05-23T10:47:44.249-07:00",
                            "name": "disk-1",
                            "physical_block_size_bytes": "4096",
                            "project": "ce-ps-3team",
                            "provisioned_iops": "0",
                            "self_link": "https://www.googleapis.com/compute/v1/projects/ce-ps-3team/zones/us-central1-a/disks/disk-1",
                            "size": "100",
                            "snapshot": "",
                            "source_image_encryption_key.#": "0",
                            "source_image_id": "",
                            "source_snapshot_encryption_key.#": "0",
                            "source_snapshot_id": "",
                            "type": "pd-balanced",
                            "users.#": "0",
                            "zone": "us-central1-a"
                        },
                        "meta": {
                            "schema_version": 0
                        },
                        "tainted": false
                    },
                    "deposed": [],
                    "provider": "provider.google"
                },
                "google_compute_disk.tfer--us-central1-a-002F-drs-sql-windows-poc": {
                    "type": "google_compute_disk",
                    "depends_on": [],
                    "primary": {
                        "id": "us-central1-a/drs-sql-windows-poc",
                        "attributes": {
                            "creation_timestamp": "2023-06-30T00:47:36.477-07:00",
                            "description": "",
                            "disk_encryption_key.#": "0",
                            "id": "us-central1-a/drs-sql-windows-poc",
                            "image": "https://www.googleapis.com/compute/v1/projects/windows-sql-cloud/global/images/sql-2014-enterprise-windows-2012-r2-dc-v20230621",
                            "label_fingerprint": "42WmSpB8rSM=",
                            "labels.%": "0",
                            "last_attach_timestamp": "2023-06-30T00:47:36.477-07:00",
                            "last_detach_timestamp": "",
                            "name": "drs-sql-windows-poc",
                            "physical_block_size_bytes": "4096",
                            "project": "ce-ps-3team",
                            "provisioned_iops": "0",
                            "self_link": "https://www.googleapis.com/compute/v1/projects/ce-ps-3team/zones/us-central1-a/disks/drs-sql-windows-poc",
                            "size": "50",
                            "snapshot": "",
                            "source_image_encryption_key.#": "0",
                            "source_image_id": "4349316369339053319",
                            "source_snapshot_encryption_key.#": "0",
                            "source_snapshot_id": "",
                            "type": "pd-balanced",
                            "users.#": "1",
                            "users.0": "https://www.googleapis.com/compute/v1/projects/ce-ps-3team/zones/us-central1-a/instances/drs-sql-windows-poc",
                            "zone": "us-central1-a"
                        },
                        "meta": {
                            "schema_version": 0
                        },
                        "tainted": false
                    },
                    "deposed": [],
                    "provider": "provider.google"
                },
                "google_compute_disk.tfer--us-central1-a-002F-drs-windows-poc": {
                    "type": "google_compute_disk",
                    "depends_on": [],
                    "primary": {
                        "id": "us-central1-a/drs-windows-poc",
                        "attributes": {
                            "creation_timestamp": "2023-06-30T00:41:44.821-07:00",
                            "description": "",
                            "disk_encryption_key.#": "0",
                            "id": "us-central1-a/drs-windows-poc",
                            "image": "https://www.googleapis.com/compute/v1/projects/windows-cloud/global/images/windows-server-2022-dc-v20230615",
                            "label_fingerprint": "42WmSpB8rSM=",
                            "labels.%": "0",
                            "last_attach_timestamp": "2023-06-30T00:41:44.821-07:00",
                            "last_detach_timestamp": "",
                            "name": "drs-windows-poc",
                            "physical_block_size_bytes": "4096",
                            "project": "ce-ps-3team",
                            "provisioned_iops": "0",
                            "self_link": "https://www.googleapis.com/compute/v1/projects/ce-ps-3team/zones/us-central1-a/disks/drs-windows-poc",
                            "size": "50",
                            "snapshot": "",
                            "source_image_encryption_key.#": "0",
                            "source_image_id": "5860949221769096214",
                            "source_snapshot_encryption_key.#": "0",
                            "source_snapshot_id": "",
                            "type": "pd-balanced",
                            "users.#": "1",
                            "users.0": "https://www.googleapis.com/compute/v1/projects/ce-ps-3team/zones/us-central1-a/instances/drs-windows-poc",
                            "zone": "us-central1-a"
                        },
                        "meta": {
                            "schema_version": 0
                        },
                        "tainted": false
                    },
                    "deposed": [],
                    "provider": "provider.google"
                },
                "google_compute_disk.tfer--us-central1-a-002F-fullnode-disk": {
                    "type": "google_compute_disk",
                    "depends_on": [],
                    "primary": {
                        "id": "us-central1-a/fullnode-disk",
                        "attributes": {
                            "creation_timestamp": "2023-05-23T04:14:49.749-07:00",
                            "description": "",
                            "disk_encryption_key.#": "0",
                            "id": "us-central1-a/fullnode-disk",
                            "image": "",
                            "label_fingerprint": "42WmSpB8rSM=",
                            "labels.%": "0",
                            "last_attach_timestamp": "2023-05-23T06:13:31.184-07:00",
                            "last_detach_timestamp": "2023-05-23T09:16:34.558-07:00",
                            "name": "fullnode-disk",
                            "physical_block_size_bytes": "4096",
                            "project": "ce-ps-3team",
                            "provisioned_iops": "0",
                            "self_link": "https://www.googleapis.com/compute/v1/projects/ce-ps-3team/zones/us-central1-a/disks/fullnode-disk",
                            "size": "10",
                            "snapshot": "",
                            "source_image_encryption_key.#": "0",
                            "source_image_id": "",
                            "source_snapshot_encryption_key.#": "0",
                            "source_snapshot_id": "",
                            "type": "pd-balanced",
                            "users.#": "0",
                            "zone": "us-central1-a"
                        },
                        "meta": {
                            "schema_version": 0
                        },
                        "tainted": false
                    },
                    "deposed": [],
                    "provider": "provider.google"
                },
                "google_compute_disk.tfer--us-central1-a-002F-pvc-6914123d-2f2a-45c1-a657-729a6f64d9ea": {
                    "type": "google_compute_disk",
                    "depends_on": [],
                    "primary": {
                        "id": "us-central1-a/pvc-6914123d-2f2a-45c1-a657-729a6f64d9ea",
                        "attributes": {
                            "creation_timestamp": "2023-06-19T04:06:20.303-07:00",
                            "description": "{\"kubernetes.io/created-for/pv/name\":\"pvc-6914123d-2f2a-45c1-a657-729a6f64d9ea\",\"kubernetes.io/created-for/pvc/name\":\"www-statefull-app-0\",\"kubernetes.io/created-for/pvc/namespace\":\"default\",\"storage.gke.io/created-by\":\"pd.csi.storage.gke.io\"}",
                            "disk_encryption_key.#": "0",
                            "id": "us-central1-a/pvc-6914123d-2f2a-45c1-a657-729a6f64d9ea",
                            "image": "",
                            "label_fingerprint": "3QPozzC6Byw=",
                            "labels.%": "4",
                            "labels.goog-gke-volume": "",
                            "labels.goog-k8s-cluster-location": "us-central1-a",
                            "labels.goog-k8s-cluster-name": "gke-eks-migration-poc",
                            "labels.goog-k8s-node-pool-name": "default-pool",
                            "last_attach_timestamp": "2023-06-19T04:06:26.863-07:00",
                            "last_detach_timestamp": "2023-06-19T07:02:54.311-07:00",
                            "name": "pvc-6914123d-2f2a-45c1-a657-729a6f64d9ea",
                            "physical_block_size_bytes": "4096",
                            "project": "ce-ps-3team",
                            "provisioned_iops": "0",
                            "self_link": "https://www.googleapis.com/compute/v1/projects/ce-ps-3team/zones/us-central1-a/disks/pvc-6914123d-2f2a-45c1-a657-729a6f64d9ea",
                            "size": "1",
                            "snapshot": "",
                            "source_image_encryption_key.#": "0",
                            "source_image_id": "",
                            "source_snapshot_encryption_key.#": "0",
                            "source_snapshot_id": "",
                            "type": "pd-balanced",
                            "users.#": "0",
                            "zone": "us-central1-a"
                        },
                        "meta": {
                            "schema_version": 0
                        },
                        "tainted": false
                    },
                    "deposed": [],
                    "provider": "provider.google"
                },
                "google_compute_disk.tfer--us-central1-a-002F-pvc-70398b55-69b5-4bdc-b76c-3a70cb5dca05": {
                    "type": "google_compute_disk",
                    "depends_on": [],
                    "primary": {
                        "id": "us-central1-a/pvc-70398b55-69b5-4bdc-b76c-3a70cb5dca05",
                        "attributes": {
                            "creation_timestamp": "2023-06-23T06:23:29.865-07:00",
                            "description": "{\"kubernetes.io/created-for/pv/name\":\"pvc-70398b55-69b5-4bdc-b76c-3a70cb5dca05\",\"kubernetes.io/created-for/pvc/name\":\"data-mysql-0\",\"kubernetes.io/created-for/pvc/namespace\":\"mysql\",\"storage.gke.io/created-by\":\"pd.csi.storage.gke.io\"}",
                            "disk_encryption_key.#": "0",
                            "id": "us-central1-a/pvc-70398b55-69b5-4bdc-b76c-3a70cb5dca05",
                            "image": "",
                            "label_fingerprint": "OLjVT3UVKuQ=",
                            "labels.%": "4",
                            "labels.goog-gke-volume": "",
                            "labels.goog-k8s-cluster-location": "us-central1-a",
                            "labels.goog-k8s-cluster-name": "gke-to-eks-migration-poc",
                            "labels.goog-k8s-node-pool-name": "default-pool",
                            "last_attach_timestamp": "2023-06-23T06:23:35.757-07:00",
                            "last_detach_timestamp": "2023-06-23T08:02:34.829-07:00",
                            "name": "pvc-70398b55-69b5-4bdc-b76c-3a70cb5dca05",
                            "physical_block_size_bytes": "4096",
                            "project": "ce-ps-3team",
                            "provisioned_iops": "0",
                            "self_link": "https://www.googleapis.com/compute/v1/projects/ce-ps-3team/zones/us-central1-a/disks/pvc-70398b55-69b5-4bdc-b76c-3a70cb5dca05",
                            "size": "8",
                            "snapshot": "",
                            "source_image_encryption_key.#": "0",
                            "source_image_id": "",
                            "source_snapshot_encryption_key.#": "0",
                            "source_snapshot_id": "",
                            "type": "pd-balanced",
                            "users.#": "0",
                            "zone": "us-central1-a"
                        },
                        "meta": {
                            "schema_version": 0
                        },
                        "tainted": false
                    },
                    "deposed": [],
                    "provider": "provider.google"
                },
                "google_compute_disk.tfer--us-central1-a-002F-pvc-a8567c29-9e59-4a68-8aa3-d06df7070035": {
                    "type": "google_compute_disk",
                    "depends_on": [],
                    "primary": {
                        "id": "us-central1-a/pvc-a8567c29-9e59-4a68-8aa3-d06df7070035",
                        "attributes": {
                            "creation_timestamp": "2023-06-23T06:08:04.265-07:00",
                            "description": "{\"kubernetes.io/created-for/pv/name\":\"pvc-a8567c29-9e59-4a68-8aa3-d06df7070035\",\"kubernetes.io/created-for/pvc/name\":\"data-mysql-0\",\"kubernetes.io/created-for/pvc/namespace\":\"mysql\",\"storage.gke.io/created-by\":\"pd.csi.storage.gke.io\"}",
                            "disk_encryption_key.#": "0",
                            "id": "us-central1-a/pvc-a8567c29-9e59-4a68-8aa3-d06df7070035",
                            "image": "",
                            "label_fingerprint": "OLjVT3UVKuQ=",
                            "labels.%": "4",
                            "labels.goog-gke-volume": "",
                            "labels.goog-k8s-cluster-location": "us-central1-a",
                            "labels.goog-k8s-cluster-name": "gke-to-eks-migration-poc",
                            "labels.goog-k8s-node-pool-name": "default-pool",
                            "last_attach_timestamp": "2023-06-23T06:08:09.871-07:00",
                            "last_detach_timestamp": "2023-06-23T06:20:03.356-07:00",
                            "name": "pvc-a8567c29-9e59-4a68-8aa3-d06df7070035",
                            "physical_block_size_bytes": "4096",
                            "project": "ce-ps-3team",
                            "provisioned_iops": "0",
                            "self_link": "https://www.googleapis.com/compute/v1/projects/ce-ps-3team/zones/us-central1-a/disks/pvc-a8567c29-9e59-4a68-8aa3-d06df7070035",
                            "size": "8",
                            "snapshot": "",
                            "source_image_encryption_key.#": "0",
                            "source_image_id": "",
                            "source_snapshot_encryption_key.#": "0",
                            "source_snapshot_id": "",
                            "type": "pd-balanced",
                            "users.#": "0",
                            "zone": "us-central1-a"
                        },
                        "meta": {
                            "schema_version": 0
                        },
                        "tainted": false
                    },
                    "deposed": [],
                    "provider": "provider.google"
                },
                "google_compute_disk.tfer--us-central1-a-002F-pvc-c2a9ee04-0bf5-4233-b289-9cb8b5597c1b": {
                    "type": "google_compute_disk",
                    "depends_on": [],
                    "primary": {
                        "id": "us-central1-a/pvc-c2a9ee04-0bf5-4233-b289-9cb8b5597c1b",
                        "attributes": {
                            "creation_timestamp": "2023-06-22T02:27:54.156-07:00",
                            "description": "{\"kubernetes.io/created-for/pv/name\":\"pvc-c2a9ee04-0bf5-4233-b289-9cb8b5597c1b\",\"kubernetes.io/created-for/pvc/name\":\"data-mysql-0\",\"kubernetes.io/created-for/pvc/namespace\":\"jenkins\",\"storage.gke.io/created-by\":\"pd.csi.storage.gke.io\"}",
                            "disk_encryption_key.#": "0",
                            "id": "us-central1-a/pvc-c2a9ee04-0bf5-4233-b289-9cb8b5597c1b",
                            "image": "",
                            "label_fingerprint": "3QPozzC6Byw=",
                            "labels.%": "4",
                            "labels.goog-gke-volume": "",
                            "labels.goog-k8s-cluster-location": "us-central1-a",
                            "labels.goog-k8s-cluster-name": "gke-eks-migration-poc",
                            "labels.goog-k8s-node-pool-name": "default-pool",
                            "last_attach_timestamp": "2023-06-22T21:58:36.692-07:00",
                            "last_detach_timestamp": "2023-06-23T05:50:03.174-07:00",
                            "name": "pvc-c2a9ee04-0bf5-4233-b289-9cb8b5597c1b",
                            "physical_block_size_bytes": "4096",
                            "project": "ce-ps-3team",
                            "provisioned_iops": "0",
                            "self_link": "https://www.googleapis.com/compute/v1/projects/ce-ps-3team/zones/us-central1-a/disks/pvc-c2a9ee04-0bf5-4233-b289-9cb8b5597c1b",
                            "size": "8",
                            "snapshot": "",
                            "source_image_encryption_key.#": "0",
                            "source_image_id": "",
                            "source_snapshot_encryption_key.#": "0",
                            "source_snapshot_id": "",
                            "type": "pd-balanced",
                            "users.#": "0",
                            "zone": "us-central1-a"
                        },
                        "meta": {
                            "schema_version": 0
                        },
                        "tainted": false
                    },
                    "deposed": [],
                    "provider": "provider.google"
                },
                "google_compute_disk.tfer--us-central1-a-002F-validator-disk": {
                    "type": "google_compute_disk",
                    "depends_on": [],
                    "primary": {
                        "id": "us-central1-a/validator-disk",
                        "attributes": {
                            "creation_timestamp": "2023-05-15T05:01:50.626-07:00",
                            "description": "",
                            "disk_encryption_key.#": "0",
                            "id": "us-central1-a/validator-disk",
                            "image": "",
                            "label_fingerprint": "42WmSpB8rSM=",
                            "labels.%": "0",
                            "last_attach_timestamp": "2023-05-24T06:20:35.811-07:00",
                            "last_detach_timestamp": "2023-05-24T10:15:28.621-07:00",
                            "name": "validator-disk",
                            "physical_block_size_bytes": "4096",
                            "project": "ce-ps-3team",
                            "provisioned_iops": "0",
                            "self_link": "https://www.googleapis.com/compute/v1/projects/ce-ps-3team/zones/us-central1-a/disks/validator-disk",
                            "size": "10",
                            "snapshot": "",
                            "source_image_encryption_key.#": "0",
                            "source_image_id": "",
                            "source_snapshot_encryption_key.#": "0",
                            "source_snapshot_id": "",
                            "type": "pd-ssd",
                            "users.#": "0",
                            "zone": "us-central1-a"
                        },
                        "meta": {
                            "schema_version": 0
                        },
                        "tainted": false
                    },
                    "deposed": [],
                    "provider": "provider.google"
                },
                "google_compute_disk.tfer--us-central1-b-002F-edge02-validator-z9ck-1": {
                    "type": "google_compute_disk",
                    "depends_on": [],
                    "primary": {
                        "id": "us-central1-b/edge02-validator-z9ck-1",
                        "attributes": {
                            "creation_timestamp": "2023-05-24T22:59:08.745-07:00",
                            "description": "",
                            "disk_encryption_key.#": "0",
                            "id": "us-central1-b/edge02-validator-z9ck-1",
                            "image": "",
                            "label_fingerprint": "42WmSpB8rSM=",
                            "labels.%": "0",
                            "last_attach_timestamp": "2023-05-24T22:59:08.745-07:00",
                            "last_detach_timestamp": "2023-05-24T23:47:25.339-07:00",
                            "name": "edge02-validator-z9ck-1",
                            "physical_block_size_bytes": "4096",
                            "project": "ce-ps-3team",
                            "provisioned_iops": "0",
                            "self_link": "https://www.googleapis.com/compute/v1/projects/ce-ps-3team/zones/us-central1-b/disks/edge02-validator-z9ck-1",
                            "size": "10",
                            "snapshot": "",
                            "source_image_encryption_key.#": "0",
                            "source_image_id": "",
                            "source_snapshot_encryption_key.#": "0",
                            "source_snapshot_id": "",
                            "type": "pd-ssd",
                            "users.#": "0",
                            "zone": "us-central1-b"
                        },
                        "meta": {
                            "schema_version": 0
                        },
                        "tainted": false
                    },
                    "deposed": [],
                    "provider": "provider.google"
                },
                "google_compute_disk.tfer--us-central1-b-002F-fullnode-disk": {
                    "type": "google_compute_disk",
                    "depends_on": [],
                    "primary": {
                        "id": "us-central1-b/fullnode-disk",
                        "attributes": {
                            "creation_timestamp": "2023-05-23T04:14:50.487-07:00",
                            "description": "",
                            "disk_encryption_key.#": "0",
                            "id": "us-central1-b/fullnode-disk",
                            "image": "",
                            "label_fingerprint": "42WmSpB8rSM=",
                            "labels.%": "0",
                            "last_attach_timestamp": "2023-05-23T21:02:18.948-07:00",
                            "last_detach_timestamp": "2023-05-24T04:41:18.263-07:00",
                            "name": "fullnode-disk",
                            "physical_block_size_bytes": "4096",
                            "project": "ce-ps-3team",
                            "provisioned_iops": "0",
                            "self_link": "https://www.googleapis.com/compute/v1/projects/ce-ps-3team/zones/us-central1-b/disks/fullnode-disk",
                            "size": "10",
                            "snapshot": "",
                            "source_image_encryption_key.#": "0",
                            "source_image_id": "",
                            "source_snapshot_encryption_key.#": "0",
                            "source_snapshot_id": "",
                            "type": "pd-balanced",
                            "users.#": "0",
                            "zone": "us-central1-b"
                        },
                        "meta": {
                            "schema_version": 0
                        },
                        "tainted": false
                    },
                    "deposed": [],
                    "provider": "provider.google"
                },
                "google_compute_disk.tfer--us-central1-b-002F-gangadhar-group-1-1fw9-1": {
                    "type": "google_compute_disk",
                    "depends_on": [],
                    "primary": {
                        "id": "us-central1-b/gangadhar-group-1-1fw9-1",
                        "attributes": {
                            "creation_timestamp": "2023-05-11T00:44:38.058-07:00",
                            "description": "",
                            "disk_encryption_key.#": "0",
                            "id": "us-central1-b/gangadhar-group-1-1fw9-1",
                            "image": "",
                            "label_fingerprint": "42WmSpB8rSM=",
                            "labels.%": "0",
                            "last_attach_timestamp": "2023-05-11T00:46:32.159-07:00",
                            "last_detach_timestamp": "2023-05-11T01:19:14.613-07:00",
                            "name": "gangadhar-group-1-1fw9-1",
                            "physical_block_size_bytes": "4096",
                            "project": "ce-ps-3team",
                            "provisioned_iops": "0",
                            "self_link": "https://www.googleapis.com/compute/v1/projects/ce-ps-3team/zones/us-central1-b/disks/gangadhar-group-1-1fw9-1",
                            "size": "10",
                            "snapshot": "",
                            "source_image_encryption_key.#": "0",
                            "source_image_id": "",
                            "source_snapshot_encryption_key.#": "0",
                            "source_snapshot_id": "",
                            "type": "pd-standard",
                            "users.#": "0",
                            "zone": "us-central1-b"
                        },
                        "meta": {
                            "schema_version": 0
                        },
                        "tainted": false
                    },
                    "deposed": [],
                    "provider": "provider.google"
                },
                "google_compute_disk.tfer--us-central1-b-002F-validator-disk": {
                    "type": "google_compute_disk",
                    "depends_on": [],
                    "primary": {
                        "id": "us-central1-b/validator-disk",
                        "attributes": {
                            "creation_timestamp": "2023-05-15T05:01:50.828-07:00",
                            "description": "",
                            "disk_encryption_key.#": "0",
                            "id": "us-central1-b/validator-disk",
                            "image": "",
                            "label_fingerprint": "42WmSpB8rSM=",
                            "labels.%": "0",
                            "last_attach_timestamp": "2023-05-23T06:13:33.983-07:00",
                            "last_detach_timestamp": "2023-05-23T09:15:31.423-07:00",
                            "name": "validator-disk",
                            "physical_block_size_bytes": "4096",
                            "project": "ce-ps-3team",
                            "provisioned_iops": "0",
                            "self_link": "https://www.googleapis.com/compute/v1/projects/ce-ps-3team/zones/us-central1-b/disks/validator-disk",
                            "size": "10",
                            "snapshot": "",
                            "source_image_encryption_key.#": "0",
                            "source_image_id": "",
                            "source_snapshot_encryption_key.#": "0",
                            "source_snapshot_id": "",
                            "type": "pd-ssd",
                            "users.#": "0",
                            "zone": "us-central1-b"
                        },
                        "meta": {
                            "schema_version": 0
                        },
                        "tainted": false
                    },
                    "deposed": [],
                    "provider": "provider.google"
                },
                "google_compute_disk.tfer--us-central1-c-002F-edge02-validator-gbx5-1": {
                    "type": "google_compute_disk",
                    "depends_on": [],
                    "primary": {
                        "id": "us-central1-c/edge02-validator-gbx5-1",
                        "attributes": {
                            "creation_timestamp": "2023-05-24T22:59:05.573-07:00",
                            "description": "",
                            "disk_encryption_key.#": "0",
                            "id": "us-central1-c/edge02-validator-gbx5-1",
                            "image": "",
                            "label_fingerprint": "42WmSpB8rSM=",
                            "labels.%": "0",
                            "last_attach_timestamp": "2023-05-24T22:59:05.574-07:00",
                            "last_detach_timestamp": "2023-05-24T23:47:30.671-07:00",
                            "name": "edge02-validator-gbx5-1",
                            "physical_block_size_bytes": "4096",
                            "project": "ce-ps-3team",
                            "provisioned_iops": "0",
                            "self_link": "https://www.googleapis.com/compute/v1/projects/ce-ps-3team/zones/us-central1-c/disks/edge02-validator-gbx5-1",
                            "size": "10",
                            "snapshot": "",
                            "source_image_encryption_key.#": "0",
                            "source_image_id": "",
                            "source_snapshot_encryption_key.#": "0",
                            "source_snapshot_id": "",
                            "type": "pd-ssd",
                            "users.#": "0",
                            "zone": "us-central1-c"
                        },
                        "meta": {
                            "schema_version": 0
                        },
                        "tainted": false
                    },
                    "deposed": [],
                    "provider": "provider.google"
                },
                "google_compute_disk.tfer--us-central1-c-002F-fullnode-disk": {
                    "type": "google_compute_disk",
                    "depends_on": [],
                    "primary": {
                        "id": "us-central1-c/fullnode-disk",
                        "attributes": {
                            "creation_timestamp": "2023-05-24T06:20:35.337-07:00",
                            "description": "",
                            "disk_encryption_key.#": "0",
                            "id": "us-central1-c/fullnode-disk",
                            "image": "",
                            "label_fingerprint": "42WmSpB8rSM=",
                            "labels.%": "0",
                            "last_attach_timestamp": "2023-05-24T06:20:35.337-07:00",
                            "last_detach_timestamp": "2023-05-24T10:16:24.323-07:00",
                            "name": "fullnode-disk",
                            "physical_block_size_bytes": "4096",
                            "project": "ce-ps-3team",
                            "provisioned_iops": "0",
                            "self_link": "https://www.googleapis.com/compute/v1/projects/ce-ps-3team/zones/us-central1-c/disks/fullnode-disk",
                            "size": "10",
                            "snapshot": "",
                            "source_image_encryption_key.#": "0",
                            "source_image_id": "",
                            "source_snapshot_encryption_key.#": "0",
                            "source_snapshot_id": "",
                            "type": "pd-balanced",
                            "users.#": "0",
                            "zone": "us-central1-c"
                        },
                        "meta": {
                            "schema_version": 0
                        },
                        "tainted": false
                    },
                    "deposed": [],
                    "provider": "provider.google"
                },
                "google_compute_disk.tfer--us-central1-c-002F-gangadhar-group-1-h8jx-1": {
                    "type": "google_compute_disk",
                    "depends_on": [],
                    "primary": {
                        "id": "us-central1-c/gangadhar-group-1-h8jx-1",
                        "attributes": {
                            "creation_timestamp": "2023-05-11T00:44:39.243-07:00",
                            "description": "",
                            "disk_encryption_key.#": "0",
                            "id": "us-central1-c/gangadhar-group-1-h8jx-1",
                            "image": "",
                            "label_fingerprint": "42WmSpB8rSM=",
                            "labels.%": "0",
                            "last_attach_timestamp": "2023-05-11T00:44:39.243-07:00",
                            "last_detach_timestamp": "2023-05-11T01:19:46.416-07:00",
                            "name": "gangadhar-group-1-h8jx-1",
                            "physical_block_size_bytes": "4096",
                            "project": "ce-ps-3team",
                            "provisioned_iops": "0",
                            "self_link": "https://www.googleapis.com/compute/v1/projects/ce-ps-3team/zones/us-central1-c/disks/gangadhar-group-1-h8jx-1",
                            "size": "10",
                            "snapshot": "",
                            "source_image_encryption_key.#": "0",
                            "source_image_id": "",
                            "source_snapshot_encryption_key.#": "0",
                            "source_snapshot_id": "",
                            "type": "pd-standard",
                            "users.#": "0",
                            "zone": "us-central1-c"
                        },
                        "meta": {
                            "schema_version": 0
                        },
                        "tainted": false
                    },
                    "deposed": [],
                    "provider": "provider.google"
                },
                "google_compute_disk.tfer--us-central1-c-002F-pvc-bec25a43-4401-41c9-b9ef-83b8e7eae957": {
                    "type": "google_compute_disk",
                    "depends_on": [],
                    "primary": {
                        "id": "us-central1-c/pvc-bec25a43-4401-41c9-b9ef-83b8e7eae957",
                        "attributes": {
                            "creation_timestamp": "2023-04-06T04:28:12.885-07:00",
                            "description": "{\"kubernetes.io/created-for/pv/name\":\"pvc-bec25a43-4401-41c9-b9ef-83b8e7eae957\",\"kubernetes.io/created-for/pvc/name\":\"mongo-configdb-persistent-storage-claim-mongo-configdb-0\",\"kubernetes.io/created-for/pvc/namespace\":\"default\",\"storage.gke.io/created-by\":\"pd.csi.storage.gke.io\"}",
                            "disk_encryption_key.#": "0",
                            "id": "us-central1-c/pvc-bec25a43-4401-41c9-b9ef-83b8e7eae957",
                            "image": "",
                            "label_fingerprint": "nT7_dAxskBs=",
                            "labels.%": "1",
                            "labels.goog-gke-volume": "",
                            "last_attach_timestamp": "2023-04-06T04:28:18.260-07:00",
                            "last_detach_timestamp": "2023-04-06T06:48:35.160-07:00",
                            "name": "pvc-bec25a43-4401-41c9-b9ef-83b8e7eae957",
                            "physical_block_size_bytes": "4096",
                            "project": "ce-ps-3team",
                            "provisioned_iops": "0",
                            "self_link": "https://www.googleapis.com/compute/v1/projects/ce-ps-3team/zones/us-central1-c/disks/pvc-bec25a43-4401-41c9-b9ef-83b8e7eae957",
                            "size": "5",
                            "snapshot": "",
                            "source_image_encryption_key.#": "0",
                            "source_image_id": "",
                            "source_snapshot_encryption_key.#": "0",
                            "source_snapshot_id": "",
                            "type": "pd-balanced",
                            "users.#": "0",
                            "zone": "us-central1-c"
                        },
                        "meta": {
                            "schema_version": 0
                        },
                        "tainted": false
                    },
                    "deposed": [],
                    "provider": "provider.google"
                },
                "google_compute_disk.tfer--us-central1-c-002F-validator-disk": {
                    "type": "google_compute_disk",
                    "depends_on": [],
                    "primary": {
                        "id": "us-central1-c/validator-disk",
                        "attributes": {
                            "creation_timestamp": "2023-05-15T05:01:49.804-07:00",
                            "description": "",
                            "disk_encryption_key.#": "0",
                            "id": "us-central1-c/validator-disk",
                            "image": "",
                            "label_fingerprint": "42WmSpB8rSM=",
                            "labels.%": "0",
                            "last_attach_timestamp": "2023-05-23T21:02:19.122-07:00",
                            "last_detach_timestamp": "2023-05-24T04:40:26.795-07:00",
                            "name": "validator-disk",
                            "physical_block_size_bytes": "4096",
                            "project": "ce-ps-3team",
                            "provisioned_iops": "0",
                            "self_link": "https://www.googleapis.com/compute/v1/projects/ce-ps-3team/zones/us-central1-c/disks/validator-disk",
                            "size": "10",
                            "snapshot": "",
                            "source_image_encryption_key.#": "0",
                            "source_image_id": "",
                            "source_snapshot_encryption_key.#": "0",
                            "source_snapshot_id": "",
                            "type": "pd-ssd",
                            "users.#": "0",
                            "zone": "us-central1-c"
                        },
                        "meta": {
                            "schema_version": 0
                        },
                        "tainted": false
                    },
                    "deposed": [],
                    "provider": "provider.google"
                }
            },
            "depends_on": []
        },
        {
            "path": [
                "root"
            ],
            "outputs": {},
            "resources": {},
            "depends_on": []
        },
        {
            "path": [
                "root"
            ],
            "outputs": {},
            "resources": {},
            "depends_on": []
        },
        {
            "path": [
                "root"
            ],
            "outputs": {},
            "resources": {},
            "depends_on": []
        },
        {
            "path": [
                "root"
            ],
            "outputs": {},
            "resources": {},
            "depends_on": []
        },
        {
            "path": [
                "root"
            ],
            "outputs": {},
            "resources": {},
            "depends_on": []
        },
        {
            "path": [
                "root"
            ],
            "outputs": {
                "google_compute_route_tfer--default-route-0e1f1bc4c0918aa2_self_link": {
                    "sensitive": false,
                    "type": "string",
                    "value": "https://www.googleapis.com/compute/v1/projects/ce-ps-3team/global/routes/default-route-0e1f1bc4c0918aa2"
                },
                "google_compute_route_tfer--default-route-10eea77f67a373cd_self_link": {
                    "sensitive": false,
                    "type": "string",
                    "value": "https://www.googleapis.com/compute/v1/projects/ce-ps-3team/global/routes/default-route-10eea77f67a373cd"
                },
                "google_compute_route_tfer--default-route-14594c74c21f12f2_self_link": {
                    "sensitive": false,
                    "type": "string",
                    "value": "https://www.googleapis.com/compute/v1/projects/ce-ps-3team/global/routes/default-route-14594c74c21f12f2"
                },
                "google_compute_route_tfer--default-route-18c929a62b0ceee1_self_link": {
                    "sensitive": false,
                    "type": "string",
                    "value": "https://www.googleapis.com/compute/v1/projects/ce-ps-3team/global/routes/default-route-18c929a62b0ceee1"
                },
                "google_compute_route_tfer--default-route-223ca4af66556a5b_self_link": {
                    "sensitive": false,
                    "type": "string",
                    "value": "https://www.googleapis.com/compute/v1/projects/ce-ps-3team/global/routes/default-route-223ca4af66556a5b"
                },
                "google_compute_route_tfer--default-route-225259320e98aa80_self_link": {
                    "sensitive": false,
                    "type": "string",
                    "value": "https://www.googleapis.com/compute/v1/projects/ce-ps-3team/global/routes/default-route-225259320e98aa80"
                },
                "google_compute_route_tfer--default-route-267680a3f87c1bf1_self_link": {
                    "sensitive": false,
                    "type": "string",
                    "value": "https://www.googleapis.com/compute/v1/projects/ce-ps-3team/global/routes/default-route-267680a3f87c1bf1"
                },
                "google_compute_route_tfer--default-route-372c7975891392dc_self_link": {
                    "sensitive": false,
                    "type": "string",
                    "value": "https://www.googleapis.com/compute/v1/projects/ce-ps-3team/global/routes/default-route-372c7975891392dc"
                },
                "google_compute_route_tfer--default-route-3915f3aab433ad32_self_link": {
                    "sensitive": false,
                    "type": "string",
                    "value": "https://www.googleapis.com/compute/v1/projects/ce-ps-3team/global/routes/default-route-3915f3aab433ad32"
                },
                "google_compute_route_tfer--default-route-399be4fb179cbfa3_self_link": {
                    "sensitive": false,
                    "type": "string",
                    "value": "https://www.googleapis.com/compute/v1/projects/ce-ps-3team/global/routes/default-route-399be4fb179cbfa3"
                },
                "google_compute_route_tfer--default-route-3ed7634b71ca1e91_self_link": {
                    "sensitive": false,
                    "type": "string",
                    "value": "https://www.googleapis.com/compute/v1/projects/ce-ps-3team/global/routes/default-route-3ed7634b71ca1e91"
                },
                "google_compute_route_tfer--default-route-3f31aa181e825496_self_link": {
                    "sensitive": false,
                    "type": "string",
                    "value": "https://www.googleapis.com/compute/v1/projects/ce-ps-3team/global/routes/default-route-3f31aa181e825496"
                },
                "google_compute_route_tfer--default-route-45d9a112c221d74b_self_link": {
                    "sensitive": false,
                    "type": "string",
                    "value": "https://www.googleapis.com/compute/v1/projects/ce-ps-3team/global/routes/default-route-45d9a112c221d74b"
                },
                "google_compute_route_tfer--default-route-4c67399508d37d38_self_link": {
                    "sensitive": false,
                    "type": "string",
                    "value": "https://www.googleapis.com/compute/v1/projects/ce-ps-3team/global/routes/default-route-4c67399508d37d38"
                },
                "google_compute_route_tfer--default-route-4c998fadf4e49111_self_link": {
                    "sensitive": false,
                    "type": "string",
                    "value": "https://www.googleapis.com/compute/v1/projects/ce-ps-3team/global/routes/default-route-4c998fadf4e49111"
                },
                "google_compute_route_tfer--default-route-531fb35a20b81394_self_link": {
                    "sensitive": false,
                    "type": "string",
                    "value": "https://www.googleapis.com/compute/v1/projects/ce-ps-3team/global/routes/default-route-531fb35a20b81394"
                },
                "google_compute_route_tfer--default-route-538a11d4c21dfc05_self_link": {
                    "sensitive": false,
                    "type": "string",
                    "value": "https://www.googleapis.com/compute/v1/projects/ce-ps-3team/global/routes/default-route-538a11d4c21dfc05"
                },
                "google_compute_route_tfer--default-route-5485738ecea57ecf_self_link": {
                    "sensitive": false,
                    "type": "string",
                    "value": "https://www.googleapis.com/compute/v1/projects/ce-ps-3team/global/routes/default-route-5485738ecea57ecf"
                },
                "google_compute_route_tfer--default-route-573a7f10405d5cbf_self_link": {
                    "sensitive": false,
                    "type": "string",
                    "value": "https://www.googleapis.com/compute/v1/projects/ce-ps-3team/global/routes/default-route-573a7f10405d5cbf"
                },
                "google_compute_route_tfer--default-route-58ae2e6b6d139c34_self_link": {
                    "sensitive": false,
                    "type": "string",
                    "value": "https://www.googleapis.com/compute/v1/projects/ce-ps-3team/global/routes/default-route-58ae2e6b6d139c34"
                },
                "google_compute_route_tfer--default-route-5e3ba33902cc7a14_self_link": {
                    "sensitive": false,
                    "type": "string",
                    "value": "https://www.googleapis.com/compute/v1/projects/ce-ps-3team/global/routes/default-route-5e3ba33902cc7a14"
                },
                "google_compute_route_tfer--default-route-5e46154600b82799_self_link": {
                    "sensitive": false,
                    "type": "string",
                    "value": "https://www.googleapis.com/compute/v1/projects/ce-ps-3team/global/routes/default-route-5e46154600b82799"
                },
                "google_compute_route_tfer--default-route-691803dec4207eee_self_link": {
                    "sensitive": false,
                    "type": "string",
                    "value": "https://www.googleapis.com/compute/v1/projects/ce-ps-3team/global/routes/default-route-691803dec4207eee"
                },
                "google_compute_route_tfer--default-route-6af768d919ac42dd_self_link": {
                    "sensitive": false,
                    "type": "string",
                    "value": "https://www.googleapis.com/compute/v1/projects/ce-ps-3team/global/routes/default-route-6af768d919ac42dd"
                },
                "google_compute_route_tfer--default-route-70e8fa962539b146_self_link": {
                    "sensitive": false,
                    "type": "string",
                    "value": "https://www.googleapis.com/compute/v1/projects/ce-ps-3team/global/routes/default-route-70e8fa962539b146"
                },
                "google_compute_route_tfer--default-route-7767b02ecf5e1a67_self_link": {
                    "sensitive": false,
                    "type": "string",
                    "value": "https://www.googleapis.com/compute/v1/projects/ce-ps-3team/global/routes/default-route-7767b02ecf5e1a67"
                },
                "google_compute_route_tfer--default-route-79e60aaa3a780db4_self_link": {
                    "sensitive": false,
                    "type": "string",
                    "value": "https://www.googleapis.com/compute/v1/projects/ce-ps-3team/global/routes/default-route-79e60aaa3a780db4"
                },
                "google_compute_route_tfer--default-route-7f0cb4059651d8cb_self_link": {
                    "sensitive": false,
                    "type": "string",
                    "value": "https://www.googleapis.com/compute/v1/projects/ce-ps-3team/global/routes/default-route-7f0cb4059651d8cb"
                },
                "google_compute_route_tfer--default-route-81e5c872e0a28088_self_link": {
                    "sensitive": false,
                    "type": "string",
                    "value": "https://www.googleapis.com/compute/v1/projects/ce-ps-3team/global/routes/default-route-81e5c872e0a28088"
                },
                "google_compute_route_tfer--default-route-83af81660b22e893_self_link": {
                    "sensitive": false,
                    "type": "string",
                    "value": "https://www.googleapis.com/compute/v1/projects/ce-ps-3team/global/routes/default-route-83af81660b22e893"
                },
                "google_compute_route_tfer--default-route-869bb1dffcb84342_self_link": {
                    "sensitive": false,
                    "type": "string",
                    "value": "https://www.googleapis.com/compute/v1/projects/ce-ps-3team/global/routes/default-route-869bb1dffcb84342"
                },
                "google_compute_route_tfer--default-route-86e7d09d28c61fa2_self_link": {
                    "sensitive": false,
                    "type": "string",
                    "value": "https://www.googleapis.com/compute/v1/projects/ce-ps-3team/global/routes/default-route-86e7d09d28c61fa2"
                },
                "google_compute_route_tfer--default-route-8b37b566138d5ee6_self_link": {
                    "sensitive": false,
                    "type": "string",
                    "value": "https://www.googleapis.com/compute/v1/projects/ce-ps-3team/global/routes/default-route-8b37b566138d5ee6"
                },
                "google_compute_route_tfer--default-route-8f50ce96839f53a7_self_link": {
                    "sensitive": false,
                    "type": "string",
                    "value": "https://www.googleapis.com/compute/v1/projects/ce-ps-3team/global/routes/default-route-8f50ce96839f53a7"
                },
                "google_compute_route_tfer--default-route-9546f6ccff0009c3_self_link": {
                    "sensitive": false,
                    "type": "string",
                    "value": "https://www.googleapis.com/compute/v1/projects/ce-ps-3team/global/routes/default-route-9546f6ccff0009c3"
                },
                "google_compute_route_tfer--default-route-9b24df881715cc66_self_link": {
                    "sensitive": false,
                    "type": "string",
                    "value": "https://www.googleapis.com/compute/v1/projects/ce-ps-3team/global/routes/default-route-9b24df881715cc66"
                },
                "google_compute_route_tfer--default-route-9e72580fbc9b7598_self_link": {
                    "sensitive": false,
                    "type": "string",
                    "value": "https://www.googleapis.com/compute/v1/projects/ce-ps-3team/global/routes/default-route-9e72580fbc9b7598"
                },
                "google_compute_route_tfer--default-route-9ee9f756a2b458c2_self_link": {
                    "sensitive": false,
                    "type": "string",
                    "value": "https://www.googleapis.com/compute/v1/projects/ce-ps-3team/global/routes/default-route-9ee9f756a2b458c2"
                },
                "google_compute_route_tfer--default-route-a1a9c4895c96c600_self_link": {
                    "sensitive": false,
                    "type": "string",
                    "value": "https://www.googleapis.com/compute/v1/projects/ce-ps-3team/global/routes/default-route-a1a9c4895c96c600"
                },
                "google_compute_route_tfer--default-route-a1ee79a626285130_self_link": {
                    "sensitive": false,
                    "type": "string",
                    "value": "https://www.googleapis.com/compute/v1/projects/ce-ps-3team/global/routes/default-route-a1ee79a626285130"
                },
                "google_compute_route_tfer--default-route-a4e530b81d89be31_self_link": {
                    "sensitive": false,
                    "type": "string",
                    "value": "https://www.googleapis.com/compute/v1/projects/ce-ps-3team/global/routes/default-route-a4e530b81d89be31"
                },
                "google_compute_route_tfer--default-route-b5d4368f8d8f4737_self_link": {
                    "sensitive": false,
                    "type": "string",
                    "value": "https://www.googleapis.com/compute/v1/projects/ce-ps-3team/global/routes/default-route-b5d4368f8d8f4737"
                },
                "google_compute_route_tfer--default-route-b924929caf667fd1_self_link": {
                    "sensitive": false,
                    "type": "string",
                    "value": "https://www.googleapis.com/compute/v1/projects/ce-ps-3team/global/routes/default-route-b924929caf667fd1"
                },
                "google_compute_route_tfer--default-route-ba08b9762eecf149_self_link": {
                    "sensitive": false,
                    "type": "string",
                    "value": "https://www.googleapis.com/compute/v1/projects/ce-ps-3team/global/routes/default-route-ba08b9762eecf149"
                },
                "google_compute_route_tfer--default-route-be93f6e11ed66ea3_self_link": {
                    "sensitive": false,
                    "type": "string",
                    "value": "https://www.googleapis.com/compute/v1/projects/ce-ps-3team/global/routes/default-route-be93f6e11ed66ea3"
                },
                "google_compute_route_tfer--default-route-c18bf1424c25abf3_self_link": {
                    "sensitive": false,
                    "type": "string",
                    "value": "https://www.googleapis.com/compute/v1/projects/ce-ps-3team/global/routes/default-route-c18bf1424c25abf3"
                },
                "google_compute_route_tfer--default-route-c1c99f42cd0d06f8_self_link": {
                    "sensitive": false,
                    "type": "string",
                    "value": "https://www.googleapis.com/compute/v1/projects/ce-ps-3team/global/routes/default-route-c1c99f42cd0d06f8"
                },
                "google_compute_route_tfer--default-route-c30e8f8f0baf0ad9_self_link": {
                    "sensitive": false,
                    "type": "string",
                    "value": "https://www.googleapis.com/compute/v1/projects/ce-ps-3team/global/routes/default-route-c30e8f8f0baf0ad9"
                },
                "google_compute_route_tfer--default-route-ccddfee406be726f_self_link": {
                    "sensitive": false,
                    "type": "string",
                    "value": "https://www.googleapis.com/compute/v1/projects/ce-ps-3team/global/routes/default-route-ccddfee406be726f"
                },
                "google_compute_route_tfer--default-route-cdc4ebfcd23bd5f9_self_link": {
                    "sensitive": false,
                    "type": "string",
                    "value": "https://www.googleapis.com/compute/v1/projects/ce-ps-3team/global/routes/default-route-cdc4ebfcd23bd5f9"
                },
                "google_compute_route_tfer--default-route-d874980debe38fbf_self_link": {
                    "sensitive": false,
                    "type": "string",
                    "value": "https://www.googleapis.com/compute/v1/projects/ce-ps-3team/global/routes/default-route-d874980debe38fbf"
                },
                "google_compute_route_tfer--default-route-d9841438c344aeaf_self_link": {
                    "sensitive": false,
                    "type": "string",
                    "value": "https://www.googleapis.com/compute/v1/projects/ce-ps-3team/global/routes/default-route-d9841438c344aeaf"
                },
                "google_compute_route_tfer--default-route-da7ed8efa66db490_self_link": {
                    "sensitive": false,
                    "type": "string",
                    "value": "https://www.googleapis.com/compute/v1/projects/ce-ps-3team/global/routes/default-route-da7ed8efa66db490"
                },
                "google_compute_route_tfer--default-route-e562fc9d7e93cd3d_self_link": {
                    "sensitive": false,
                    "type": "string",
                    "value": "https://www.googleapis.com/compute/v1/projects/ce-ps-3team/global/routes/default-route-e562fc9d7e93cd3d"
                },
                "google_compute_route_tfer--default-route-e6c6484f606243e7_self_link": {
                    "sensitive": false,
                    "type": "string",
                    "value": "https://www.googleapis.com/compute/v1/projects/ce-ps-3team/global/routes/default-route-e6c6484f606243e7"
                },
                "google_compute_route_tfer--default-route-e8c04b04a65acb0b_self_link": {
                    "sensitive": false,
                    "type": "string",
                    "value": "https://www.googleapis.com/compute/v1/projects/ce-ps-3team/global/routes/default-route-e8c04b04a65acb0b"
                },
                "google_compute_route_tfer--default-route-ed546bfde925af72_self_link": {
                    "sensitive": false,
                    "type": "string",
                    "value": "https://www.googleapis.com/compute/v1/projects/ce-ps-3team/global/routes/default-route-ed546bfde925af72"
                }
            },
            "resources": {
                "google_compute_route.tfer--default-route-0e1f1bc4c0918aa2": {
                    "type": "google_compute_route",
                    "depends_on": [],
                    "primary": {
                        "id": "default-route-0e1f1bc4c0918aa2",
                        "attributes": {
                            "description": "Default local route to the subnetwork 10.152.0.0/20.",
                            "dest_range": "10.152.0.0/20",
                            "id": "default-route-0e1f1bc4c0918aa2",
                            "name": "default-route-0e1f1bc4c0918aa2",
                            "network": "https://www.googleapis.com/compute/v1/projects/ce-ps-3team/global/networks/test-arijita",
                            "next_hop_gateway": "",
                            "next_hop_ilb": "",
                            "next_hop_instance": "",
                            "next_hop_ip": "",
                            "next_hop_network": "https://www.googleapis.com/compute/v1/projects/ce-ps-3team/global/networks/test-arijita",
                            "next_hop_vpn_tunnel": "",
                            "priority": "0",
                            "project": "ce-ps-3team",
                            "self_link": "https://www.googleapis.com/compute/v1/projects/ce-ps-3team/global/routes/default-route-0e1f1bc4c0918aa2",
                            "tags.#": "0"
                        },
                        "meta": {
                            "schema_version": 0
                        },
                        "tainted": false
                    },
                    "deposed": [],
                    "provider": "provider.google"
                },
                "google_compute_route.tfer--default-route-10eea77f67a373cd": {
                    "type": "google_compute_route",
                    "depends_on": [],
                    "primary": {
                        "id": "default-route-10eea77f67a373cd",
                        "attributes": {
                            "description": "Default local route to the subnetwork 10.154.0.0/20.",
                            "dest_range": "10.154.0.0/20",
                            "id": "default-route-10eea77f67a373cd",
                            "name": "default-route-10eea77f67a373cd",
                            "network": "https://www.googleapis.com/compute/v1/projects/ce-ps-3team/global/networks/test-arijita",
                            "next_hop_gateway": "",
                            "next_hop_ilb": "",
                            "next_hop_instance": "",
                            "next_hop_ip": "",
                            "next_hop_network": "https://www.googleapis.com/compute/v1/projects/ce-ps-3team/global/networks/test-arijita",
                            "next_hop_vpn_tunnel": "",
                            "priority": "0",
                            "project": "ce-ps-3team",
                            "self_link": "https://www.googleapis.com/compute/v1/projects/ce-ps-3team/global/routes/default-route-10eea77f67a373cd",
                            "tags.#": "0"
                        },
                        "meta": {
                            "schema_version": 0
                        },
                        "tainted": false
                    },
                    "deposed": [],
                    "provider": "provider.google"
                },
                "google_compute_route.tfer--default-route-14594c74c21f12f2": {
                    "type": "google_compute_route",
                    "depends_on": [],
                    "primary": {
                        "id": "default-route-14594c74c21f12f2",
                        "attributes": {
                            "description": "Default local route to the subnetwork 10.164.0.0/20.",
                            "dest_range": "10.164.0.0/20",
                            "id": "default-route-14594c74c21f12f2",
                            "name": "default-route-14594c74c21f12f2",
                            "network": "https://www.googleapis.com/compute/v1/projects/ce-ps-3team/global/networks/test-arijita",
                            "next_hop_gateway": "",
                            "next_hop_ilb": "",
                            "next_hop_instance": "",
                            "next_hop_ip": "",
                            "next_hop_network": "https://www.googleapis.com/compute/v1/projects/ce-ps-3team/global/networks/test-arijita",
                            "next_hop_vpn_tunnel": "",
                            "priority": "0",
                            "project": "ce-ps-3team",
                            "self_link": "https://www.googleapis.com/compute/v1/projects/ce-ps-3team/global/routes/default-route-14594c74c21f12f2",
                            "tags.#": "0"
                        },
                        "meta": {
                            "schema_version": 0
                        },
                        "tainted": false
                    },
                    "deposed": [],
                    "provider": "provider.google"
                },
                "google_compute_route.tfer--default-route-18c929a62b0ceee1": {
                    "type": "google_compute_route",
                    "depends_on": [],
                    "primary": {
                        "id": "default-route-18c929a62b0ceee1",
                        "attributes": {
                            "description": "Default local route to the subnetwork 10.208.0.0/20.",
                            "dest_range": "10.208.0.0/20",
                            "id": "default-route-18c929a62b0ceee1",
                            "name": "default-route-18c929a62b0ceee1",
                            "network": "https://www.googleapis.com/compute/v1/projects/ce-ps-3team/global/networks/test-arijita",
                            "next_hop_gateway": "",
                            "next_hop_ilb": "",
                            "next_hop_instance": "",
                            "next_hop_ip": "",
                            "next_hop_network": "https://www.googleapis.com/compute/v1/projects/ce-ps-3team/global/networks/test-arijita",
                            "next_hop_vpn_tunnel": "",
                            "priority": "0",
                            "project": "ce-ps-3team",
                            "self_link": "https://www.googleapis.com/compute/v1/projects/ce-ps-3team/global/routes/default-route-18c929a62b0ceee1",
                            "tags.#": "0"
                        },
                        "meta": {
                            "schema_version": 0
                        },
                        "tainted": false
                    },
                    "deposed": [],
                    "provider": "provider.google"
                },
                "google_compute_route.tfer--default-route-223ca4af66556a5b": {
                    "type": "google_compute_route",
                    "depends_on": [],
                    "primary": {
                        "id": "default-route-223ca4af66556a5b",
                        "attributes": {
                            "description": "Default local route to the subnetwork 10.148.0.0/20.",
                            "dest_range": "10.148.0.0/20",
                            "id": "default-route-223ca4af66556a5b",
                            "name": "default-route-223ca4af66556a5b",
                            "network": "https://www.googleapis.com/compute/v1/projects/ce-ps-3team/global/networks/test-arijita",
                            "next_hop_gateway": "",
                            "next_hop_ilb": "",
                            "next_hop_instance": "",
                            "next_hop_ip": "",
                            "next_hop_network": "https://www.googleapis.com/compute/v1/projects/ce-ps-3team/global/networks/test-arijita",
                            "next_hop_vpn_tunnel": "",
                            "priority": "0",
                            "project": "ce-ps-3team",
                            "self_link": "https://www.googleapis.com/compute/v1/projects/ce-ps-3team/global/routes/default-route-223ca4af66556a5b",
                            "tags.#": "0"
                        },
                        "meta": {
                            "schema_version": 0
                        },
                        "tainted": false
                    },
                    "deposed": [],
                    "provider": "provider.google"
                },
                "google_compute_route.tfer--default-route-225259320e98aa80": {
                    "type": "google_compute_route",
                    "depends_on": [],
                    "primary": {
                        "id": "default-route-225259320e98aa80",
                        "attributes": {
                            "description": "Default local route to the subnetwork 172.21.64.0/24.",
                            "dest_range": "172.21.64.0/24",
                            "id": "default-route-225259320e98aa80",
                            "name": "default-route-225259320e98aa80",
                            "network": "https://www.googleapis.com/compute/v1/projects/ce-ps-3team/global/networks/polygon-gcp-test",
                            "next_hop_gateway": "",
                            "next_hop_ilb": "",
                            "next_hop_instance": "",
                            "next_hop_ip": "",
                            "next_hop_network": "https://www.googleapis.com/compute/v1/projects/ce-ps-3team/global/networks/polygon-gcp-test",
                            "next_hop_vpn_tunnel": "",
                            "priority": "0",
                            "project": "ce-ps-3team",
                            "self_link": "https://www.googleapis.com/compute/v1/projects/ce-ps-3team/global/routes/default-route-225259320e98aa80",
                            "tags.#": "0"
                        },
                        "meta": {
                            "schema_version": 0
                        },
                        "tainted": false
                    },
                    "deposed": [],
                    "provider": "provider.google"
                },
                "google_compute_route.tfer--default-route-267680a3f87c1bf1": {
                    "type": "google_compute_route",
                    "depends_on": [],
                    "primary": {
                        "id": "default-route-267680a3f87c1bf1",
                        "attributes": {
                            "description": "Default local route to the subnetwork 10.198.0.0/20.",
                            "dest_range": "10.198.0.0/20",
                            "id": "default-route-267680a3f87c1bf1",
                            "name": "default-route-267680a3f87c1bf1",
                            "network": "https://www.googleapis.com/compute/v1/projects/ce-ps-3team/global/networks/test-arijita",
                            "next_hop_gateway": "",
                            "next_hop_ilb": "",
                            "next_hop_instance": "",
                            "next_hop_ip": "",
                            "next_hop_network": "https://www.googleapis.com/compute/v1/projects/ce-ps-3team/global/networks/test-arijita",
                            "next_hop_vpn_tunnel": "",
                            "priority": "0",
                            "project": "ce-ps-3team",
                            "self_link": "https://www.googleapis.com/compute/v1/projects/ce-ps-3team/global/routes/default-route-267680a3f87c1bf1",
                            "tags.#": "0"
                        },
                        "meta": {
                            "schema_version": 0
                        },
                        "tainted": false
                    },
                    "deposed": [],
                    "provider": "provider.google"
                },
                "google_compute_route.tfer--default-route-372c7975891392dc": {
                    "type": "google_compute_route",
                    "depends_on": [],
                    "primary": {
                        "id": "default-route-372c7975891392dc",
                        "attributes": {
                            "description": "Default local route to the subnetwork 10.200.0.0/20.",
                            "dest_range": "10.200.0.0/20",
                            "id": "default-route-372c7975891392dc",
                            "name": "default-route-372c7975891392dc",
                            "network": "https://www.googleapis.com/compute/v1/projects/ce-ps-3team/global/networks/test-arijita",
                            "next_hop_gateway": "",
                            "next_hop_ilb": "",
                            "next_hop_instance": "",
                            "next_hop_ip": "",
                            "next_hop_network": "https://www.googleapis.com/compute/v1/projects/ce-ps-3team/global/networks/test-arijita",
                            "next_hop_vpn_tunnel": "",
                            "priority": "0",
                            "project": "ce-ps-3team",
                            "self_link": "https://www.googleapis.com/compute/v1/projects/ce-ps-3team/global/routes/default-route-372c7975891392dc",
                            "tags.#": "0"
                        },
                        "meta": {
                            "schema_version": 0
                        },
                        "tainted": false
                    },
                    "deposed": [],
                    "provider": "provider.google"
                },
                "google_compute_route.tfer--default-route-3915f3aab433ad32": {
                    "type": "google_compute_route",
                    "depends_on": [],
                    "primary": {
                        "id": "default-route-3915f3aab433ad32",
                        "attributes": {
                            "description": "Default local route to the subnetwork 172.21.80.0/23.",
                            "dest_range": "172.21.80.0/23",
                            "id": "default-route-3915f3aab433ad32",
                            "name": "default-route-3915f3aab433ad32",
                            "network": "https://www.googleapis.com/compute/v1/projects/ce-ps-3team/global/networks/polygon-gcp-test",
                            "next_hop_gateway": "",
                            "next_hop_ilb": "",
                            "next_hop_instance": "",
                            "next_hop_ip": "",
                            "next_hop_network": "https://www.googleapis.com/compute/v1/projects/ce-ps-3team/global/networks/polygon-gcp-test",
                            "next_hop_vpn_tunnel": "",
                            "priority": "0",
                            "project": "ce-ps-3team",
                            "self_link": "https://www.googleapis.com/compute/v1/projects/ce-ps-3team/global/routes/default-route-3915f3aab433ad32",
                            "tags.#": "0"
                        },
                        "meta": {
                            "schema_version": 0
                        },
                        "tainted": false
                    },
                    "deposed": [],
                    "provider": "provider.google"
                },
                "google_compute_route.tfer--default-route-399be4fb179cbfa3": {
                    "type": "google_compute_route",
                    "depends_on": [],
                    "primary": {
                        "id": "default-route-399be4fb179cbfa3",
                        "attributes": {
                            "description": "Default local route to the subnetwork 10.174.0.0/20.",
                            "dest_range": "10.174.0.0/20",
                            "id": "default-route-399be4fb179cbfa3",
                            "name": "default-route-399be4fb179cbfa3",
                            "network": "https://www.googleapis.com/compute/v1/projects/ce-ps-3team/global/networks/test-arijita",
                            "next_hop_gateway": "",
                            "next_hop_ilb": "",
                            "next_hop_instance": "",
                            "next_hop_ip": "",
                            "next_hop_network": "https://www.googleapis.com/compute/v1/projects/ce-ps-3team/global/networks/test-arijita",
                            "next_hop_vpn_tunnel": "",
                            "priority": "0",
                            "project": "ce-ps-3team",
                            "self_link": "https://www.googleapis.com/compute/v1/projects/ce-ps-3team/global/routes/default-route-399be4fb179cbfa3",
                            "tags.#": "0"
                        },
                        "meta": {
                            "schema_version": 0
                        },
                        "tainted": false
                    },
                    "deposed": [],
                    "provider": "provider.google"
                },
                "google_compute_route.tfer--default-route-3ed7634b71ca1e91": {
                    "type": "google_compute_route",
                    "depends_on": [],
                    "primary": {
                        "id": "default-route-3ed7634b71ca1e91",
                        "attributes": {
                            "description": "Default local route to the subnetwork 10.146.0.0/20.",
                            "dest_range": "10.146.0.0/20",
                            "id": "default-route-3ed7634b71ca1e91",
                            "name": "default-route-3ed7634b71ca1e91",
                            "network": "https://www.googleapis.com/compute/v1/projects/ce-ps-3team/global/networks/test-arijita",
                            "next_hop_gateway": "",
                            "next_hop_ilb": "",
                            "next_hop_instance": "",
                            "next_hop_ip": "",
                            "next_hop_network": "https://www.googleapis.com/compute/v1/projects/ce-ps-3team/global/networks/test-arijita",
                            "next_hop_vpn_tunnel": "",
                            "priority": "0",
                            "project": "ce-ps-3team",
                            "self_link": "https://www.googleapis.com/compute/v1/projects/ce-ps-3team/global/routes/default-route-3ed7634b71ca1e91",
                            "tags.#": "0"
                        },
                        "meta": {
                            "schema_version": 0
                        },
                        "tainted": false
                    },
                    "deposed": [],
                    "provider": "provider.google"
                },
                "google_compute_route.tfer--default-route-3f31aa181e825496": {
                    "type": "google_compute_route",
                    "depends_on": [],
                    "primary": {
                        "id": "default-route-3f31aa181e825496",
                        "attributes": {
                            "description": "Default local route to the subnetwork 10.210.0.0/20.",
                            "dest_range": "10.210.0.0/20",
                            "id": "default-route-3f31aa181e825496",
                            "name": "default-route-3f31aa181e825496",
                            "network": "https://www.googleapis.com/compute/v1/projects/ce-ps-3team/global/networks/test-arijita",
                            "next_hop_gateway": "",
                            "next_hop_ilb": "",
                            "next_hop_instance": "",
                            "next_hop_ip": "",
                            "next_hop_network": "https://www.googleapis.com/compute/v1/projects/ce-ps-3team/global/networks/test-arijita",
                            "next_hop_vpn_tunnel": "",
                            "priority": "0",
                            "project": "ce-ps-3team",
                            "self_link": "https://www.googleapis.com/compute/v1/projects/ce-ps-3team/global/routes/default-route-3f31aa181e825496",
                            "tags.#": "0"
                        },
                        "meta": {
                            "schema_version": 0
                        },
                        "tainted": false
                    },
                    "deposed": [],
                    "provider": "provider.google"
                },
                "google_compute_route.tfer--default-route-45d9a112c221d74b": {
                    "type": "google_compute_route",
                    "depends_on": [],
                    "primary": {
                        "id": "default-route-45d9a112c221d74b",
                        "attributes": {
                            "description": "Default local route to the subnetwork 10.172.0.0/20.",
                            "dest_range": "10.172.0.0/20",
                            "id": "default-route-45d9a112c221d74b",
                            "name": "default-route-45d9a112c221d74b",
                            "network": "https://www.googleapis.com/compute/v1/projects/ce-ps-3team/global/networks/test-arijita",
                            "next_hop_gateway": "",
                            "next_hop_ilb": "",
                            "next_hop_instance": "",
                            "next_hop_ip": "",
                            "next_hop_network": "https://www.googleapis.com/compute/v1/projects/ce-ps-3team/global/networks/test-arijita",
                            "next_hop_vpn_tunnel": "",
                            "priority": "0",
                            "project": "ce-ps-3team",
                            "self_link": "https://www.googleapis.com/compute/v1/projects/ce-ps-3team/global/routes/default-route-45d9a112c221d74b",
                            "tags.#": "0"
                        },
                        "meta": {
                            "schema_version": 0
                        },
                        "tainted": false
                    },
                    "deposed": [],
                    "provider": "provider.google"
                },
                "google_compute_route.tfer--default-route-4c67399508d37d38": {
                    "type": "google_compute_route",
                    "depends_on": [],
                    "primary": {
                        "id": "default-route-4c67399508d37d38",
                        "attributes": {
                            "description": "Default local route to the subnetwork 10.202.0.0/20.",
                            "dest_range": "10.202.0.0/20",
                            "id": "default-route-4c67399508d37d38",
                            "name": "default-route-4c67399508d37d38",
                            "network": "https://www.googleapis.com/compute/v1/projects/ce-ps-3team/global/networks/test-arijita",
                            "next_hop_gateway": "",
                            "next_hop_ilb": "",
                            "next_hop_instance": "",
                            "next_hop_ip": "",
                            "next_hop_network": "https://www.googleapis.com/compute/v1/projects/ce-ps-3team/global/networks/test-arijita",
                            "next_hop_vpn_tunnel": "",
                            "priority": "0",
                            "project": "ce-ps-3team",
                            "self_link": "https://www.googleapis.com/compute/v1/projects/ce-ps-3team/global/routes/default-route-4c67399508d37d38",
                            "tags.#": "0"
                        },
                        "meta": {
                            "schema_version": 0
                        },
                        "tainted": false
                    },
                    "deposed": [],
                    "provider": "provider.google"
                },
                "google_compute_route.tfer--default-route-4c998fadf4e49111": {
                    "type": "google_compute_route",
                    "depends_on": [],
                    "primary": {
                        "id": "default-route-4c998fadf4e49111",
                        "attributes": {
                            "description": "Default route to the Internet.",
                            "dest_range": "0.0.0.0/0",
                            "id": "default-route-4c998fadf4e49111",
                            "name": "default-route-4c998fadf4e49111",
                            "network": "https://www.googleapis.com/compute/v1/projects/ce-ps-3team/global/networks/tarun-test",
                            "next_hop_gateway": "https://www.googleapis.com/compute/v1/projects/ce-ps-3team/global/gateways/default-internet-gateway",
                            "next_hop_ilb": "",
                            "next_hop_instance": "",
                            "next_hop_ip": "",
                            "next_hop_network": "",
                            "next_hop_vpn_tunnel": "",
                            "priority": "1000",
                            "project": "ce-ps-3team",
                            "self_link": "https://www.googleapis.com/compute/v1/projects/ce-ps-3team/global/routes/default-route-4c998fadf4e49111",
                            "tags.#": "0"
                        },
                        "meta": {
                            "schema_version": 0
                        },
                        "tainted": false
                    },
                    "deposed": [],
                    "provider": "provider.google"
                },
                "google_compute_route.tfer--default-route-531fb35a20b81394": {
                    "type": "google_compute_route",
                    "depends_on": [],
                    "primary": {
                        "id": "default-route-531fb35a20b81394",
                        "attributes": {
                            "description": "Default local route to the subnetwork 10.180.0.0/20.",
                            "dest_range": "10.180.0.0/20",
                            "id": "default-route-531fb35a20b81394",
                            "name": "default-route-531fb35a20b81394",
                            "network": "https://www.googleapis.com/compute/v1/projects/ce-ps-3team/global/networks/test-arijita",
                            "next_hop_gateway": "",
                            "next_hop_ilb": "",
                            "next_hop_instance": "",
                            "next_hop_ip": "",
                            "next_hop_network": "https://www.googleapis.com/compute/v1/projects/ce-ps-3team/global/networks/test-arijita",
                            "next_hop_vpn_tunnel": "",
                            "priority": "0",
                            "project": "ce-ps-3team",
                            "self_link": "https://www.googleapis.com/compute/v1/projects/ce-ps-3team/global/routes/default-route-531fb35a20b81394",
                            "tags.#": "0"
                        },
                        "meta": {
                            "schema_version": 0
                        },
                        "tainted": false
                    },
                    "deposed": [],
                    "provider": "provider.google"
                },
                "google_compute_route.tfer--default-route-538a11d4c21dfc05": {
                    "type": "google_compute_route",
                    "depends_on": [],
                    "primary": {
                        "id": "default-route-538a11d4c21dfc05",
                        "attributes": {
                            "description": "Default route to the Internet.",
                            "dest_range": "0.0.0.0/0",
                            "id": "default-route-538a11d4c21dfc05",
                            "name": "default-route-538a11d4c21dfc05",
                            "network": "https://www.googleapis.com/compute/v1/projects/ce-ps-3team/global/networks/test-arijita",
                            "next_hop_gateway": "https://www.googleapis.com/compute/v1/projects/ce-ps-3team/global/gateways/default-internet-gateway",
                            "next_hop_ilb": "",
                            "next_hop_instance": "",
                            "next_hop_ip": "",
                            "next_hop_network": "",
                            "next_hop_vpn_tunnel": "",
                            "priority": "1000",
                            "project": "ce-ps-3team",
                            "self_link": "https://www.googleapis.com/compute/v1/projects/ce-ps-3team/global/routes/default-route-538a11d4c21dfc05",
                            "tags.#": "0"
                        },
                        "meta": {
                            "schema_version": 0
                        },
                        "tainted": false
                    },
                    "deposed": [],
                    "provider": "provider.google"
                },
                "google_compute_route.tfer--default-route-5485738ecea57ecf": {
                    "type": "google_compute_route",
                    "depends_on": [],
                    "primary": {
                        "id": "default-route-5485738ecea57ecf",
                        "attributes": {
                            "description": "Default local route to the subnetwork 10.200.1.0/24.",
                            "dest_range": "10.200.1.0/24",
                            "id": "default-route-5485738ecea57ecf",
                            "name": "default-route-5485738ecea57ecf",
                            "network": "https://www.googleapis.com/compute/v1/projects/ce-ps-3team/global/networks/bsk-vpc",
                            "next_hop_gateway": "",
                            "next_hop_ilb": "",
                            "next_hop_instance": "",
                            "next_hop_ip": "",
                            "next_hop_network": "https://www.googleapis.com/compute/v1/projects/ce-ps-3team/global/networks/bsk-vpc",
                            "next_hop_vpn_tunnel": "",
                            "priority": "0",
                            "project": "ce-ps-3team",
                            "self_link": "https://www.googleapis.com/compute/v1/projects/ce-ps-3team/global/routes/default-route-5485738ecea57ecf",
                            "tags.#": "0"
                        },
                        "meta": {
                            "schema_version": 0
                        },
                        "tainted": false
                    },
                    "deposed": [],
                    "provider": "provider.google"
                },
                "google_compute_route.tfer--default-route-573a7f10405d5cbf": {
                    "type": "google_compute_route",
                    "depends_on": [],
                    "primary": {
                        "id": "default-route-573a7f10405d5cbf",
                        "attributes": {
                            "description": "Default local route to the subnetwork 10.158.0.0/20.",
                            "dest_range": "10.158.0.0/20",
                            "id": "default-route-573a7f10405d5cbf",
                            "name": "default-route-573a7f10405d5cbf",
                            "network": "https://www.googleapis.com/compute/v1/projects/ce-ps-3team/global/networks/test-arijita",
                            "next_hop_gateway": "",
                            "next_hop_ilb": "",
                            "next_hop_instance": "",
                            "next_hop_ip": "",
                            "next_hop_network": "https://www.googleapis.com/compute/v1/projects/ce-ps-3team/global/networks/test-arijita",
                            "next_hop_vpn_tunnel": "",
                            "priority": "0",
                            "project": "ce-ps-3team",
                            "self_link": "https://www.googleapis.com/compute/v1/projects/ce-ps-3team/global/routes/default-route-573a7f10405d5cbf",
                            "tags.#": "0"
                        },
                        "meta": {
                            "schema_version": 0
                        },
                        "tainted": false
                    },
                    "deposed": [],
                    "provider": "provider.google"
                },
                "google_compute_route.tfer--default-route-58ae2e6b6d139c34": {
                    "type": "google_compute_route",
                    "depends_on": [],
                    "primary": {
                        "id": "default-route-58ae2e6b6d139c34",
                        "attributes": {
                            "description": "Default route to the Internet.",
                            "dest_range": "0.0.0.0/0",
                            "id": "default-route-58ae2e6b6d139c34",
                            "name": "default-route-58ae2e6b6d139c34",
                            "network": "https://www.googleapis.com/compute/v1/projects/ce-ps-3team/global/networks/polygon-gcp-test",
                            "next_hop_gateway": "https://www.googleapis.com/compute/v1/projects/ce-ps-3team/global/gateways/default-internet-gateway",
                            "next_hop_ilb": "",
                            "next_hop_instance": "",
                            "next_hop_ip": "",
                            "next_hop_network": "",
                            "next_hop_vpn_tunnel": "",
                            "priority": "1000",
                            "project": "ce-ps-3team",
                            "self_link": "https://www.googleapis.com/compute/v1/projects/ce-ps-3team/global/routes/default-route-58ae2e6b6d139c34",
                            "tags.#": "0"
                        },
                        "meta": {
                            "schema_version": 0
                        },
                        "tainted": false
                    },
                    "deposed": [],
                    "provider": "provider.google"
                },
                "google_compute_route.tfer--default-route-5e3ba33902cc7a14": {
                    "type": "google_compute_route",
                    "depends_on": [],
                    "primary": {
                        "id": "default-route-5e3ba33902cc7a14",
                        "attributes": {
                            "description": "Default local route to the subnetwork 10.160.0.0/20.",
                            "dest_range": "10.160.0.0/20",
                            "id": "default-route-5e3ba33902cc7a14",
                            "name": "default-route-5e3ba33902cc7a14",
                            "network": "https://www.googleapis.com/compute/v1/projects/ce-ps-3team/global/networks/test-arijita",
                            "next_hop_gateway": "",
                            "next_hop_ilb": "",
                            "next_hop_instance": "",
                            "next_hop_ip": "",
                            "next_hop_network": "https://www.googleapis.com/compute/v1/projects/ce-ps-3team/global/networks/test-arijita",
                            "next_hop_vpn_tunnel": "",
                            "priority": "0",
                            "project": "ce-ps-3team",
                            "self_link": "https://www.googleapis.com/compute/v1/projects/ce-ps-3team/global/routes/default-route-5e3ba33902cc7a14",
                            "tags.#": "0"
                        },
                        "meta": {
                            "schema_version": 0
                        },
                        "tainted": false
                    },
                    "deposed": [],
                    "provider": "provider.google"
                },
                "google_compute_route.tfer--default-route-5e46154600b82799": {
                    "type": "google_compute_route",
                    "depends_on": [],
                    "primary": {
                        "id": "default-route-5e46154600b82799",
                        "attributes": {
                            "description": "Default local route to the subnetwork 10.162.0.0/20.",
                            "dest_range": "10.162.0.0/20",
                            "id": "default-route-5e46154600b82799",
                            "name": "default-route-5e46154600b82799",
                            "network": "https://www.googleapis.com/compute/v1/projects/ce-ps-3team/global/networks/test-arijita",
                            "next_hop_gateway": "",
                            "next_hop_ilb": "",
                            "next_hop_instance": "",
                            "next_hop_ip": "",
                            "next_hop_network": "https://www.googleapis.com/compute/v1/projects/ce-ps-3team/global/networks/test-arijita",
                            "next_hop_vpn_tunnel": "",
                            "priority": "0",
                            "project": "ce-ps-3team",
                            "self_link": "https://www.googleapis.com/compute/v1/projects/ce-ps-3team/global/routes/default-route-5e46154600b82799",
                            "tags.#": "0"
                        },
                        "meta": {
                            "schema_version": 0
                        },
                        "tainted": false
                    },
                    "deposed": [],
                    "provider": "provider.google"
                },
                "google_compute_route.tfer--default-route-691803dec4207eee": {
                    "type": "google_compute_route",
                    "depends_on": [],
                    "primary": {
                        "id": "default-route-691803dec4207eee",
                        "attributes": {
                            "description": "Default local route to the subnetwork 10.0.20.0/24.",
                            "dest_range": "10.0.20.0/24",
                            "id": "default-route-691803dec4207eee",
                            "name": "default-route-691803dec4207eee",
                            "network": "https://www.googleapis.com/compute/v1/projects/ce-ps-3team/global/networks/gangadhars-network",
                            "next_hop_gateway": "",
                            "next_hop_ilb": "",
                            "next_hop_instance": "",
                            "next_hop_ip": "",
                            "next_hop_network": "https://www.googleapis.com/compute/v1/projects/ce-ps-3team/global/networks/gangadhars-network",
                            "next_hop_vpn_tunnel": "",
                            "priority": "0",
                            "project": "ce-ps-3team",
                            "self_link": "https://www.googleapis.com/compute/v1/projects/ce-ps-3team/global/routes/default-route-691803dec4207eee",
                            "tags.#": "0"
                        },
                        "meta": {
                            "schema_version": 0
                        },
                        "tainted": false
                    },
                    "deposed": [],
                    "provider": "provider.google"
                },
                "google_compute_route.tfer--default-route-6af768d919ac42dd": {
                    "type": "google_compute_route",
                    "depends_on": [],
                    "primary": {
                        "id": "default-route-6af768d919ac42dd",
                        "attributes": {
                            "description": "Default local route to the subnetwork 10.1.1.0/24.",
                            "dest_range": "10.1.1.0/24",
                            "id": "default-route-6af768d919ac42dd",
                            "name": "default-route-6af768d919ac42dd",
                            "network": "https://www.googleapis.com/compute/v1/projects/ce-ps-3team/global/networks/tarun-test",
                            "next_hop_gateway": "",
                            "next_hop_ilb": "",
                            "next_hop_instance": "",
                            "next_hop_ip": "",
                            "next_hop_network": "https://www.googleapis.com/compute/v1/projects/ce-ps-3team/global/networks/tarun-test",
                            "next_hop_vpn_tunnel": "",
                            "priority": "0",
                            "project": "ce-ps-3team",
                            "self_link": "https://www.googleapis.com/compute/v1/projects/ce-ps-3team/global/routes/default-route-6af768d919ac42dd",
                            "tags.#": "0"
                        },
                        "meta": {
                            "schema_version": 0
                        },
                        "tainted": false
                    },
                    "deposed": [],
                    "provider": "provider.google"
                },
                "google_compute_route.tfer--default-route-70e8fa962539b146": {
                    "type": "google_compute_route",
                    "depends_on": [],
                    "primary": {
                        "id": "default-route-70e8fa962539b146",
                        "attributes": {
                            "description": "Default route to the Internet.",
                            "dest_range": "0.0.0.0/0",
                            "id": "default-route-70e8fa962539b146",
                            "name": "default-route-70e8fa962539b146",
                            "network": "https://www.googleapis.com/compute/v1/projects/ce-ps-3team/global/networks/raghu-test",
                            "next_hop_gateway": "https://www.googleapis.com/compute/v1/projects/ce-ps-3team/global/gateways/default-internet-gateway",
                            "next_hop_ilb": "",
                            "next_hop_instance": "",
                            "next_hop_ip": "",
                            "next_hop_network": "",
                            "next_hop_vpn_tunnel": "",
                            "priority": "1000",
                            "project": "ce-ps-3team",
                            "self_link": "https://www.googleapis.com/compute/v1/projects/ce-ps-3team/global/routes/default-route-70e8fa962539b146",
                            "tags.#": "0"
                        },
                        "meta": {
                            "schema_version": 0
                        },
                        "tainted": false
                    },
                    "deposed": [],
                    "provider": "provider.google"
                },
                "google_compute_route.tfer--default-route-7767b02ecf5e1a67": {
                    "type": "google_compute_route",
                    "depends_on": [],
                    "primary": {
                        "id": "default-route-7767b02ecf5e1a67",
                        "attributes": {
                            "description": "Default local route to the subnetwork 10.184.0.0/20.",
                            "dest_range": "10.184.0.0/20",
                            "id": "default-route-7767b02ecf5e1a67",
                            "name": "default-route-7767b02ecf5e1a67",
                            "network": "https://www.googleapis.com/compute/v1/projects/ce-ps-3team/global/networks/test-arijita",
                            "next_hop_gateway": "",
                            "next_hop_ilb": "",
                            "next_hop_instance": "",
                            "next_hop_ip": "",
                            "next_hop_network": "https://www.googleapis.com/compute/v1/projects/ce-ps-3team/global/networks/test-arijita",
                            "next_hop_vpn_tunnel": "",
                            "priority": "0",
                            "project": "ce-ps-3team",
                            "self_link": "https://www.googleapis.com/compute/v1/projects/ce-ps-3team/global/routes/default-route-7767b02ecf5e1a67",
                            "tags.#": "0"
                        },
                        "meta": {
                            "schema_version": 0
                        },
                        "tainted": false
                    },
                    "deposed": [],
                    "provider": "provider.google"
                },
                "google_compute_route.tfer--default-route-79e60aaa3a780db4": {
                    "type": "google_compute_route",
                    "depends_on": [],
                    "primary": {
                        "id": "default-route-79e60aaa3a780db4",
                        "attributes": {
                            "description": "Default local route to the subnetwork 10.138.0.0/20.",
                            "dest_range": "10.138.0.0/20",
                            "id": "default-route-79e60aaa3a780db4",
                            "name": "default-route-79e60aaa3a780db4",
                            "network": "https://www.googleapis.com/compute/v1/projects/ce-ps-3team/global/networks/test-arijita",
                            "next_hop_gateway": "",
                            "next_hop_ilb": "",
                            "next_hop_instance": "",
                            "next_hop_ip": "",
                            "next_hop_network": "https://www.googleapis.com/compute/v1/projects/ce-ps-3team/global/networks/test-arijita",
                            "next_hop_vpn_tunnel": "",
                            "priority": "0",
                            "project": "ce-ps-3team",
                            "self_link": "https://www.googleapis.com/compute/v1/projects/ce-ps-3team/global/routes/default-route-79e60aaa3a780db4",
                            "tags.#": "0"
                        },
                        "meta": {
                            "schema_version": 0
                        },
                        "tainted": false
                    },
                    "deposed": [],
                    "provider": "provider.google"
                },
                "google_compute_route.tfer--default-route-7f0cb4059651d8cb": {
                    "type": "google_compute_route",
                    "depends_on": [],
                    "primary": {
                        "id": "default-route-7f0cb4059651d8cb",
                        "attributes": {
                            "description": "Default local route to the subnetwork 10.192.0.0/20.",
                            "dest_range": "10.192.0.0/20",
                            "id": "default-route-7f0cb4059651d8cb",
                            "name": "default-route-7f0cb4059651d8cb",
                            "network": "https://www.googleapis.com/compute/v1/projects/ce-ps-3team/global/networks/test-arijita",
                            "next_hop_gateway": "",
                            "next_hop_ilb": "",
                            "next_hop_instance": "",
                            "next_hop_ip": "",
                            "next_hop_network": "https://www.googleapis.com/compute/v1/projects/ce-ps-3team/global/networks/test-arijita",
                            "next_hop_vpn_tunnel": "",
                            "priority": "0",
                            "project": "ce-ps-3team",
                            "self_link": "https://www.googleapis.com/compute/v1/projects/ce-ps-3team/global/routes/default-route-7f0cb4059651d8cb",
                            "tags.#": "0"
                        },
                        "meta": {
                            "schema_version": 0
                        },
                        "tainted": false
                    },
                    "deposed": [],
                    "provider": "provider.google"
                },
                "google_compute_route.tfer--default-route-81e5c872e0a28088": {
                    "type": "google_compute_route",
                    "depends_on": [],
                    "primary": {
                        "id": "default-route-81e5c872e0a28088",
                        "attributes": {
                            "description": "Default local route to the subnetwork 10.194.0.0/20.",
                            "dest_range": "10.194.0.0/20",
                            "id": "default-route-81e5c872e0a28088",
                            "name": "default-route-81e5c872e0a28088",
                            "network": "https://www.googleapis.com/compute/v1/projects/ce-ps-3team/global/networks/test-arijita",
                            "next_hop_gateway": "",
                            "next_hop_ilb": "",
                            "next_hop_instance": "",
                            "next_hop_ip": "",
                            "next_hop_network": "https://www.googleapis.com/compute/v1/projects/ce-ps-3team/global/networks/test-arijita",
                            "next_hop_vpn_tunnel": "",
                            "priority": "0",
                            "project": "ce-ps-3team",
                            "self_link": "https://www.googleapis.com/compute/v1/projects/ce-ps-3team/global/routes/default-route-81e5c872e0a28088",
                            "tags.#": "0"
                        },
                        "meta": {
                            "schema_version": 0
                        },
                        "tainted": false
                    },
                    "deposed": [],
                    "provider": "provider.google"
                },
                "google_compute_route.tfer--default-route-83af81660b22e893": {
                    "type": "google_compute_route",
                    "depends_on": [],
                    "primary": {
                        "id": "default-route-83af81660b22e893",
                        "attributes": {
                            "description": "Default local route to the subnetwork 10.196.0.0/20.",
                            "dest_range": "10.196.0.0/20",
                            "id": "default-route-83af81660b22e893",
                            "name": "default-route-83af81660b22e893",
                            "network": "https://www.googleapis.com/compute/v1/projects/ce-ps-3team/global/networks/test-arijita",
                            "next_hop_gateway": "",
                            "next_hop_ilb": "",
                            "next_hop_instance": "",
                            "next_hop_ip": "",
                            "next_hop_network": "https://www.googleapis.com/compute/v1/projects/ce-ps-3team/global/networks/test-arijita",
                            "next_hop_vpn_tunnel": "",
                            "priority": "0",
                            "project": "ce-ps-3team",
                            "self_link": "https://www.googleapis.com/compute/v1/projects/ce-ps-3team/global/routes/default-route-83af81660b22e893",
                            "tags.#": "0"
                        },
                        "meta": {
                            "schema_version": 0
                        },
                        "tainted": false
                    },
                    "deposed": [],
                    "provider": "provider.google"
                },
                "google_compute_route.tfer--default-route-869bb1dffcb84342": {
                    "type": "google_compute_route",
                    "depends_on": [],
                    "primary": {
                        "id": "default-route-869bb1dffcb84342",
                        "attributes": {
                            "description": "Default route to the Internet.",
                            "dest_range": "0.0.0.0/0",
                            "id": "default-route-869bb1dffcb84342",
                            "name": "default-route-869bb1dffcb84342",
                            "network": "https://www.googleapis.com/compute/v1/projects/ce-ps-3team/global/networks/edge01-devent",
                            "next_hop_gateway": "https://www.googleapis.com/compute/v1/projects/ce-ps-3team/global/gateways/default-internet-gateway",
                            "next_hop_ilb": "",
                            "next_hop_instance": "",
                            "next_hop_ip": "",
                            "next_hop_network": "",
                            "next_hop_vpn_tunnel": "",
                            "priority": "1000",
                            "project": "ce-ps-3team",
                            "self_link": "https://www.googleapis.com/compute/v1/projects/ce-ps-3team/global/routes/default-route-869bb1dffcb84342",
                            "tags.#": "0"
                        },
                        "meta": {
                            "schema_version": 0
                        },
                        "tainted": false
                    },
                    "deposed": [],
                    "provider": "provider.google"
                },
                "google_compute_route.tfer--default-route-86e7d09d28c61fa2": {
                    "type": "google_compute_route",
                    "depends_on": [],
                    "primary": {
                        "id": "default-route-86e7d09d28c61fa2",
                        "attributes": {
                            "description": "Default local route to the subnetwork 10.10.0.0/18.",
                            "dest_range": "10.10.0.0/18",
                            "id": "default-route-86e7d09d28c61fa2",
                            "name": "default-route-86e7d09d28c61fa2",
                            "network": "https://www.googleapis.com/compute/v1/projects/ce-ps-3team/global/networks/edge01-devent",
                            "next_hop_gateway": "",
                            "next_hop_ilb": "",
                            "next_hop_instance": "",
                            "next_hop_ip": "",
                            "next_hop_network": "https://www.googleapis.com/compute/v1/projects/ce-ps-3team/global/networks/edge01-devent",
                            "next_hop_vpn_tunnel": "",
                            "priority": "0",
                            "project": "ce-ps-3team",
                            "self_link": "https://www.googleapis.com/compute/v1/projects/ce-ps-3team/global/routes/default-route-86e7d09d28c61fa2",
                            "tags.#": "0"
                        },
                        "meta": {
                            "schema_version": 0
                        },
                        "tainted": false
                    },
                    "deposed": [],
                    "provider": "provider.google"
                },
                "google_compute_route.tfer--default-route-8b37b566138d5ee6": {
                    "type": "google_compute_route",
                    "depends_on": [],
                    "primary": {
                        "id": "default-route-8b37b566138d5ee6",
                        "attributes": {
                            "description": "Default local route to the subnetwork 10.206.0.0/20.",
                            "dest_range": "10.206.0.0/20",
                            "id": "default-route-8b37b566138d5ee6",
                            "name": "default-route-8b37b566138d5ee6",
                            "network": "https://www.googleapis.com/compute/v1/projects/ce-ps-3team/global/networks/test-arijita",
                            "next_hop_gateway": "",
                            "next_hop_ilb": "",
                            "next_hop_instance": "",
                            "next_hop_ip": "",
                            "next_hop_network": "https://www.googleapis.com/compute/v1/projects/ce-ps-3team/global/networks/test-arijita",
                            "next_hop_vpn_tunnel": "",
                            "priority": "0",
                            "project": "ce-ps-3team",
                            "self_link": "https://www.googleapis.com/compute/v1/projects/ce-ps-3team/global/routes/default-route-8b37b566138d5ee6",
                            "tags.#": "0"
                        },
                        "meta": {
                            "schema_version": 0
                        },
                        "tainted": false
                    },
                    "deposed": [],
                    "provider": "provider.google"
                },
                "google_compute_route.tfer--default-route-8f50ce96839f53a7": {
                    "type": "google_compute_route",
                    "depends_on": [],
                    "primary": {
                        "id": "default-route-8f50ce96839f53a7",
                        "attributes": {
                            "description": "Default local route to the subnetwork 10.1.2.0/24.",
                            "dest_range": "10.1.2.0/24",
                            "id": "default-route-8f50ce96839f53a7",
                            "name": "default-route-8f50ce96839f53a7",
                            "network": "https://www.googleapis.com/compute/v1/projects/ce-ps-3team/global/networks/tarun-test",
                            "next_hop_gateway": "",
                            "next_hop_ilb": "",
                            "next_hop_instance": "",
                            "next_hop_ip": "",
                            "next_hop_network": "https://www.googleapis.com/compute/v1/projects/ce-ps-3team/global/networks/tarun-test",
                            "next_hop_vpn_tunnel": "",
                            "priority": "0",
                            "project": "ce-ps-3team",
                            "self_link": "https://www.googleapis.com/compute/v1/projects/ce-ps-3team/global/routes/default-route-8f50ce96839f53a7",
                            "tags.#": "0"
                        },
                        "meta": {
                            "schema_version": 0
                        },
                        "tainted": false
                    },
                    "deposed": [],
                    "provider": "provider.google"
                },
                "google_compute_route.tfer--default-route-9546f6ccff0009c3": {
                    "type": "google_compute_route",
                    "depends_on": [],
                    "primary": {
                        "id": "default-route-9546f6ccff0009c3",
                        "attributes": {
                            "description": "Default local route to the subnetwork 10.0.0.0/22.",
                            "dest_range": "10.0.0.0/22",
                            "id": "default-route-9546f6ccff0009c3",
                            "name": "default-route-9546f6ccff0009c3",
                            "network": "https://www.googleapis.com/compute/v1/projects/ce-ps-3team/global/networks/raghu-test",
                            "next_hop_gateway": "",
                            "next_hop_ilb": "",
                            "next_hop_instance": "",
                            "next_hop_ip": "",
                            "next_hop_network": "https://www.googleapis.com/compute/v1/projects/ce-ps-3team/global/networks/raghu-test",
                            "next_hop_vpn_tunnel": "",
                            "priority": "0",
                            "project": "ce-ps-3team",
                            "self_link": "https://www.googleapis.com/compute/v1/projects/ce-ps-3team/global/routes/default-route-9546f6ccff0009c3",
                            "tags.#": "0"
                        },
                        "meta": {
                            "schema_version": 0
                        },
                        "tainted": false
                    },
                    "deposed": [],
                    "provider": "provider.google"
                },
                "google_compute_route.tfer--default-route-9b24df881715cc66": {
                    "type": "google_compute_route",
                    "depends_on": [],
                    "primary": {
                        "id": "default-route-9b24df881715cc66",
                        "attributes": {
                            "description": "Default local route to the subnetwork 10.140.0.0/20.",
                            "dest_range": "10.140.0.0/20",
                            "id": "default-route-9b24df881715cc66",
                            "name": "default-route-9b24df881715cc66",
                            "network": "https://www.googleapis.com/compute/v1/projects/ce-ps-3team/global/networks/test-arijita",
                            "next_hop_gateway": "",
                            "next_hop_ilb": "",
                            "next_hop_instance": "",
                            "next_hop_ip": "",
                            "next_hop_network": "https://www.googleapis.com/compute/v1/projects/ce-ps-3team/global/networks/test-arijita",
                            "next_hop_vpn_tunnel": "",
                            "priority": "0",
                            "project": "ce-ps-3team",
                            "self_link": "https://www.googleapis.com/compute/v1/projects/ce-ps-3team/global/routes/default-route-9b24df881715cc66",
                            "tags.#": "0"
                        },
                        "meta": {
                            "schema_version": 0
                        },
                        "tainted": false
                    },
                    "deposed": [],
                    "provider": "provider.google"
                },
                "google_compute_route.tfer--default-route-9e72580fbc9b7598": {
                    "type": "google_compute_route",
                    "depends_on": [],
                    "primary": {
                        "id": "default-route-9e72580fbc9b7598",
                        "attributes": {
                            "description": "Default local route to the subnetwork 10.132.0.0/20.",
                            "dest_range": "10.132.0.0/20",
                            "id": "default-route-9e72580fbc9b7598",
                            "name": "default-route-9e72580fbc9b7598",
                            "network": "https://www.googleapis.com/compute/v1/projects/ce-ps-3team/global/networks/test-arijita",
                            "next_hop_gateway": "",
                            "next_hop_ilb": "",
                            "next_hop_instance": "",
                            "next_hop_ip": "",
                            "next_hop_network": "https://www.googleapis.com/compute/v1/projects/ce-ps-3team/global/networks/test-arijita",
                            "next_hop_vpn_tunnel": "",
                            "priority": "0",
                            "project": "ce-ps-3team",
                            "self_link": "https://www.googleapis.com/compute/v1/projects/ce-ps-3team/global/routes/default-route-9e72580fbc9b7598",
                            "tags.#": "0"
                        },
                        "meta": {
                            "schema_version": 0
                        },
                        "tainted": false
                    },
                    "deposed": [],
                    "provider": "provider.google"
                },
                "google_compute_route.tfer--default-route-9ee9f756a2b458c2": {
                    "type": "google_compute_route",
                    "depends_on": [],
                    "primary": {
                        "id": "default-route-9ee9f756a2b458c2",
                        "attributes": {
                            "description": "Default local route to the subnetwork 10.178.0.0/20.",
                            "dest_range": "10.178.0.0/20",
                            "id": "default-route-9ee9f756a2b458c2",
                            "name": "default-route-9ee9f756a2b458c2",
                            "network": "https://www.googleapis.com/compute/v1/projects/ce-ps-3team/global/networks/test-arijita",
                            "next_hop_gateway": "",
                            "next_hop_ilb": "",
                            "next_hop_instance": "",
                            "next_hop_ip": "",
                            "next_hop_network": "https://www.googleapis.com/compute/v1/projects/ce-ps-3team/global/networks/test-arijita",
                            "next_hop_vpn_tunnel": "",
                            "priority": "0",
                            "project": "ce-ps-3team",
                            "self_link": "https://www.googleapis.com/compute/v1/projects/ce-ps-3team/global/routes/default-route-9ee9f756a2b458c2",
                            "tags.#": "0"
                        },
                        "meta": {
                            "schema_version": 0
                        },
                        "tainted": false
                    },
                    "deposed": [],
                    "provider": "provider.google"
                },
                "google_compute_route.tfer--default-route-a1a9c4895c96c600": {
                    "type": "google_compute_route",
                    "depends_on": [],
                    "primary": {
                        "id": "default-route-a1a9c4895c96c600",
                        "attributes": {
                            "description": "Default local route to the subnetwork 10.10.64.0/18.",
                            "dest_range": "10.10.64.0/18",
                            "id": "default-route-a1a9c4895c96c600",
                            "name": "default-route-a1a9c4895c96c600",
                            "network": "https://www.googleapis.com/compute/v1/projects/ce-ps-3team/global/networks/edge01-devent",
                            "next_hop_gateway": "",
                            "next_hop_ilb": "",
                            "next_hop_instance": "",
                            "next_hop_ip": "",
                            "next_hop_network": "https://www.googleapis.com/compute/v1/projects/ce-ps-3team/global/networks/edge01-devent",
                            "next_hop_vpn_tunnel": "",
                            "priority": "0",
                            "project": "ce-ps-3team",
                            "self_link": "https://www.googleapis.com/compute/v1/projects/ce-ps-3team/global/routes/default-route-a1a9c4895c96c600",
                            "tags.#": "0"
                        },
                        "meta": {
                            "schema_version": 0
                        },
                        "tainted": false
                    },
                    "deposed": [],
                    "provider": "provider.google"
                },
                "google_compute_route.tfer--default-route-a1ee79a626285130": {
                    "type": "google_compute_route",
                    "depends_on": [],
                    "primary": {
                        "id": "default-route-a1ee79a626285130",
                        "attributes": {
                            "description": "Default local route to the subnetwork 10.182.0.0/20.",
                            "dest_range": "10.182.0.0/20",
                            "id": "default-route-a1ee79a626285130",
                            "name": "default-route-a1ee79a626285130",
                            "network": "https://www.googleapis.com/compute/v1/projects/ce-ps-3team/global/networks/test-arijita",
                            "next_hop_gateway": "",
                            "next_hop_ilb": "",
                            "next_hop_instance": "",
                            "next_hop_ip": "",
                            "next_hop_network": "https://www.googleapis.com/compute/v1/projects/ce-ps-3team/global/networks/test-arijita",
                            "next_hop_vpn_tunnel": "",
                            "priority": "0",
                            "project": "ce-ps-3team",
                            "self_link": "https://www.googleapis.com/compute/v1/projects/ce-ps-3team/global/routes/default-route-a1ee79a626285130",
                            "tags.#": "0"
                        },
                        "meta": {
                            "schema_version": 0
                        },
                        "tainted": false
                    },
                    "deposed": [],
                    "provider": "provider.google"
                },
                "google_compute_route.tfer--default-route-a4e530b81d89be31": {
                    "type": "google_compute_route",
                    "depends_on": [],
                    "primary": {
                        "id": "default-route-a4e530b81d89be31",
                        "attributes": {
                            "description": "Default local route to the subnetwork 10.186.0.0/20.",
                            "dest_range": "10.186.0.0/20",
                            "id": "default-route-a4e530b81d89be31",
                            "name": "default-route-a4e530b81d89be31",
                            "network": "https://www.googleapis.com/compute/v1/projects/ce-ps-3team/global/networks/test-arijita",
                            "next_hop_gateway": "",
                            "next_hop_ilb": "",
                            "next_hop_instance": "",
                            "next_hop_ip": "",
                            "next_hop_network": "https://www.googleapis.com/compute/v1/projects/ce-ps-3team/global/networks/test-arijita",
                            "next_hop_vpn_tunnel": "",
                            "priority": "0",
                            "project": "ce-ps-3team",
                            "self_link": "https://www.googleapis.com/compute/v1/projects/ce-ps-3team/global/routes/default-route-a4e530b81d89be31",
                            "tags.#": "0"
                        },
                        "meta": {
                            "schema_version": 0
                        },
                        "tainted": false
                    },
                    "deposed": [],
                    "provider": "provider.google"
                },
                "google_compute_route.tfer--default-route-b5d4368f8d8f4737": {
                    "type": "google_compute_route",
                    "depends_on": [],
                    "primary": {
                        "id": "default-route-b5d4368f8d8f4737",
                        "attributes": {
                            "description": "Default local route to the subnetwork 10.204.0.0/20.",
                            "dest_range": "10.204.0.0/20",
                            "id": "default-route-b5d4368f8d8f4737",
                            "name": "default-route-b5d4368f8d8f4737",
                            "network": "https://www.googleapis.com/compute/v1/projects/ce-ps-3team/global/networks/test-arijita",
                            "next_hop_gateway": "",
                            "next_hop_ilb": "",
                            "next_hop_instance": "",
                            "next_hop_ip": "",
                            "next_hop_network": "https://www.googleapis.com/compute/v1/projects/ce-ps-3team/global/networks/test-arijita",
                            "next_hop_vpn_tunnel": "",
                            "priority": "0",
                            "project": "ce-ps-3team",
                            "self_link": "https://www.googleapis.com/compute/v1/projects/ce-ps-3team/global/routes/default-route-b5d4368f8d8f4737",
                            "tags.#": "0"
                        },
                        "meta": {
                            "schema_version": 0
                        },
                        "tainted": false
                    },
                    "deposed": [],
                    "provider": "provider.google"
                },
                "google_compute_route.tfer--default-route-b924929caf667fd1": {
                    "type": "google_compute_route",
                    "depends_on": [],
                    "primary": {
                        "id": "default-route-b924929caf667fd1",
                        "attributes": {
                            "description": "Default local route to the subnetwork 10.0.3.0/24.",
                            "dest_range": "10.0.3.0/24",
                            "id": "default-route-b924929caf667fd1",
                            "name": "default-route-b924929caf667fd1",
                            "network": "https://www.googleapis.com/compute/v1/projects/ce-ps-3team/global/networks/edge01-devent",
                            "next_hop_gateway": "",
                            "next_hop_ilb": "",
                            "next_hop_instance": "",
                            "next_hop_ip": "",
                            "next_hop_network": "https://www.googleapis.com/compute/v1/projects/ce-ps-3team/global/networks/edge01-devent",
                            "next_hop_vpn_tunnel": "",
                            "priority": "0",
                            "project": "ce-ps-3team",
                            "self_link": "https://www.googleapis.com/compute/v1/projects/ce-ps-3team/global/routes/default-route-b924929caf667fd1",
                            "tags.#": "0"
                        },
                        "meta": {
                            "schema_version": 0
                        },
                        "tainted": false
                    },
                    "deposed": [],
                    "provider": "provider.google"
                },
                "google_compute_route.tfer--default-route-ba08b9762eecf149": {
                    "type": "google_compute_route",
                    "depends_on": [],
                    "primary": {
                        "id": "default-route-ba08b9762eecf149",
                        "attributes": {
                            "description": "Default local route to the subnetwork 10.0.10.0/24.",
                            "dest_range": "10.0.10.0/24",
                            "id": "default-route-ba08b9762eecf149",
                            "name": "default-route-ba08b9762eecf149",
                            "network": "https://www.googleapis.com/compute/v1/projects/ce-ps-3team/global/networks/gangadhars-network",
                            "next_hop_gateway": "",
                            "next_hop_ilb": "",
                            "next_hop_instance": "",
                            "next_hop_ip": "",
                            "next_hop_network": "https://www.googleapis.com/compute/v1/projects/ce-ps-3team/global/networks/gangadhars-network",
                            "next_hop_vpn_tunnel": "",
                            "priority": "0",
                            "project": "ce-ps-3team",
                            "self_link": "https://www.googleapis.com/compute/v1/projects/ce-ps-3team/global/routes/default-route-ba08b9762eecf149",
                            "tags.#": "0"
                        },
                        "meta": {
                            "schema_version": 0
                        },
                        "tainted": false
                    },
                    "deposed": [],
                    "provider": "provider.google"
                },
                "google_compute_route.tfer--default-route-be93f6e11ed66ea3": {
                    "type": "google_compute_route",
                    "depends_on": [],
                    "primary": {
                        "id": "default-route-be93f6e11ed66ea3",
                        "attributes": {
                            "description": "Default local route to the subnetwork 10.212.0.0/20.",
                            "dest_range": "10.212.0.0/20",
                            "id": "default-route-be93f6e11ed66ea3",
                            "name": "default-route-be93f6e11ed66ea3",
                            "network": "https://www.googleapis.com/compute/v1/projects/ce-ps-3team/global/networks/test-arijita",
                            "next_hop_gateway": "",
                            "next_hop_ilb": "",
                            "next_hop_instance": "",
                            "next_hop_ip": "",
                            "next_hop_network": "https://www.googleapis.com/compute/v1/projects/ce-ps-3team/global/networks/test-arijita",
                            "next_hop_vpn_tunnel": "",
                            "priority": "0",
                            "project": "ce-ps-3team",
                            "self_link": "https://www.googleapis.com/compute/v1/projects/ce-ps-3team/global/routes/default-route-be93f6e11ed66ea3",
                            "tags.#": "0"
                        },
                        "meta": {
                            "schema_version": 0
                        },
                        "tainted": false
                    },
                    "deposed": [],
                    "provider": "provider.google"
                },
                "google_compute_route.tfer--default-route-c18bf1424c25abf3": {
                    "type": "google_compute_route",
                    "depends_on": [],
                    "primary": {
                        "id": "default-route-c18bf1424c25abf3",
                        "attributes": {
                            "description": "Default local route to the subnetwork 10.170.0.0/20.",
                            "dest_range": "10.170.0.0/20",
                            "id": "default-route-c18bf1424c25abf3",
                            "name": "default-route-c18bf1424c25abf3",
                            "network": "https://www.googleapis.com/compute/v1/projects/ce-ps-3team/global/networks/test-arijita",
                            "next_hop_gateway": "",
                            "next_hop_ilb": "",
                            "next_hop_instance": "",
                            "next_hop_ip": "",
                            "next_hop_network": "https://www.googleapis.com/compute/v1/projects/ce-ps-3team/global/networks/test-arijita",
                            "next_hop_vpn_tunnel": "",
                            "priority": "0",
                            "project": "ce-ps-3team",
                            "self_link": "https://www.googleapis.com/compute/v1/projects/ce-ps-3team/global/routes/default-route-c18bf1424c25abf3",
                            "tags.#": "0"
                        },
                        "meta": {
                            "schema_version": 0
                        },
                        "tainted": false
                    },
                    "deposed": [],
                    "provider": "provider.google"
                },
                "google_compute_route.tfer--default-route-c1c99f42cd0d06f8": {
                    "type": "google_compute_route",
                    "depends_on": [],
                    "primary": {
                        "id": "default-route-c1c99f42cd0d06f8",
                        "attributes": {
                            "description": "Default local route to the subnetwork 10.150.0.0/20.",
                            "dest_range": "10.150.0.0/20",
                            "id": "default-route-c1c99f42cd0d06f8",
                            "name": "default-route-c1c99f42cd0d06f8",
                            "network": "https://www.googleapis.com/compute/v1/projects/ce-ps-3team/global/networks/test-arijita",
                            "next_hop_gateway": "",
                            "next_hop_ilb": "",
                            "next_hop_instance": "",
                            "next_hop_ip": "",
                            "next_hop_network": "https://www.googleapis.com/compute/v1/projects/ce-ps-3team/global/networks/test-arijita",
                            "next_hop_vpn_tunnel": "",
                            "priority": "0",
                            "project": "ce-ps-3team",
                            "self_link": "https://www.googleapis.com/compute/v1/projects/ce-ps-3team/global/routes/default-route-c1c99f42cd0d06f8",
                            "tags.#": "0"
                        },
                        "meta": {
                            "schema_version": 0
                        },
                        "tainted": false
                    },
                    "deposed": [],
                    "provider": "provider.google"
                },
                "google_compute_route.tfer--default-route-c30e8f8f0baf0ad9": {
                    "type": "google_compute_route",
                    "depends_on": [],
                    "primary": {
                        "id": "default-route-c30e8f8f0baf0ad9",
                        "attributes": {
                            "description": "Default route to the Internet.",
                            "dest_range": "0.0.0.0/0",
                            "id": "default-route-c30e8f8f0baf0ad9",
                            "name": "default-route-c30e8f8f0baf0ad9",
                            "network": "https://www.googleapis.com/compute/v1/projects/ce-ps-3team/global/networks/bsk-vpc",
                            "next_hop_gateway": "https://www.googleapis.com/compute/v1/projects/ce-ps-3team/global/gateways/default-internet-gateway",
                            "next_hop_ilb": "",
                            "next_hop_instance": "",
                            "next_hop_ip": "",
                            "next_hop_network": "",
                            "next_hop_vpn_tunnel": "",
                            "priority": "1000",
                            "project": "ce-ps-3team",
                            "self_link": "https://www.googleapis.com/compute/v1/projects/ce-ps-3team/global/routes/default-route-c30e8f8f0baf0ad9",
                            "tags.#": "0"
                        },
                        "meta": {
                            "schema_version": 0
                        },
                        "tainted": false
                    },
                    "deposed": [],
                    "provider": "provider.google"
                },
                "google_compute_route.tfer--default-route-ccddfee406be726f": {
                    "type": "google_compute_route",
                    "depends_on": [],
                    "primary": {
                        "id": "default-route-ccddfee406be726f",
                        "attributes": {
                            "description": "Default local route to the subnetwork 10.200.0.0/24.",
                            "dest_range": "10.200.0.0/24",
                            "id": "default-route-ccddfee406be726f",
                            "name": "default-route-ccddfee406be726f",
                            "network": "https://www.googleapis.com/compute/v1/projects/ce-ps-3team/global/networks/bsk-vpc",
                            "next_hop_gateway": "",
                            "next_hop_ilb": "",
                            "next_hop_instance": "",
                            "next_hop_ip": "",
                            "next_hop_network": "https://www.googleapis.com/compute/v1/projects/ce-ps-3team/global/networks/bsk-vpc",
                            "next_hop_vpn_tunnel": "",
                            "priority": "0",
                            "project": "ce-ps-3team",
                            "self_link": "https://www.googleapis.com/compute/v1/projects/ce-ps-3team/global/routes/default-route-ccddfee406be726f",
                            "tags.#": "0"
                        },
                        "meta": {
                            "schema_version": 0
                        },
                        "tainted": false
                    },
                    "deposed": [],
                    "provider": "provider.google"
                },
                "google_compute_route.tfer--default-route-cdc4ebfcd23bd5f9": {
                    "type": "google_compute_route",
                    "depends_on": [],
                    "primary": {
                        "id": "default-route-cdc4ebfcd23bd5f9",
                        "attributes": {
                            "description": "Default local route to the subnetwork 10.156.0.0/20.",
                            "dest_range": "10.156.0.0/20",
                            "id": "default-route-cdc4ebfcd23bd5f9",
                            "name": "default-route-cdc4ebfcd23bd5f9",
                            "network": "https://www.googleapis.com/compute/v1/projects/ce-ps-3team/global/networks/test-arijita",
                            "next_hop_gateway": "",
                            "next_hop_ilb": "",
                            "next_hop_instance": "",
                            "next_hop_ip": "",
                            "next_hop_network": "https://www.googleapis.com/compute/v1/projects/ce-ps-3team/global/networks/test-arijita",
                            "next_hop_vpn_tunnel": "",
                            "priority": "0",
                            "project": "ce-ps-3team",
                            "self_link": "https://www.googleapis.com/compute/v1/projects/ce-ps-3team/global/routes/default-route-cdc4ebfcd23bd5f9",
                            "tags.#": "0"
                        },
                        "meta": {
                            "schema_version": 0
                        },
                        "tainted": false
                    },
                    "deposed": [],
                    "provider": "provider.google"
                },
                "google_compute_route.tfer--default-route-d874980debe38fbf": {
                    "type": "google_compute_route",
                    "depends_on": [],
                    "primary": {
                        "id": "default-route-d874980debe38fbf",
                        "attributes": {
                            "description": "Default route to the Internet.",
                            "dest_range": "0.0.0.0/0",
                            "id": "default-route-d874980debe38fbf",
                            "name": "default-route-d874980debe38fbf",
                            "network": "https://www.googleapis.com/compute/v1/projects/ce-ps-3team/global/networks/gangadhars-network",
                            "next_hop_gateway": "https://www.googleapis.com/compute/v1/projects/ce-ps-3team/global/gateways/default-internet-gateway",
                            "next_hop_ilb": "",
                            "next_hop_instance": "",
                            "next_hop_ip": "",
                            "next_hop_network": "",
                            "next_hop_vpn_tunnel": "",
                            "priority": "1000",
                            "project": "ce-ps-3team",
                            "self_link": "https://www.googleapis.com/compute/v1/projects/ce-ps-3team/global/routes/default-route-d874980debe38fbf",
                            "tags.#": "0"
                        },
                        "meta": {
                            "schema_version": 0
                        },
                        "tainted": false
                    },
                    "deposed": [],
                    "provider": "provider.google"
                },
                "google_compute_route.tfer--default-route-d9841438c344aeaf": {
                    "type": "google_compute_route",
                    "depends_on": [],
                    "primary": {
                        "id": "default-route-d9841438c344aeaf",
                        "attributes": {
                            "description": "Default local route to the subnetwork 10.142.0.0/20.",
                            "dest_range": "10.142.0.0/20",
                            "id": "default-route-d9841438c344aeaf",
                            "name": "default-route-d9841438c344aeaf",
                            "network": "https://www.googleapis.com/compute/v1/projects/ce-ps-3team/global/networks/test-arijita",
                            "next_hop_gateway": "",
                            "next_hop_ilb": "",
                            "next_hop_instance": "",
                            "next_hop_ip": "",
                            "next_hop_network": "https://www.googleapis.com/compute/v1/projects/ce-ps-3team/global/networks/test-arijita",
                            "next_hop_vpn_tunnel": "",
                            "priority": "0",
                            "project": "ce-ps-3team",
                            "self_link": "https://www.googleapis.com/compute/v1/projects/ce-ps-3team/global/routes/default-route-d9841438c344aeaf",
                            "tags.#": "0"
                        },
                        "meta": {
                            "schema_version": 0
                        },
                        "tainted": false
                    },
                    "deposed": [],
                    "provider": "provider.google"
                },
                "google_compute_route.tfer--default-route-da7ed8efa66db490": {
                    "type": "google_compute_route",
                    "depends_on": [],
                    "primary": {
                        "id": "default-route-da7ed8efa66db490",
                        "attributes": {
                            "description": "Default local route to the subnetwork 10.168.0.0/20.",
                            "dest_range": "10.168.0.0/20",
                            "id": "default-route-da7ed8efa66db490",
                            "name": "default-route-da7ed8efa66db490",
                            "network": "https://www.googleapis.com/compute/v1/projects/ce-ps-3team/global/networks/test-arijita",
                            "next_hop_gateway": "",
                            "next_hop_ilb": "",
                            "next_hop_instance": "",
                            "next_hop_ip": "",
                            "next_hop_network": "https://www.googleapis.com/compute/v1/projects/ce-ps-3team/global/networks/test-arijita",
                            "next_hop_vpn_tunnel": "",
                            "priority": "0",
                            "project": "ce-ps-3team",
                            "self_link": "https://www.googleapis.com/compute/v1/projects/ce-ps-3team/global/routes/default-route-da7ed8efa66db490",
                            "tags.#": "0"
                        },
                        "meta": {
                            "schema_version": 0
                        },
                        "tainted": false
                    },
                    "deposed": [],
                    "provider": "provider.google"
                },
                "google_compute_route.tfer--default-route-e562fc9d7e93cd3d": {
                    "type": "google_compute_route",
                    "depends_on": [],
                    "primary": {
                        "id": "default-route-e562fc9d7e93cd3d",
                        "attributes": {
                            "description": "Default local route to the subnetwork 10.166.0.0/20.",
                            "dest_range": "10.166.0.0/20",
                            "id": "default-route-e562fc9d7e93cd3d",
                            "name": "default-route-e562fc9d7e93cd3d",
                            "network": "https://www.googleapis.com/compute/v1/projects/ce-ps-3team/global/networks/test-arijita",
                            "next_hop_gateway": "",
                            "next_hop_ilb": "",
                            "next_hop_instance": "",
                            "next_hop_ip": "",
                            "next_hop_network": "https://www.googleapis.com/compute/v1/projects/ce-ps-3team/global/networks/test-arijita",
                            "next_hop_vpn_tunnel": "",
                            "priority": "0",
                            "project": "ce-ps-3team",
                            "self_link": "https://www.googleapis.com/compute/v1/projects/ce-ps-3team/global/routes/default-route-e562fc9d7e93cd3d",
                            "tags.#": "0"
                        },
                        "meta": {
                            "schema_version": 0
                        },
                        "tainted": false
                    },
                    "deposed": [],
                    "provider": "provider.google"
                },
                "google_compute_route.tfer--default-route-e6c6484f606243e7": {
                    "type": "google_compute_route",
                    "depends_on": [],
                    "primary": {
                        "id": "default-route-e6c6484f606243e7",
                        "attributes": {
                            "description": "Default local route to the subnetwork 10.188.0.0/20.",
                            "dest_range": "10.188.0.0/20",
                            "id": "default-route-e6c6484f606243e7",
                            "name": "default-route-e6c6484f606243e7",
                            "network": "https://www.googleapis.com/compute/v1/projects/ce-ps-3team/global/networks/test-arijita",
                            "next_hop_gateway": "",
                            "next_hop_ilb": "",
                            "next_hop_instance": "",
                            "next_hop_ip": "",
                            "next_hop_network": "https://www.googleapis.com/compute/v1/projects/ce-ps-3team/global/networks/test-arijita",
                            "next_hop_vpn_tunnel": "",
                            "priority": "0",
                            "project": "ce-ps-3team",
                            "self_link": "https://www.googleapis.com/compute/v1/projects/ce-ps-3team/global/routes/default-route-e6c6484f606243e7",
                            "tags.#": "0"
                        },
                        "meta": {
                            "schema_version": 0
                        },
                        "tainted": false
                    },
                    "deposed": [],
                    "provider": "provider.google"
                },
                "google_compute_route.tfer--default-route-e8c04b04a65acb0b": {
                    "type": "google_compute_route",
                    "depends_on": [],
                    "primary": {
                        "id": "default-route-e8c04b04a65acb0b",
                        "attributes": {
                            "description": "Default local route to the subnetwork 10.128.0.0/20.",
                            "dest_range": "10.128.0.0/20",
                            "id": "default-route-e8c04b04a65acb0b",
                            "name": "default-route-e8c04b04a65acb0b",
                            "network": "https://www.googleapis.com/compute/v1/projects/ce-ps-3team/global/networks/test-arijita",
                            "next_hop_gateway": "",
                            "next_hop_ilb": "",
                            "next_hop_instance": "",
                            "next_hop_ip": "",
                            "next_hop_network": "https://www.googleapis.com/compute/v1/projects/ce-ps-3team/global/networks/test-arijita",
                            "next_hop_vpn_tunnel": "",
                            "priority": "0",
                            "project": "ce-ps-3team",
                            "self_link": "https://www.googleapis.com/compute/v1/projects/ce-ps-3team/global/routes/default-route-e8c04b04a65acb0b",
                            "tags.#": "0"
                        },
                        "meta": {
                            "schema_version": 0
                        },
                        "tainted": false
                    },
                    "deposed": [],
                    "provider": "provider.google"
                },
                "google_compute_route.tfer--default-route-ed546bfde925af72": {
                    "type": "google_compute_route",
                    "depends_on": [],
                    "primary": {
                        "id": "default-route-ed546bfde925af72",
                        "attributes": {
                            "description": "Default local route to the subnetwork 10.190.0.0/20.",
                            "dest_range": "10.190.0.0/20",
                            "id": "default-route-ed546bfde925af72",
                            "name": "default-route-ed546bfde925af72",
                            "network": "https://www.googleapis.com/compute/v1/projects/ce-ps-3team/global/networks/test-arijita",
                            "next_hop_gateway": "",
                            "next_hop_ilb": "",
                            "next_hop_instance": "",
                            "next_hop_ip": "",
                            "next_hop_network": "https://www.googleapis.com/compute/v1/projects/ce-ps-3team/global/networks/test-arijita",
                            "next_hop_vpn_tunnel": "",
                            "priority": "0",
                            "project": "ce-ps-3team",
                            "self_link": "https://www.googleapis.com/compute/v1/projects/ce-ps-3team/global/routes/default-route-ed546bfde925af72",
                            "tags.#": "0"
                        },
                        "meta": {
                            "schema_version": 0
                        },
                        "tainted": false
                    },
                    "deposed": [],
                    "provider": "provider.google"
                }
            },
            "depends_on": []
        },
        {
            "path": [
                "root"
            ],
            "outputs": {
                "google_compute_managed_ssl_certificate_tfer--saasd_self_link": {
                    "sensitive": false,
                    "type": "string",
                    "value": "https://www.googleapis.com/compute/v1/projects/ce-ps-3team/global/sslCertificates/saasd"
                }
            },
            "resources": {
                "google_compute_managed_ssl_certificate.tfer--saasd": {
                    "type": "google_compute_managed_ssl_certificate",
                    "depends_on": [],
                    "primary": {
                        "id": "saasd",
                        "attributes": {
                            "certificate_id": "868571694670050382",
                            "creation_timestamp": "2023-05-21T00:39:14.171-07:00",
                            "description": "",
                            "expire_time": "",
                            "id": "saasd",
                            "managed.#": "1",
                            "managed.0.domains.#": "1",
                            "managed.0.domains.0": "test.com",
                            "name": "saasd",
                            "project": "ce-ps-3team",
                            "self_link": "https://www.googleapis.com/compute/v1/projects/ce-ps-3team/global/sslCertificates/saasd",
                            "subject_alternative_names.#": "0",
                            "type": "MANAGED"
                        },
                        "meta": {
                            "schema_version": 0
                        },
                        "tainted": false
                    },
                    "deposed": [],
                    "provider": "provider.google"
                }
            },
            "depends_on": []
        },
        {
            "path": [
                "root"
            ],
            "outputs": {},
            "resources": {},
            "depends_on": []
        },
        {
            "path": [
                "root"
            ],
            "outputs": {},
            "resources": {},
            "depends_on": []
        },
        {
            "path": [
                "root"
            ],
            "outputs": {
                "google_compute_autoscaler_tfer--us-central1-f-002F-gke-gitlab-pod-k8s-g-gitlab-pod-k8s-g-c7f2ecaa-grp_self_link": {
                    "sensitive": false,
                    "type": "string",
                    "value": "https://www.googleapis.com/compute/v1/projects/ce-ps-3team/zones/us-central1-f/autoscalers/gke-gitlab-pod-k8s-g-gitlab-pod-k8s-g-c7f2ecaa-grp"
                }
            },
            "resources": {
                "google_compute_autoscaler.tfer--us-central1-f-002F-gke-gitlab-pod-k8s-g-gitlab-pod-k8s-g-c7f2ecaa-grp": {
                    "type": "google_compute_autoscaler",
                    "depends_on": [],
                    "primary": {
                        "id": "us-central1-f/gke-gitlab-pod-k8s-g-gitlab-pod-k8s-g-c7f2ecaa-grp",
                        "attributes": {
                            "autoscaling_policy.#": "1",
                            "autoscaling_policy.0.cooldown_period": "60",
                            "autoscaling_policy.0.cpu_utilization.#": "1",
                            "autoscaling_policy.0.cpu_utilization.0.predictive_method": "NONE",
                            "autoscaling_policy.0.cpu_utilization.0.target": "0.6",
                            "autoscaling_policy.0.load_balancing_utilization.#": "0",
                            "autoscaling_policy.0.max_replicas": "10",
                            "autoscaling_policy.0.metric.#": "0",
                            "autoscaling_policy.0.min_replicas": "0",
                            "autoscaling_policy.0.mode": "ON",
                            "autoscaling_policy.0.scale_in_control.#": "0",
                            "autoscaling_policy.0.scaling_schedules.#": "0",
                            "creation_timestamp": "2023-05-09T02:27:52.811-07:00",
                            "description": "",
                            "id": "us-central1-f/gke-gitlab-pod-k8s-g-gitlab-pod-k8s-g-c7f2ecaa-grp",
                            "name": "gke-gitlab-pod-k8s-g-gitlab-pod-k8s-g-c7f2ecaa-grp",
                            "project": "ce-ps-3team",
                            "self_link": "https://www.googleapis.com/compute/v1/projects/ce-ps-3team/zones/us-central1-f/autoscalers/gke-gitlab-pod-k8s-g-gitlab-pod-k8s-g-c7f2ecaa-grp",
                            "target": "https://www.googleapis.com/compute/v1/projects/ce-ps-3team/zones/us-central1-f/instanceGroupManagers/gke-gitlab-pod-k8s-g-gitlab-pod-k8s-g-c7f2ecaa-grp",
                            "zone": "https://www.googleapis.com/compute/v1/projects/ce-ps-3team/zones/us-central1-f"
                        },
                        "meta": {
                            "schema_version": 0
                        },
                        "tainted": false
                    },
                    "deposed": [],
                    "provider": "provider.google"
                }
            },
            "depends_on": []
        },
        {
            "path": [
                "root"
            ],
            "outputs": {
                "google_compute_global_address_tfer--edge01-devnet-private-ip-block_self_link": {
                    "sensitive": false,
                    "type": "string",
                    "value": "https://www.googleapis.com/compute/v1/projects/ce-ps-3team/global/addresses/edge01-devnet-private-ip-block"
                },
                "google_compute_global_address_tfer--gangadhars-network-ip-range_self_link": {
                    "sensitive": false,
                    "type": "string",
                    "value": "https://www.googleapis.com/compute/v1/projects/ce-ps-3team/global/addresses/gangadhars-network-ip-range"
                },
                "google_compute_global_address_tfer--gangadhars-private-service-ip-range_self_link": {
                    "sensitive": false,
                    "type": "string",
                    "value": "https://www.googleapis.com/compute/v1/projects/ce-ps-3team/global/addresses/gangadhars-private-service-ip-range"
                }
            },
            "resources": {
                "google_compute_global_address.tfer--edge01-devnet-private-ip-block": {
                    "type": "google_compute_global_address",
                    "depends_on": [],
                    "primary": {
                        "id": "edge01-devnet-private-ip-block",
                        "attributes": {
                            "address": "10.5.64.0",
                            "address_type": "INTERNAL",
                            "creation_timestamp": "2023-05-23T03:47:49.086-07:00",
                            "description": "",
                            "id": "edge01-devnet-private-ip-block",
                            "ip_version": "",
                            "name": "edge01-devnet-private-ip-block",
                            "network": "https://www.googleapis.com/compute/v1/projects/ce-ps-3team/global/networks/edge01-devent",
                            "prefix_length": "20",
                            "project": "ce-ps-3team",
                            "purpose": "VPC_PEERING",
                            "self_link": "https://www.googleapis.com/compute/v1/projects/ce-ps-3team/global/addresses/edge01-devnet-private-ip-block"
                        },
                        "meta": {
                            "schema_version": 0
                        },
                        "tainted": false
                    },
                    "deposed": [],
                    "provider": "provider.google"
                },
                "google_compute_global_address.tfer--gangadhars-network-ip-range": {
                    "type": "google_compute_global_address",
                    "depends_on": [],
                    "primary": {
                        "id": "gangadhars-network-ip-range",
                        "attributes": {
                            "address": "10.17.224.0",
                            "address_type": "INTERNAL",
                            "creation_timestamp": "2023-05-12T04:17:26.915-07:00",
                            "description": "",
                            "id": "gangadhars-network-ip-range",
                            "ip_version": "",
                            "name": "gangadhars-network-ip-range",
                            "network": "https://www.googleapis.com/compute/v1/projects/ce-ps-3team/global/networks/gangadhars-network",
                            "prefix_length": "20",
                            "project": "ce-ps-3team",
                            "purpose": "VPC_PEERING",
                            "self_link": "https://www.googleapis.com/compute/v1/projects/ce-ps-3team/global/addresses/gangadhars-network-ip-range"
                        },
                        "meta": {
                            "schema_version": 0
                        },
                        "tainted": false
                    },
                    "deposed": [],
                    "provider": "provider.google"
                },
                "google_compute_global_address.tfer--gangadhars-private-service-ip-range": {
                    "type": "google_compute_global_address",
                    "depends_on": [],
                    "primary": {
                        "id": "gangadhars-private-service-ip-range",
                        "attributes": {
                            "address": "10.0.30.0",
                            "address_type": "INTERNAL",
                            "creation_timestamp": "2023-05-12T03:34:33.984-07:00",
                            "description": "",
                            "id": "gangadhars-private-service-ip-range",
                            "ip_version": "",
                            "name": "gangadhars-private-service-ip-range",
                            "network": "https://www.googleapis.com/compute/v1/projects/ce-ps-3team/global/networks/gangadhars-network",
                            "prefix_length": "24",
                            "project": "ce-ps-3team",
                            "purpose": "VPC_PEERING",
                            "self_link": "https://www.googleapis.com/compute/v1/projects/ce-ps-3team/global/addresses/gangadhars-private-service-ip-range"
                        },
                        "meta": {
                            "schema_version": 0
                        },
                        "tainted": false
                    },
                    "deposed": [],
                    "provider": "provider.google"
                }
            },
            "depends_on": []
        },
        {
            "path": [
                "root"
            ],
            "outputs": {},
            "resources": {},
            "depends_on": []
        },
        {
            "path": [
                "root"
            ],
            "outputs": {
                "google_compute_security_policy_tfer--default-security-policy-for-backend-2_self_link": {
                    "sensitive": false,
                    "type": "string",
                    "value": "https://www.googleapis.com/compute/v1/projects/ce-ps-3team/global/securityPolicies/default-security-policy-for-backend-2"
                },
                "google_compute_security_policy_tfer--default-security-policy-for-backend_self_link": {
                    "sensitive": false,
                    "type": "string",
                    "value": "https://www.googleapis.com/compute/v1/projects/ce-ps-3team/global/securityPolicies/default-security-policy-for-backend"
                }
            },
            "resources": {
                "google_compute_security_policy.tfer--default-security-policy-for-backend": {
                    "type": "google_compute_security_policy",
                    "depends_on": [],
                    "primary": {
                        "id": "default-security-policy-for-backend",
                        "attributes": {
                            "description": "Default security policy for: terra-node-group-lcd-bs",
                            "fingerprint": "nFDGhARIoi4=",
                            "id": "default-security-policy-for-backend",
                            "name": "default-security-policy-for-backend",
                            "project": "ce-ps-3team",
                            "rule.#": "2",
                            "rule.0.action": "allow",
                            "rule.0.description": "",
                            "rule.0.match.#": "1",
                            "rule.0.match.0.config.#": "1",
                            "rule.0.match.0.config.0.src_ip_ranges.#": "1",
                            "rule.0.match.0.config.0.src_ip_ranges.0": "*",
                            "rule.0.match.0.expr.#": "0",
                            "rule.0.match.0.versioned_expr": "SRC_IPS_V1",
                            "rule.0.preview": "false",
                            "rule.0.priority": "2147483647",
                            "rule.1.action": "throttle",
                            "rule.1.description": "Default rate limiting rule",
                            "rule.1.match.#": "1",
                            "rule.1.match.0.config.#": "1",
                            "rule.1.match.0.config.0.src_ip_ranges.#": "1",
                            "rule.1.match.0.config.0.src_ip_ranges.0": "*",
                            "rule.1.match.0.expr.#": "0",
                            "rule.1.match.0.versioned_expr": "SRC_IPS_V1",
                            "rule.1.preview": "false",
                            "rule.1.priority": "2147483646",
                            "self_link": "https://www.googleapis.com/compute/v1/projects/ce-ps-3team/global/securityPolicies/default-security-policy-for-backend"
                        },
                        "meta": {
                            "schema_version": 0
                        },
                        "tainted": false
                    },
                    "deposed": [],
                    "provider": "provider.google"
                },
                "google_compute_security_policy.tfer--default-security-policy-for-backend-2": {
                    "type": "google_compute_security_policy",
                    "depends_on": [],
                    "primary": {
                        "id": "default-security-policy-for-backend-2",
                        "attributes": {
                            "description": "Default security policy for: terra-node-group-hive-bs",
                            "fingerprint": "D8OAnb76A4E=",
                            "id": "default-security-policy-for-backend-2",
                            "name": "default-security-policy-for-backend-2",
                            "project": "ce-ps-3team",
                            "rule.#": "2",
                            "rule.0.action": "allow",
                            "rule.0.description": "",
                            "rule.0.match.#": "1",
                            "rule.0.match.0.config.#": "1",
                            "rule.0.match.0.config.0.src_ip_ranges.#": "1",
                            "rule.0.match.0.config.0.src_ip_ranges.0": "*",
                            "rule.0.match.0.expr.#": "0",
                            "rule.0.match.0.versioned_expr": "SRC_IPS_V1",
                            "rule.0.preview": "false",
                            "rule.0.priority": "2147483647",
                            "rule.1.action": "throttle",
                            "rule.1.description": "Default rate limiting rule",
                            "rule.1.match.#": "1",
                            "rule.1.match.0.config.#": "1",
                            "rule.1.match.0.config.0.src_ip_ranges.#": "1",
                            "rule.1.match.0.config.0.src_ip_ranges.0": "*",
                            "rule.1.match.0.expr.#": "0",
                            "rule.1.match.0.versioned_expr": "SRC_IPS_V1",
                            "rule.1.preview": "false",
                            "rule.1.priority": "2147483646",
                            "self_link": "https://www.googleapis.com/compute/v1/projects/ce-ps-3team/global/securityPolicies/default-security-policy-for-backend-2"
                        },
                        "meta": {
                            "schema_version": 0
                        },
                        "tainted": false
                    },
                    "deposed": [],
                    "provider": "provider.google"
                }
            },
            "depends_on": []
        },
        {
            "path": [
                "root"
            ],
            "outputs": {
                "google_compute_firewall_tfer--allow-2_self_link": {
                    "sensitive": false,
                    "type": "string",
                    "value": "https://www.googleapis.com/compute/v1/projects/ce-ps-3team/global/firewalls/allow-2"
                },
                "google_compute_firewall_tfer--allow-5_self_link": {
                    "sensitive": false,
                    "type": "string",
                    "value": "https://www.googleapis.com/compute/v1/projects/ce-ps-3team/global/firewalls/allow-5"
                },
                "google_compute_firewall_tfer--allow-6_self_link": {
                    "sensitive": false,
                    "type": "string",
                    "value": "https://www.googleapis.com/compute/v1/projects/ce-ps-3team/global/firewalls/allow-6"
                },
                "google_compute_firewall_tfer--allow-all_self_link": {
                    "sensitive": false,
                    "type": "string",
                    "value": "https://www.googleapis.com/compute/v1/projects/ce-ps-3team/global/firewalls/allow-all"
                },
                "google_compute_firewall_tfer--allow-ingress_self_link": {
                    "sensitive": false,
                    "type": "string",
                    "value": "https://www.googleapis.com/compute/v1/projects/ce-ps-3team/global/firewalls/allow-ingress"
                },
                "google_compute_firewall_tfer--allow-port22_self_link": {
                    "sensitive": false,
                    "type": "string",
                    "value": "https://www.googleapis.com/compute/v1/projects/ce-ps-3team/global/firewalls/allow-port22"
                },
                "google_compute_firewall_tfer--allow-ssh-and-icmp_self_link": {
                    "sensitive": false,
                    "type": "string",
                    "value": "https://www.googleapis.com/compute/v1/projects/ce-ps-3team/global/firewalls/allow-ssh-and-icmp"
                },
                "google_compute_firewall_tfer--allow3_self_link": {
                    "sensitive": false,
                    "type": "string",
                    "value": "https://www.googleapis.com/compute/v1/projects/ce-ps-3team/global/firewalls/allow3"
                },
                "google_compute_firewall_tfer--allow_self_link": {
                    "sensitive": false,
                    "type": "string",
                    "value": "https://www.googleapis.com/compute/v1/projects/ce-ps-3team/global/firewalls/allow"
                },
                "google_compute_firewall_tfer--aloow4_self_link": {
                    "sensitive": false,
                    "type": "string",
                    "value": "https://www.googleapis.com/compute/v1/projects/ce-ps-3team/global/firewalls/aloow4"
                },
                "google_compute_firewall_tfer--bsk-public-to-private-vm-allow_self_link": {
                    "sensitive": false,
                    "type": "string",
                    "value": "https://www.googleapis.com/compute/v1/projects/ce-ps-3team/global/firewalls/bsk-public-to-private-vm-allow"
                },
                "google_compute_firewall_tfer--bsk-vpc-allow-http_self_link": {
                    "sensitive": false,
                    "type": "string",
                    "value": "https://www.googleapis.com/compute/v1/projects/ce-ps-3team/global/firewalls/bsk-vpc-allow-http"
                },
                "google_compute_firewall_tfer--bsk-vpc-allow-https_self_link": {
                    "sensitive": false,
                    "type": "string",
                    "value": "https://www.googleapis.com/compute/v1/projects/ce-ps-3team/global/firewalls/bsk-vpc-allow-https"
                },
                "google_compute_firewall_tfer--centos-poc_self_link": {
                    "sensitive": false,
                    "type": "string",
                    "value": "https://www.googleapis.com/compute/v1/projects/ce-ps-3team/global/firewalls/centos-poc"
                },
                "google_compute_firewall_tfer--demo-test_self_link": {
                    "sensitive": false,
                    "type": "string",
                    "value": "https://www.googleapis.com/compute/v1/projects/ce-ps-3team/global/firewalls/demo-test"
                },
                "google_compute_firewall_tfer--drs-poc-rule_self_link": {
                    "sensitive": false,
                    "type": "string",
                    "value": "https://www.googleapis.com/compute/v1/projects/ce-ps-3team/global/firewalls/drs-poc-rule"
                },
                "google_compute_firewall_tfer--tarun-test-allow-custom_self_link": {
                    "sensitive": false,
                    "type": "string",
                    "value": "https://www.googleapis.com/compute/v1/projects/ce-ps-3team/global/firewalls/tarun-test-allow-custom"
                },
                "google_compute_firewall_tfer--tarun-test-allow-icmp_self_link": {
                    "sensitive": false,
                    "type": "string",
                    "value": "https://www.googleapis.com/compute/v1/projects/ce-ps-3team/global/firewalls/tarun-test-allow-icmp"
                },
                "google_compute_firewall_tfer--test-arijita-allow-custom_self_link": {
                    "sensitive": false,
                    "type": "string",
                    "value": "https://www.googleapis.com/compute/v1/projects/ce-ps-3team/global/firewalls/test-arijita-allow-custom"
                },
                "google_compute_firewall_tfer--test-arijita-allow-icmp_self_link": {
                    "sensitive": false,
                    "type": "string",
                    "value": "https://www.googleapis.com/compute/v1/projects/ce-ps-3team/global/firewalls/test-arijita-allow-icmp"
                },
                "google_compute_firewall_tfer--test-arijita-allow-rdp_self_link": {
                    "sensitive": false,
                    "type": "string",
                    "value": "https://www.googleapis.com/compute/v1/projects/ce-ps-3team/global/firewalls/test-arijita-allow-rdp"
                },
                "google_compute_firewall_tfer--test-arijita-allow-ssh_self_link": {
                    "sensitive": false,
                    "type": "string",
                    "value": "https://www.googleapis.com/compute/v1/projects/ce-ps-3team/global/firewalls/test-arijita-allow-ssh"
                },
                "google_compute_firewall_tfer--test-arijita_self_link": {
                    "sensitive": false,
                    "type": "string",
                    "value": "https://www.googleapis.com/compute/v1/projects/ce-ps-3team/global/firewalls/test-arijita"
                },
                "google_compute_firewall_tfer--test-gangadhars-block_self_link": {
                    "sensitive": false,
                    "type": "string",
                    "value": "https://www.googleapis.com/compute/v1/projects/ce-ps-3team/global/firewalls/test-gangadhars-block"
                },
                "google_compute_firewall_tfer--test-rule_self_link": {
                    "sensitive": false,
                    "type": "string",
                    "value": "https://www.googleapis.com/compute/v1/projects/ce-ps-3team/global/firewalls/test-rule"
                },
                "google_compute_firewall_tfer--test_self_link": {
                    "sensitive": false,
                    "type": "string",
                    "value": "https://www.googleapis.com/compute/v1/projects/ce-ps-3team/global/firewalls/test"
                }
            },
            "resources": {
                "google_compute_firewall.tfer--allow": {
                    "type": "google_compute_firewall",
                    "depends_on": [],
                    "primary": {
                        "id": "allow",
                        "attributes": {
                            "allow.#": "1",
                            "allow.0.ports.#": "1",
                            "allow.0.ports.0": "443",
                            "allow.0.protocol": "tcp",
                            "creation_timestamp": "2023-06-22T22:57:27.414-07:00",
                            "deny.#": "0",
                            "description": "",
                            "destination_ranges.#": "0",
                            "direction": "INGRESS",
                            "disabled": "false",
                            "id": "allow",
                            "log_config.#": "0",
                            "name": "allow",
                            "network": "https://www.googleapis.com/compute/v1/projects/ce-ps-3team/global/networks/raghu-test",
                            "priority": "1000",
                            "project": "ce-ps-3team",
                            "self_link": "https://www.googleapis.com/compute/v1/projects/ce-ps-3team/global/firewalls/allow",
                            "source_ranges.#": "1",
                            "source_ranges.0": "0.0.0.0/0",
                            "source_service_accounts.#": "0",
                            "source_tags.#": "0",
                            "target_service_accounts.#": "0",
                            "target_tags.#": "0"
                        },
                        "meta": {
                            "schema_version": 1
                        },
                        "tainted": false
                    },
                    "deposed": [],
                    "provider": "provider.google"
                },
                "google_compute_firewall.tfer--allow-2": {
                    "type": "google_compute_firewall",
                    "depends_on": [],
                    "primary": {
                        "id": "allow-2",
                        "attributes": {
                            "allow.#": "1",
                            "allow.0.ports.#": "1",
                            "allow.0.ports.0": "443",
                            "allow.0.protocol": "tcp",
                            "creation_timestamp": "2023-06-22T22:58:14.573-07:00",
                            "deny.#": "0",
                            "description": "",
                            "destination_ranges.#": "1",
                            "destination_ranges.0": "0.0.0.0/0",
                            "direction": "EGRESS",
                            "disabled": "false",
                            "id": "allow-2",
                            "log_config.#": "0",
                            "name": "allow-2",
                            "network": "https://www.googleapis.com/compute/v1/projects/ce-ps-3team/global/networks/raghu-test",
                            "priority": "1000",
                            "project": "ce-ps-3team",
                            "self_link": "https://www.googleapis.com/compute/v1/projects/ce-ps-3team/global/firewalls/allow-2",
                            "source_ranges.#": "0",
                            "source_service_accounts.#": "0",
                            "source_tags.#": "0",
                            "target_service_accounts.#": "0",
                            "target_tags.#": "0"
                        },
                        "meta": {
                            "schema_version": 1
                        },
                        "tainted": false
                    },
                    "deposed": [],
                    "provider": "provider.google"
                },
                "google_compute_firewall.tfer--allow-5": {
                    "type": "google_compute_firewall",
                    "depends_on": [],
                    "primary": {
                        "id": "allow-5",
                        "attributes": {
                            "allow.#": "1",
                            "allow.0.ports.#": "1",
                            "allow.0.ports.0": "3389",
                            "allow.0.protocol": "tcp",
                            "creation_timestamp": "2023-06-22T23:53:24.765-07:00",
                            "deny.#": "0",
                            "description": "",
                            "destination_ranges.#": "0",
                            "direction": "INGRESS",
                            "disabled": "false",
                            "id": "allow-5",
                            "log_config.#": "0",
                            "name": "allow-5",
                            "network": "https://www.googleapis.com/compute/v1/projects/ce-ps-3team/global/networks/raghu-test",
                            "priority": "1000",
                            "project": "ce-ps-3team",
                            "self_link": "https://www.googleapis.com/compute/v1/projects/ce-ps-3team/global/firewalls/allow-5",
                            "source_ranges.#": "1",
                            "source_ranges.0": "0.0.0.0/0",
                            "source_service_accounts.#": "0",
                            "source_tags.#": "0",
                            "target_service_accounts.#": "0",
                            "target_tags.#": "0"
                        },
                        "meta": {
                            "schema_version": 1
                        },
                        "tainted": false
                    },
                    "deposed": [],
                    "provider": "provider.google"
                },
                "google_compute_firewall.tfer--allow-6": {
                    "type": "google_compute_firewall",
                    "depends_on": [],
                    "primary": {
                        "id": "allow-6",
                        "attributes": {
                            "allow.#": "1",
                            "allow.0.ports.#": "1",
                            "allow.0.ports.0": "3389",
                            "allow.0.protocol": "tcp",
                            "creation_timestamp": "2023-06-22T23:53:56.480-07:00",
                            "deny.#": "0",
                            "description": "",
                            "destination_ranges.#": "1",
                            "destination_ranges.0": "0.0.0.0/0",
                            "direction": "EGRESS",
                            "disabled": "false",
                            "id": "allow-6",
                            "log_config.#": "0",
                            "name": "allow-6",
                            "network": "https://www.googleapis.com/compute/v1/projects/ce-ps-3team/global/networks/raghu-test",
                            "priority": "1000",
                            "project": "ce-ps-3team",
                            "self_link": "https://www.googleapis.com/compute/v1/projects/ce-ps-3team/global/firewalls/allow-6",
                            "source_ranges.#": "0",
                            "source_service_accounts.#": "0",
                            "source_tags.#": "0",
                            "target_service_accounts.#": "0",
                            "target_tags.#": "0"
                        },
                        "meta": {
                            "schema_version": 1
                        },
                        "tainted": false
                    },
                    "deposed": [],
                    "provider": "provider.google"
                },
                "google_compute_firewall.tfer--allow-all": {
                    "type": "google_compute_firewall",
                    "depends_on": [],
                    "primary": {
                        "id": "allow-all",
                        "attributes": {
                            "allow.#": "1",
                            "allow.0.ports.#": "0",
                            "allow.0.protocol": "all",
                            "creation_timestamp": "2023-06-20T02:24:05.565-07:00",
                            "deny.#": "0",
                            "description": "",
                            "destination_ranges.#": "0",
                            "direction": "INGRESS",
                            "disabled": "false",
                            "id": "allow-all",
                            "log_config.#": "0",
                            "name": "allow-all",
                            "network": "https://www.googleapis.com/compute/v1/projects/ce-ps-3team/global/networks/tarun-test",
                            "priority": "1000",
                            "project": "ce-ps-3team",
                            "self_link": "https://www.googleapis.com/compute/v1/projects/ce-ps-3team/global/firewalls/allow-all",
                            "source_ranges.#": "1",
                            "source_ranges.0": "0.0.0.0/0",
                            "source_service_accounts.#": "0",
                            "source_tags.#": "0",
                            "target_service_accounts.#": "0",
                            "target_tags.#": "0"
                        },
                        "meta": {
                            "schema_version": 1
                        },
                        "tainted": false
                    },
                    "deposed": [],
                    "provider": "provider.google"
                },
                "google_compute_firewall.tfer--allow-ingress": {
                    "type": "google_compute_firewall",
                    "depends_on": [],
                    "primary": {
                        "id": "allow-ingress",
                        "attributes": {
                            "allow.#": "1",
                            "allow.0.ports.#": "1",
                            "allow.0.ports.0": "22",
                            "allow.0.protocol": "tcp",
                            "creation_timestamp": "2023-06-13T21:47:35.877-07:00",
                            "deny.#": "0",
                            "description": "",
                            "destination_ranges.#": "0",
                            "direction": "INGRESS",
                            "disabled": "false",
                            "id": "allow-ingress",
                            "log_config.#": "0",
                            "name": "allow-ingress",
                            "network": "https://www.googleapis.com/compute/v1/projects/ce-ps-3team/global/networks/tarun-test",
                            "priority": "1000",
                            "project": "ce-ps-3team",
                            "self_link": "https://www.googleapis.com/compute/v1/projects/ce-ps-3team/global/firewalls/allow-ingress",
                            "source_ranges.#": "1",
                            "source_ranges.0": "35.235.240.0/20",
                            "source_service_accounts.#": "0",
                            "source_tags.#": "0",
                            "target_service_accounts.#": "0",
                            "target_tags.#": "0"
                        },
                        "meta": {
                            "schema_version": 1
                        },
                        "tainted": false
                    },
                    "deposed": [],
                    "provider": "provider.google"
                },
                "google_compute_firewall.tfer--allow-port22": {
                    "type": "google_compute_firewall",
                    "depends_on": [],
                    "primary": {
                        "id": "allow-port22",
                        "attributes": {
                            "allow.#": "2",
                            "allow.0.ports.#": "2",
                            "allow.0.ports.0": "22",
                            "allow.0.ports.1": "3389",
                            "allow.0.protocol": "tcp",
                            "allow.1.ports.#": "0",
                            "allow.1.protocol": "icmp",
                            "creation_timestamp": "2023-05-12T03:56:23.171-07:00",
                            "deny.#": "0",
                            "description": "",
                            "destination_ranges.#": "0",
                            "direction": "INGRESS",
                            "disabled": "false",
                            "id": "allow-port22",
                            "log_config.#": "0",
                            "name": "allow-port22",
                            "network": "https://www.googleapis.com/compute/v1/projects/ce-ps-3team/global/networks/gangadhars-network",
                            "priority": "1000",
                            "project": "ce-ps-3team",
                            "self_link": "https://www.googleapis.com/compute/v1/projects/ce-ps-3team/global/firewalls/allow-port22",
                            "source_ranges.#": "1",
                            "source_ranges.0": "0.0.0.0/0",
                            "source_service_accounts.#": "0",
                            "source_tags.#": "0",
                            "target_service_accounts.#": "0",
                            "target_tags.#": "0"
                        },
                        "meta": {
                            "schema_version": 1
                        },
                        "tainted": false
                    },
                    "deposed": [],
                    "provider": "provider.google"
                },
                "google_compute_firewall.tfer--allow-ssh-and-icmp": {
                    "type": "google_compute_firewall",
                    "depends_on": [],
                    "primary": {
                        "id": "allow-ssh-and-icmp",
                        "attributes": {
                            "allow.#": "2",
                            "allow.0.ports.#": "1",
                            "allow.0.ports.0": "22",
                            "allow.0.protocol": "tcp",
                            "allow.1.ports.#": "0",
                            "allow.1.protocol": "icmp",
                            "creation_timestamp": "2023-06-20T03:43:22.904-07:00",
                            "deny.#": "0",
                            "description": "",
                            "destination_ranges.#": "0",
                            "direction": "INGRESS",
                            "disabled": "false",
                            "id": "allow-ssh-and-icmp",
                            "log_config.#": "0",
                            "name": "allow-ssh-and-icmp",
                            "network": "https://www.googleapis.com/compute/v1/projects/ce-ps-3team/global/networks/bsk-vpc",
                            "priority": "1000",
                            "project": "ce-ps-3team",
                            "self_link": "https://www.googleapis.com/compute/v1/projects/ce-ps-3team/global/firewalls/allow-ssh-and-icmp",
                            "source_ranges.#": "1",
                            "source_ranges.0": "0.0.0.0/0",
                            "source_service_accounts.#": "0",
                            "source_tags.#": "0",
                            "target_service_accounts.#": "0",
                            "target_tags.#": "1",
                            "target_tags.0": "internet-access"
                        },
                        "meta": {
                            "schema_version": 1
                        },
                        "tainted": false
                    },
                    "deposed": [],
                    "provider": "provider.google"
                },
                "google_compute_firewall.tfer--allow3": {
                    "type": "google_compute_firewall",
                    "depends_on": [],
                    "primary": {
                        "id": "allow3",
                        "attributes": {
                            "allow.#": "1",
                            "allow.0.ports.#": "1",
                            "allow.0.ports.0": "1500",
                            "allow.0.protocol": "tcp",
                            "creation_timestamp": "2023-06-22T22:58:56.674-07:00",
                            "deny.#": "0",
                            "description": "",
                            "destination_ranges.#": "0",
                            "direction": "INGRESS",
                            "disabled": "false",
                            "id": "allow3",
                            "log_config.#": "0",
                            "name": "allow3",
                            "network": "https://www.googleapis.com/compute/v1/projects/ce-ps-3team/global/networks/raghu-test",
                            "priority": "1000",
                            "project": "ce-ps-3team",
                            "self_link": "https://www.googleapis.com/compute/v1/projects/ce-ps-3team/global/firewalls/allow3",
                            "source_ranges.#": "1",
                            "source_ranges.0": "0.0.0.0/0",
                            "source_service_accounts.#": "0",
                            "source_tags.#": "0",
                            "target_service_accounts.#": "0",
                            "target_tags.#": "0"
                        },
                        "meta": {
                            "schema_version": 1
                        },
                        "tainted": false
                    },
                    "deposed": [],
                    "provider": "provider.google"
                },
                "google_compute_firewall.tfer--aloow4": {
                    "type": "google_compute_firewall",
                    "depends_on": [],
                    "primary": {
                        "id": "aloow4",
                        "attributes": {
                            "allow.#": "1",
                            "allow.0.ports.#": "1",
                            "allow.0.ports.0": "1500",
                            "allow.0.protocol": "tcp",
                            "creation_timestamp": "2023-06-22T22:59:27.292-07:00",
                            "deny.#": "0",
                            "description": "",
                            "destination_ranges.#": "1",
                            "destination_ranges.0": "0.0.0.0/0",
                            "direction": "EGRESS",
                            "disabled": "false",
                            "id": "aloow4",
                            "log_config.#": "0",
                            "name": "aloow4",
                            "network": "https://www.googleapis.com/compute/v1/projects/ce-ps-3team/global/networks/raghu-test",
                            "priority": "1000",
                            "project": "ce-ps-3team",
                            "self_link": "https://www.googleapis.com/compute/v1/projects/ce-ps-3team/global/firewalls/aloow4",
                            "source_ranges.#": "0",
                            "source_service_accounts.#": "0",
                            "source_tags.#": "0",
                            "target_service_accounts.#": "0",
                            "target_tags.#": "0"
                        },
                        "meta": {
                            "schema_version": 1
                        },
                        "tainted": false
                    },
                    "deposed": [],
                    "provider": "provider.google"
                },
                "google_compute_firewall.tfer--bsk-public-to-private-vm-allow": {
                    "type": "google_compute_firewall",
                    "depends_on": [],
                    "primary": {
                        "id": "bsk-public-to-private-vm-allow",
                        "attributes": {
                            "allow.#": "2",
                            "allow.0.ports.#": "1",
                            "allow.0.ports.0": "22",
                            "allow.0.protocol": "tcp",
                            "allow.1.ports.#": "0",
                            "allow.1.protocol": "icmp",
                            "creation_timestamp": "2023-06-20T03:58:25.602-07:00",
                            "deny.#": "0",
                            "description": "",
                            "destination_ranges.#": "0",
                            "direction": "INGRESS",
                            "disabled": "false",
                            "id": "bsk-public-to-private-vm-allow",
                            "log_config.#": "0",
                            "name": "bsk-public-to-private-vm-allow",
                            "network": "https://www.googleapis.com/compute/v1/projects/ce-ps-3team/global/networks/bsk-vpc",
                            "priority": "1000",
                            "project": "ce-ps-3team",
                            "self_link": "https://www.googleapis.com/compute/v1/projects/ce-ps-3team/global/firewalls/bsk-public-to-private-vm-allow",
                            "source_ranges.#": "1",
                            "source_ranges.0": "10.200.0.0/24",
                            "source_service_accounts.#": "0",
                            "source_tags.#": "0",
                            "target_service_accounts.#": "0",
                            "target_tags.#": "1",
                            "target_tags.0": "private"
                        },
                        "meta": {
                            "schema_version": 1
                        },
                        "tainted": false
                    },
                    "deposed": [],
                    "provider": "provider.google"
                },
                "google_compute_firewall.tfer--bsk-vpc-allow-http": {
                    "type": "google_compute_firewall",
                    "depends_on": [],
                    "primary": {
                        "id": "bsk-vpc-allow-http",
                        "attributes": {
                            "allow.#": "1",
                            "allow.0.ports.#": "1",
                            "allow.0.ports.0": "80",
                            "allow.0.protocol": "tcp",
                            "creation_timestamp": "2023-06-20T03:38:51.602-07:00",
                            "deny.#": "0",
                            "description": "",
                            "destination_ranges.#": "0",
                            "direction": "INGRESS",
                            "disabled": "false",
                            "id": "bsk-vpc-allow-http",
                            "log_config.#": "0",
                            "name": "bsk-vpc-allow-http",
                            "network": "https://www.googleapis.com/compute/v1/projects/ce-ps-3team/global/networks/bsk-vpc",
                            "priority": "1000",
                            "project": "ce-ps-3team",
                            "self_link": "https://www.googleapis.com/compute/v1/projects/ce-ps-3team/global/firewalls/bsk-vpc-allow-http",
                            "source_ranges.#": "1",
                            "source_ranges.0": "0.0.0.0/0",
                            "source_service_accounts.#": "0",
                            "source_tags.#": "0",
                            "target_service_accounts.#": "0",
                            "target_tags.#": "1",
                            "target_tags.0": "http-server"
                        },
                        "meta": {
                            "schema_version": 1
                        },
                        "tainted": false
                    },
                    "deposed": [],
                    "provider": "provider.google"
                },
                "google_compute_firewall.tfer--bsk-vpc-allow-https": {
                    "type": "google_compute_firewall",
                    "depends_on": [],
                    "primary": {
                        "id": "bsk-vpc-allow-https",
                        "attributes": {
                            "allow.#": "1",
                            "allow.0.ports.#": "1",
                            "allow.0.ports.0": "443",
                            "allow.0.protocol": "tcp",
                            "creation_timestamp": "2023-06-20T03:38:51.564-07:00",
                            "deny.#": "0",
                            "description": "",
                            "destination_ranges.#": "0",
                            "direction": "INGRESS",
                            "disabled": "false",
                            "id": "bsk-vpc-allow-https",
                            "log_config.#": "0",
                            "name": "bsk-vpc-allow-https",
                            "network": "https://www.googleapis.com/compute/v1/projects/ce-ps-3team/global/networks/bsk-vpc",
                            "priority": "1000",
                            "project": "ce-ps-3team",
                            "self_link": "https://www.googleapis.com/compute/v1/projects/ce-ps-3team/global/firewalls/bsk-vpc-allow-https",
                            "source_ranges.#": "1",
                            "source_ranges.0": "0.0.0.0/0",
                            "source_service_accounts.#": "0",
                            "source_tags.#": "0",
                            "target_service_accounts.#": "0",
                            "target_tags.#": "1",
                            "target_tags.0": "https-server"
                        },
                        "meta": {
                            "schema_version": 1
                        },
                        "tainted": false
                    },
                    "deposed": [],
                    "provider": "provider.google"
                },
                "google_compute_firewall.tfer--centos-poc": {
                    "type": "google_compute_firewall",
                    "depends_on": [],
                    "primary": {
                        "id": "centos-poc",
                        "attributes": {
                            "allow.#": "1",
                            "allow.0.ports.#": "0",
                            "allow.0.protocol": "all",
                            "creation_timestamp": "2023-06-14T02:14:22.910-07:00",
                            "deny.#": "0",
                            "description": "",
                            "destination_ranges.#": "0",
                            "direction": "INGRESS",
                            "disabled": "false",
                            "id": "centos-poc",
                            "log_config.#": "0",
                            "name": "centos-poc",
                            "network": "https://www.googleapis.com/compute/v1/projects/ce-ps-3team/global/networks/raghu-test",
                            "priority": "1000",
                            "project": "ce-ps-3team",
                            "self_link": "https://www.googleapis.com/compute/v1/projects/ce-ps-3team/global/firewalls/centos-poc",
                            "source_ranges.#": "1",
                            "source_ranges.0": "0.0.0.0/0",
                            "source_service_accounts.#": "0",
                            "source_tags.#": "0",
                            "target_service_accounts.#": "0",
                            "target_tags.#": "0"
                        },
                        "meta": {
                            "schema_version": 1
                        },
                        "tainted": false
                    },
                    "deposed": [],
                    "provider": "provider.google"
                },
                "google_compute_firewall.tfer--demo-test": {
                    "type": "google_compute_firewall",
                    "depends_on": [],
                    "primary": {
                        "id": "demo-test",
                        "attributes": {
                            "allow.#": "1",
                            "allow.0.ports.#": "0",
                            "allow.0.protocol": "all",
                            "creation_timestamp": "2023-06-22T20:52:28.530-07:00",
                            "deny.#": "0",
                            "description": "",
                            "destination_ranges.#": "1",
                            "destination_ranges.0": "0.0.0.0/0",
                            "direction": "EGRESS",
                            "disabled": "false",
                            "id": "demo-test",
                            "log_config.#": "0",
                            "name": "demo-test",
                            "network": "https://www.googleapis.com/compute/v1/projects/ce-ps-3team/global/networks/test-arijita",
                            "priority": "1000",
                            "project": "ce-ps-3team",
                            "self_link": "https://www.googleapis.com/compute/v1/projects/ce-ps-3team/global/firewalls/demo-test",
                            "source_ranges.#": "0",
                            "source_service_accounts.#": "0",
                            "source_tags.#": "0",
                            "target_service_accounts.#": "0",
                            "target_tags.#": "0"
                        },
                        "meta": {
                            "schema_version": 1
                        },
                        "tainted": false
                    },
                    "deposed": [],
                    "provider": "provider.google"
                },
                "google_compute_firewall.tfer--drs-poc-rule": {
                    "type": "google_compute_firewall",
                    "depends_on": [],
                    "primary": {
                        "id": "drs-poc-rule",
                        "attributes": {
                            "allow.#": "1",
                            "allow.0.ports.#": "1",
                            "allow.0.ports.0": "1433",
                            "allow.0.protocol": "tcp",
                            "creation_timestamp": "2023-06-30T00:51:24.579-07:00",
                            "deny.#": "0",
                            "description": "Access to sql",
                            "destination_ranges.#": "0",
                            "direction": "INGRESS",
                            "disabled": "false",
                            "id": "drs-poc-rule",
                            "log_config.#": "0",
                            "name": "drs-poc-rule",
                            "network": "https://www.googleapis.com/compute/v1/projects/ce-ps-3team/global/networks/raghu-test",
                            "priority": "1000",
                            "project": "ce-ps-3team",
                            "self_link": "https://www.googleapis.com/compute/v1/projects/ce-ps-3team/global/firewalls/drs-poc-rule",
                            "source_ranges.#": "1",
                            "source_ranges.0": "0.0.0.0/0",
                            "source_service_accounts.#": "0",
                            "source_tags.#": "0",
                            "target_service_accounts.#": "0",
                            "target_tags.#": "0"
                        },
                        "meta": {
                            "schema_version": 1
                        },
                        "tainted": false
                    },
                    "deposed": [],
                    "provider": "provider.google"
                },
                "google_compute_firewall.tfer--tarun-test-allow-custom": {
                    "type": "google_compute_firewall",
                    "depends_on": [],
                    "primary": {
                        "id": "tarun-test-allow-custom",
                        "attributes": {
                            "allow.#": "1",
                            "allow.0.ports.#": "0",
                            "allow.0.protocol": "all",
                            "creation_timestamp": "2023-06-13T21:31:23.682-07:00",
                            "deny.#": "0",
                            "description": "Allows connection from any source to any instance on the network using custom protocols.",
                            "destination_ranges.#": "0",
                            "direction": "INGRESS",
                            "disabled": "false",
                            "id": "tarun-test-allow-custom",
                            "log_config.#": "0",
                            "name": "tarun-test-allow-custom",
                            "network": "https://www.googleapis.com/compute/v1/projects/ce-ps-3team/global/networks/tarun-test",
                            "priority": "65534",
                            "project": "ce-ps-3team",
                            "self_link": "https://www.googleapis.com/compute/v1/projects/ce-ps-3team/global/firewalls/tarun-test-allow-custom",
                            "source_ranges.#": "2",
                            "source_ranges.0": "10.1.1.0/24",
                            "source_ranges.1": "10.1.2.0/24",
                            "source_service_accounts.#": "0",
                            "source_tags.#": "0",
                            "target_service_accounts.#": "0",
                            "target_tags.#": "0"
                        },
                        "meta": {
                            "schema_version": 1
                        },
                        "tainted": false
                    },
                    "deposed": [],
                    "provider": "provider.google"
                },
                "google_compute_firewall.tfer--tarun-test-allow-icmp": {
                    "type": "google_compute_firewall",
                    "depends_on": [],
                    "primary": {
                        "id": "tarun-test-allow-icmp",
                        "attributes": {
                            "allow.#": "1",
                            "allow.0.ports.#": "0",
                            "allow.0.protocol": "icmp",
                            "creation_timestamp": "2023-06-13T21:31:24.404-07:00",
                            "deny.#": "0",
                            "description": "Allows ICMP connections from any source to any instance on the network.",
                            "destination_ranges.#": "0",
                            "direction": "INGRESS",
                            "disabled": "false",
                            "id": "tarun-test-allow-icmp",
                            "log_config.#": "0",
                            "name": "tarun-test-allow-icmp",
                            "network": "https://www.googleapis.com/compute/v1/projects/ce-ps-3team/global/networks/tarun-test",
                            "priority": "65534",
                            "project": "ce-ps-3team",
                            "self_link": "https://www.googleapis.com/compute/v1/projects/ce-ps-3team/global/firewalls/tarun-test-allow-icmp",
                            "source_ranges.#": "1",
                            "source_ranges.0": "0.0.0.0/0",
                            "source_service_accounts.#": "0",
                            "source_tags.#": "0",
                            "target_service_accounts.#": "0",
                            "target_tags.#": "0"
                        },
                        "meta": {
                            "schema_version": 1
                        },
                        "tainted": false
                    },
                    "deposed": [],
                    "provider": "provider.google"
                },
                "google_compute_firewall.tfer--test": {
                    "type": "google_compute_firewall",
                    "depends_on": [],
                    "primary": {
                        "id": "test",
                        "attributes": {
                            "allow.#": "1",
                            "allow.0.ports.#": "1",
                            "allow.0.ports.0": "179",
                            "allow.0.protocol": "tcp",
                            "creation_timestamp": "2023-06-22T20:52:27.653-07:00",
                            "deny.#": "0",
                            "description": "",
                            "destination_ranges.#": "0",
                            "direction": "INGRESS",
                            "disabled": "false",
                            "id": "test",
                            "log_config.#": "0",
                            "name": "test",
                            "network": "https://www.googleapis.com/compute/v1/projects/ce-ps-3team/global/networks/test-arijita",
                            "priority": "1000",
                            "project": "ce-ps-3team",
                            "self_link": "https://www.googleapis.com/compute/v1/projects/ce-ps-3team/global/firewalls/test",
                            "source_ranges.#": "1",
                            "source_ranges.0": "169.254.0.0/16",
                            "source_service_accounts.#": "0",
                            "source_tags.#": "0",
                            "target_service_accounts.#": "0",
                            "target_tags.#": "0"
                        },
                        "meta": {
                            "schema_version": 1
                        },
                        "tainted": false
                    },
                    "deposed": [],
                    "provider": "provider.google"
                },
                "google_compute_firewall.tfer--test-arijita": {
                    "type": "google_compute_firewall",
                    "depends_on": [],
                    "primary": {
                        "id": "test-arijita",
                        "attributes": {
                            "allow.#": "1",
                            "allow.0.ports.#": "0",
                            "allow.0.protocol": "all",
                            "creation_timestamp": "2023-06-22T20:52:26.932-07:00",
                            "deny.#": "0",
                            "description": "",
                            "destination_ranges.#": "0",
                            "direction": "INGRESS",
                            "disabled": "false",
                            "id": "test-arijita",
                            "log_config.#": "0",
                            "name": "test-arijita",
                            "network": "https://www.googleapis.com/compute/v1/projects/ce-ps-3team/global/networks/test-arijita",
                            "priority": "1000",
                            "project": "ce-ps-3team",
                            "self_link": "https://www.googleapis.com/compute/v1/projects/ce-ps-3team/global/firewalls/test-arijita",
                            "source_ranges.#": "1",
                            "source_ranges.0": "0.0.0.0/0",
                            "source_service_accounts.#": "0",
                            "source_tags.#": "0",
                            "target_service_accounts.#": "0",
                            "target_tags.#": "0"
                        },
                        "meta": {
                            "schema_version": 1
                        },
                        "tainted": false
                    },
                    "deposed": [],
                    "provider": "provider.google"
                },
                "google_compute_firewall.tfer--test-arijita-allow-custom": {
                    "type": "google_compute_firewall",
                    "depends_on": [],
                    "primary": {
                        "id": "test-arijita-allow-custom",
                        "attributes": {
                            "allow.#": "1",
                            "allow.0.ports.#": "0",
                            "allow.0.protocol": "all",
                            "creation_timestamp": "2023-06-22T20:52:26.112-07:00",
                            "deny.#": "0",
                            "description": "Allows connection from any source to any instance on the network using custom protocols.",
                            "destination_ranges.#": "0",
                            "direction": "INGRESS",
                            "disabled": "false",
                            "id": "test-arijita-allow-custom",
                            "log_config.#": "0",
                            "name": "test-arijita-allow-custom",
                            "network": "https://www.googleapis.com/compute/v1/projects/ce-ps-3team/global/networks/test-arijita",
                            "priority": "65534",
                            "project": "ce-ps-3team",
                            "self_link": "https://www.googleapis.com/compute/v1/projects/ce-ps-3team/global/firewalls/test-arijita-allow-custom",
                            "source_ranges.#": "1",
                            "source_ranges.0": "10.128.0.0/9",
                            "source_service_accounts.#": "0",
                            "source_tags.#": "0",
                            "target_service_accounts.#": "0",
                            "target_tags.#": "0"
                        },
                        "meta": {
                            "schema_version": 1
                        },
                        "tainted": false
                    },
                    "deposed": [],
                    "provider": "provider.google"
                },
                "google_compute_firewall.tfer--test-arijita-allow-icmp": {
                    "type": "google_compute_firewall",
                    "depends_on": [],
                    "primary": {
                        "id": "test-arijita-allow-icmp",
                        "attributes": {
                            "allow.#": "1",
                            "allow.0.ports.#": "0",
                            "allow.0.protocol": "icmp",
                            "creation_timestamp": "2023-06-22T20:52:25.270-07:00",
                            "deny.#": "0",
                            "description": "Allows ICMP connections from any source to any instance on the network.",
                            "destination_ranges.#": "0",
                            "direction": "INGRESS",
                            "disabled": "false",
                            "id": "test-arijita-allow-icmp",
                            "log_config.#": "0",
                            "name": "test-arijita-allow-icmp",
                            "network": "https://www.googleapis.com/compute/v1/projects/ce-ps-3team/global/networks/test-arijita",
                            "priority": "65534",
                            "project": "ce-ps-3team",
                            "self_link": "https://www.googleapis.com/compute/v1/projects/ce-ps-3team/global/firewalls/test-arijita-allow-icmp",
                            "source_ranges.#": "1",
                            "source_ranges.0": "0.0.0.0/0",
                            "source_service_accounts.#": "0",
                            "source_tags.#": "0",
                            "target_service_accounts.#": "0",
                            "target_tags.#": "0"
                        },
                        "meta": {
                            "schema_version": 1
                        },
                        "tainted": false
                    },
                    "deposed": [],
                    "provider": "provider.google"
                },
                "google_compute_firewall.tfer--test-arijita-allow-rdp": {
                    "type": "google_compute_firewall",
                    "depends_on": [],
                    "primary": {
                        "id": "test-arijita-allow-rdp",
                        "attributes": {
                            "allow.#": "1",
                            "allow.0.ports.#": "1",
                            "allow.0.ports.0": "3389",
                            "allow.0.protocol": "tcp",
                            "creation_timestamp": "2023-06-22T20:52:24.556-07:00",
                            "deny.#": "0",
                            "description": "Allows RDP connections from any source to any instance on the network using port 3389.",
                            "destination_ranges.#": "0",
                            "direction": "INGRESS",
                            "disabled": "false",
                            "id": "test-arijita-allow-rdp",
                            "log_config.#": "0",
                            "name": "test-arijita-allow-rdp",
                            "network": "https://www.googleapis.com/compute/v1/projects/ce-ps-3team/global/networks/test-arijita",
                            "priority": "65534",
                            "project": "ce-ps-3team",
                            "self_link": "https://www.googleapis.com/compute/v1/projects/ce-ps-3team/global/firewalls/test-arijita-allow-rdp",
                            "source_ranges.#": "1",
                            "source_ranges.0": "0.0.0.0/0",
                            "source_service_accounts.#": "0",
                            "source_tags.#": "0",
                            "target_service_accounts.#": "0",
                            "target_tags.#": "0"
                        },
                        "meta": {
                            "schema_version": 1
                        },
                        "tainted": false
                    },
                    "deposed": [],
                    "provider": "provider.google"
                },
                "google_compute_firewall.tfer--test-arijita-allow-ssh": {
                    "type": "google_compute_firewall",
                    "depends_on": [],
                    "primary": {
                        "id": "test-arijita-allow-ssh",
                        "attributes": {
                            "allow.#": "1",
                            "allow.0.ports.#": "1",
                            "allow.0.ports.0": "22",
                            "allow.0.protocol": "tcp",
                            "creation_timestamp": "2023-06-22T20:52:24.303-07:00",
                            "deny.#": "0",
                            "description": "Allows TCP connections from any source to any instance on the network using port 22.",
                            "destination_ranges.#": "0",
                            "direction": "INGRESS",
                            "disabled": "false",
                            "id": "test-arijita-allow-ssh",
                            "log_config.#": "0",
                            "name": "test-arijita-allow-ssh",
                            "network": "https://www.googleapis.com/compute/v1/projects/ce-ps-3team/global/networks/test-arijita",
                            "priority": "65534",
                            "project": "ce-ps-3team",
                            "self_link": "https://www.googleapis.com/compute/v1/projects/ce-ps-3team/global/firewalls/test-arijita-allow-ssh",
                            "source_ranges.#": "1",
                            "source_ranges.0": "0.0.0.0/0",
                            "source_service_accounts.#": "0",
                            "source_tags.#": "0",
                            "target_service_accounts.#": "0",
                            "target_tags.#": "0"
                        },
                        "meta": {
                            "schema_version": 1
                        },
                        "tainted": false
                    },
                    "deposed": [],
                    "provider": "provider.google"
                },
                "google_compute_firewall.tfer--test-gangadhars-block": {
                    "type": "google_compute_firewall",
                    "depends_on": [],
                    "primary": {
                        "id": "test-gangadhars-block",
                        "attributes": {
                            "allow.#": "0",
                            "creation_timestamp": "2023-05-12T06:33:20.999-07:00",
                            "deny.#": "1",
                            "deny.0.ports.#": "0",
                            "deny.0.protocol": "all",
                            "description": "",
                            "destination_ranges.#": "1",
                            "destination_ranges.0": "10.0.30.0/24",
                            "direction": "EGRESS",
                            "disabled": "false",
                            "id": "test-gangadhars-block",
                            "log_config.#": "0",
                            "name": "test-gangadhars-block",
                            "network": "https://www.googleapis.com/compute/v1/projects/ce-ps-3team/global/networks/gangadhars-network",
                            "priority": "100",
                            "project": "ce-ps-3team",
                            "self_link": "https://www.googleapis.com/compute/v1/projects/ce-ps-3team/global/firewalls/test-gangadhars-block",
                            "source_ranges.#": "1",
                            "source_ranges.0": "10.0.10.0/24",
                            "source_service_accounts.#": "0",
                            "source_tags.#": "0",
                            "target_service_accounts.#": "0",
                            "target_tags.#": "0"
                        },
                        "meta": {
                            "schema_version": 1
                        },
                        "tainted": false
                    },
                    "deposed": [],
                    "provider": "provider.google"
                },
                "google_compute_firewall.tfer--test-rule": {
                    "type": "google_compute_firewall",
                    "depends_on": [],
                    "primary": {
                        "id": "test-rule",
                        "attributes": {
                            "allow.#": "1",
                            "allow.0.ports.#": "0",
                            "allow.0.protocol": "all",
                            "creation_timestamp": "2023-05-12T06:23:44.556-07:00",
                            "deny.#": "0",
                            "description": "",
                            "destination_ranges.#": "0",
                            "direction": "INGRESS",
                            "disabled": "false",
                            "id": "test-rule",
                            "log_config.#": "0",
                            "name": "test-rule",
                            "network": "https://www.googleapis.com/compute/v1/projects/ce-ps-3team/global/networks/gangadhars-network",
                            "priority": "1000",
                            "project": "ce-ps-3team",
                            "self_link": "https://www.googleapis.com/compute/v1/projects/ce-ps-3team/global/firewalls/test-rule",
                            "source_ranges.#": "1",
                            "source_ranges.0": "10.0.20.0/24",
                            "source_service_accounts.#": "0",
                            "source_tags.#": "0",
                            "target_service_accounts.#": "1",
                            "target_service_accounts.0": "p19361973525-9a2ral@gcp-sa-cloud-sql.iam.gserviceaccount.com",
                            "target_tags.#": "0"
                        },
                        "meta": {
                            "schema_version": 1
                        },
                        "tainted": false
                    },
                    "deposed": [],
                    "provider": "provider.google"
                }
            },
            "depends_on": []
        },
        {
            "path": [
                "root"
            ],
            "outputs": {
                "google_compute_external_vpn_gateway_tfer--aws-drs-demo_self_link": {
                    "sensitive": false,
                    "type": "string",
                    "value": "https://www.googleapis.com/compute/v1/projects/ce-ps-3team/global/externalVpnGateways/aws-drs-demo"
                }
            },
            "resources": {
                "google_compute_external_vpn_gateway.tfer--aws-drs-demo": {
                    "type": "google_compute_external_vpn_gateway",
                    "depends_on": [],
                    "primary": {
                        "id": "aws-drs-demo",
                        "attributes": {
                            "description": "",
                            "id": "aws-drs-demo",
                            "interface.#": "2",
                            "interface.0.id": "0",
                            "interface.0.ip_address": "3.0.238.208",
                            "interface.1.id": "1",
                            "interface.1.ip_address": "18.139.37.117",
                            "name": "aws-drs-demo",
                            "project": "ce-ps-3team",
                            "redundancy_type": "TWO_IPS_REDUNDANCY",
                            "self_link": "https://www.googleapis.com/compute/v1/projects/ce-ps-3team/global/externalVpnGateways/aws-drs-demo"
                        },
                        "meta": {
                            "schema_version": 0
                        },
                        "tainted": false
                    },
                    "deposed": [],
                    "provider": "provider.google"
                }
            },
            "depends_on": []
        },
        {
            "path": [
                "root"
            ],
            "outputs": {
                "google_compute_health_check_tfer--edge01-tcp-proxy-health-check_self_link": {
                    "sensitive": false,
                    "type": "string",
                    "value": "https://www.googleapis.com/compute/v1/projects/ce-ps-3team/global/healthChecks/edge01-tcp-proxy-health-check"
                }
            },
            "resources": {
                "google_compute_health_check.tfer--edge01-tcp-proxy-health-check": {
                    "type": "google_compute_health_check",
                    "depends_on": [],
                    "primary": {
                        "id": "edge01-tcp-proxy-health-check",
                        "attributes": {
                            "check_interval_sec": "1",
                            "creation_timestamp": "2023-05-23T03:47:05.604-07:00",
                            "description": "",
                            "grpc_health_check.#": "0",
                            "healthy_threshold": "2",
                            "http2_health_check.#": "0",
                            "http_health_check.#": "0",
                            "https_health_check.#": "0",
                            "id": "edge01-tcp-proxy-health-check",
                            "log_config.#": "1",
                            "log_config.0.enable": "false",
                            "name": "edge01-tcp-proxy-health-check",
                            "project": "ce-ps-3team",
                            "self_link": "https://www.googleapis.com/compute/v1/projects/ce-ps-3team/global/healthChecks/edge01-tcp-proxy-health-check",
                            "ssl_health_check.#": "0",
                            "tcp_health_check.#": "1",
                            "tcp_health_check.0.port": "80",
                            "tcp_health_check.0.port_name": "",
                            "tcp_health_check.0.port_specification": "",
                            "tcp_health_check.0.proxy_header": "NONE",
                            "tcp_health_check.0.request": "",
                            "tcp_health_check.0.response": "",
                            "timeout_sec": "1",
                            "type": "TCP",
                            "unhealthy_threshold": "2"
                        },
                        "meta": {
                            "schema_version": 0
                        },
                        "tainted": false
                    },
                    "deposed": [],
                    "provider": "provider.google"
                }
            },
            "depends_on": []
        },
        {
            "path": [
                "root"
            ],
            "outputs": {},
            "resources": {},
            "depends_on": []
        },
        {
            "path": [
                "root"
            ],
            "outputs": {},
            "resources": {},
            "depends_on": []
        },
        {
            "path": [
                "root"
            ],
            "outputs": {},
            "resources": {},
            "depends_on": []
        },
        {
            "path": [
                "root"
            ],
            "outputs": {},
            "resources": {},
            "depends_on": []
        },
        {
            "path": [
                "root"
            ],
            "outputs": {},
            "resources": {},
            "depends_on": []
        },
        {
            "path": [
                "root"
            ],
            "outputs": {
                "google_compute_network_tfer--bsk-vpc_self_link": {
                    "sensitive": false,
                    "type": "string",
                    "value": "https://www.googleapis.com/compute/v1/projects/ce-ps-3team/global/networks/bsk-vpc"
                },
                "google_compute_network_tfer--edge01-devent_self_link": {
                    "sensitive": false,
                    "type": "string",
                    "value": "https://www.googleapis.com/compute/v1/projects/ce-ps-3team/global/networks/edge01-devent"
                },
                "google_compute_network_tfer--gangadhars-network_self_link": {
                    "sensitive": false,
                    "type": "string",
                    "value": "https://www.googleapis.com/compute/v1/projects/ce-ps-3team/global/networks/gangadhars-network"
                },
                "google_compute_network_tfer--polygon-gcp-test_self_link": {
                    "sensitive": false,
                    "type": "string",
                    "value": "https://www.googleapis.com/compute/v1/projects/ce-ps-3team/global/networks/polygon-gcp-test"
                },
                "google_compute_network_tfer--raghu-test_self_link": {
                    "sensitive": false,
                    "type": "string",
                    "value": "https://www.googleapis.com/compute/v1/projects/ce-ps-3team/global/networks/raghu-test"
                },
                "google_compute_network_tfer--tarun-test_self_link": {
                    "sensitive": false,
                    "type": "string",
                    "value": "https://www.googleapis.com/compute/v1/projects/ce-ps-3team/global/networks/tarun-test"
                },
                "google_compute_network_tfer--test-arijita_self_link": {
                    "sensitive": false,
                    "type": "string",
                    "value": "https://www.googleapis.com/compute/v1/projects/ce-ps-3team/global/networks/test-arijita"
                }
            },
            "resources": {
                "google_compute_network.tfer--bsk-vpc": {
                    "type": "google_compute_network",
                    "depends_on": [],
                    "primary": {
                        "id": "bsk-vpc",
                        "attributes": {
                            "auto_create_subnetworks": "false",
                            "delete_default_routes_on_create": "false",
                            "description": "",
                            "gateway_ipv4": "",
                            "id": "bsk-vpc",
                            "mtu": "1460",
                            "name": "bsk-vpc",
                            "project": "ce-ps-3team",
                            "routing_mode": "GLOBAL",
                            "self_link": "https://www.googleapis.com/compute/v1/projects/ce-ps-3team/global/networks/bsk-vpc"
                        },
                        "meta": {
                            "schema_version": 0
                        },
                        "tainted": false
                    },
                    "deposed": [],
                    "provider": "provider.google"
                },
                "google_compute_network.tfer--edge01-devent": {
                    "type": "google_compute_network",
                    "depends_on": [],
                    "primary": {
                        "id": "edge01-devent",
                        "attributes": {
                            "auto_create_subnetworks": "false",
                            "delete_default_routes_on_create": "false",
                            "description": "",
                            "gateway_ipv4": "",
                            "id": "edge01-devent",
                            "mtu": "1460",
                            "name": "edge01-devent",
                            "project": "ce-ps-3team",
                            "routing_mode": "REGIONAL",
                            "self_link": "https://www.googleapis.com/compute/v1/projects/ce-ps-3team/global/networks/edge01-devent"
                        },
                        "meta": {
                            "schema_version": 0
                        },
                        "tainted": false
                    },
                    "deposed": [],
                    "provider": "provider.google"
                },
                "google_compute_network.tfer--gangadhars-network": {
                    "type": "google_compute_network",
                    "depends_on": [],
                    "primary": {
                        "id": "gangadhars-network",
                        "attributes": {
                            "auto_create_subnetworks": "false",
                            "delete_default_routes_on_create": "false",
                            "description": "this is a test network",
                            "gateway_ipv4": "",
                            "id": "gangadhars-network",
                            "mtu": "1460",
                            "name": "gangadhars-network",
                            "project": "ce-ps-3team",
                            "routing_mode": "REGIONAL",
                            "self_link": "https://www.googleapis.com/compute/v1/projects/ce-ps-3team/global/networks/gangadhars-network"
                        },
                        "meta": {
                            "schema_version": 0
                        },
                        "tainted": false
                    },
                    "deposed": [],
                    "provider": "provider.google"
                },
                "google_compute_network.tfer--polygon-gcp-test": {
                    "type": "google_compute_network",
                    "depends_on": [],
                    "primary": {
                        "id": "polygon-gcp-test",
                        "attributes": {
                            "auto_create_subnetworks": "false",
                            "delete_default_routes_on_create": "false",
                            "description": "",
                            "gateway_ipv4": "",
                            "id": "polygon-gcp-test",
                            "mtu": "1460",
                            "name": "polygon-gcp-test",
                            "project": "ce-ps-3team",
                            "routing_mode": "GLOBAL",
                            "self_link": "https://www.googleapis.com/compute/v1/projects/ce-ps-3team/global/networks/polygon-gcp-test"
                        },
                        "meta": {
                            "schema_version": 0
                        },
                        "tainted": false
                    },
                    "deposed": [],
                    "provider": "provider.google"
                },
                "google_compute_network.tfer--raghu-test": {
                    "type": "google_compute_network",
                    "depends_on": [],
                    "primary": {
                        "id": "raghu-test",
                        "attributes": {
                            "auto_create_subnetworks": "false",
                            "delete_default_routes_on_create": "false",
                            "description": "",
                            "gateway_ipv4": "",
                            "id": "raghu-test",
                            "mtu": "1460",
                            "name": "raghu-test",
                            "project": "ce-ps-3team",
                            "routing_mode": "REGIONAL",
                            "self_link": "https://www.googleapis.com/compute/v1/projects/ce-ps-3team/global/networks/raghu-test"
                        },
                        "meta": {
                            "schema_version": 0
                        },
                        "tainted": false
                    },
                    "deposed": [],
                    "provider": "provider.google"
                },
                "google_compute_network.tfer--tarun-test": {
                    "type": "google_compute_network",
                    "depends_on": [],
                    "primary": {
                        "id": "tarun-test",
                        "attributes": {
                            "auto_create_subnetworks": "false",
                            "delete_default_routes_on_create": "false",
                            "description": "",
                            "gateway_ipv4": "",
                            "id": "tarun-test",
                            "mtu": "1460",
                            "name": "tarun-test",
                            "project": "ce-ps-3team",
                            "routing_mode": "REGIONAL",
                            "self_link": "https://www.googleapis.com/compute/v1/projects/ce-ps-3team/global/networks/tarun-test"
                        },
                        "meta": {
                            "schema_version": 0
                        },
                        "tainted": false
                    },
                    "deposed": [],
                    "provider": "provider.google"
                },
                "google_compute_network.tfer--test-arijita": {
                    "type": "google_compute_network",
                    "depends_on": [],
                    "primary": {
                        "id": "test-arijita",
                        "attributes": {
                            "auto_create_subnetworks": "true",
                            "delete_default_routes_on_create": "false",
                            "description": "VPC for router",
                            "gateway_ipv4": "",
                            "id": "test-arijita",
                            "mtu": "1460",
                            "name": "test-arijita",
                            "project": "ce-ps-3team",
                            "routing_mode": "GLOBAL",
                            "self_link": "https://www.googleapis.com/compute/v1/projects/ce-ps-3team/global/networks/test-arijita"
                        },
                        "meta": {
                            "schema_version": 0
                        },
                        "tainted": false
                    },
                    "deposed": [],
                    "provider": "provider.google"
                }
            },
            "depends_on": []
        },
        {
            "path": [
                "root"
            ],
            "outputs": {},
            "resources": {},
            "depends_on": []
        },
        {
            "path": [
                "root"
            ],
            "outputs": {
                "google_cloudfunctions_function_tfer--us-central1_function-1-test_id": {
                    "sensitive": false,
                    "type": "string",
                    "value": "ce-ps-3team/us-central1/function-1-test"
                },
                "google_cloudfunctions_function_tfer--us-central1_hello-world-cloud-function_id": {
                    "sensitive": false,
                    "type": "string",
                    "value": "ce-ps-3team/us-central1/hello-world-cloud-function"
                }
            },
            "resources": {
                "google_cloudfunctions_function.tfer--us-central1_function-1-test": {
                    "type": "google_cloudfunctions_function",
                    "depends_on": [],
                    "primary": {
                        "id": "ce-ps-3team/us-central1/function-1-test",
                        "attributes": {
                            "available_memory_mb": "256",
                            "description": "",
                            "entry_point": "process_request",
                            "environment_variables.%": "0",
                            "event_trigger.#": "0",
                            "https_trigger_url": "https://us-central1-ce-ps-3team.cloudfunctions.net/function-1-test",
                            "id": "ce-ps-3team/us-central1/function-1-test",
                            "ingress_settings": "ALLOW_ALL",
                            "labels.%": "1",
                            "labels.deployment-tool": "console-cloud",
                            "max_instances": "3000",
                            "name": "function-1-test",
                            "project": "ce-ps-3team",
                            "region": "us-central1",
                            "runtime": "python311",
                            "service_account_email": "19361973525-compute@developer.gserviceaccount.com",
                            "source_repository.#": "0",
                            "timeout": "60",
                            "trigger_http": "true",
                            "vpc_connector": "",
                            "vpc_connector_egress_settings": ""
                        },
                        "meta": {
                            "schema_version": 0
                        },
                        "tainted": false
                    },
                    "deposed": [],
                    "provider": "provider.google"
                },
                "google_cloudfunctions_function.tfer--us-central1_hello-world-cloud-function": {
                    "type": "google_cloudfunctions_function",
                    "depends_on": [],
                    "primary": {
                        "id": "ce-ps-3team/us-central1/hello-world-cloud-function",
                        "attributes": {
                            "available_memory_mb": "256",
                            "description": "",
                            "entry_point": "process_request",
                            "environment_variables.%": "0",
                            "event_trigger.#": "0",
                            "https_trigger_url": "https://us-central1-ce-ps-3team.cloudfunctions.net/hello-world-cloud-function",
                            "id": "ce-ps-3team/us-central1/hello-world-cloud-function",
                            "ingress_settings": "ALLOW_ALL",
                            "labels.%": "1",
                            "labels.deployment-tool": "console-cloud",
                            "max_instances": "3000",
                            "name": "hello-world-cloud-function",
                            "project": "ce-ps-3team",
                            "region": "us-central1",
                            "runtime": "python37",
                            "service_account_email": "ce-ps-3team@appspot.gserviceaccount.com",
                            "source_repository.#": "0",
                            "timeout": "60",
                            "trigger_http": "true",
                            "vpc_connector": "",
                            "vpc_connector_egress_settings": ""
                        },
                        "meta": {
                            "schema_version": 0
                        },
                        "tainted": false
                    },
                    "deposed": [],
                    "provider": "provider.google"
                }
            },
            "depends_on": []
        },
        {
            "path": [
                "root"
            ],
            "outputs": {},
            "resources": {},
            "depends_on": []
        },
        {
            "path": [
                "root"
            ],
            "outputs": {
                "google_project_iam_custom_role_tfer--projects-002F-ce-ps-3team-002F-roles-002F-assets_bulk_export_id": {
                    "sensitive": false,
                    "type": "string",
                    "value": "projects/ce-ps-3team/roles/assets_bulk_export"
                },
                "google_project_iam_custom_role_tfer--projects-002F-ce-ps-3team-002F-roles-002F-custom-002E-nansen_id": {
                    "sensitive": false,
                    "type": "string",
                    "value": "projects/ce-ps-3team/roles/custom.nansen"
                },
                "google_project_iam_custom_role_tfer--projects-002F-ce-ps-3team-002F-roles-002F-gangadhars_id": {
                    "sensitive": false,
                    "type": "string",
                    "value": "projects/ce-ps-3team/roles/gangadhars"
                },
                "google_project_iam_custom_role_tfer--projects-002F-ce-ps-3team-002F-roles-002F-gketoeksmigrationpoc_id": {
                    "sensitive": false,
                    "type": "string",
                    "value": "projects/ce-ps-3team/roles/gketoeksmigrationpoc"
                },
                "google_project_iam_member_tfer--projects-002F-ce-ps-3team-002F-roles-002F-assets_bulk_exportuser-003A-Santhosh-002E-kumar-0040-searce-002E-com_id": {
                    "sensitive": false,
                    "type": "string",
                    "value": "projects/ce-ps-3team/roles/assets_bulk_exportuser:Santhosh.kumar@searce.com"
                },
                "google_project_iam_member_tfer--projects-002F-ce-ps-3team-002F-roles-002F-assets_bulk_exportuser-003A-binayak-002E-kumar-0040-searce-002E-com_id": {
                    "sensitive": false,
                    "type": "string",
                    "value": "projects/ce-ps-3team/roles/assets_bulk_exportuser:binayak.kumar@searce.com"
                },
                "google_project_iam_member_tfer--projects-002F-ce-ps-3team-002F-roles-002F-assets_bulk_exportuser-003A-harshal-002E-sanap-0040-searce-002E-com_id": {
                    "sensitive": false,
                    "type": "string",
                    "value": "projects/ce-ps-3team/roles/assets_bulk_exportuser:harshal.sanap@searce.com"
                },
                "google_project_iam_member_tfer--projects-002F-ce-ps-3team-002F-roles-002F-assets_bulk_exportuser-003A-pallapolu-002E-sindhu-0040-searce-002E-com_id": {
                    "sensitive": false,
                    "type": "string",
                    "value": "projects/ce-ps-3team/roles/assets_bulk_exportuser:pallapolu.sindhu@searce.com"
                },
                "google_project_iam_member_tfer--projects-002F-ce-ps-3team-002F-roles-002F-assets_bulk_exportuser-003A-raghu-002E-manne-0040-searce-002E-com_id": {
                    "sensitive": false,
                    "type": "string",
                    "value": "projects/ce-ps-3team/roles/assets_bulk_exportuser:raghu.manne@searce.com"
                },
                "google_project_iam_member_tfer--projects-002F-ce-ps-3team-002F-roles-002F-assets_bulk_exportuser-003A-sai-002E-k-0040-searce-002E-com_id": {
                    "sensitive": false,
                    "type": "string",
                    "value": "projects/ce-ps-3team/roles/assets_bulk_exportuser:sai.k@searce.com"
                },
                "google_project_iam_member_tfer--projects-002F-ce-ps-3team-002F-roles-002F-assets_bulk_exportuser-003A-saurav-002E-singh-0040-searce-002E-com_id": {
                    "sensitive": false,
                    "type": "string",
                    "value": "projects/ce-ps-3team/roles/assets_bulk_exportuser:saurav.singh@searce.com"
                },
                "google_project_iam_member_tfer--projects-002F-ce-ps-3team-002F-roles-002F-assets_bulk_exportuser-003A-shivaling-002E-patil-0040-searce-002E-com_id": {
                    "sensitive": false,
                    "type": "string",
                    "value": "projects/ce-ps-3team/roles/assets_bulk_exportuser:shivaling.patil@searce.com"
                },
                "google_project_iam_member_tfer--projects-002F-ce-ps-3team-002F-roles-002F-gangadharsserviceAccount-003A-gangadhars-test-sa-0040-ce-ps-3team-002E-iam-002E-gserviceaccount-002E-com_id": {
                    "sensitive": false,
                    "type": "string",
                    "value": "projects/ce-ps-3team/roles/gangadharsserviceAccount:gangadhars-test-sa@ce-ps-3team.iam.gserviceaccount.com"
                },
                "google_project_iam_member_tfer--projects-002F-ce-ps-3team-002F-roles-002F-gketoeksmigrationpocserviceAccount-003A-19361973525-0040-cloudservices-002E-gserviceaccount-002E-com_id": {
                    "sensitive": false,
                    "type": "string",
                    "value": "projects/ce-ps-3team/roles/gketoeksmigrationpocserviceAccount:19361973525@cloudservices.gserviceaccount.com"
                },
                "google_project_iam_member_tfer--roles-002F-aiplatform-002E-customCodeServiceAgentserviceAccount-003A-service-19361973525-0040-gcp-sa-aiplatform-cc-002E-iam-002E-gserviceaccount-002E-com_id": {
                    "sensitive": false,
                    "type": "string",
                    "value": "roles/aiplatform.customCodeServiceAgentserviceAccount:service-19361973525@gcp-sa-aiplatform-cc.iam.gserviceaccount.com"
                },
                "google_project_iam_member_tfer--roles-002F-aiplatform-002E-serviceAgentserviceAccount-003A-service-19361973525-0040-gcp-sa-aiplatform-002E-iam-002E-gserviceaccount-002E-com_id": {
                    "sensitive": false,
                    "type": "string",
                    "value": "roles/aiplatform.serviceAgentserviceAccount:service-19361973525@gcp-sa-aiplatform.iam.gserviceaccount.com"
                },
                "google_project_iam_member_tfer--roles-002F-alloydb-002E-serviceAgentserviceAccount-003A-service-19361973525-0040-gcp-sa-alloydb-002E-iam-002E-gserviceaccount-002E-com_id": {
                    "sensitive": false,
                    "type": "string",
                    "value": "roles/alloydb.serviceAgentserviceAccount:service-19361973525@gcp-sa-alloydb.iam.gserviceaccount.com"
                },
                "google_project_iam_member_tfer--roles-002F-anthosconfigmanagement-002E-serviceAgentserviceAccount-003A-service-19361973525-0040-gcp-sa-anthosconfigmanagement-002E-iam-002E-gserviceaccount-002E-com_id": {
                    "sensitive": false,
                    "type": "string",
                    "value": "roles/anthosconfigmanagement.serviceAgentserviceAccount:service-19361973525@gcp-sa-anthosconfigmanagement.iam.gserviceaccount.com"
                },
                "google_project_iam_member_tfer--roles-002F-anthosservicemesh-002E-serviceAgentserviceAccount-003A-service-19361973525-0040-gcp-sa-servicemesh-002E-iam-002E-gserviceaccount-002E-com_id": {
                    "sensitive": false,
                    "type": "string",
                    "value": "roles/anthosservicemesh.serviceAgentserviceAccount:service-19361973525@gcp-sa-servicemesh.iam.gserviceaccount.com"
                },
                "google_project_iam_member_tfer--roles-002F-apigateway-002E-serviceAgentserviceAccount-003A-service-19361973525-0040-gcp-sa-apigateway-002E-iam-002E-gserviceaccount-002E-com_id": {
                    "sensitive": false,
                    "type": "string",
                    "value": "roles/apigateway.serviceAgentserviceAccount:service-19361973525@gcp-sa-apigateway.iam.gserviceaccount.com"
                },
                "google_project_iam_member_tfer--roles-002F-apigateway_management-002E-serviceAgentserviceAccount-003A-service-19361973525-0040-gcp-sa-apigateway-mgmt-002E-iam-002E-gserviceaccount-002E-com_id": {
                    "sensitive": false,
                    "type": "string",
                    "value": "roles/apigateway_management.serviceAgentserviceAccount:service-19361973525@gcp-sa-apigateway-mgmt.iam.gserviceaccount.com"
                },
                "google_project_iam_member_tfer--roles-002F-appdevelopmentexperience-002E-serviceAgentserviceAccount-003A-service-19361973525-0040-gcp-sa-appdevexperience-002E-iam-002E-gserviceaccount-002E-com_id": {
                    "sensitive": false,
                    "type": "string",
                    "value": "roles/appdevelopmentexperience.serviceAgentserviceAccount:service-19361973525@gcp-sa-appdevexperience.iam.gserviceaccount.com"
                },
                "google_project_iam_member_tfer--roles-002F-appengine-002E-serviceAgentserviceAccount-003A-service-19361973525-0040-gcp-gae-service-002E-iam-002E-gserviceaccount-002E-com_id": {
                    "sensitive": false,
                    "type": "string",
                    "value": "roles/appengine.serviceAgentserviceAccount:service-19361973525@gcp-gae-service.iam.gserviceaccount.com"
                },
                "google_project_iam_member_tfer--roles-002F-appengineflex-002E-serviceAgentserviceAccount-003A-service-19361973525-0040-gae-api-prod-002E-google-002E-com-002E-iam-002E-gserviceaccount-002E-com_id": {
                    "sensitive": false,
                    "type": "string",
                    "value": "roles/appengineflex.serviceAgentserviceAccount:service-19361973525@gae-api-prod.google.com.iam.gserviceaccount.com"
                },
                "google_project_iam_member_tfer--roles-002F-artifactregistry-002E-adminuser-003A-subbaraju-002E-penmetsa-0040-searce-002E-com_id": {
                    "sensitive": false,
                    "type": "string",
                    "value": "roles/artifactregistry.adminuser:subbaraju.penmetsa@searce.com"
                },
                "google_project_iam_member_tfer--roles-002F-artifactregistry-002E-adminuser-003A-tarun-002E-kumar-0040-searce-002E-com_id": {
                    "sensitive": false,
                    "type": "string",
                    "value": "roles/artifactregistry.adminuser:tarun.kumar@searce.com"
                },
                "google_project_iam_member_tfer--roles-002F-artifactregistry-002E-createOnPushWriterdeleted-003A-serviceAccount-003A-gitlab-pod-poc-0040-ce-ps-3team-002E-iam-002E-gserviceaccount-002E-com-003F-uid-003D-112055378845491413900_id": {
                    "sensitive": false,
                    "type": "string",
                    "value": "roles/artifactregistry.createOnPushWriterdeleted:serviceAccount:gitlab-pod-poc@ce-ps-3team.iam.gserviceaccount.com?uid=112055378845491413900"
                },
                "google_project_iam_member_tfer--roles-002F-artifactregistry-002E-serviceAgentserviceAccount-003A-service-19361973525-0040-gcp-sa-artifactregistry-002E-iam-002E-gserviceaccount-002E-com_id": {
                    "sensitive": false,
                    "type": "string",
                    "value": "roles/artifactregistry.serviceAgentserviceAccount:service-19361973525@gcp-sa-artifactregistry.iam.gserviceaccount.com"
                },
                "google_project_iam_member_tfer--roles-002F-artifactregistry-002E-writerdeleted-003A-serviceAccount-003A-gitlab-pod-k8s-bastion-sa-0040-ce-ps-3team-002E-iam-002E-gserviceaccount-002E-com-003F-uid-003D-109033674150540410997_id": {
                    "sensitive": false,
                    "type": "string",
                    "value": "roles/artifactregistry.writerdeleted:serviceAccount:gitlab-pod-k8s-bastion-sa@ce-ps-3team.iam.gserviceaccount.com?uid=109033674150540410997"
                },
                "google_project_iam_member_tfer--roles-002F-artifactregistry-002E-writerdeleted-003A-serviceAccount-003A-gitlab-pod-k8s-gke-no-sa-0040-ce-ps-3team-002E-iam-002E-gserviceaccount-002E-com-003F-uid-003D-104221268351939986761_id": {
                    "sensitive": false,
                    "type": "string",
                    "value": "roles/artifactregistry.writerdeleted:serviceAccount:gitlab-pod-k8s-gke-no-sa@ce-ps-3team.iam.gserviceaccount.com?uid=104221268351939986761"
                },
                "google_project_iam_member_tfer--roles-002F-baremetalsolution-002E-serviceAgentserviceAccount-003A-service-19361973525-0040-gcp-sa-bms-002E-iam-002E-gserviceaccount-002E-com_id": {
                    "sensitive": false,
                    "type": "string",
                    "value": "roles/baremetalsolution.serviceAgentserviceAccount:service-19361973525@gcp-sa-bms.iam.gserviceaccount.com"
                },
                "google_project_iam_member_tfer--roles-002F-bigquery-002E-adminuser-003A-shivaling-002E-patil-0040-searce-002E-com_id": {
                    "sensitive": false,
                    "type": "string",
                    "value": "roles/bigquery.adminuser:shivaling.patil@searce.com"
                },
                "google_project_iam_member_tfer--roles-002F-bigquerydatatransfer-002E-serviceAgentserviceAccount-003A-service-19361973525-0040-gcp-sa-bigquerydatatransfer-002E-iam-002E-gserviceaccount-002E-com_id": {
                    "sensitive": false,
                    "type": "string",
                    "value": "roles/bigquerydatatransfer.serviceAgentserviceAccount:service-19361973525@gcp-sa-bigquerydatatransfer.iam.gserviceaccount.com"
                },
                "google_project_iam_member_tfer--roles-002F-billing-002E-projectManageruser-003A-hemang-002E-modi-0040-searce-002E-com_id": {
                    "sensitive": false,
                    "type": "string",
                    "value": "roles/billing.projectManageruser:hemang.modi@searce.com"
                },
                "google_project_iam_member_tfer--roles-002F-binaryauthorization-002E-serviceAgentserviceAccount-003A-service-19361973525-0040-gcp-sa-binaryauthorization-002E-iam-002E-gserviceaccount-002E-com_id": {
                    "sensitive": false,
                    "type": "string",
                    "value": "roles/binaryauthorization.serviceAgentserviceAccount:service-19361973525@gcp-sa-binaryauthorization.iam.gserviceaccount.com"
                },
                "google_project_iam_member_tfer--roles-002F-cloudasset-002E-owneruser-003A-saurav-002E-singh-0040-searce-002E-com_id": {
                    "sensitive": false,
                    "type": "string",
                    "value": "roles/cloudasset.owneruser:saurav.singh@searce.com"
                },
                "google_project_iam_member_tfer--roles-002F-cloudasset-002E-serviceAgentserviceAccount-003A-service-19361973525-0040-gcp-sa-cloudasset-002E-iam-002E-gserviceaccount-002E-com_id": {
                    "sensitive": false,
                    "type": "string",
                    "value": "roles/cloudasset.serviceAgentserviceAccount:service-19361973525@gcp-sa-cloudasset.iam.gserviceaccount.com"
                },
                "google_project_iam_member_tfer--roles-002F-cloudasset-002E-vieweruser-003A-Santhosh-002E-kumar-0040-searce-002E-com_id": {
                    "sensitive": false,
                    "type": "string",
                    "value": "roles/cloudasset.vieweruser:Santhosh.kumar@searce.com"
                },
                "google_project_iam_member_tfer--roles-002F-cloudasset-002E-vieweruser-003A-binayak-002E-kumar-0040-searce-002E-com_id": {
                    "sensitive": false,
                    "type": "string",
                    "value": "roles/cloudasset.vieweruser:binayak.kumar@searce.com"
                },
                "google_project_iam_member_tfer--roles-002F-cloudasset-002E-vieweruser-003A-harshal-002E-sanap-0040-searce-002E-com_id": {
                    "sensitive": false,
                    "type": "string",
                    "value": "roles/cloudasset.vieweruser:harshal.sanap@searce.com"
                },
                "google_project_iam_member_tfer--roles-002F-cloudasset-002E-vieweruser-003A-pallapolu-002E-sindhu-0040-searce-002E-com_id": {
                    "sensitive": false,
                    "type": "string",
                    "value": "roles/cloudasset.vieweruser:pallapolu.sindhu@searce.com"
                },
                "google_project_iam_member_tfer--roles-002F-cloudasset-002E-vieweruser-003A-raghu-002E-manne-0040-searce-002E-com_id": {
                    "sensitive": false,
                    "type": "string",
                    "value": "roles/cloudasset.vieweruser:raghu.manne@searce.com"
                },
                "google_project_iam_member_tfer--roles-002F-cloudasset-002E-vieweruser-003A-sai-002E-k-0040-searce-002E-com_id": {
                    "sensitive": false,
                    "type": "string",
                    "value": "roles/cloudasset.vieweruser:sai.k@searce.com"
                },
                "google_project_iam_member_tfer--roles-002F-cloudasset-002E-vieweruser-003A-saurav-002E-singh-0040-searce-002E-com_id": {
                    "sensitive": false,
                    "type": "string",
                    "value": "roles/cloudasset.vieweruser:saurav.singh@searce.com"
                },
                "google_project_iam_member_tfer--roles-002F-cloudasset-002E-vieweruser-003A-shivaling-002E-patil-0040-searce-002E-com_id": {
                    "sensitive": false,
                    "type": "string",
                    "value": "roles/cloudasset.vieweruser:shivaling.patil@searce.com"
                },
                "google_project_iam_member_tfer--roles-002F-cloudbuild-002E-builds-002E-builderserviceAccount-003A-19361973525-0040-cloudbuild-002E-gserviceaccount-002E-com_id": {
                    "sensitive": false,
                    "type": "string",
                    "value": "roles/cloudbuild.builds.builderserviceAccount:19361973525@cloudbuild.gserviceaccount.com"
                },
                "google_project_iam_member_tfer--roles-002F-cloudbuild-002E-serviceAgentserviceAccount-003A-service-19361973525-0040-gcp-sa-cloudbuild-002E-iam-002E-gserviceaccount-002E-com_id": {
                    "sensitive": false,
                    "type": "string",
                    "value": "roles/cloudbuild.serviceAgentserviceAccount:service-19361973525@gcp-sa-cloudbuild.iam.gserviceaccount.com"
                },
                "google_project_iam_member_tfer--roles-002F-cloudfunctions-002E-adminuser-003A-pallapolu-002E-sindhu-0040-searce-002E-com_id": {
                    "sensitive": false,
                    "type": "string",
                    "value": "roles/cloudfunctions.adminuser:pallapolu.sindhu@searce.com"
                },
                "google_project_iam_member_tfer--roles-002F-cloudfunctions-002E-serviceAgentserviceAccount-003A-service-19361973525-0040-gcf-admin-robot-002E-iam-002E-gserviceaccount-002E-com_id": {
                    "sensitive": false,
                    "type": "string",
                    "value": "roles/cloudfunctions.serviceAgentserviceAccount:service-19361973525@gcf-admin-robot.iam.gserviceaccount.com"
                },
                "google_project_iam_member_tfer--roles-002F-cloudiot-002E-serviceAgentserviceAccount-003A-service-19361973525-0040-gcp-sa-cloudiot-002E-iam-002E-gserviceaccount-002E-com_id": {
                    "sensitive": false,
                    "type": "string",
                    "value": "roles/cloudiot.serviceAgentserviceAccount:service-19361973525@gcp-sa-cloudiot.iam.gserviceaccount.com"
                },
                "google_project_iam_member_tfer--roles-002F-cloudkms-002E-serviceAgentserviceAccount-003A-service-19361973525-0040-gcp-sa-cloudkms-002E-iam-002E-gserviceaccount-002E-com_id": {
                    "sensitive": false,
                    "type": "string",
                    "value": "roles/cloudkms.serviceAgentserviceAccount:service-19361973525@gcp-sa-cloudkms.iam.gserviceaccount.com"
                },
                "google_project_iam_member_tfer--roles-002F-cloudprofiler-002E-useruser-003A-hemang-002E-modi-0040-searce-002E-com_id": {
                    "sensitive": false,
                    "type": "string",
                    "value": "roles/cloudprofiler.useruser:hemang.modi@searce.com"
                },
                "google_project_iam_member_tfer--roles-002F-cloudscheduler-002E-serviceAgentserviceAccount-003A-service-19361973525-0040-gcp-sa-cloudscheduler-002E-iam-002E-gserviceaccount-002E-com_id": {
                    "sensitive": false,
                    "type": "string",
                    "value": "roles/cloudscheduler.serviceAgentserviceAccount:service-19361973525@gcp-sa-cloudscheduler.iam.gserviceaccount.com"
                },
                "google_project_iam_member_tfer--roles-002F-cloudtasks-002E-serviceAgentserviceAccount-003A-service-19361973525-0040-gcp-sa-cloudtasks-002E-iam-002E-gserviceaccount-002E-com_id": {
                    "sensitive": false,
                    "type": "string",
                    "value": "roles/cloudtasks.serviceAgentserviceAccount:service-19361973525@gcp-sa-cloudtasks.iam.gserviceaccount.com"
                },
                "google_project_iam_member_tfer--roles-002F-composer-002E-serviceAgentserviceAccount-003A-service-19361973525-0040-cloudcomposer-accounts-002E-iam-002E-gserviceaccount-002E-com_id": {
                    "sensitive": false,
                    "type": "string",
                    "value": "roles/composer.serviceAgentserviceAccount:service-19361973525@cloudcomposer-accounts.iam.gserviceaccount.com"
                },
                "google_project_iam_member_tfer--roles-002F-compute-002E-adminserviceAccount-003A-gangadhars-test-sa-0040-ce-ps-3team-002E-iam-002E-gserviceaccount-002E-com_id": {
                    "sensitive": false,
                    "type": "string",
                    "value": "roles/compute.adminserviceAccount:gangadhars-test-sa@ce-ps-3team.iam.gserviceaccount.com"
                },
                "google_project_iam_member_tfer--roles-002F-compute-002E-adminuser-003A-Santhosh-002E-kumar-0040-searce-002E-com_id": {
                    "sensitive": false,
                    "type": "string",
                    "value": "roles/compute.adminuser:Santhosh.kumar@searce.com"
                },
                "google_project_iam_member_tfer--roles-002F-compute-002E-adminuser-003A-aditya-002E-chandrakar-0040-searce-002E-com_id": {
                    "sensitive": false,
                    "type": "string",
                    "value": "roles/compute.adminuser:aditya.chandrakar@searce.com"
                },
                "google_project_iam_member_tfer--roles-002F-compute-002E-adminuser-003A-binayak-002E-kumar-0040-searce-002E-com_id": {
                    "sensitive": false,
                    "type": "string",
                    "value": "roles/compute.adminuser:binayak.kumar@searce.com"
                },
                "google_project_iam_member_tfer--roles-002F-compute-002E-adminuser-003A-eknath-002E-sonawane-0040-searce-002E-com_id": {
                    "sensitive": false,
                    "type": "string",
                    "value": "roles/compute.adminuser:eknath.sonawane@searce.com"
                },
                "google_project_iam_member_tfer--roles-002F-compute-002E-adminuser-003A-harshal-002E-sanap-0040-searce-002E-com_id": {
                    "sensitive": false,
                    "type": "string",
                    "value": "roles/compute.adminuser:harshal.sanap@searce.com"
                },
                "google_project_iam_member_tfer--roles-002F-compute-002E-adminuser-003A-pallapolu-002E-sindhu-0040-searce-002E-com_id": {
                    "sensitive": false,
                    "type": "string",
                    "value": "roles/compute.adminuser:pallapolu.sindhu@searce.com"
                },
                "google_project_iam_member_tfer--roles-002F-compute-002E-instanceAdmin-002E-v1serviceAccount-003A-19361973525-0040-cloudservices-002E-gserviceaccount-002E-com_id": {
                    "sensitive": false,
                    "type": "string",
                    "value": "roles/compute.instanceAdmin.v1serviceAccount:19361973525@cloudservices.gserviceaccount.com"
                },
                "google_project_iam_member_tfer--roles-002F-compute-002E-instanceAdmin-002E-v1serviceAccount-003A-service-19361973525-0040-compute-system-002E-iam-002E-gserviceaccount-002E-com_id": {
                    "sensitive": false,
                    "type": "string",
                    "value": "roles/compute.instanceAdmin.v1serviceAccount:service-19361973525@compute-system.iam.gserviceaccount.com"
                },
                "google_project_iam_member_tfer--roles-002F-compute-002E-instanceAdminuser-003A-subbaraju-002E-penmetsa-0040-searce-002E-com_id": {
                    "sensitive": false,
                    "type": "string",
                    "value": "roles/compute.instanceAdminuser:subbaraju.penmetsa@searce.com"
                },
                "google_project_iam_member_tfer--roles-002F-compute-002E-loadBalancerAdminuser-003A-harshal-002E-sanap-0040-searce-002E-com_id": {
                    "sensitive": false,
                    "type": "string",
                    "value": "roles/compute.loadBalancerAdminuser:harshal.sanap@searce.com"
                },
                "google_project_iam_member_tfer--roles-002F-compute-002E-networkAdminuser-003A-harshal-002E-sanap-0040-searce-002E-com_id": {
                    "sensitive": false,
                    "type": "string",
                    "value": "roles/compute.networkAdminuser:harshal.sanap@searce.com"
                },
                "google_project_iam_member_tfer--roles-002F-compute-002E-osLoginserviceAccount-003A-19361973525-0040-cloudservices-002E-gserviceaccount-002E-com_id": {
                    "sensitive": false,
                    "type": "string",
                    "value": "roles/compute.osLoginserviceAccount:19361973525@cloudservices.gserviceaccount.com"
                },
                "google_project_iam_member_tfer--roles-002F-compute-002E-securityAdmindeleted-003A-serviceAccount-003A-gitlab-pod-poc-0040-ce-ps-3team-002E-iam-002E-gserviceaccount-002E-com-003F-uid-003D-112055378845491413900_id": {
                    "sensitive": false,
                    "type": "string",
                    "value": "roles/compute.securityAdmindeleted:serviceAccount:gitlab-pod-poc@ce-ps-3team.iam.gserviceaccount.com?uid=112055378845491413900"
                },
                "google_project_iam_member_tfer--roles-002F-compute-002E-securityAdminuser-003A-aditya-002E-chandrakar-0040-searce-002E-com_id": {
                    "sensitive": false,
                    "type": "string",
                    "value": "roles/compute.securityAdminuser:aditya.chandrakar@searce.com"
                },
                "google_project_iam_member_tfer--roles-002F-compute-002E-serviceAgentserviceAccount-003A-service-19361973525-0040-compute-system-002E-iam-002E-gserviceaccount-002E-com_id": {
                    "sensitive": false,
                    "type": "string",
                    "value": "roles/compute.serviceAgentserviceAccount:service-19361973525@compute-system.iam.gserviceaccount.com"
                },
                "google_project_iam_member_tfer--roles-002F-compute-002E-vieweruser-003A-subbaraju-002E-penmetsa-0040-searce-002E-com_id": {
                    "sensitive": false,
                    "type": "string",
                    "value": "roles/compute.vieweruser:subbaraju.penmetsa@searce.com"
                },
                "google_project_iam_member_tfer--roles-002F-container-002E-adminuser-003A-Santhosh-002E-kumar-0040-searce-002E-com_id": {
                    "sensitive": false,
                    "type": "string",
                    "value": "roles/container.adminuser:Santhosh.kumar@searce.com"
                },
                "google_project_iam_member_tfer--roles-002F-container-002E-adminuser-003A-pallapolu-002E-sindhu-0040-searce-002E-com_id": {
                    "sensitive": false,
                    "type": "string",
                    "value": "roles/container.adminuser:pallapolu.sindhu@searce.com"
                },
                "google_project_iam_member_tfer--roles-002F-container-002E-adminuser-003A-subbaraju-002E-penmetsa-0040-searce-002E-com_id": {
                    "sensitive": false,
                    "type": "string",
                    "value": "roles/container.adminuser:subbaraju.penmetsa@searce.com"
                },
                "google_project_iam_member_tfer--roles-002F-container-002E-adminuser-003A-tarun-002E-kumar-0040-searce-002E-com_id": {
                    "sensitive": false,
                    "type": "string",
                    "value": "roles/container.adminuser:tarun.kumar@searce.com"
                },
                "google_project_iam_member_tfer--roles-002F-container-002E-clusterAdminuser-003A-aditya-002E-chandrakar-0040-searce-002E-com_id": {
                    "sensitive": false,
                    "type": "string",
                    "value": "roles/container.clusterAdminuser:aditya.chandrakar@searce.com"
                },
                "google_project_iam_member_tfer--roles-002F-container-002E-clusterAdminuser-003A-pallapolu-002E-sindhu-0040-searce-002E-com_id": {
                    "sensitive": false,
                    "type": "string",
                    "value": "roles/container.clusterAdminuser:pallapolu.sindhu@searce.com"
                },
                "google_project_iam_member_tfer--roles-002F-container-002E-clusterAdminuser-003A-prasada-002E-midde-0040-searce-002E-com_id": {
                    "sensitive": false,
                    "type": "string",
                    "value": "roles/container.clusterAdminuser:prasada.midde@searce.com"
                },
                "google_project_iam_member_tfer--roles-002F-container-002E-nodeServiceAccountserviceAccount-003A-gke-to-eks-migration-poc-0040-ce-ps-3team-002E-iam-002E-gserviceaccount-002E-com_id": {
                    "sensitive": false,
                    "type": "string",
                    "value": "roles/container.nodeServiceAccountserviceAccount:gke-to-eks-migration-poc@ce-ps-3team.iam.gserviceaccount.com"
                },
                "google_project_iam_member_tfer--roles-002F-container-002E-nodeServiceAccountserviceAccount-003A-keda-gcppubsubtest-0040-ce-ps-3team-002E-iam-002E-gserviceaccount-002E-com_id": {
                    "sensitive": false,
                    "type": "string",
                    "value": "roles/container.nodeServiceAccountserviceAccount:keda-gcppubsubtest@ce-ps-3team.iam.gserviceaccount.com"
                },
                "google_project_iam_member_tfer--roles-002F-container-002E-nodeServiceAgentserviceAccount-003A-service-19361973525-0040-gcp-sa-gkenode-002E-iam-002E-gserviceaccount-002E-com_id": {
                    "sensitive": false,
                    "type": "string",
                    "value": "roles/container.nodeServiceAgentserviceAccount:service-19361973525@gcp-sa-gkenode.iam.gserviceaccount.com"
                },
                "google_project_iam_member_tfer--roles-002F-container-002E-serviceAgentserviceAccount-003A-service-19361973525-0040-container-engine-robot-002E-iam-002E-gserviceaccount-002E-com_id": {
                    "sensitive": false,
                    "type": "string",
                    "value": "roles/container.serviceAgentserviceAccount:service-19361973525@container-engine-robot.iam.gserviceaccount.com"
                },
                "google_project_iam_member_tfer--roles-002F-containeranalysis-002E-ServiceAgentserviceAccount-003A-service-19361973525-0040-container-analysis-002E-iam-002E-gserviceaccount-002E-com_id": {
                    "sensitive": false,
                    "type": "string",
                    "value": "roles/containeranalysis.ServiceAgentserviceAccount:service-19361973525@container-analysis.iam.gserviceaccount.com"
                },
                "google_project_iam_member_tfer--roles-002F-containerregistry-002E-ServiceAgentserviceAccount-003A-service-19361973525-0040-containerregistry-002E-iam-002E-gserviceaccount-002E-com_id": {
                    "sensitive": false,
                    "type": "string",
                    "value": "roles/containerregistry.ServiceAgentserviceAccount:service-19361973525@containerregistry.iam.gserviceaccount.com"
                },
                "google_project_iam_member_tfer--roles-002F-containerscanning-002E-ServiceAgentserviceAccount-003A-service-19361973525-0040-gcp-sa-containerscanning-002E-iam-002E-gserviceaccount-002E-com_id": {
                    "sensitive": false,
                    "type": "string",
                    "value": "roles/containerscanning.ServiceAgentserviceAccount:service-19361973525@gcp-sa-containerscanning.iam.gserviceaccount.com"
                },
                "google_project_iam_member_tfer--roles-002F-containerthreatdetection-002E-serviceAgentserviceAccount-003A-service-19361973525-0040-gcp-sa-ktd-control-002E-iam-002E-gserviceaccount-002E-com_id": {
                    "sensitive": false,
                    "type": "string",
                    "value": "roles/containerthreatdetection.serviceAgentserviceAccount:service-19361973525@gcp-sa-ktd-control.iam.gserviceaccount.com"
                },
                "google_project_iam_member_tfer--roles-002F-dataflow-002E-serviceAgentserviceAccount-003A-service-19361973525-0040-dataflow-service-producer-prod-002E-iam-002E-gserviceaccount-002E-com_id": {
                    "sensitive": false,
                    "type": "string",
                    "value": "roles/dataflow.serviceAgentserviceAccount:service-19361973525@dataflow-service-producer-prod.iam.gserviceaccount.com"
                },
                "google_project_iam_member_tfer--roles-002F-datamigration-002E-serviceAgentserviceAccount-003A-service-19361973525-0040-gcp-sa-datamigration-002E-iam-002E-gserviceaccount-002E-com_id": {
                    "sensitive": false,
                    "type": "string",
                    "value": "roles/datamigration.serviceAgentserviceAccount:service-19361973525@gcp-sa-datamigration.iam.gserviceaccount.com"
                },
                "google_project_iam_member_tfer--roles-002F-datapipelines-002E-serviceAgentserviceAccount-003A-service-19361973525-0040-gcp-sa-datapipelines-002E-iam-002E-gserviceaccount-002E-com_id": {
                    "sensitive": false,
                    "type": "string",
                    "value": "roles/datapipelines.serviceAgentserviceAccount:service-19361973525@gcp-sa-datapipelines.iam.gserviceaccount.com"
                },
                "google_project_iam_member_tfer--roles-002F-dataproc-002E-serviceAgentserviceAccount-003A-service-19361973525-0040-dataproc-accounts-002E-iam-002E-gserviceaccount-002E-com_id": {
                    "sensitive": false,
                    "type": "string",
                    "value": "roles/dataproc.serviceAgentserviceAccount:service-19361973525@dataproc-accounts.iam.gserviceaccount.com"
                },
                "google_project_iam_member_tfer--roles-002F-editorserviceAccount-003A-19361973525-0040-cloudservices-002E-gserviceaccount-002E-com_id": {
                    "sensitive": false,
                    "type": "string",
                    "value": "roles/editorserviceAccount:19361973525@cloudservices.gserviceaccount.com"
                },
                "google_project_iam_member_tfer--roles-002F-editoruser-003A-saurav-002E-singh-0040-searce-002E-com_id": {
                    "sensitive": false,
                    "type": "string",
                    "value": "roles/editoruser:saurav.singh@searce.com"
                },
                "google_project_iam_member_tfer--roles-002F-endpointsportal-002E-serviceAgentserviceAccount-003A-service-19361973525-0040-endpoints-portal-002E-iam-002E-gserviceaccount-002E-com_id": {
                    "sensitive": false,
                    "type": "string",
                    "value": "roles/endpointsportal.serviceAgentserviceAccount:service-19361973525@endpoints-portal.iam.gserviceaccount.com"
                },
                "google_project_iam_member_tfer--roles-002F-eventarc-002E-eventReceiverserviceAccount-003A-19361973525-compute-0040-developer-002E-gserviceaccount-002E-com_id": {
                    "sensitive": false,
                    "type": "string",
                    "value": "roles/eventarc.eventReceiverserviceAccount:19361973525-compute@developer.gserviceaccount.com"
                },
                "google_project_iam_member_tfer--roles-002F-eventarc-002E-serviceAgentserviceAccount-003A-service-19361973525-0040-gcp-sa-eventarc-002E-iam-002E-gserviceaccount-002E-com_id": {
                    "sensitive": false,
                    "type": "string",
                    "value": "roles/eventarc.serviceAgentserviceAccount:service-19361973525@gcp-sa-eventarc.iam.gserviceaccount.com"
                },
                "google_project_iam_member_tfer--roles-002F-file-002E-serviceAgentserviceAccount-003A-service-19361973525-0040-cloud-filer-002E-iam-002E-gserviceaccount-002E-com_id": {
                    "sensitive": false,
                    "type": "string",
                    "value": "roles/file.serviceAgentserviceAccount:service-19361973525@cloud-filer.iam.gserviceaccount.com"
                },
                "google_project_iam_member_tfer--roles-002F-firebase-002E-managementServiceAgentserviceAccount-003A-service-19361973525-0040-gcp-sa-firebase-002E-iam-002E-gserviceaccount-002E-com_id": {
                    "sensitive": false,
                    "type": "string",
                    "value": "roles/firebase.managementServiceAgentserviceAccount:service-19361973525@gcp-sa-firebase.iam.gserviceaccount.com"
                },
                "google_project_iam_member_tfer--roles-002F-firebaserules-002E-systemserviceAccount-003A-service-19361973525-0040-firebase-rules-002E-iam-002E-gserviceaccount-002E-com_id": {
                    "sensitive": false,
                    "type": "string",
                    "value": "roles/firebaserules.systemserviceAccount:service-19361973525@firebase-rules.iam.gserviceaccount.com"
                },
                "google_project_iam_member_tfer--roles-002F-firestore-002E-serviceAgentserviceAccount-003A-service-19361973525-0040-gcp-sa-firestore-002E-iam-002E-gserviceaccount-002E-com_id": {
                    "sensitive": false,
                    "type": "string",
                    "value": "roles/firestore.serviceAgentserviceAccount:service-19361973525@gcp-sa-firestore.iam.gserviceaccount.com"
                },
                "google_project_iam_member_tfer--roles-002F-gkehub-002E-adminserviceAccount-003A-baremetal-gcr-0040-ce-ps-3team-002E-iam-002E-gserviceaccount-002E-com_id": {
                    "sensitive": false,
                    "type": "string",
                    "value": "roles/gkehub.adminserviceAccount:baremetal-gcr@ce-ps-3team.iam.gserviceaccount.com"
                },
                "google_project_iam_member_tfer--roles-002F-gkehub-002E-adminuser-003A-tarun-002E-kumar-0040-searce-002E-com_id": {
                    "sensitive": false,
                    "type": "string",
                    "value": "roles/gkehub.adminuser:tarun.kumar@searce.com"
                },
                "google_project_iam_member_tfer--roles-002F-gkehub-002E-connectserviceAccount-003A-baremetal-gcr-0040-ce-ps-3team-002E-iam-002E-gserviceaccount-002E-com_id": {
                    "sensitive": false,
                    "type": "string",
                    "value": "roles/gkehub.connectserviceAccount:baremetal-gcr@ce-ps-3team.iam.gserviceaccount.com"
                },
                "google_project_iam_member_tfer--roles-002F-gkehub-002E-serviceAgentserviceAccount-003A-service-19361973525-0040-gcp-sa-gkehub-002E-iam-002E-gserviceaccount-002E-com_id": {
                    "sensitive": false,
                    "type": "string",
                    "value": "roles/gkehub.serviceAgentserviceAccount:service-19361973525@gcp-sa-gkehub.iam.gserviceaccount.com"
                },
                "google_project_iam_member_tfer--roles-002F-gkemulticloud-002E-serviceAgentserviceAccount-003A-service-19361973525-0040-gcp-sa-gkemulticloud-002E-iam-002E-gserviceaccount-002E-com_id": {
                    "sensitive": false,
                    "type": "string",
                    "value": "roles/gkemulticloud.serviceAgentserviceAccount:service-19361973525@gcp-sa-gkemulticloud.iam.gserviceaccount.com"
                },
                "google_project_iam_member_tfer--roles-002F-gkeonprem-002E-serviceAgentserviceAccount-003A-service-19361973525-0040-gcp-sa-gkeonprem-002E-iam-002E-gserviceaccount-002E-com_id": {
                    "sensitive": false,
                    "type": "string",
                    "value": "roles/gkeonprem.serviceAgentserviceAccount:service-19361973525@gcp-sa-gkeonprem.iam.gserviceaccount.com"
                },
                "google_project_iam_member_tfer--roles-002F-iam-002E-roleAdminuser-003A-aben-002E-george-0040-searce-002E-com_id": {
                    "sensitive": false,
                    "type": "string",
                    "value": "roles/iam.roleAdminuser:aben.george@searce.com"
                },
                "google_project_iam_member_tfer--roles-002F-iam-002E-roleAdminuser-003A-saurav-002E-singh-0040-searce-002E-com_id": {
                    "sensitive": false,
                    "type": "string",
                    "value": "roles/iam.roleAdminuser:saurav.singh@searce.com"
                },
                "google_project_iam_member_tfer--roles-002F-iam-002E-securityAdmindeleted-003A-serviceAccount-003A-gitlab-pod-poc-0040-ce-ps-3team-002E-iam-002E-gserviceaccount-002E-com-003F-uid-003D-112055378845491413900_id": {
                    "sensitive": false,
                    "type": "string",
                    "value": "roles/iam.securityAdmindeleted:serviceAccount:gitlab-pod-poc@ce-ps-3team.iam.gserviceaccount.com?uid=112055378845491413900"
                },
                "google_project_iam_member_tfer--roles-002F-iam-002E-securityAdminuser-003A-raghu-002E-manne-0040-searce-002E-com_id": {
                    "sensitive": false,
                    "type": "string",
                    "value": "roles/iam.securityAdminuser:raghu.manne@searce.com"
                },
                "google_project_iam_member_tfer--roles-002F-iam-002E-securityAdminuser-003A-tarun-002E-kumar-0040-searce-002E-com_id": {
                    "sensitive": false,
                    "type": "string",
                    "value": "roles/iam.securityAdminuser:tarun.kumar@searce.com"
                },
                "google_project_iam_member_tfer--roles-002F-iam-002E-securityRevieweruser-003A-saurav-002E-singh-0040-searce-002E-com_id": {
                    "sensitive": false,
                    "type": "string",
                    "value": "roles/iam.securityRevieweruser:saurav.singh@searce.com"
                },
                "google_project_iam_member_tfer--roles-002F-iam-002E-serviceAccountAdmindeleted-003A-serviceAccount-003A-gitlab-pod-poc-0040-ce-ps-3team-002E-iam-002E-gserviceaccount-002E-com-003F-uid-003D-112055378845491413900_id": {
                    "sensitive": false,
                    "type": "string",
                    "value": "roles/iam.serviceAccountAdmindeleted:serviceAccount:gitlab-pod-poc@ce-ps-3team.iam.gserviceaccount.com?uid=112055378845491413900"
                },
                "google_project_iam_member_tfer--roles-002F-iam-002E-serviceAccountKeyAdminuser-003A-raghu-002E-manne-0040-searce-002E-com_id": {
                    "sensitive": false,
                    "type": "string",
                    "value": "roles/iam.serviceAccountKeyAdminuser:raghu.manne@searce.com"
                },
                "google_project_iam_member_tfer--roles-002F-iam-002E-serviceAccountUserdeleted-003A-serviceAccount-003A-gitlab-pod-k8s-bastion-sa-0040-ce-ps-3team-002E-iam-002E-gserviceaccount-002E-com-003F-uid-003D-109033674150540410997_id": {
                    "sensitive": false,
                    "type": "string",
                    "value": "roles/iam.serviceAccountUserdeleted:serviceAccount:gitlab-pod-k8s-bastion-sa@ce-ps-3team.iam.gserviceaccount.com?uid=109033674150540410997"
                },
                "google_project_iam_member_tfer--roles-002F-iam-002E-serviceAccountUserserviceAccount-003A-19361973525-0040-cloudbuild-002E-gserviceaccount-002E-com_id": {
                    "sensitive": false,
                    "type": "string",
                    "value": "roles/iam.serviceAccountUserserviceAccount:19361973525@cloudbuild.gserviceaccount.com"
                },
                "google_project_iam_member_tfer--roles-002F-iam-002E-serviceAccountUseruser-003A-Santhosh-002E-kumar-0040-searce-002E-com_id": {
                    "sensitive": false,
                    "type": "string",
                    "value": "roles/iam.serviceAccountUseruser:Santhosh.kumar@searce.com"
                },
                "google_project_iam_member_tfer--roles-002F-iam-002E-serviceAccountUseruser-003A-aben-002E-george-0040-searce-002E-com_id": {
                    "sensitive": false,
                    "type": "string",
                    "value": "roles/iam.serviceAccountUseruser:aben.george@searce.com"
                },
                "google_project_iam_member_tfer--roles-002F-iam-002E-serviceAccountUseruser-003A-aditya-002E-chandrakar-0040-searce-002E-com_id": {
                    "sensitive": false,
                    "type": "string",
                    "value": "roles/iam.serviceAccountUseruser:aditya.chandrakar@searce.com"
                },
                "google_project_iam_member_tfer--roles-002F-iam-002E-serviceAccountUseruser-003A-arijita-002E-mitra-0040-searce-002E-com_id": {
                    "sensitive": false,
                    "type": "string",
                    "value": "roles/iam.serviceAccountUseruser:arijita.mitra@searce.com"
                },
                "google_project_iam_member_tfer--roles-002F-iam-002E-serviceAccountUseruser-003A-harshal-002E-sanap-0040-searce-002E-com_id": {
                    "sensitive": false,
                    "type": "string",
                    "value": "roles/iam.serviceAccountUseruser:harshal.sanap@searce.com"
                },
                "google_project_iam_member_tfer--roles-002F-iap-002E-admindeleted-003A-serviceAccount-003A-gitlab-pod-poc-0040-ce-ps-3team-002E-iam-002E-gserviceaccount-002E-com-003F-uid-003D-112055378845491413900_id": {
                    "sensitive": false,
                    "type": "string",
                    "value": "roles/iap.admindeleted:serviceAccount:gitlab-pod-poc@ce-ps-3team.iam.gserviceaccount.com?uid=112055378845491413900"
                },
                "google_project_iam_member_tfer--roles-002F-iap-002E-adminuser-003A-saurav-002E-singh-0040-searce-002E-com_id": {
                    "sensitive": false,
                    "type": "string",
                    "value": "roles/iap.adminuser:saurav.singh@searce.com"
                },
                "google_project_iam_member_tfer--roles-002F-iap-002E-settingsAdmindeleted-003A-serviceAccount-003A-gitlab-pod-poc-0040-ce-ps-3team-002E-iam-002E-gserviceaccount-002E-com-003F-uid-003D-112055378845491413900_id": {
                    "sensitive": false,
                    "type": "string",
                    "value": "roles/iap.settingsAdmindeleted:serviceAccount:gitlab-pod-poc@ce-ps-3team.iam.gserviceaccount.com?uid=112055378845491413900"
                },
                "google_project_iam_member_tfer--roles-002F-iap-002E-tunnelResourceAccessoruser-003A-aben-002E-george-0040-searce-002E-com_id": {
                    "sensitive": false,
                    "type": "string",
                    "value": "roles/iap.tunnelResourceAccessoruser:aben.george@searce.com"
                },
                "google_project_iam_member_tfer--roles-002F-memcache-002E-serviceAgentserviceAccount-003A-service-19361973525-0040-cloud-memcache-sa-002E-iam-002E-gserviceaccount-002E-com_id": {
                    "sensitive": false,
                    "type": "string",
                    "value": "roles/memcache.serviceAgentserviceAccount:service-19361973525@cloud-memcache-sa.iam.gserviceaccount.com"
                },
                "google_project_iam_member_tfer--roles-002F-meshconfig-002E-adminuser-003A-tarun-002E-kumar-0040-searce-002E-com_id": {
                    "sensitive": false,
                    "type": "string",
                    "value": "roles/meshconfig.adminuser:tarun.kumar@searce.com"
                },
                "google_project_iam_member_tfer--roles-002F-meshcontrolplane-002E-serviceAgentserviceAccount-003A-service-19361973525-0040-gcp-sa-meshcontrolplane-002E-iam-002E-gserviceaccount-002E-com_id": {
                    "sensitive": false,
                    "type": "string",
                    "value": "roles/meshcontrolplane.serviceAgentserviceAccount:service-19361973525@gcp-sa-meshcontrolplane.iam.gserviceaccount.com"
                },
                "google_project_iam_member_tfer--roles-002F-meshdataplane-002E-serviceAgentserviceAccount-003A-service-19361973525-0040-gcp-sa-meshdataplane-002E-iam-002E-gserviceaccount-002E-com_id": {
                    "sensitive": false,
                    "type": "string",
                    "value": "roles/meshdataplane.serviceAgentserviceAccount:service-19361973525@gcp-sa-meshdataplane.iam.gserviceaccount.com"
                },
                "google_project_iam_member_tfer--roles-002F-monitoring-002E-dashboardEditorserviceAccount-003A-baremetal-gcr-0040-ce-ps-3team-002E-iam-002E-gserviceaccount-002E-com_id": {
                    "sensitive": false,
                    "type": "string",
                    "value": "roles/monitoring.dashboardEditorserviceAccount:baremetal-gcr@ce-ps-3team.iam.gserviceaccount.com"
                },
                "google_project_iam_member_tfer--roles-002F-monitoring-002E-metricWriterserviceAccount-003A-gke-to-eks-migration-poc-0040-ce-ps-3team-002E-iam-002E-gserviceaccount-002E-com_id": {
                    "sensitive": false,
                    "type": "string",
                    "value": "roles/monitoring.metricWriterserviceAccount:gke-to-eks-migration-poc@ce-ps-3team.iam.gserviceaccount.com"
                },
                "google_project_iam_member_tfer--roles-002F-monitoring-002E-notificationServiceAgentserviceAccount-003A-service-19361973525-0040-gcp-sa-monitoring-notification-002E-iam-002E-gserviceaccount-002E-com_id": {
                    "sensitive": false,
                    "type": "string",
                    "value": "roles/monitoring.notificationServiceAgentserviceAccount:service-19361973525@gcp-sa-monitoring-notification.iam.gserviceaccount.com"
                },
                "google_project_iam_member_tfer--roles-002F-monitoring-002E-viewerserviceAccount-003A-gke-to-eks-migration-poc-0040-ce-ps-3team-002E-iam-002E-gserviceaccount-002E-com_id": {
                    "sensitive": false,
                    "type": "string",
                    "value": "roles/monitoring.viewerserviceAccount:gke-to-eks-migration-poc@ce-ps-3team.iam.gserviceaccount.com"
                },
                "google_project_iam_member_tfer--roles-002F-monitoring-002E-viewerserviceAccount-003A-keda-gcppubsubtest-0040-ce-ps-3team-002E-iam-002E-gserviceaccount-002E-com_id": {
                    "sensitive": false,
                    "type": "string",
                    "value": "roles/monitoring.viewerserviceAccount:keda-gcppubsubtest@ce-ps-3team.iam.gserviceaccount.com"
                },
                "google_project_iam_member_tfer--roles-002F-multiclustermetering-002E-serviceAgentserviceAccount-003A-service-19361973525-0040-gcp-sa-mcmetering-002E-iam-002E-gserviceaccount-002E-com_id": {
                    "sensitive": false,
                    "type": "string",
                    "value": "roles/multiclustermetering.serviceAgentserviceAccount:service-19361973525@gcp-sa-mcmetering.iam.gserviceaccount.com"
                },
                "google_project_iam_member_tfer--roles-002F-networkmanagement-002E-serviceAgentserviceAccount-003A-service-19361973525-0040-gcp-sa-networkmanagement-002E-iam-002E-gserviceaccount-002E-com_id": {
                    "sensitive": false,
                    "type": "string",
                    "value": "roles/networkmanagement.serviceAgentserviceAccount:service-19361973525@gcp-sa-networkmanagement.iam.gserviceaccount.com"
                },
                "google_project_iam_member_tfer--roles-002F-notebooks-002E-serviceAgentserviceAccount-003A-service-19361973525-0040-gcp-sa-notebooks-002E-iam-002E-gserviceaccount-002E-com_id": {
                    "sensitive": false,
                    "type": "string",
                    "value": "roles/notebooks.serviceAgentserviceAccount:service-19361973525@gcp-sa-notebooks.iam.gserviceaccount.com"
                },
                "google_project_iam_member_tfer--roles-002F-opsconfigmonitoring-002E-resourceMetadata-002E-writerserviceAccount-003A-baremetal-gcr-0040-ce-ps-3team-002E-iam-002E-gserviceaccount-002E-com_id": {
                    "sensitive": false,
                    "type": "string",
                    "value": "roles/opsconfigmonitoring.resourceMetadata.writerserviceAccount:baremetal-gcr@ce-ps-3team.iam.gserviceaccount.com"
                },
                "google_project_iam_member_tfer--roles-002F-osconfig-002E-serviceAgentserviceAccount-003A-service-19361973525-0040-gcp-sa-osconfig-002E-iam-002E-gserviceaccount-002E-com_id": {
                    "sensitive": false,
                    "type": "string",
                    "value": "roles/osconfig.serviceAgentserviceAccount:service-19361973525@gcp-sa-osconfig.iam.gserviceaccount.com"
                },
                "google_project_iam_member_tfer--roles-002F-owneruser-003A-ajay-002E-adepu-0040-searce-002E-com_id": {
                    "sensitive": false,
                    "type": "string",
                    "value": "roles/owneruser:ajay.adepu@searce.com"
                },
                "google_project_iam_member_tfer--roles-002F-owneruser-003A-ganesh-002E-kaila-0040-searce-002E-com_id": {
                    "sensitive": false,
                    "type": "string",
                    "value": "roles/owneruser:ganesh.kaila@searce.com"
                },
                "google_project_iam_member_tfer--roles-002F-owneruser-003A-gangadhar-002E-sunkara-0040-searce-002E-com_id": {
                    "sensitive": false,
                    "type": "string",
                    "value": "roles/owneruser:gangadhar.sunkara@searce.com"
                },
                "google_project_iam_member_tfer--roles-002F-owneruser-003A-nagababu-002E-medicharla-0040-searce-002E-com_id": {
                    "sensitive": false,
                    "type": "string",
                    "value": "roles/owneruser:nagababu.medicharla@searce.com"
                },
                "google_project_iam_member_tfer--roles-002F-owneruser-003A-tarun-002E-kumar-0040-searce-002E-com_id": {
                    "sensitive": false,
                    "type": "string",
                    "value": "roles/owneruser:tarun.kumar@searce.com"
                },
                "google_project_iam_member_tfer--roles-002F-pubsub-002E-adminuser-003A-Santhosh-002E-kumar-0040-searce-002E-com_id": {
                    "sensitive": false,
                    "type": "string",
                    "value": "roles/pubsub.adminuser:Santhosh.kumar@searce.com"
                },
                "google_project_iam_member_tfer--roles-002F-pubsub-002E-serviceAgentserviceAccount-003A-service-19361973525-0040-gcp-sa-pubsub-002E-iam-002E-gserviceaccount-002E-com_id": {
                    "sensitive": false,
                    "type": "string",
                    "value": "roles/pubsub.serviceAgentserviceAccount:service-19361973525@gcp-sa-pubsub.iam.gserviceaccount.com"
                },
                "google_project_iam_member_tfer--roles-002F-pubsub-002E-subscriberserviceAccount-003A-keda-gcppubsubtest-0040-ce-ps-3team-002E-iam-002E-gserviceaccount-002E-com_id": {
                    "sensitive": false,
                    "type": "string",
                    "value": "roles/pubsub.subscriberserviceAccount:keda-gcppubsubtest@ce-ps-3team.iam.gserviceaccount.com"
                },
                "google_project_iam_member_tfer--roles-002F-redis-002E-serviceAgentserviceAccount-003A-service-19361973525-0040-cloud-redis-002E-iam-002E-gserviceaccount-002E-com_id": {
                    "sensitive": false,
                    "type": "string",
                    "value": "roles/redis.serviceAgentserviceAccount:service-19361973525@cloud-redis.iam.gserviceaccount.com"
                },
                "google_project_iam_member_tfer--roles-002F-resourcemanager-002E-projectIamAdminuser-003A-ajay-002E-adepu-0040-searce-002E-com_id": {
                    "sensitive": false,
                    "type": "string",
                    "value": "roles/resourcemanager.projectIamAdminuser:ajay.adepu@searce.com"
                },
                "google_project_iam_member_tfer--roles-002F-resourcemanager-002E-projectIamAdminuser-003A-ganesh-002E-kaila-0040-searce-002E-com_id": {
                    "sensitive": false,
                    "type": "string",
                    "value": "roles/resourcemanager.projectIamAdminuser:ganesh.kaila@searce.com"
                },
                "google_project_iam_member_tfer--roles-002F-resourcemanager-002E-projectIamAdminuser-003A-gangadhar-002E-sunkara-0040-searce-002E-com_id": {
                    "sensitive": false,
                    "type": "string",
                    "value": "roles/resourcemanager.projectIamAdminuser:gangadhar.sunkara@searce.com"
                },
                "google_project_iam_member_tfer--roles-002F-resourcemanager-002E-projectIamAdminuser-003A-saurav-002E-singh-0040-searce-002E-com_id": {
                    "sensitive": false,
                    "type": "string",
                    "value": "roles/resourcemanager.projectIamAdminuser:saurav.singh@searce.com"
                },
                "google_project_iam_member_tfer--roles-002F-resourcemanager-002E-projectIamAdminuser-003A-tarun-002E-kumar-0040-searce-002E-com_id": {
                    "sensitive": false,
                    "type": "string",
                    "value": "roles/resourcemanager.projectIamAdminuser:tarun.kumar@searce.com"
                },
                "google_project_iam_member_tfer--roles-002F-run-002E-adminserviceAccount-003A-19361973525-0040-cloudbuild-002E-gserviceaccount-002E-com_id": {
                    "sensitive": false,
                    "type": "string",
                    "value": "roles/run.adminserviceAccount:19361973525@cloudbuild.gserviceaccount.com"
                },
                "google_project_iam_member_tfer--roles-002F-run-002E-serviceAgentserviceAccount-003A-service-19361973525-0040-serverless-robot-prod-002E-iam-002E-gserviceaccount-002E-com_id": {
                    "sensitive": false,
                    "type": "string",
                    "value": "roles/run.serviceAgentserviceAccount:service-19361973525@serverless-robot-prod.iam.gserviceaccount.com"
                },
                "google_project_iam_member_tfer--roles-002F-servicemanagement-002E-adminuser-003A-tarun-002E-kumar-0040-searce-002E-com_id": {
                    "sensitive": false,
                    "type": "string",
                    "value": "roles/servicemanagement.adminuser:tarun.kumar@searce.com"
                },
                "google_project_iam_member_tfer--roles-002F-servicenetworking-002E-serviceAgentserviceAccount-003A-service-19361973525-0040-gcp-sa-cloudasset-002E-iam-002E-gserviceaccount-002E-com_id": {
                    "sensitive": false,
                    "type": "string",
                    "value": "roles/servicenetworking.serviceAgentserviceAccount:service-19361973525@gcp-sa-cloudasset.iam.gserviceaccount.com"
                },
                "google_project_iam_member_tfer--roles-002F-servicenetworking-002E-serviceAgentserviceAccount-003A-service-19361973525-0040-service-networking-002E-iam-002E-gserviceaccount-002E-com_id": {
                    "sensitive": false,
                    "type": "string",
                    "value": "roles/servicenetworking.serviceAgentserviceAccount:service-19361973525@service-networking.iam.gserviceaccount.com"
                },
                "google_project_iam_member_tfer--roles-002F-serviceusage-002E-serviceUsageAdminuser-003A-raghu-002E-manne-0040-searce-002E-com_id": {
                    "sensitive": false,
                    "type": "string",
                    "value": "roles/serviceusage.serviceUsageAdminuser:raghu.manne@searce.com"
                },
                "google_project_iam_member_tfer--roles-002F-serviceusage-002E-serviceUsageAdminuser-003A-tarun-002E-kumar-0040-searce-002E-com_id": {
                    "sensitive": false,
                    "type": "string",
                    "value": "roles/serviceusage.serviceUsageAdminuser:tarun.kumar@searce.com"
                },
                "google_project_iam_member_tfer--roles-002F-serviceusage-002E-serviceUsageConsumeruser-003A-Santhosh-002E-kumar-0040-searce-002E-com_id": {
                    "sensitive": false,
                    "type": "string",
                    "value": "roles/serviceusage.serviceUsageConsumeruser:Santhosh.kumar@searce.com"
                },
                "google_project_iam_member_tfer--roles-002F-serviceusage-002E-serviceUsageConsumeruser-003A-binayak-002E-kumar-0040-searce-002E-com_id": {
                    "sensitive": false,
                    "type": "string",
                    "value": "roles/serviceusage.serviceUsageConsumeruser:binayak.kumar@searce.com"
                },
                "google_project_iam_member_tfer--roles-002F-serviceusage-002E-serviceUsageConsumeruser-003A-harshal-002E-sanap-0040-searce-002E-com_id": {
                    "sensitive": false,
                    "type": "string",
                    "value": "roles/serviceusage.serviceUsageConsumeruser:harshal.sanap@searce.com"
                },
                "google_project_iam_member_tfer--roles-002F-serviceusage-002E-serviceUsageConsumeruser-003A-pallapolu-002E-sindhu-0040-searce-002E-com_id": {
                    "sensitive": false,
                    "type": "string",
                    "value": "roles/serviceusage.serviceUsageConsumeruser:pallapolu.sindhu@searce.com"
                },
                "google_project_iam_member_tfer--roles-002F-serviceusage-002E-serviceUsageConsumeruser-003A-raghu-002E-manne-0040-searce-002E-com_id": {
                    "sensitive": false,
                    "type": "string",
                    "value": "roles/serviceusage.serviceUsageConsumeruser:raghu.manne@searce.com"
                },
                "google_project_iam_member_tfer--roles-002F-serviceusage-002E-serviceUsageConsumeruser-003A-sai-002E-k-0040-searce-002E-com_id": {
                    "sensitive": false,
                    "type": "string",
                    "value": "roles/serviceusage.serviceUsageConsumeruser:sai.k@searce.com"
                },
                "google_project_iam_member_tfer--roles-002F-serviceusage-002E-serviceUsageConsumeruser-003A-saurav-002E-singh-0040-searce-002E-com_id": {
                    "sensitive": false,
                    "type": "string",
                    "value": "roles/serviceusage.serviceUsageConsumeruser:saurav.singh@searce.com"
                },
                "google_project_iam_member_tfer--roles-002F-serviceusage-002E-serviceUsageConsumeruser-003A-shivaling-002E-patil-0040-searce-002E-com_id": {
                    "sensitive": false,
                    "type": "string",
                    "value": "roles/serviceusage.serviceUsageConsumeruser:shivaling.patil@searce.com"
                },
                "google_project_iam_member_tfer--roles-002F-sourcerepo-002E-serviceAgentserviceAccount-003A-service-19361973525-0040-sourcerepo-service-accounts-002E-iam-002E-gserviceaccount-002E-com_id": {
                    "sensitive": false,
                    "type": "string",
                    "value": "roles/sourcerepo.serviceAgentserviceAccount:service-19361973525@sourcerepo-service-accounts.iam.gserviceaccount.com"
                },
                "google_project_iam_member_tfer--roles-002F-stackdriver-002E-resourceMetadata-002E-writerserviceAccount-003A-baremetal-gcr-0040-ce-ps-3team-002E-iam-002E-gserviceaccount-002E-com_id": {
                    "sensitive": false,
                    "type": "string",
                    "value": "roles/stackdriver.resourceMetadata.writerserviceAccount:baremetal-gcr@ce-ps-3team.iam.gserviceaccount.com"
                },
                "google_project_iam_member_tfer--roles-002F-stackdriver-002E-resourceMetadata-002E-writerserviceAccount-003A-gke-to-eks-migration-poc-0040-ce-ps-3team-002E-iam-002E-gserviceaccount-002E-com_id": {
                    "sensitive": false,
                    "type": "string",
                    "value": "roles/stackdriver.resourceMetadata.writerserviceAccount:gke-to-eks-migration-poc@ce-ps-3team.iam.gserviceaccount.com"
                },
                "google_project_iam_member_tfer--roles-002F-storage-002E-admindeleted-003A-serviceAccount-003A-gitlab-pod-poc-0040-ce-ps-3team-002E-iam-002E-gserviceaccount-002E-com-003F-uid-003D-112055378845491413900_id": {
                    "sensitive": false,
                    "type": "string",
                    "value": "roles/storage.admindeleted:serviceAccount:gitlab-pod-poc@ce-ps-3team.iam.gserviceaccount.com?uid=112055378845491413900"
                },
                "google_project_iam_member_tfer--roles-002F-storage-002E-adminuser-003A-subbaraju-002E-penmetsa-0040-searce-002E-com_id": {
                    "sensitive": false,
                    "type": "string",
                    "value": "roles/storage.adminuser:subbaraju.penmetsa@searce.com"
                },
                "google_project_iam_member_tfer--roles-002F-storage-002E-objectAdminserviceAccount-003A-service-19361973525-0040-gcp-sa-cloudasset-002E-iam-002E-gserviceaccount-002E-com_id": {
                    "sensitive": false,
                    "type": "string",
                    "value": "roles/storage.objectAdminserviceAccount:service-19361973525@gcp-sa-cloudasset.iam.gserviceaccount.com"
                },
                "google_project_iam_member_tfer--roles-002F-storage-002E-objectAdminuser-003A-pallapolu-002E-sindhu-0040-searce-002E-com_id": {
                    "sensitive": false,
                    "type": "string",
                    "value": "roles/storage.objectAdminuser:pallapolu.sindhu@searce.com"
                },
                "google_project_iam_member_tfer--roles-002F-viewerdeleted-003A-serviceAccount-003A-gitlab-pod-poc-0040-ce-ps-3team-002E-iam-002E-gserviceaccount-002E-com-003F-uid-003D-112055378845491413900_id": {
                    "sensitive": false,
                    "type": "string",
                    "value": "roles/viewerdeleted:serviceAccount:gitlab-pod-poc@ce-ps-3team.iam.gserviceaccount.com?uid=112055378845491413900"
                },
                "google_project_iam_member_tfer--roles-002F-vieweruser-003A-Santhosh-002E-kumar-0040-searce-002E-com_id": {
                    "sensitive": false,
                    "type": "string",
                    "value": "roles/vieweruser:Santhosh.kumar@searce.com"
                },
                "google_project_iam_member_tfer--roles-002F-vieweruser-003A-aben-002E-george-0040-searce-002E-com_id": {
                    "sensitive": false,
                    "type": "string",
                    "value": "roles/vieweruser:aben.george@searce.com"
                },
                "google_project_iam_member_tfer--roles-002F-vieweruser-003A-aditya-002E-chandrakar-0040-searce-002E-com_id": {
                    "sensitive": false,
                    "type": "string",
                    "value": "roles/vieweruser:aditya.chandrakar@searce.com"
                },
                "google_project_iam_member_tfer--roles-002F-vieweruser-003A-arijita-002E-mitra-0040-searce-002E-com_id": {
                    "sensitive": false,
                    "type": "string",
                    "value": "roles/vieweruser:arijita.mitra@searce.com"
                },
                "google_project_iam_member_tfer--roles-002F-vieweruser-003A-binayak-002E-kumar-0040-searce-002E-com_id": {
                    "sensitive": false,
                    "type": "string",
                    "value": "roles/vieweruser:binayak.kumar@searce.com"
                },
                "google_project_iam_member_tfer--roles-002F-vieweruser-003A-harshal-002E-sanap-0040-searce-002E-com_id": {
                    "sensitive": false,
                    "type": "string",
                    "value": "roles/vieweruser:harshal.sanap@searce.com"
                },
                "google_project_iam_member_tfer--roles-002F-vieweruser-003A-pallapolu-002E-sindhu-0040-searce-002E-com_id": {
                    "sensitive": false,
                    "type": "string",
                    "value": "roles/vieweruser:pallapolu.sindhu@searce.com"
                },
                "google_project_iam_member_tfer--roles-002F-vieweruser-003A-prasada-002E-midde-0040-searce-002E-com_id": {
                    "sensitive": false,
                    "type": "string",
                    "value": "roles/vieweruser:prasada.midde@searce.com"
                },
                "google_project_iam_member_tfer--roles-002F-vieweruser-003A-raghu-002E-manne-0040-searce-002E-com_id": {
                    "sensitive": false,
                    "type": "string",
                    "value": "roles/vieweruser:raghu.manne@searce.com"
                },
                "google_project_iam_member_tfer--roles-002F-vieweruser-003A-sai-002E-k-0040-searce-002E-com_id": {
                    "sensitive": false,
                    "type": "string",
                    "value": "roles/vieweruser:sai.k@searce.com"
                },
                "google_project_iam_member_tfer--roles-002F-vieweruser-003A-saurav-002E-singh-0040-searce-002E-com_id": {
                    "sensitive": false,
                    "type": "string",
                    "value": "roles/vieweruser:saurav.singh@searce.com"
                },
                "google_project_iam_member_tfer--roles-002F-vieweruser-003A-shivaling-002E-patil-0040-searce-002E-com_id": {
                    "sensitive": false,
                    "type": "string",
                    "value": "roles/vieweruser:shivaling.patil@searce.com"
                },
                "google_project_iam_member_tfer--roles-002F-vmmigration-002E-serviceAgentserviceAccount-003A-service-19361973525-0040-gcp-sa-vmmigration-002E-iam-002E-gserviceaccount-002E-com_id": {
                    "sensitive": false,
                    "type": "string",
                    "value": "roles/vmmigration.serviceAgentserviceAccount:service-19361973525@gcp-sa-vmmigration.iam.gserviceaccount.com"
                },
                "google_project_iam_member_tfer--roles-002F-vpcaccess-002E-serviceAgentserviceAccount-003A-service-19361973525-0040-gcp-sa-vpcaccess-002E-iam-002E-gserviceaccount-002E-com_id": {
                    "sensitive": false,
                    "type": "string",
                    "value": "roles/vpcaccess.serviceAgentserviceAccount:service-19361973525@gcp-sa-vpcaccess.iam.gserviceaccount.com"
                },
                "google_project_iam_member_tfer--roles-002F-websecurityscanner-002E-serviceAgentserviceAccount-003A-service-19361973525-0040-gcp-sa-websecurityscanner-002E-iam-002E-gserviceaccount-002E-com_id": {
                    "sensitive": false,
                    "type": "string",
                    "value": "roles/websecurityscanner.serviceAgentserviceAccount:service-19361973525@gcp-sa-websecurityscanner.iam.gserviceaccount.com"
                },
                "google_project_iam_member_tfer--roles-002F-workflows-002E-serviceAgentserviceAccount-003A-service-19361973525-0040-gcp-sa-workflows-002E-iam-002E-gserviceaccount-002E-com_id": {
                    "sensitive": false,
                    "type": "string",
                    "value": "roles/workflows.serviceAgentserviceAccount:service-19361973525@gcp-sa-workflows.iam.gserviceaccount.com"
                },
                "google_project_iam_member_tfer--roles-002F-workstations-002E-serviceAgentserviceAccount-003A-service-19361973525-0040-gcp-sa-workstations-002E-iam-002E-gserviceaccount-002E-com_id": {
                    "sensitive": false,
                    "type": "string",
                    "value": "roles/workstations.serviceAgentserviceAccount:service-19361973525@gcp-sa-workstations.iam.gserviceaccount.com"
                },
                "google_service_account_tfer--101454332025492251187_id": {
                    "sensitive": false,
                    "type": "string",
                    "value": "projects/ce-ps-3team/serviceAccounts/keda-gcppubsubtest@ce-ps-3team.iam.gserviceaccount.com"
                },
                "google_service_account_tfer--103189860093338084938_id": {
                    "sensitive": false,
                    "type": "string",
                    "value": "projects/ce-ps-3team/serviceAccounts/baremetal-gcr@ce-ps-3team.iam.gserviceaccount.com"
                },
                "google_service_account_tfer--103524776314436736613_id": {
                    "sensitive": false,
                    "type": "string",
                    "value": "projects/ce-ps-3team/serviceAccounts/gangadhars-test-sa@ce-ps-3team.iam.gserviceaccount.com"
                },
                "google_service_account_tfer--106506744714391445885_id": {
                    "sensitive": false,
                    "type": "string",
                    "value": "projects/ce-ps-3team/serviceAccounts/test-google-groups@ce-ps-3team.iam.gserviceaccount.com"
                },
                "google_service_account_tfer--112295234548117631061_id": {
                    "sensitive": false,
                    "type": "string",
                    "value": "projects/ce-ps-3team/serviceAccounts/vm-connectivity-test-shivaling@ce-ps-3team.iam.gserviceaccount.com"
                },
                "google_service_account_tfer--113709310822933067102_id": {
                    "sensitive": false,
                    "type": "string",
                    "value": "projects/ce-ps-3team/serviceAccounts/edge01-devnet-compute-engine@ce-ps-3team.iam.gserviceaccount.com"
                },
                "google_service_account_tfer--115809471446649695836_id": {
                    "sensitive": false,
                    "type": "string",
                    "value": "projects/ce-ps-3team/serviceAccounts/gke-to-eks-migration-poc@ce-ps-3team.iam.gserviceaccount.com"
                },
                "google_service_account_tfer--116447987814103144089_id": {
                    "sensitive": false,
                    "type": "string",
                    "value": "projects/ce-ps-3team/serviceAccounts/ce-ps-3team@appspot.gserviceaccount.com"
                },
                "google_service_account_tfer--116600562929903752562_id": {
                    "sensitive": false,
                    "type": "string",
                    "value": "projects/ce-ps-3team/serviceAccounts/test-polygon-created-by-piyush@ce-ps-3team.iam.gserviceaccount.com"
                }
            },
            "resources": {
                "google_project_iam_custom_role.tfer--projects-002F-ce-ps-3team-002F-roles-002F-assets_bulk_export": {
                    "type": "google_project_iam_custom_role",
                    "depends_on": [],
                    "primary": {
                        "id": "projects/ce-ps-3team/roles/assets_bulk_export",
                        "attributes": {
                            "deleted": "false",
                            "description": "Created on: 2023-05-30",
                            "id": "projects/ce-ps-3team/roles/assets_bulk_export",
                            "name": "projects/ce-ps-3team/roles/assets_bulk_export",
                            "permissions.#": "15",
                            "permissions.0": "bigquery.datasets.get",
                            "permissions.1": "bigquery.jobs.create",
                            "permissions.10": "storage.buckets.get",
                            "permissions.11": "storage.buckets.getIamPolicy",
                            "permissions.12": "storage.objects.create",
                            "permissions.13": "storage.objects.delete",
                            "permissions.14": "storage.objects.get",
                            "permissions.2": "bigquery.jobs.get",
                            "permissions.3": "bigquery.tables.create",
                            "permissions.4": "bigquery.tables.delete",
                            "permissions.5": "bigquery.tables.get",
                            "permissions.6": "bigquery.tables.update",
                            "permissions.7": "bigquery.tables.updateData",
                            "permissions.8": "pubsub.topics.publish",
                            "permissions.9": "storage.buckets.create",
                            "project": "ce-ps-3team",
                            "role_id": "assets_bulk_export",
                            "stage": "",
                            "title": "assets_bulk_export"
                        },
                        "meta": {
                            "schema_version": 0
                        },
                        "tainted": false
                    },
                    "deposed": [],
                    "provider": "provider.google"
                },
                "google_project_iam_custom_role.tfer--projects-002F-ce-ps-3team-002F-roles-002F-custom-002E-nansen": {
                    "type": "google_project_iam_custom_role",
                    "depends_on": [],
                    "primary": {
                        "id": "projects/ce-ps-3team/roles/custom.nansen",
                        "attributes": {
                            "deleted": "false",
                            "description": "Custom role with Cloud Asset and Service Usage Viewer permissions",
                            "id": "projects/ce-ps-3team/roles/custom.nansen",
                            "name": "projects/ce-ps-3team/roles/custom.nansen",
                            "permissions.#": "4",
                            "permissions.0": "cloudasset.assets.exportIamPolicy",
                            "permissions.1": "cloudasset.assets.exportResource",
                            "permissions.2": "iam.roles.get",
                            "permissions.3": "serviceusage.services.list",
                            "project": "ce-ps-3team",
                            "role_id": "custom.nansen",
                            "stage": "GA",
                            "title": "custom-asset-service-viewer"
                        },
                        "meta": {
                            "schema_version": 0
                        },
                        "tainted": false
                    },
                    "deposed": [],
                    "provider": "provider.google"
                },
                "google_project_iam_custom_role.tfer--projects-002F-ce-ps-3team-002F-roles-002F-gangadhars": {
                    "type": "google_project_iam_custom_role",
                    "depends_on": [],
                    "primary": {
                        "id": "projects/ce-ps-3team/roles/gangadhars",
                        "attributes": {
                            "deleted": "false",
                            "description": "for test purpose.",
                            "id": "projects/ce-ps-3team/roles/gangadhars",
                            "name": "projects/ce-ps-3team/roles/gangadhars",
                            "permissions.#": "9",
                            "permissions.0": "compute.addresses.list",
                            "permissions.1": "compute.disks.list",
                            "permissions.2": "compute.firewalls.list",
                            "permissions.3": "compute.images.list",
                            "permissions.4": "compute.instances.list",
                            "permissions.5": "compute.machineTypes.list",
                            "permissions.6": "compute.networks.list",
                            "permissions.7": "compute.regions.list",
                            "permissions.8": "compute.zones.list",
                            "project": "ce-ps-3team",
                            "role_id": "gangadhars",
                            "stage": "GA",
                            "title": "gangadhars"
                        },
                        "meta": {
                            "schema_version": 0
                        },
                        "tainted": false
                    },
                    "deposed": [],
                    "provider": "provider.google"
                },
                "google_project_iam_custom_role.tfer--projects-002F-ce-ps-3team-002F-roles-002F-gketoeksmigrationpoc": {
                    "type": "google_project_iam_custom_role",
                    "depends_on": [],
                    "primary": {
                        "id": "projects/ce-ps-3team/roles/gketoeksmigrationpoc",
                        "attributes": {
                            "deleted": "false",
                            "description": "Created on: 2023-06-19",
                            "id": "projects/ce-ps-3team/roles/gketoeksmigrationpoc",
                            "name": "projects/ce-ps-3team/roles/gketoeksmigrationpoc",
                            "permissions.#": "9",
                            "permissions.0": "compute.disks.create",
                            "permissions.1": "compute.disks.setLabels",
                            "permissions.2": "compute.instanceGroups.update",
                            "permissions.3": "compute.instances.create",
                            "permissions.4": "compute.instances.setLabels",
                            "permissions.5": "compute.instances.setMetadata",
                            "permissions.6": "compute.instances.setServiceAccount",
                            "permissions.7": "compute.instances.setTags",
                            "permissions.8": "compute.subnetworks.use",
                            "project": "ce-ps-3team",
                            "role_id": "gketoeksmigrationpoc",
                            "stage": "",
                            "title": "gke-to-eks-migration-poc"
                        },
                        "meta": {
                            "schema_version": 0
                        },
                        "tainted": false
                    },
                    "deposed": [],
                    "provider": "provider.google"
                },
                "google_project_iam_member.tfer--projects-002F-ce-ps-3team-002F-roles-002F-assets_bulk_exportuser-003A-Santhosh-002E-kumar-0040-searce-002E-com": {
                    "type": "google_project_iam_member",
                    "depends_on": [],
                    "primary": {
                        "id": "projects/ce-ps-3team/roles/assets_bulk_exportuser:Santhosh.kumar@searce.com",
                        "attributes": {
                            "condition.#": "0",
                            "etag": "BwX/VfKlEMs=",
                            "id": "projects/ce-ps-3team/roles/assets_bulk_exportuser:Santhosh.kumar@searce.com",
                            "member": "user:Santhosh.kumar@searce.com",
                            "project": "ce-ps-3team",
                            "role": "projects/ce-ps-3team/roles/assets_bulk_export"
                        },
                        "meta": {
                            "schema_version": 0
                        },
                        "tainted": false
                    },
                    "deposed": [],
                    "provider": "provider.google"
                },
                "google_project_iam_member.tfer--projects-002F-ce-ps-3team-002F-roles-002F-assets_bulk_exportuser-003A-binayak-002E-kumar-0040-searce-002E-com": {
                    "type": "google_project_iam_member",
                    "depends_on": [],
                    "primary": {
                        "id": "projects/ce-ps-3team/roles/assets_bulk_exportuser:binayak.kumar@searce.com",
                        "attributes": {
                            "condition.#": "0",
                            "etag": "BwX/VfHKkAg=",
                            "id": "projects/ce-ps-3team/roles/assets_bulk_exportuser:binayak.kumar@searce.com",
                            "member": "user:binayak.kumar@searce.com",
                            "project": "ce-ps-3team",
                            "role": "projects/ce-ps-3team/roles/assets_bulk_export"
                        },
                        "meta": {
                            "schema_version": 0
                        },
                        "tainted": false
                    },
                    "deposed": [],
                    "provider": "provider.google"
                },
                "google_project_iam_member.tfer--projects-002F-ce-ps-3team-002F-roles-002F-assets_bulk_exportuser-003A-harshal-002E-sanap-0040-searce-002E-com": {
                    "type": "google_project_iam_member",
                    "depends_on": [],
                    "primary": {
                        "id": "projects/ce-ps-3team/roles/assets_bulk_exportuser:harshal.sanap@searce.com",
                        "attributes": {
                            "condition.#": "0",
                            "etag": "BwX/VfKlEMs=",
                            "id": "projects/ce-ps-3team/roles/assets_bulk_exportuser:harshal.sanap@searce.com",
                            "member": "user:harshal.sanap@searce.com",
                            "project": "ce-ps-3team",
                            "role": "projects/ce-ps-3team/roles/assets_bulk_export"
                        },
                        "meta": {
                            "schema_version": 0
                        },
                        "tainted": false
                    },
                    "deposed": [],
                    "provider": "provider.google"
                },
                "google_project_iam_member.tfer--projects-002F-ce-ps-3team-002F-roles-002F-assets_bulk_exportuser-003A-pallapolu-002E-sindhu-0040-searce-002E-com": {
                    "type": "google_project_iam_member",
                    "depends_on": [],
                    "primary": {
                        "id": "projects/ce-ps-3team/roles/assets_bulk_exportuser:pallapolu.sindhu@searce.com",
                        "attributes": {
                            "condition.#": "0",
                            "etag": "BwX/VfKlEMs=",
                            "id": "projects/ce-ps-3team/roles/assets_bulk_exportuser:pallapolu.sindhu@searce.com",
                            "member": "user:pallapolu.sindhu@searce.com",
                            "project": "ce-ps-3team",
                            "role": "projects/ce-ps-3team/roles/assets_bulk_export"
                        },
                        "meta": {
                            "schema_version": 0
                        },
                        "tainted": false
                    },
                    "deposed": [],
                    "provider": "provider.google"
                },
                "google_project_iam_member.tfer--projects-002F-ce-ps-3team-002F-roles-002F-assets_bulk_exportuser-003A-raghu-002E-manne-0040-searce-002E-com": {
                    "type": "google_project_iam_member",
                    "depends_on": [],
                    "primary": {
                        "id": "projects/ce-ps-3team/roles/assets_bulk_exportuser:raghu.manne@searce.com",
                        "attributes": {
                            "condition.#": "0",
                            "etag": "BwX/VfKlEMs=",
                            "id": "projects/ce-ps-3team/roles/assets_bulk_exportuser:raghu.manne@searce.com",
                            "member": "user:raghu.manne@searce.com",
                            "project": "ce-ps-3team",
                            "role": "projects/ce-ps-3team/roles/assets_bulk_export"
                        },
                        "meta": {
                            "schema_version": 0
                        },
                        "tainted": false
                    },
                    "deposed": [],
                    "provider": "provider.google"
                },
                "google_project_iam_member.tfer--projects-002F-ce-ps-3team-002F-roles-002F-assets_bulk_exportuser-003A-sai-002E-k-0040-searce-002E-com": {
                    "type": "google_project_iam_member",
                    "depends_on": [],
                    "primary": {
                        "id": "projects/ce-ps-3team/roles/assets_bulk_exportuser:sai.k@searce.com",
                        "attributes": {
                            "condition.#": "0",
                            "etag": "BwX/VfB09rw=",
                            "id": "projects/ce-ps-3team/roles/assets_bulk_exportuser:sai.k@searce.com",
                            "member": "user:sai.k@searce.com",
                            "project": "ce-ps-3team",
                            "role": "projects/ce-ps-3team/roles/assets_bulk_export"
                        },
                        "meta": {
                            "schema_version": 0
                        },
                        "tainted": false
                    },
                    "deposed": [],
                    "provider": "provider.google"
                },
                "google_project_iam_member.tfer--projects-002F-ce-ps-3team-002F-roles-002F-assets_bulk_exportuser-003A-saurav-002E-singh-0040-searce-002E-com": {
                    "type": "google_project_iam_member",
                    "depends_on": [],
                    "primary": {
                        "id": "projects/ce-ps-3team/roles/assets_bulk_exportuser:saurav.singh@searce.com",
                        "attributes": {
                            "condition.#": "0",
                            "etag": "BwX/VfHKkAg=",
                            "id": "projects/ce-ps-3team/roles/assets_bulk_exportuser:saurav.singh@searce.com",
                            "member": "user:saurav.singh@searce.com",
                            "project": "ce-ps-3team",
                            "role": "projects/ce-ps-3team/roles/assets_bulk_export"
                        },
                        "meta": {
                            "schema_version": 0
                        },
                        "tainted": false
                    },
                    "deposed": [],
                    "provider": "provider.google"
                },
                "google_project_iam_member.tfer--projects-002F-ce-ps-3team-002F-roles-002F-assets_bulk_exportuser-003A-shivaling-002E-patil-0040-searce-002E-com": {
                    "type": "google_project_iam_member",
                    "depends_on": [],
                    "primary": {
                        "id": "projects/ce-ps-3team/roles/assets_bulk_exportuser:shivaling.patil@searce.com",
                        "attributes": {
                            "condition.#": "0",
                            "etag": "BwX/VfKlEMs=",
                            "id": "projects/ce-ps-3team/roles/assets_bulk_exportuser:shivaling.patil@searce.com",
                            "member": "user:shivaling.patil@searce.com",
                            "project": "ce-ps-3team",
                            "role": "projects/ce-ps-3team/roles/assets_bulk_export"
                        },
                        "meta": {
                            "schema_version": 0
                        },
                        "tainted": false
                    },
                    "deposed": [],
                    "provider": "provider.google"
                },
                "google_project_iam_member.tfer--projects-002F-ce-ps-3team-002F-roles-002F-gangadharsserviceAccount-003A-gangadhars-test-sa-0040-ce-ps-3team-002E-iam-002E-gserviceaccount-002E-com": {
                    "type": "google_project_iam_member",
                    "depends_on": [],
                    "primary": {
                        "id": "projects/ce-ps-3team/roles/gangadharsserviceAccount:gangadhars-test-sa@ce-ps-3team.iam.gserviceaccount.com",
                        "attributes": {
                            "condition.#": "0",
                            "etag": "BwX/VfKlEMs=",
                            "id": "projects/ce-ps-3team/roles/gangadharsserviceAccount:gangadhars-test-sa@ce-ps-3team.iam.gserviceaccount.com",
                            "member": "serviceAccount:gangadhars-test-sa@ce-ps-3team.iam.gserviceaccount.com",
                            "project": "ce-ps-3team",
                            "role": "projects/ce-ps-3team/roles/gangadhars"
                        },
                        "meta": {
                            "schema_version": 0
                        },
                        "tainted": false
                    },
                    "deposed": [],
                    "provider": "provider.google"
                },
                "google_project_iam_member.tfer--projects-002F-ce-ps-3team-002F-roles-002F-gketoeksmigrationpocserviceAccount-003A-19361973525-0040-cloudservices-002E-gserviceaccount-002E-com": {
                    "type": "google_project_iam_member",
                    "depends_on": [],
                    "primary": {
                        "id": "projects/ce-ps-3team/roles/gketoeksmigrationpocserviceAccount:19361973525@cloudservices.gserviceaccount.com",
                        "attributes": {
                            "condition.#": "0",
                            "etag": "BwX/VfKlEMs=",
                            "id": "projects/ce-ps-3team/roles/gketoeksmigrationpocserviceAccount:19361973525@cloudservices.gserviceaccount.com",
                            "member": "serviceAccount:19361973525@cloudservices.gserviceaccount.com",
                            "project": "ce-ps-3team",
                            "role": "projects/ce-ps-3team/roles/gketoeksmigrationpoc"
                        },
                        "meta": {
                            "schema_version": 0
                        },
                        "tainted": false
                    },
                    "deposed": [],
                    "provider": "provider.google"
                },
                "google_project_iam_member.tfer--roles-002F-aiplatform-002E-customCodeServiceAgentserviceAccount-003A-service-19361973525-0040-gcp-sa-aiplatform-cc-002E-iam-002E-gserviceaccount-002E-com": {
                    "type": "google_project_iam_member",
                    "depends_on": [],
                    "primary": {
                        "id": "roles/aiplatform.customCodeServiceAgentserviceAccount:service-19361973525@gcp-sa-aiplatform-cc.iam.gserviceaccount.com",
                        "attributes": {
                            "condition.#": "0",
                            "etag": "BwX/VfIa6G4=",
                            "id": "roles/aiplatform.customCodeServiceAgentserviceAccount:service-19361973525@gcp-sa-aiplatform-cc.iam.gserviceaccount.com",
                            "member": "serviceAccount:service-19361973525@gcp-sa-aiplatform-cc.iam.gserviceaccount.com",
                            "project": "ce-ps-3team",
                            "role": "roles/aiplatform.customCodeServiceAgent"
                        },
                        "meta": {
                            "schema_version": 0
                        },
                        "tainted": false
                    },
                    "deposed": [],
                    "provider": "provider.google"
                },
                "google_project_iam_member.tfer--roles-002F-aiplatform-002E-serviceAgentserviceAccount-003A-service-19361973525-0040-gcp-sa-aiplatform-002E-iam-002E-gserviceaccount-002E-com": {
                    "type": "google_project_iam_member",
                    "depends_on": [],
                    "primary": {
                        "id": "roles/aiplatform.serviceAgentserviceAccount:service-19361973525@gcp-sa-aiplatform.iam.gserviceaccount.com",
                        "attributes": {
                            "condition.#": "0",
                            "etag": "BwX/VeDWE7U=",
                            "id": "roles/aiplatform.serviceAgentserviceAccount:service-19361973525@gcp-sa-aiplatform.iam.gserviceaccount.com",
                            "member": "serviceAccount:service-19361973525@gcp-sa-aiplatform.iam.gserviceaccount.com",
                            "project": "ce-ps-3team",
                            "role": "roles/aiplatform.serviceAgent"
                        },
                        "meta": {
                            "schema_version": 0
                        },
                        "tainted": false
                    },
                    "deposed": [],
                    "provider": "provider.google"
                },
                "google_project_iam_member.tfer--roles-002F-alloydb-002E-serviceAgentserviceAccount-003A-service-19361973525-0040-gcp-sa-alloydb-002E-iam-002E-gserviceaccount-002E-com": {
                    "type": "google_project_iam_member",
                    "depends_on": [],
                    "primary": {
                        "id": "roles/alloydb.serviceAgentserviceAccount:service-19361973525@gcp-sa-alloydb.iam.gserviceaccount.com",
                        "attributes": {
                            "condition.#": "0",
                            "etag": "BwX/VfKlEMs=",
                            "id": "roles/alloydb.serviceAgentserviceAccount:service-19361973525@gcp-sa-alloydb.iam.gserviceaccount.com",
                            "member": "serviceAccount:service-19361973525@gcp-sa-alloydb.iam.gserviceaccount.com",
                            "project": "ce-ps-3team",
                            "role": "roles/alloydb.serviceAgent"
                        },
                        "meta": {
                            "schema_version": 0
                        },
                        "tainted": false
                    },
                    "deposed": [],
                    "provider": "provider.google"
                },
                "google_project_iam_member.tfer--roles-002F-anthosconfigmanagement-002E-serviceAgentserviceAccount-003A-service-19361973525-0040-gcp-sa-anthosconfigmanagement-002E-iam-002E-gserviceaccount-002E-com": {
                    "type": "google_project_iam_member",
                    "depends_on": [],
                    "primary": {
                        "id": "roles/anthosconfigmanagement.serviceAgentserviceAccount:service-19361973525@gcp-sa-anthosconfigmanagement.iam.gserviceaccount.com",
                        "attributes": {
                            "condition.#": "0",
                            "etag": "BwX/VfDNlLE=",
                            "id": "roles/anthosconfigmanagement.serviceAgentserviceAccount:service-19361973525@gcp-sa-anthosconfigmanagement.iam.gserviceaccount.com",
                            "member": "serviceAccount:service-19361973525@gcp-sa-anthosconfigmanagement.iam.gserviceaccount.com",
                            "project": "ce-ps-3team",
                            "role": "roles/anthosconfigmanagement.serviceAgent"
                        },
                        "meta": {
                            "schema_version": 0
                        },
                        "tainted": false
                    },
                    "deposed": [],
                    "provider": "provider.google"
                },
                "google_project_iam_member.tfer--roles-002F-anthosservicemesh-002E-serviceAgentserviceAccount-003A-service-19361973525-0040-gcp-sa-servicemesh-002E-iam-002E-gserviceaccount-002E-com": {
                    "type": "google_project_iam_member",
                    "depends_on": [],
                    "primary": {
                        "id": "roles/anthosservicemesh.serviceAgentserviceAccount:service-19361973525@gcp-sa-servicemesh.iam.gserviceaccount.com",
                        "attributes": {
                            "condition.#": "0",
                            "etag": "BwX/VfKlEMs=",
                            "id": "roles/anthosservicemesh.serviceAgentserviceAccount:service-19361973525@gcp-sa-servicemesh.iam.gserviceaccount.com",
                            "member": "serviceAccount:service-19361973525@gcp-sa-servicemesh.iam.gserviceaccount.com",
                            "project": "ce-ps-3team",
                            "role": "roles/anthosservicemesh.serviceAgent"
                        },
                        "meta": {
                            "schema_version": 0
                        },
                        "tainted": false
                    },
                    "deposed": [],
                    "provider": "provider.google"
                },
                "google_project_iam_member.tfer--roles-002F-apigateway-002E-serviceAgentserviceAccount-003A-service-19361973525-0040-gcp-sa-apigateway-002E-iam-002E-gserviceaccount-002E-com": {
                    "type": "google_project_iam_member",
                    "depends_on": [],
                    "primary": {
                        "id": "roles/apigateway.serviceAgentserviceAccount:service-19361973525@gcp-sa-apigateway.iam.gserviceaccount.com",
                        "attributes": {
                            "condition.#": "0",
                            "etag": "BwX/VfKlEMs=",
                            "id": "roles/apigateway.serviceAgentserviceAccount:service-19361973525@gcp-sa-apigateway.iam.gserviceaccount.com",
                            "member": "serviceAccount:service-19361973525@gcp-sa-apigateway.iam.gserviceaccount.com",
                            "project": "ce-ps-3team",
                            "role": "roles/apigateway.serviceAgent"
                        },
                        "meta": {
                            "schema_version": 0
                        },
                        "tainted": false
                    },
                    "deposed": [],
                    "provider": "provider.google"
                },
                "google_project_iam_member.tfer--roles-002F-apigateway_management-002E-serviceAgentserviceAccount-003A-service-19361973525-0040-gcp-sa-apigateway-mgmt-002E-iam-002E-gserviceaccount-002E-com": {
                    "type": "google_project_iam_member",
                    "depends_on": [],
                    "primary": {
                        "id": "roles/apigateway_management.serviceAgentserviceAccount:service-19361973525@gcp-sa-apigateway-mgmt.iam.gserviceaccount.com",
                        "attributes": {
                            "condition.#": "0",
                            "etag": "BwX/VfDNlLE=",
                            "id": "roles/apigateway_management.serviceAgentserviceAccount:service-19361973525@gcp-sa-apigateway-mgmt.iam.gserviceaccount.com",
                            "member": "serviceAccount:service-19361973525@gcp-sa-apigateway-mgmt.iam.gserviceaccount.com",
                            "project": "ce-ps-3team",
                            "role": "roles/apigateway_management.serviceAgent"
                        },
                        "meta": {
                            "schema_version": 0
                        },
                        "tainted": false
                    },
                    "deposed": [],
                    "provider": "provider.google"
                },
                "google_project_iam_member.tfer--roles-002F-appdevelopmentexperience-002E-serviceAgentserviceAccount-003A-service-19361973525-0040-gcp-sa-appdevexperience-002E-iam-002E-gserviceaccount-002E-com": {
                    "type": "google_project_iam_member",
                    "depends_on": [],
                    "primary": {
                        "id": "roles/appdevelopmentexperience.serviceAgentserviceAccount:service-19361973525@gcp-sa-appdevexperience.iam.gserviceaccount.com",
                        "attributes": {
                            "condition.#": "0",
                            "etag": "BwX/VeDWE7U=",
                            "id": "roles/appdevelopmentexperience.serviceAgentserviceAccount:service-19361973525@gcp-sa-appdevexperience.iam.gserviceaccount.com",
                            "member": "serviceAccount:service-19361973525@gcp-sa-appdevexperience.iam.gserviceaccount.com",
                            "project": "ce-ps-3team",
                            "role": "roles/appdevelopmentexperience.serviceAgent"
                        },
                        "meta": {
                            "schema_version": 0
                        },
                        "tainted": false
                    },
                    "deposed": [],
                    "provider": "provider.google"
                },
                "google_project_iam_member.tfer--roles-002F-appengine-002E-serviceAgentserviceAccount-003A-service-19361973525-0040-gcp-gae-service-002E-iam-002E-gserviceaccount-002E-com": {
                    "type": "google_project_iam_member",
                    "depends_on": [],
                    "primary": {
                        "id": "roles/appengine.serviceAgentserviceAccount:service-19361973525@gcp-gae-service.iam.gserviceaccount.com",
                        "attributes": {
                            "condition.#": "0",
                            "etag": "BwX/VfKlEMs=",
                            "id": "roles/appengine.serviceAgentserviceAccount:service-19361973525@gcp-gae-service.iam.gserviceaccount.com",
                            "member": "serviceAccount:service-19361973525@gcp-gae-service.iam.gserviceaccount.com",
                            "project": "ce-ps-3team",
                            "role": "roles/appengine.serviceAgent"
                        },
                        "meta": {
                            "schema_version": 0
                        },
                        "tainted": false
                    },
                    "deposed": [],
                    "provider": "provider.google"
                },
                "google_project_iam_member.tfer--roles-002F-appengineflex-002E-serviceAgentserviceAccount-003A-service-19361973525-0040-gae-api-prod-002E-google-002E-com-002E-iam-002E-gserviceaccount-002E-com": {
                    "type": "google_project_iam_member",
                    "depends_on": [],
                    "primary": {
                        "id": "roles/appengineflex.serviceAgentserviceAccount:service-19361973525@gae-api-prod.google.com.iam.gserviceaccount.com",
                        "attributes": {
                            "condition.#": "0",
                            "etag": "BwX/VfIa6G4=",
                            "id": "roles/appengineflex.serviceAgentserviceAccount:service-19361973525@gae-api-prod.google.com.iam.gserviceaccount.com",
                            "member": "serviceAccount:service-19361973525@gae-api-prod.google.com.iam.gserviceaccount.com",
                            "project": "ce-ps-3team",
                            "role": "roles/appengineflex.serviceAgent"
                        },
                        "meta": {
                            "schema_version": 0
                        },
                        "tainted": false
                    },
                    "deposed": [],
                    "provider": "provider.google"
                },
                "google_project_iam_member.tfer--roles-002F-artifactregistry-002E-adminuser-003A-subbaraju-002E-penmetsa-0040-searce-002E-com": {
                    "type": "google_project_iam_member",
                    "depends_on": [],
                    "primary": {
                        "id": "roles/artifactregistry.adminuser:subbaraju.penmetsa@searce.com",
                        "attributes": {
                            "condition.#": "0",
                            "etag": "BwX/VfKlEMs=",
                            "id": "roles/artifactregistry.adminuser:subbaraju.penmetsa@searce.com",
                            "member": "user:subbaraju.penmetsa@searce.com",
                            "project": "ce-ps-3team",
                            "role": "roles/artifactregistry.admin"
                        },
                        "meta": {
                            "schema_version": 0
                        },
                        "tainted": false
                    },
                    "deposed": [],
                    "provider": "provider.google"
                },
                "google_project_iam_member.tfer--roles-002F-artifactregistry-002E-adminuser-003A-tarun-002E-kumar-0040-searce-002E-com": {
                    "type": "google_project_iam_member",
                    "depends_on": [],
                    "primary": {
                        "id": "roles/artifactregistry.adminuser:tarun.kumar@searce.com",
                        "attributes": {
                            "condition.#": "0",
                            "etag": "BwX/VfIa6G4=",
                            "id": "roles/artifactregistry.adminuser:tarun.kumar@searce.com",
                            "member": "user:tarun.kumar@searce.com",
                            "project": "ce-ps-3team",
                            "role": "roles/artifactregistry.admin"
                        },
                        "meta": {
                            "schema_version": 0
                        },
                        "tainted": false
                    },
                    "deposed": [],
                    "provider": "provider.google"
                },
                "google_project_iam_member.tfer--roles-002F-artifactregistry-002E-createOnPushWriterdeleted-003A-serviceAccount-003A-gitlab-pod-poc-0040-ce-ps-3team-002E-iam-002E-gserviceaccount-002E-com-003F-uid-003D-112055378845491413900": {
                    "type": "google_project_iam_member",
                    "depends_on": [],
                    "primary": {
                        "id": "roles/artifactregistry.createOnPushWriterdeleted:serviceAccount:gitlab-pod-poc@ce-ps-3team.iam.gserviceaccount.com?uid=112055378845491413900",
                        "attributes": {
                            "condition.#": "0",
                            "etag": "BwX/VeDWE7U=",
                            "id": "roles/artifactregistry.createOnPushWriterdeleted:serviceAccount:gitlab-pod-poc@ce-ps-3team.iam.gserviceaccount.com?uid=112055378845491413900",
                            "member": "deleted:serviceAccount:gitlab-pod-poc@ce-ps-3team.iam.gserviceaccount.com?uid=112055378845491413900",
                            "project": "ce-ps-3team",
                            "role": "roles/artifactregistry.createOnPushWriter"
                        },
                        "meta": {
                            "schema_version": 0
                        },
                        "tainted": false
                    },
                    "deposed": [],
                    "provider": "provider.google"
                },
                "google_project_iam_member.tfer--roles-002F-artifactregistry-002E-serviceAgentserviceAccount-003A-service-19361973525-0040-gcp-sa-artifactregistry-002E-iam-002E-gserviceaccount-002E-com": {
                    "type": "google_project_iam_member",
                    "depends_on": [],
                    "primary": {
                        "id": "roles/artifactregistry.serviceAgentserviceAccount:service-19361973525@gcp-sa-artifactregistry.iam.gserviceaccount.com",
                        "attributes": {
                            "condition.#": "0",
                            "etag": "BwX/VfKlEMs=",
                            "id": "roles/artifactregistry.serviceAgentserviceAccount:service-19361973525@gcp-sa-artifactregistry.iam.gserviceaccount.com",
                            "member": "serviceAccount:service-19361973525@gcp-sa-artifactregistry.iam.gserviceaccount.com",
                            "project": "ce-ps-3team",
                            "role": "roles/artifactregistry.serviceAgent"
                        },
                        "meta": {
                            "schema_version": 0
                        },
                        "tainted": false
                    },
                    "deposed": [],
                    "provider": "provider.google"
                },
                "google_project_iam_member.tfer--roles-002F-artifactregistry-002E-writerdeleted-003A-serviceAccount-003A-gitlab-pod-k8s-bastion-sa-0040-ce-ps-3team-002E-iam-002E-gserviceaccount-002E-com-003F-uid-003D-109033674150540410997": {
                    "type": "google_project_iam_member",
                    "depends_on": [],
                    "primary": {
                        "id": "roles/artifactregistry.writerdeleted:serviceAccount:gitlab-pod-k8s-bastion-sa@ce-ps-3team.iam.gserviceaccount.com?uid=109033674150540410997",
                        "attributes": {
                            "condition.#": "0",
                            "etag": "BwX/VfKlEMs=",
                            "id": "roles/artifactregistry.writerdeleted:serviceAccount:gitlab-pod-k8s-bastion-sa@ce-ps-3team.iam.gserviceaccount.com?uid=109033674150540410997",
                            "member": "deleted:serviceAccount:gitlab-pod-k8s-bastion-sa@ce-ps-3team.iam.gserviceaccount.com?uid=109033674150540410997",
                            "project": "ce-ps-3team",
                            "role": "roles/artifactregistry.writer"
                        },
                        "meta": {
                            "schema_version": 0
                        },
                        "tainted": false
                    },
                    "deposed": [],
                    "provider": "provider.google"
                },
                "google_project_iam_member.tfer--roles-002F-artifactregistry-002E-writerdeleted-003A-serviceAccount-003A-gitlab-pod-k8s-gke-no-sa-0040-ce-ps-3team-002E-iam-002E-gserviceaccount-002E-com-003F-uid-003D-104221268351939986761": {
                    "type": "google_project_iam_member",
                    "depends_on": [],
                    "primary": {
                        "id": "roles/artifactregistry.writerdeleted:serviceAccount:gitlab-pod-k8s-gke-no-sa@ce-ps-3team.iam.gserviceaccount.com?uid=104221268351939986761",
                        "attributes": {
                            "condition.#": "0",
                            "etag": "BwX/VfF/jlQ=",
                            "id": "roles/artifactregistry.writerdeleted:serviceAccount:gitlab-pod-k8s-gke-no-sa@ce-ps-3team.iam.gserviceaccount.com?uid=104221268351939986761",
                            "member": "deleted:serviceAccount:gitlab-pod-k8s-gke-no-sa@ce-ps-3team.iam.gserviceaccount.com?uid=104221268351939986761",
                            "project": "ce-ps-3team",
                            "role": "roles/artifactregistry.writer"
                        },
                        "meta": {
                            "schema_version": 0
                        },
                        "tainted": false
                    },
                    "deposed": [],
                    "provider": "provider.google"
                },
                "google_project_iam_member.tfer--roles-002F-baremetalsolution-002E-serviceAgentserviceAccount-003A-service-19361973525-0040-gcp-sa-bms-002E-iam-002E-gserviceaccount-002E-com": {
                    "type": "google_project_iam_member",
                    "depends_on": [],
                    "primary": {
                        "id": "roles/baremetalsolution.serviceAgentserviceAccount:service-19361973525@gcp-sa-bms.iam.gserviceaccount.com",
                        "attributes": {
                            "condition.#": "0",
                            "etag": "BwX/VfKlEMs=",
                            "id": "roles/baremetalsolution.serviceAgentserviceAccount:service-19361973525@gcp-sa-bms.iam.gserviceaccount.com",
                            "member": "serviceAccount:service-19361973525@gcp-sa-bms.iam.gserviceaccount.com",
                            "project": "ce-ps-3team",
                            "role": "roles/baremetalsolution.serviceAgent"
                        },
                        "meta": {
                            "schema_version": 0
                        },
                        "tainted": false
                    },
                    "deposed": [],
                    "provider": "provider.google"
                },
                "google_project_iam_member.tfer--roles-002F-bigquery-002E-adminuser-003A-shivaling-002E-patil-0040-searce-002E-com": {
                    "type": "google_project_iam_member",
                    "depends_on": [],
                    "primary": {
                        "id": "roles/bigquery.adminuser:shivaling.patil@searce.com",
                        "attributes": {
                            "condition.#": "0",
                            "etag": "BwX/VfIa6G4=",
                            "id": "roles/bigquery.adminuser:shivaling.patil@searce.com",
                            "member": "user:shivaling.patil@searce.com",
                            "project": "ce-ps-3team",
                            "role": "roles/bigquery.admin"
                        },
                        "meta": {
                            "schema_version": 0
                        },
                        "tainted": false
                    },
                    "deposed": [],
                    "provider": "provider.google"
                },
                "google_project_iam_member.tfer--roles-002F-bigquerydatatransfer-002E-serviceAgentserviceAccount-003A-service-19361973525-0040-gcp-sa-bigquerydatatransfer-002E-iam-002E-gserviceaccount-002E-com": {
                    "type": "google_project_iam_member",
                    "depends_on": [],
                    "primary": {
                        "id": "roles/bigquerydatatransfer.serviceAgentserviceAccount:service-19361973525@gcp-sa-bigquerydatatransfer.iam.gserviceaccount.com",
                        "attributes": {
                            "condition.#": "0",
                            "etag": "BwX/VfKlEMs=",
                            "id": "roles/bigquerydatatransfer.serviceAgentserviceAccount:service-19361973525@gcp-sa-bigquerydatatransfer.iam.gserviceaccount.com",
                            "member": "serviceAccount:service-19361973525@gcp-sa-bigquerydatatransfer.iam.gserviceaccount.com",
                            "project": "ce-ps-3team",
                            "role": "roles/bigquerydatatransfer.serviceAgent"
                        },
                        "meta": {
                            "schema_version": 0
                        },
                        "tainted": false
                    },
                    "deposed": [],
                    "provider": "provider.google"
                },
                "google_project_iam_member.tfer--roles-002F-billing-002E-projectManageruser-003A-hemang-002E-modi-0040-searce-002E-com": {
                    "type": "google_project_iam_member",
                    "depends_on": [],
                    "primary": {
                        "id": "roles/billing.projectManageruser:hemang.modi@searce.com",
                        "attributes": {
                            "condition.#": "0",
                            "etag": "BwX/VfKlEMs=",
                            "id": "roles/billing.projectManageruser:hemang.modi@searce.com",
                            "member": "user:hemang.modi@searce.com",
                            "project": "ce-ps-3team",
                            "role": "roles/billing.projectManager"
                        },
                        "meta": {
                            "schema_version": 0
                        },
                        "tainted": false
                    },
                    "deposed": [],
                    "provider": "provider.google"
                },
                "google_project_iam_member.tfer--roles-002F-binaryauthorization-002E-serviceAgentserviceAccount-003A-service-19361973525-0040-gcp-sa-binaryauthorization-002E-iam-002E-gserviceaccount-002E-com": {
                    "type": "google_project_iam_member",
                    "depends_on": [],
                    "primary": {
                        "id": "roles/binaryauthorization.serviceAgentserviceAccount:service-19361973525@gcp-sa-binaryauthorization.iam.gserviceaccount.com",
                        "attributes": {
                            "condition.#": "0",
                            "etag": "BwX/VfF/jlQ=",
                            "id": "roles/binaryauthorization.serviceAgentserviceAccount:service-19361973525@gcp-sa-binaryauthorization.iam.gserviceaccount.com",
                            "member": "serviceAccount:service-19361973525@gcp-sa-binaryauthorization.iam.gserviceaccount.com",
                            "project": "ce-ps-3team",
                            "role": "roles/binaryauthorization.serviceAgent"
                        },
                        "meta": {
                            "schema_version": 0
                        },
                        "tainted": false
                    },
                    "deposed": [],
                    "provider": "provider.google"
                },
                "google_project_iam_member.tfer--roles-002F-cloudasset-002E-owneruser-003A-saurav-002E-singh-0040-searce-002E-com": {
                    "type": "google_project_iam_member",
                    "depends_on": [],
                    "primary": {
                        "id": "roles/cloudasset.owneruser:saurav.singh@searce.com",
                        "attributes": {
                            "condition.#": "0",
                            "etag": "BwX/VfKlEMs=",
                            "id": "roles/cloudasset.owneruser:saurav.singh@searce.com",
                            "member": "user:saurav.singh@searce.com",
                            "project": "ce-ps-3team",
                            "role": "roles/cloudasset.owner"
                        },
                        "meta": {
                            "schema_version": 0
                        },
                        "tainted": false
                    },
                    "deposed": [],
                    "provider": "provider.google"
                },
                "google_project_iam_member.tfer--roles-002F-cloudasset-002E-serviceAgentserviceAccount-003A-service-19361973525-0040-gcp-sa-cloudasset-002E-iam-002E-gserviceaccount-002E-com": {
                    "type": "google_project_iam_member",
                    "depends_on": [],
                    "primary": {
                        "id": "roles/cloudasset.serviceAgentserviceAccount:service-19361973525@gcp-sa-cloudasset.iam.gserviceaccount.com",
                        "attributes": {
                            "condition.#": "0",
                            "etag": "BwX/VfB09rw=",
                            "id": "roles/cloudasset.serviceAgentserviceAccount:service-19361973525@gcp-sa-cloudasset.iam.gserviceaccount.com",
                            "member": "serviceAccount:service-19361973525@gcp-sa-cloudasset.iam.gserviceaccount.com",
                            "project": "ce-ps-3team",
                            "role": "roles/cloudasset.serviceAgent"
                        },
                        "meta": {
                            "schema_version": 0
                        },
                        "tainted": false
                    },
                    "deposed": [],
                    "provider": "provider.google"
                },
                "google_project_iam_member.tfer--roles-002F-cloudasset-002E-vieweruser-003A-Santhosh-002E-kumar-0040-searce-002E-com": {
                    "type": "google_project_iam_member",
                    "depends_on": [],
                    "primary": {
                        "id": "roles/cloudasset.vieweruser:Santhosh.kumar@searce.com",
                        "attributes": {
                            "condition.#": "0",
                            "etag": "BwX/VfKlEMs=",
                            "id": "roles/cloudasset.vieweruser:Santhosh.kumar@searce.com",
                            "member": "user:Santhosh.kumar@searce.com",
                            "project": "ce-ps-3team",
                            "role": "roles/cloudasset.viewer"
                        },
                        "meta": {
                            "schema_version": 0
                        },
                        "tainted": false
                    },
                    "deposed": [],
                    "provider": "provider.google"
                },
                "google_project_iam_member.tfer--roles-002F-cloudasset-002E-vieweruser-003A-binayak-002E-kumar-0040-searce-002E-com": {
                    "type": "google_project_iam_member",
                    "depends_on": [],
                    "primary": {
                        "id": "roles/cloudasset.vieweruser:binayak.kumar@searce.com",
                        "attributes": {
                            "condition.#": "0",
                            "etag": "BwX/VfEmipI=",
                            "id": "roles/cloudasset.vieweruser:binayak.kumar@searce.com",
                            "member": "user:binayak.kumar@searce.com",
                            "project": "ce-ps-3team",
                            "role": "roles/cloudasset.viewer"
                        },
                        "meta": {
                            "schema_version": 0
                        },
                        "tainted": false
                    },
                    "deposed": [],
                    "provider": "provider.google"
                },
                "google_project_iam_member.tfer--roles-002F-cloudasset-002E-vieweruser-003A-harshal-002E-sanap-0040-searce-002E-com": {
                    "type": "google_project_iam_member",
                    "depends_on": [],
                    "primary": {
                        "id": "roles/cloudasset.vieweruser:harshal.sanap@searce.com",
                        "attributes": {
                            "condition.#": "0",
                            "etag": "BwX/VfKlEMs=",
                            "id": "roles/cloudasset.vieweruser:harshal.sanap@searce.com",
                            "member": "user:harshal.sanap@searce.com",
                            "project": "ce-ps-3team",
                            "role": "roles/cloudasset.viewer"
                        },
                        "meta": {
                            "schema_version": 0
                        },
                        "tainted": false
                    },
                    "deposed": [],
                    "provider": "provider.google"
                },
                "google_project_iam_member.tfer--roles-002F-cloudasset-002E-vieweruser-003A-pallapolu-002E-sindhu-0040-searce-002E-com": {
                    "type": "google_project_iam_member",
                    "depends_on": [],
                    "primary": {
                        "id": "roles/cloudasset.vieweruser:pallapolu.sindhu@searce.com",
                        "attributes": {
                            "condition.#": "0",
                            "etag": "BwX/VfHKkAg=",
                            "id": "roles/cloudasset.vieweruser:pallapolu.sindhu@searce.com",
                            "member": "user:pallapolu.sindhu@searce.com",
                            "project": "ce-ps-3team",
                            "role": "roles/cloudasset.viewer"
                        },
                        "meta": {
                            "schema_version": 0
                        },
                        "tainted": false
                    },
                    "deposed": [],
                    "provider": "provider.google"
                },
                "google_project_iam_member.tfer--roles-002F-cloudasset-002E-vieweruser-003A-raghu-002E-manne-0040-searce-002E-com": {
                    "type": "google_project_iam_member",
                    "depends_on": [],
                    "primary": {
                        "id": "roles/cloudasset.vieweruser:raghu.manne@searce.com",
                        "attributes": {
                            "condition.#": "0",
                            "etag": "BwX/VfKlEMs=",
                            "id": "roles/cloudasset.vieweruser:raghu.manne@searce.com",
                            "member": "user:raghu.manne@searce.com",
                            "project": "ce-ps-3team",
                            "role": "roles/cloudasset.viewer"
                        },
                        "meta": {
                            "schema_version": 0
                        },
                        "tainted": false
                    },
                    "deposed": [],
                    "provider": "provider.google"
                },
                "google_project_iam_member.tfer--roles-002F-cloudasset-002E-vieweruser-003A-sai-002E-k-0040-searce-002E-com": {
                    "type": "google_project_iam_member",
                    "depends_on": [],
                    "primary": {
                        "id": "roles/cloudasset.vieweruser:sai.k@searce.com",
                        "attributes": {
                            "condition.#": "0",
                            "etag": "BwX/VfIa6G4=",
                            "id": "roles/cloudasset.vieweruser:sai.k@searce.com",
                            "member": "user:sai.k@searce.com",
                            "project": "ce-ps-3team",
                            "role": "roles/cloudasset.viewer"
                        },
                        "meta": {
                            "schema_version": 0
                        },
                        "tainted": false
                    },
                    "deposed": [],
                    "provider": "provider.google"
                },
                "google_project_iam_member.tfer--roles-002F-cloudasset-002E-vieweruser-003A-saurav-002E-singh-0040-searce-002E-com": {
                    "type": "google_project_iam_member",
                    "depends_on": [],
                    "primary": {
                        "id": "roles/cloudasset.vieweruser:saurav.singh@searce.com",
                        "attributes": {
                            "condition.#": "0",
                            "etag": "BwX/VfKlEMs=",
                            "id": "roles/cloudasset.vieweruser:saurav.singh@searce.com",
                            "member": "user:saurav.singh@searce.com",
                            "project": "ce-ps-3team",
                            "role": "roles/cloudasset.viewer"
                        },
                        "meta": {
                            "schema_version": 0
                        },
                        "tainted": false
                    },
                    "deposed": [],
                    "provider": "provider.google"
                },
                "google_project_iam_member.tfer--roles-002F-cloudasset-002E-vieweruser-003A-shivaling-002E-patil-0040-searce-002E-com": {
                    "type": "google_project_iam_member",
                    "depends_on": [],
                    "primary": {
                        "id": "roles/cloudasset.vieweruser:shivaling.patil@searce.com",
                        "attributes": {
                            "condition.#": "0",
                            "etag": "BwX/VeDWE7U=",
                            "id": "roles/cloudasset.vieweruser:shivaling.patil@searce.com",
                            "member": "user:shivaling.patil@searce.com",
                            "project": "ce-ps-3team",
                            "role": "roles/cloudasset.viewer"
                        },
                        "meta": {
                            "schema_version": 0
                        },
                        "tainted": false
                    },
                    "deposed": [],
                    "provider": "provider.google"
                },
                "google_project_iam_member.tfer--roles-002F-cloudbuild-002E-builds-002E-builderserviceAccount-003A-19361973525-0040-cloudbuild-002E-gserviceaccount-002E-com": {
                    "type": "google_project_iam_member",
                    "depends_on": [],
                    "primary": {
                        "id": "roles/cloudbuild.builds.builderserviceAccount:19361973525@cloudbuild.gserviceaccount.com",
                        "attributes": {
                            "condition.#": "0",
                            "etag": "BwX/VfKlEMs=",
                            "id": "roles/cloudbuild.builds.builderserviceAccount:19361973525@cloudbuild.gserviceaccount.com",
                            "member": "serviceAccount:19361973525@cloudbuild.gserviceaccount.com",
                            "project": "ce-ps-3team",
                            "role": "roles/cloudbuild.builds.builder"
                        },
                        "meta": {
                            "schema_version": 0
                        },
                        "tainted": false
                    },
                    "deposed": [],
                    "provider": "provider.google"
                },
                "google_project_iam_member.tfer--roles-002F-cloudbuild-002E-serviceAgentserviceAccount-003A-service-19361973525-0040-gcp-sa-cloudbuild-002E-iam-002E-gserviceaccount-002E-com": {
                    "type": "google_project_iam_member",
                    "depends_on": [],
                    "primary": {
                        "id": "roles/cloudbuild.serviceAgentserviceAccount:service-19361973525@gcp-sa-cloudbuild.iam.gserviceaccount.com",
                        "attributes": {
                            "condition.#": "0",
                            "etag": "BwX/VfIa6G4=",
                            "id": "roles/cloudbuild.serviceAgentserviceAccount:service-19361973525@gcp-sa-cloudbuild.iam.gserviceaccount.com",
                            "member": "serviceAccount:service-19361973525@gcp-sa-cloudbuild.iam.gserviceaccount.com",
                            "project": "ce-ps-3team",
                            "role": "roles/cloudbuild.serviceAgent"
                        },
                        "meta": {
                            "schema_version": 0
                        },
                        "tainted": false
                    },
                    "deposed": [],
                    "provider": "provider.google"
                },
                "google_project_iam_member.tfer--roles-002F-cloudfunctions-002E-adminuser-003A-pallapolu-002E-sindhu-0040-searce-002E-com": {
                    "type": "google_project_iam_member",
                    "depends_on": [],
                    "primary": {
                        "id": "roles/cloudfunctions.adminuser:pallapolu.sindhu@searce.com",
                        "attributes": {
                            "condition.#": "0",
                            "etag": "BwX/VfIa6G4=",
                            "id": "roles/cloudfunctions.adminuser:pallapolu.sindhu@searce.com",
                            "member": "user:pallapolu.sindhu@searce.com",
                            "project": "ce-ps-3team",
                            "role": "roles/cloudfunctions.admin"
                        },
                        "meta": {
                            "schema_version": 0
                        },
                        "tainted": false
                    },
                    "deposed": [],
                    "provider": "provider.google"
                },
                "google_project_iam_member.tfer--roles-002F-cloudfunctions-002E-serviceAgentserviceAccount-003A-service-19361973525-0040-gcf-admin-robot-002E-iam-002E-gserviceaccount-002E-com": {
                    "type": "google_project_iam_member",
                    "depends_on": [],
                    "primary": {
                        "id": "roles/cloudfunctions.serviceAgentserviceAccount:service-19361973525@gcf-admin-robot.iam.gserviceaccount.com",
                        "attributes": {
                            "condition.#": "0",
                            "etag": "BwX/VfKlEMs=",
                            "id": "roles/cloudfunctions.serviceAgentserviceAccount:service-19361973525@gcf-admin-robot.iam.gserviceaccount.com",
                            "member": "serviceAccount:service-19361973525@gcf-admin-robot.iam.gserviceaccount.com",
                            "project": "ce-ps-3team",
                            "role": "roles/cloudfunctions.serviceAgent"
                        },
                        "meta": {
                            "schema_version": 0
                        },
                        "tainted": false
                    },
                    "deposed": [],
                    "provider": "provider.google"
                },
                "google_project_iam_member.tfer--roles-002F-cloudiot-002E-serviceAgentserviceAccount-003A-service-19361973525-0040-gcp-sa-cloudiot-002E-iam-002E-gserviceaccount-002E-com": {
                    "type": "google_project_iam_member",
                    "depends_on": [],
                    "primary": {
                        "id": "roles/cloudiot.serviceAgentserviceAccount:service-19361973525@gcp-sa-cloudiot.iam.gserviceaccount.com",
                        "attributes": {
                            "condition.#": "0",
                            "etag": "BwX/VfKlEMs=",
                            "id": "roles/cloudiot.serviceAgentserviceAccount:service-19361973525@gcp-sa-cloudiot.iam.gserviceaccount.com",
                            "member": "serviceAccount:service-19361973525@gcp-sa-cloudiot.iam.gserviceaccount.com",
                            "project": "ce-ps-3team",
                            "role": "roles/cloudiot.serviceAgent"
                        },
                        "meta": {
                            "schema_version": 0
                        },
                        "tainted": false
                    },
                    "deposed": [],
                    "provider": "provider.google"
                },
                "google_project_iam_member.tfer--roles-002F-cloudkms-002E-serviceAgentserviceAccount-003A-service-19361973525-0040-gcp-sa-cloudkms-002E-iam-002E-gserviceaccount-002E-com": {
                    "type": "google_project_iam_member",
                    "depends_on": [],
                    "primary": {
                        "id": "roles/cloudkms.serviceAgentserviceAccount:service-19361973525@gcp-sa-cloudkms.iam.gserviceaccount.com",
                        "attributes": {
                            "condition.#": "0",
                            "etag": "BwX/VfKlEMs=",
                            "id": "roles/cloudkms.serviceAgentserviceAccount:service-19361973525@gcp-sa-cloudkms.iam.gserviceaccount.com",
                            "member": "serviceAccount:service-19361973525@gcp-sa-cloudkms.iam.gserviceaccount.com",
                            "project": "ce-ps-3team",
                            "role": "roles/cloudkms.serviceAgent"
                        },
                        "meta": {
                            "schema_version": 0
                        },
                        "tainted": false
                    },
                    "deposed": [],
                    "provider": "provider.google"
                },
                "google_project_iam_member.tfer--roles-002F-cloudprofiler-002E-useruser-003A-hemang-002E-modi-0040-searce-002E-com": {
                    "type": "google_project_iam_member",
                    "depends_on": [],
                    "primary": {
                        "id": "roles/cloudprofiler.useruser:hemang.modi@searce.com",
                        "attributes": {
                            "condition.#": "0",
                            "etag": "BwX/VfKlEMs=",
                            "id": "roles/cloudprofiler.useruser:hemang.modi@searce.com",
                            "member": "user:hemang.modi@searce.com",
                            "project": "ce-ps-3team",
                            "role": "roles/cloudprofiler.user"
                        },
                        "meta": {
                            "schema_version": 0
                        },
                        "tainted": false
                    },
                    "deposed": [],
                    "provider": "provider.google"
                },
                "google_project_iam_member.tfer--roles-002F-cloudscheduler-002E-serviceAgentserviceAccount-003A-service-19361973525-0040-gcp-sa-cloudscheduler-002E-iam-002E-gserviceaccount-002E-com": {
                    "type": "google_project_iam_member",
                    "depends_on": [],
                    "primary": {
                        "id": "roles/cloudscheduler.serviceAgentserviceAccount:service-19361973525@gcp-sa-cloudscheduler.iam.gserviceaccount.com",
                        "attributes": {
                            "condition.#": "0",
                            "etag": "BwX/VfB09rw=",
                            "id": "roles/cloudscheduler.serviceAgentserviceAccount:service-19361973525@gcp-sa-cloudscheduler.iam.gserviceaccount.com",
                            "member": "serviceAccount:service-19361973525@gcp-sa-cloudscheduler.iam.gserviceaccount.com",
                            "project": "ce-ps-3team",
                            "role": "roles/cloudscheduler.serviceAgent"
                        },
                        "meta": {
                            "schema_version": 0
                        },
                        "tainted": false
                    },
                    "deposed": [],
                    "provider": "provider.google"
                },
                "google_project_iam_member.tfer--roles-002F-cloudtasks-002E-serviceAgentserviceAccount-003A-service-19361973525-0040-gcp-sa-cloudtasks-002E-iam-002E-gserviceaccount-002E-com": {
                    "type": "google_project_iam_member",
                    "depends_on": [],
                    "primary": {
                        "id": "roles/cloudtasks.serviceAgentserviceAccount:service-19361973525@gcp-sa-cloudtasks.iam.gserviceaccount.com",
                        "attributes": {
                            "condition.#": "0",
                            "etag": "BwX/VfKlEMs=",
                            "id": "roles/cloudtasks.serviceAgentserviceAccount:service-19361973525@gcp-sa-cloudtasks.iam.gserviceaccount.com",
                            "member": "serviceAccount:service-19361973525@gcp-sa-cloudtasks.iam.gserviceaccount.com",
                            "project": "ce-ps-3team",
                            "role": "roles/cloudtasks.serviceAgent"
                        },
                        "meta": {
                            "schema_version": 0
                        },
                        "tainted": false
                    },
                    "deposed": [],
                    "provider": "provider.google"
                },
                "google_project_iam_member.tfer--roles-002F-composer-002E-serviceAgentserviceAccount-003A-service-19361973525-0040-cloudcomposer-accounts-002E-iam-002E-gserviceaccount-002E-com": {
                    "type": "google_project_iam_member",
                    "depends_on": [],
                    "primary": {
                        "id": "roles/composer.serviceAgentserviceAccount:service-19361973525@cloudcomposer-accounts.iam.gserviceaccount.com",
                        "attributes": {
                            "condition.#": "0",
                            "etag": "BwX/VfF/jlQ=",
                            "id": "roles/composer.serviceAgentserviceAccount:service-19361973525@cloudcomposer-accounts.iam.gserviceaccount.com",
                            "member": "serviceAccount:service-19361973525@cloudcomposer-accounts.iam.gserviceaccount.com",
                            "project": "ce-ps-3team",
                            "role": "roles/composer.serviceAgent"
                        },
                        "meta": {
                            "schema_version": 0
                        },
                        "tainted": false
                    },
                    "deposed": [],
                    "provider": "provider.google"
                },
                "google_project_iam_member.tfer--roles-002F-compute-002E-adminserviceAccount-003A-gangadhars-test-sa-0040-ce-ps-3team-002E-iam-002E-gserviceaccount-002E-com": {
                    "type": "google_project_iam_member",
                    "depends_on": [],
                    "primary": {
                        "id": "roles/compute.adminserviceAccount:gangadhars-test-sa@ce-ps-3team.iam.gserviceaccount.com",
                        "attributes": {
                            "condition.#": "0",
                            "etag": "BwX/VfEmipI=",
                            "id": "roles/compute.adminserviceAccount:gangadhars-test-sa@ce-ps-3team.iam.gserviceaccount.com",
                            "member": "serviceAccount:gangadhars-test-sa@ce-ps-3team.iam.gserviceaccount.com",
                            "project": "ce-ps-3team",
                            "role": "roles/compute.admin"
                        },
                        "meta": {
                            "schema_version": 0
                        },
                        "tainted": false
                    },
                    "deposed": [],
                    "provider": "provider.google"
                },
                "google_project_iam_member.tfer--roles-002F-compute-002E-adminuser-003A-Santhosh-002E-kumar-0040-searce-002E-com": {
                    "type": "google_project_iam_member",
                    "depends_on": [],
                    "primary": {
                        "id": "roles/compute.adminuser:Santhosh.kumar@searce.com",
                        "attributes": {
                            "condition.#": "0",
                            "etag": "BwX/VfKlEMs=",
                            "id": "roles/compute.adminuser:Santhosh.kumar@searce.com",
                            "member": "user:Santhosh.kumar@searce.com",
                            "project": "ce-ps-3team",
                            "role": "roles/compute.admin"
                        },
                        "meta": {
                            "schema_version": 0
                        },
                        "tainted": false
                    },
                    "deposed": [],
                    "provider": "provider.google"
                },
                "google_project_iam_member.tfer--roles-002F-compute-002E-adminuser-003A-aditya-002E-chandrakar-0040-searce-002E-com": {
                    "type": "google_project_iam_member",
                    "depends_on": [],
                    "primary": {
                        "id": "roles/compute.adminuser:aditya.chandrakar@searce.com",
                        "attributes": {
                            "condition.#": "0",
                            "etag": "BwX/VfKlEMs=",
                            "id": "roles/compute.adminuser:aditya.chandrakar@searce.com",
                            "member": "user:aditya.chandrakar@searce.com",
                            "project": "ce-ps-3team",
                            "role": "roles/compute.admin"
                        },
                        "meta": {
                            "schema_version": 0
                        },
                        "tainted": false
                    },
                    "deposed": [],
                    "provider": "provider.google"
                },
                "google_project_iam_member.tfer--roles-002F-compute-002E-adminuser-003A-binayak-002E-kumar-0040-searce-002E-com": {
                    "type": "google_project_iam_member",
                    "depends_on": [],
                    "primary": {
                        "id": "roles/compute.adminuser:binayak.kumar@searce.com",
                        "attributes": {
                            "condition.#": "0",
                            "etag": "BwX/VfHKkAg=",
                            "id": "roles/compute.adminuser:binayak.kumar@searce.com",
                            "member": "user:binayak.kumar@searce.com",
                            "project": "ce-ps-3team",
                            "role": "roles/compute.admin"
                        },
                        "meta": {
                            "schema_version": 0
                        },
                        "tainted": false
                    },
                    "deposed": [],
                    "provider": "provider.google"
                },
                "google_project_iam_member.tfer--roles-002F-compute-002E-adminuser-003A-eknath-002E-sonawane-0040-searce-002E-com": {
                    "type": "google_project_iam_member",
                    "depends_on": [],
                    "primary": {
                        "id": "roles/compute.adminuser:eknath.sonawane@searce.com",
                        "attributes": {
                            "condition.#": "0",
                            "etag": "BwX/VfKlEMs=",
                            "id": "roles/compute.adminuser:eknath.sonawane@searce.com",
                            "member": "user:eknath.sonawane@searce.com",
                            "project": "ce-ps-3team",
                            "role": "roles/compute.admin"
                        },
                        "meta": {
                            "schema_version": 0
                        },
                        "tainted": false
                    },
                    "deposed": [],
                    "provider": "provider.google"
                },
                "google_project_iam_member.tfer--roles-002F-compute-002E-adminuser-003A-harshal-002E-sanap-0040-searce-002E-com": {
                    "type": "google_project_iam_member",
                    "depends_on": [],
                    "primary": {
                        "id": "roles/compute.adminuser:harshal.sanap@searce.com",
                        "attributes": {
                            "condition.#": "0",
                            "etag": "BwX/VeDWE7U=",
                            "id": "roles/compute.adminuser:harshal.sanap@searce.com",
                            "member": "user:harshal.sanap@searce.com",
                            "project": "ce-ps-3team",
                            "role": "roles/compute.admin"
                        },
                        "meta": {
                            "schema_version": 0
                        },
                        "tainted": false
                    },
                    "deposed": [],
                    "provider": "provider.google"
                },
                "google_project_iam_member.tfer--roles-002F-compute-002E-adminuser-003A-pallapolu-002E-sindhu-0040-searce-002E-com": {
                    "type": "google_project_iam_member",
                    "depends_on": [],
                    "primary": {
                        "id": "roles/compute.adminuser:pallapolu.sindhu@searce.com",
                        "attributes": {
                            "condition.#": "0",
                            "etag": "BwX/VfKlEMs=",
                            "id": "roles/compute.adminuser:pallapolu.sindhu@searce.com",
                            "member": "user:pallapolu.sindhu@searce.com",
                            "project": "ce-ps-3team",
                            "role": "roles/compute.admin"
                        },
                        "meta": {
                            "schema_version": 0
                        },
                        "tainted": false
                    },
                    "deposed": [],
                    "provider": "provider.google"
                },
                "google_project_iam_member.tfer--roles-002F-compute-002E-instanceAdmin-002E-v1serviceAccount-003A-19361973525-0040-cloudservices-002E-gserviceaccount-002E-com": {
                    "type": "google_project_iam_member",
                    "depends_on": [],
                    "primary": {
                        "id": "roles/compute.instanceAdmin.v1serviceAccount:19361973525@cloudservices.gserviceaccount.com",
                        "attributes": {
                            "condition.#": "0",
                            "etag": "BwX/VfKlEMs=",
                            "id": "roles/compute.instanceAdmin.v1serviceAccount:19361973525@cloudservices.gserviceaccount.com",
                            "member": "serviceAccount:19361973525@cloudservices.gserviceaccount.com",
                            "project": "ce-ps-3team",
                            "role": "roles/compute.instanceAdmin.v1"
                        },
                        "meta": {
                            "schema_version": 0
                        },
                        "tainted": false
                    },
                    "deposed": [],
                    "provider": "provider.google"
                },
                "google_project_iam_member.tfer--roles-002F-compute-002E-instanceAdmin-002E-v1serviceAccount-003A-service-19361973525-0040-compute-system-002E-iam-002E-gserviceaccount-002E-com": {
                    "type": "google_project_iam_member",
                    "depends_on": [],
                    "primary": {
                        "id": "roles/compute.instanceAdmin.v1serviceAccount:service-19361973525@compute-system.iam.gserviceaccount.com",
                        "attributes": {
                            "condition.#": "0",
                            "etag": "BwX/VfKlEMs=",
                            "id": "roles/compute.instanceAdmin.v1serviceAccount:service-19361973525@compute-system.iam.gserviceaccount.com",
                            "member": "serviceAccount:service-19361973525@compute-system.iam.gserviceaccount.com",
                            "project": "ce-ps-3team",
                            "role": "roles/compute.instanceAdmin.v1"
                        },
                        "meta": {
                            "schema_version": 0
                        },
                        "tainted": false
                    },
                    "deposed": [],
                    "provider": "provider.google"
                },
                "google_project_iam_member.tfer--roles-002F-compute-002E-instanceAdminuser-003A-subbaraju-002E-penmetsa-0040-searce-002E-com": {
                    "type": "google_project_iam_member",
                    "depends_on": [],
                    "primary": {
                        "id": "roles/compute.instanceAdminuser:subbaraju.penmetsa@searce.com",
                        "attributes": {
                            "condition.#": "0",
                            "etag": "BwX/VfKlEMs=",
                            "id": "roles/compute.instanceAdminuser:subbaraju.penmetsa@searce.com",
                            "member": "user:subbaraju.penmetsa@searce.com",
                            "project": "ce-ps-3team",
                            "role": "roles/compute.instanceAdmin"
                        },
                        "meta": {
                            "schema_version": 0
                        },
                        "tainted": false
                    },
                    "deposed": [],
                    "provider": "provider.google"
                },
                "google_project_iam_member.tfer--roles-002F-compute-002E-loadBalancerAdminuser-003A-harshal-002E-sanap-0040-searce-002E-com": {
                    "type": "google_project_iam_member",
                    "depends_on": [],
                    "primary": {
                        "id": "roles/compute.loadBalancerAdminuser:harshal.sanap@searce.com",
                        "attributes": {
                            "condition.#": "0",
                            "etag": "BwX/VfKlEMs=",
                            "id": "roles/compute.loadBalancerAdminuser:harshal.sanap@searce.com",
                            "member": "user:harshal.sanap@searce.com",
                            "project": "ce-ps-3team",
                            "role": "roles/compute.loadBalancerAdmin"
                        },
                        "meta": {
                            "schema_version": 0
                        },
                        "tainted": false
                    },
                    "deposed": [],
                    "provider": "provider.google"
                },
                "google_project_iam_member.tfer--roles-002F-compute-002E-networkAdminuser-003A-harshal-002E-sanap-0040-searce-002E-com": {
                    "type": "google_project_iam_member",
                    "depends_on": [],
                    "primary": {
                        "id": "roles/compute.networkAdminuser:harshal.sanap@searce.com",
                        "attributes": {
                            "condition.#": "0",
                            "etag": "BwX/VfKlEMs=",
                            "id": "roles/compute.networkAdminuser:harshal.sanap@searce.com",
                            "member": "user:harshal.sanap@searce.com",
                            "project": "ce-ps-3team",
                            "role": "roles/compute.networkAdmin"
                        },
                        "meta": {
                            "schema_version": 0
                        },
                        "tainted": false
                    },
                    "deposed": [],
                    "provider": "provider.google"
                },
                "google_project_iam_member.tfer--roles-002F-compute-002E-osLoginserviceAccount-003A-19361973525-0040-cloudservices-002E-gserviceaccount-002E-com": {
                    "type": "google_project_iam_member",
                    "depends_on": [],
                    "primary": {
                        "id": "roles/compute.osLoginserviceAccount:19361973525@cloudservices.gserviceaccount.com",
                        "attributes": {
                            "condition.#": "0",
                            "etag": "BwX/VfHKkAg=",
                            "id": "roles/compute.osLoginserviceAccount:19361973525@cloudservices.gserviceaccount.com",
                            "member": "serviceAccount:19361973525@cloudservices.gserviceaccount.com",
                            "project": "ce-ps-3team",
                            "role": "roles/compute.osLogin"
                        },
                        "meta": {
                            "schema_version": 0
                        },
                        "tainted": false
                    },
                    "deposed": [],
                    "provider": "provider.google"
                },
                "google_project_iam_member.tfer--roles-002F-compute-002E-securityAdmindeleted-003A-serviceAccount-003A-gitlab-pod-poc-0040-ce-ps-3team-002E-iam-002E-gserviceaccount-002E-com-003F-uid-003D-112055378845491413900": {
                    "type": "google_project_iam_member",
                    "depends_on": [],
                    "primary": {
                        "id": "roles/compute.securityAdmindeleted:serviceAccount:gitlab-pod-poc@ce-ps-3team.iam.gserviceaccount.com?uid=112055378845491413900",
                        "attributes": {
                            "condition.#": "0",
                            "etag": "BwX/VfKlEMs=",
                            "id": "roles/compute.securityAdmindeleted:serviceAccount:gitlab-pod-poc@ce-ps-3team.iam.gserviceaccount.com?uid=112055378845491413900",
                            "member": "deleted:serviceAccount:gitlab-pod-poc@ce-ps-3team.iam.gserviceaccount.com?uid=112055378845491413900",
                            "project": "ce-ps-3team",
                            "role": "roles/compute.securityAdmin"
                        },
                        "meta": {
                            "schema_version": 0
                        },
                        "tainted": false
                    },
                    "deposed": [],
                    "provider": "provider.google"
                },
                "google_project_iam_member.tfer--roles-002F-compute-002E-securityAdminuser-003A-aditya-002E-chandrakar-0040-searce-002E-com": {
                    "type": "google_project_iam_member",
                    "depends_on": [],
                    "primary": {
                        "id": "roles/compute.securityAdminuser:aditya.chandrakar@searce.com",
                        "attributes": {
                            "condition.#": "0",
                            "etag": "BwX/VfKlEMs=",
                            "id": "roles/compute.securityAdminuser:aditya.chandrakar@searce.com",
                            "member": "user:aditya.chandrakar@searce.com",
                            "project": "ce-ps-3team",
                            "role": "roles/compute.securityAdmin"
                        },
                        "meta": {
                            "schema_version": 0
                        },
                        "tainted": false
                    },
                    "deposed": [],
                    "provider": "provider.google"
                },
                "google_project_iam_member.tfer--roles-002F-compute-002E-serviceAgentserviceAccount-003A-service-19361973525-0040-compute-system-002E-iam-002E-gserviceaccount-002E-com": {
                    "type": "google_project_iam_member",
                    "depends_on": [],
                    "primary": {
                        "id": "roles/compute.serviceAgentserviceAccount:service-19361973525@compute-system.iam.gserviceaccount.com",
                        "attributes": {
                            "condition.#": "0",
                            "etag": "BwX/VfKlEMs=",
                            "id": "roles/compute.serviceAgentserviceAccount:service-19361973525@compute-system.iam.gserviceaccount.com",
                            "member": "serviceAccount:service-19361973525@compute-system.iam.gserviceaccount.com",
                            "project": "ce-ps-3team",
                            "role": "roles/compute.serviceAgent"
                        },
                        "meta": {
                            "schema_version": 0
                        },
                        "tainted": false
                    },
                    "deposed": [],
                    "provider": "provider.google"
                },
                "google_project_iam_member.tfer--roles-002F-compute-002E-vieweruser-003A-subbaraju-002E-penmetsa-0040-searce-002E-com": {
                    "type": "google_project_iam_member",
                    "depends_on": [],
                    "primary": {
                        "id": "roles/compute.vieweruser:subbaraju.penmetsa@searce.com",
                        "attributes": {
                            "condition.#": "0",
                            "etag": "BwX/VfKlEMs=",
                            "id": "roles/compute.vieweruser:subbaraju.penmetsa@searce.com",
                            "member": "user:subbaraju.penmetsa@searce.com",
                            "project": "ce-ps-3team",
                            "role": "roles/compute.viewer"
                        },
                        "meta": {
                            "schema_version": 0
                        },
                        "tainted": false
                    },
                    "deposed": [],
                    "provider": "provider.google"
                },
                "google_project_iam_member.tfer--roles-002F-container-002E-adminuser-003A-Santhosh-002E-kumar-0040-searce-002E-com": {
                    "type": "google_project_iam_member",
                    "depends_on": [],
                    "primary": {
                        "id": "roles/container.adminuser:Santhosh.kumar@searce.com",
                        "attributes": {
                            "condition.#": "0",
                            "etag": "BwX/VeDWE7U=",
                            "id": "roles/container.adminuser:Santhosh.kumar@searce.com",
                            "member": "user:Santhosh.kumar@searce.com",
                            "project": "ce-ps-3team",
                            "role": "roles/container.admin"
                        },
                        "meta": {
                            "schema_version": 0
                        },
                        "tainted": false
                    },
                    "deposed": [],
                    "provider": "provider.google"
                },
                "google_project_iam_member.tfer--roles-002F-container-002E-adminuser-003A-pallapolu-002E-sindhu-0040-searce-002E-com": {
                    "type": "google_project_iam_member",
                    "depends_on": [],
                    "primary": {
                        "id": "roles/container.adminuser:pallapolu.sindhu@searce.com",
                        "attributes": {
                            "condition.#": "0",
                            "etag": "BwX/VfKlEMs=",
                            "id": "roles/container.adminuser:pallapolu.sindhu@searce.com",
                            "member": "user:pallapolu.sindhu@searce.com",
                            "project": "ce-ps-3team",
                            "role": "roles/container.admin"
                        },
                        "meta": {
                            "schema_version": 0
                        },
                        "tainted": false
                    },
                    "deposed": [],
                    "provider": "provider.google"
                },
                "google_project_iam_member.tfer--roles-002F-container-002E-adminuser-003A-subbaraju-002E-penmetsa-0040-searce-002E-com": {
                    "type": "google_project_iam_member",
                    "depends_on": [],
                    "primary": {
                        "id": "roles/container.adminuser:subbaraju.penmetsa@searce.com",
                        "attributes": {
                            "condition.#": "0",
                            "etag": "BwX/VfKlEMs=",
                            "id": "roles/container.adminuser:subbaraju.penmetsa@searce.com",
                            "member": "user:subbaraju.penmetsa@searce.com",
                            "project": "ce-ps-3team",
                            "role": "roles/container.admin"
                        },
                        "meta": {
                            "schema_version": 0
                        },
                        "tainted": false
                    },
                    "deposed": [],
                    "provider": "provider.google"
                },
                "google_project_iam_member.tfer--roles-002F-container-002E-adminuser-003A-tarun-002E-kumar-0040-searce-002E-com": {
                    "type": "google_project_iam_member",
                    "depends_on": [],
                    "primary": {
                        "id": "roles/container.adminuser:tarun.kumar@searce.com",
                        "attributes": {
                            "condition.#": "0",
                            "etag": "BwX/VfIa6G4=",
                            "id": "roles/container.adminuser:tarun.kumar@searce.com",
                            "member": "user:tarun.kumar@searce.com",
                            "project": "ce-ps-3team",
                            "role": "roles/container.admin"
                        },
                        "meta": {
                            "schema_version": 0
                        },
                        "tainted": false
                    },
                    "deposed": [],
                    "provider": "provider.google"
                },
                "google_project_iam_member.tfer--roles-002F-container-002E-clusterAdminuser-003A-aditya-002E-chandrakar-0040-searce-002E-com": {
                    "type": "google_project_iam_member",
                    "depends_on": [],
                    "primary": {
                        "id": "roles/container.clusterAdminuser:aditya.chandrakar@searce.com",
                        "attributes": {
                            "condition.#": "0",
                            "etag": "BwX/VfEmipI=",
                            "id": "roles/container.clusterAdminuser:aditya.chandrakar@searce.com",
                            "member": "user:aditya.chandrakar@searce.com",
                            "project": "ce-ps-3team",
                            "role": "roles/container.clusterAdmin"
                        },
                        "meta": {
                            "schema_version": 0
                        },
                        "tainted": false
                    },
                    "deposed": [],
                    "provider": "provider.google"
                },
                "google_project_iam_member.tfer--roles-002F-container-002E-clusterAdminuser-003A-pallapolu-002E-sindhu-0040-searce-002E-com": {
                    "type": "google_project_iam_member",
                    "depends_on": [],
                    "primary": {
                        "id": "roles/container.clusterAdminuser:pallapolu.sindhu@searce.com",
                        "attributes": {
                            "condition.#": "0",
                            "etag": "BwX/VfKlEMs=",
                            "id": "roles/container.clusterAdminuser:pallapolu.sindhu@searce.com",
                            "member": "user:pallapolu.sindhu@searce.com",
                            "project": "ce-ps-3team",
                            "role": "roles/container.clusterAdmin"
                        },
                        "meta": {
                            "schema_version": 0
                        },
                        "tainted": false
                    },
                    "deposed": [],
                    "provider": "provider.google"
                },
                "google_project_iam_member.tfer--roles-002F-container-002E-clusterAdminuser-003A-prasada-002E-midde-0040-searce-002E-com": {
                    "type": "google_project_iam_member",
                    "depends_on": [],
                    "primary": {
                        "id": "roles/container.clusterAdminuser:prasada.midde@searce.com",
                        "attributes": {
                            "condition.#": "0",
                            "etag": "BwX/VfKlEMs=",
                            "id": "roles/container.clusterAdminuser:prasada.midde@searce.com",
                            "member": "user:prasada.midde@searce.com",
                            "project": "ce-ps-3team",
                            "role": "roles/container.clusterAdmin"
                        },
                        "meta": {
                            "schema_version": 0
                        },
                        "tainted": false
                    },
                    "deposed": [],
                    "provider": "provider.google"
                },
                "google_project_iam_member.tfer--roles-002F-container-002E-nodeServiceAccountserviceAccount-003A-gke-to-eks-migration-poc-0040-ce-ps-3team-002E-iam-002E-gserviceaccount-002E-com": {
                    "type": "google_project_iam_member",
                    "depends_on": [],
                    "primary": {
                        "id": "roles/container.nodeServiceAccountserviceAccount:gke-to-eks-migration-poc@ce-ps-3team.iam.gserviceaccount.com",
                        "attributes": {
                            "condition.#": "0",
                            "etag": "BwX/VfDNlLE=",
                            "id": "roles/container.nodeServiceAccountserviceAccount:gke-to-eks-migration-poc@ce-ps-3team.iam.gserviceaccount.com",
                            "member": "serviceAccount:gke-to-eks-migration-poc@ce-ps-3team.iam.gserviceaccount.com",
                            "project": "ce-ps-3team",
                            "role": "roles/container.nodeServiceAccount"
                        },
                        "meta": {
                            "schema_version": 0
                        },
                        "tainted": false
                    },
                    "deposed": [],
                    "provider": "provider.google"
                },
                "google_project_iam_member.tfer--roles-002F-container-002E-nodeServiceAccountserviceAccount-003A-keda-gcppubsubtest-0040-ce-ps-3team-002E-iam-002E-gserviceaccount-002E-com": {
                    "type": "google_project_iam_member",
                    "depends_on": [],
                    "primary": {
                        "id": "roles/container.nodeServiceAccountserviceAccount:keda-gcppubsubtest@ce-ps-3team.iam.gserviceaccount.com",
                        "attributes": {
                            "condition.#": "0",
                            "etag": "BwX/VeDWE7U=",
                            "id": "roles/container.nodeServiceAccountserviceAccount:keda-gcppubsubtest@ce-ps-3team.iam.gserviceaccount.com",
                            "member": "serviceAccount:keda-gcppubsubtest@ce-ps-3team.iam.gserviceaccount.com",
                            "project": "ce-ps-3team",
                            "role": "roles/container.nodeServiceAccount"
                        },
                        "meta": {
                            "schema_version": 0
                        },
                        "tainted": false
                    },
                    "deposed": [],
                    "provider": "provider.google"
                },
                "google_project_iam_member.tfer--roles-002F-container-002E-nodeServiceAgentserviceAccount-003A-service-19361973525-0040-gcp-sa-gkenode-002E-iam-002E-gserviceaccount-002E-com": {
                    "type": "google_project_iam_member",
                    "depends_on": [],
                    "primary": {
                        "id": "roles/container.nodeServiceAgentserviceAccount:service-19361973525@gcp-sa-gkenode.iam.gserviceaccount.com",
                        "attributes": {
                            "condition.#": "0",
                            "etag": "BwX/VfKlEMs=",
                            "id": "roles/container.nodeServiceAgentserviceAccount:service-19361973525@gcp-sa-gkenode.iam.gserviceaccount.com",
                            "member": "serviceAccount:service-19361973525@gcp-sa-gkenode.iam.gserviceaccount.com",
                            "project": "ce-ps-3team",
                            "role": "roles/container.nodeServiceAgent"
                        },
                        "meta": {
                            "schema_version": 0
                        },
                        "tainted": false
                    },
                    "deposed": [],
                    "provider": "provider.google"
                },
                "google_project_iam_member.tfer--roles-002F-container-002E-serviceAgentserviceAccount-003A-service-19361973525-0040-container-engine-robot-002E-iam-002E-gserviceaccount-002E-com": {
                    "type": "google_project_iam_member",
                    "depends_on": [],
                    "primary": {
                        "id": "roles/container.serviceAgentserviceAccount:service-19361973525@container-engine-robot.iam.gserviceaccount.com",
                        "attributes": {
                            "condition.#": "0",
                            "etag": "BwX/VfKlEMs=",
                            "id": "roles/container.serviceAgentserviceAccount:service-19361973525@container-engine-robot.iam.gserviceaccount.com",
                            "member": "serviceAccount:service-19361973525@container-engine-robot.iam.gserviceaccount.com",
                            "project": "ce-ps-3team",
                            "role": "roles/container.serviceAgent"
                        },
                        "meta": {
                            "schema_version": 0
                        },
                        "tainted": false
                    },
                    "deposed": [],
                    "provider": "provider.google"
                },
                "google_project_iam_member.tfer--roles-002F-containeranalysis-002E-ServiceAgentserviceAccount-003A-service-19361973525-0040-container-analysis-002E-iam-002E-gserviceaccount-002E-com": {
                    "type": "google_project_iam_member",
                    "depends_on": [],
                    "primary": {
                        "id": "roles/containeranalysis.ServiceAgentserviceAccount:service-19361973525@container-analysis.iam.gserviceaccount.com",
                        "attributes": {
                            "condition.#": "0",
                            "etag": "BwX/VfIa6G4=",
                            "id": "roles/containeranalysis.ServiceAgentserviceAccount:service-19361973525@container-analysis.iam.gserviceaccount.com",
                            "member": "serviceAccount:service-19361973525@container-analysis.iam.gserviceaccount.com",
                            "project": "ce-ps-3team",
                            "role": "roles/containeranalysis.ServiceAgent"
                        },
                        "meta": {
                            "schema_version": 0
                        },
                        "tainted": false
                    },
                    "deposed": [],
                    "provider": "provider.google"
                },
                "google_project_iam_member.tfer--roles-002F-containerregistry-002E-ServiceAgentserviceAccount-003A-service-19361973525-0040-containerregistry-002E-iam-002E-gserviceaccount-002E-com": {
                    "type": "google_project_iam_member",
                    "depends_on": [],
                    "primary": {
                        "id": "roles/containerregistry.ServiceAgentserviceAccount:service-19361973525@containerregistry.iam.gserviceaccount.com",
                        "attributes": {
                            "condition.#": "0",
                            "etag": "BwX/VfKlEMs=",
                            "id": "roles/containerregistry.ServiceAgentserviceAccount:service-19361973525@containerregistry.iam.gserviceaccount.com",
                            "member": "serviceAccount:service-19361973525@containerregistry.iam.gserviceaccount.com",
                            "project": "ce-ps-3team",
                            "role": "roles/containerregistry.ServiceAgent"
                        },
                        "meta": {
                            "schema_version": 0
                        },
                        "tainted": false
                    },
                    "deposed": [],
                    "provider": "provider.google"
                },
                "google_project_iam_member.tfer--roles-002F-containerscanning-002E-ServiceAgentserviceAccount-003A-service-19361973525-0040-gcp-sa-containerscanning-002E-iam-002E-gserviceaccount-002E-com": {
                    "type": "google_project_iam_member",
                    "depends_on": [],
                    "primary": {
                        "id": "roles/containerscanning.ServiceAgentserviceAccount:service-19361973525@gcp-sa-containerscanning.iam.gserviceaccount.com",
                        "attributes": {
                            "condition.#": "0",
                            "etag": "BwX/VfKlEMs=",
                            "id": "roles/containerscanning.ServiceAgentserviceAccount:service-19361973525@gcp-sa-containerscanning.iam.gserviceaccount.com",
                            "member": "serviceAccount:service-19361973525@gcp-sa-containerscanning.iam.gserviceaccount.com",
                            "project": "ce-ps-3team",
                            "role": "roles/containerscanning.ServiceAgent"
                        },
                        "meta": {
                            "schema_version": 0
                        },
                        "tainted": false
                    },
                    "deposed": [],
                    "provider": "provider.google"
                },
                "google_project_iam_member.tfer--roles-002F-containerthreatdetection-002E-serviceAgentserviceAccount-003A-service-19361973525-0040-gcp-sa-ktd-control-002E-iam-002E-gserviceaccount-002E-com": {
                    "type": "google_project_iam_member",
                    "depends_on": [],
                    "primary": {
                        "id": "roles/containerthreatdetection.serviceAgentserviceAccount:service-19361973525@gcp-sa-ktd-control.iam.gserviceaccount.com",
                        "attributes": {
                            "condition.#": "0",
                            "etag": "BwX/VfKlEMs=",
                            "id": "roles/containerthreatdetection.serviceAgentserviceAccount:service-19361973525@gcp-sa-ktd-control.iam.gserviceaccount.com",
                            "member": "serviceAccount:service-19361973525@gcp-sa-ktd-control.iam.gserviceaccount.com",
                            "project": "ce-ps-3team",
                            "role": "roles/containerthreatdetection.serviceAgent"
                        },
                        "meta": {
                            "schema_version": 0
                        },
                        "tainted": false
                    },
                    "deposed": [],
                    "provider": "provider.google"
                },
                "google_project_iam_member.tfer--roles-002F-dataflow-002E-serviceAgentserviceAccount-003A-service-19361973525-0040-dataflow-service-producer-prod-002E-iam-002E-gserviceaccount-002E-com": {
                    "type": "google_project_iam_member",
                    "depends_on": [],
                    "primary": {
                        "id": "roles/dataflow.serviceAgentserviceAccount:service-19361973525@dataflow-service-producer-prod.iam.gserviceaccount.com",
                        "attributes": {
                            "condition.#": "0",
                            "etag": "BwX/VfKlEMs=",
                            "id": "roles/dataflow.serviceAgentserviceAccount:service-19361973525@dataflow-service-producer-prod.iam.gserviceaccount.com",
                            "member": "serviceAccount:service-19361973525@dataflow-service-producer-prod.iam.gserviceaccount.com",
                            "project": "ce-ps-3team",
                            "role": "roles/dataflow.serviceAgent"
                        },
                        "meta": {
                            "schema_version": 0
                        },
                        "tainted": false
                    },
                    "deposed": [],
                    "provider": "provider.google"
                },
                "google_project_iam_member.tfer--roles-002F-datamigration-002E-serviceAgentserviceAccount-003A-service-19361973525-0040-gcp-sa-datamigration-002E-iam-002E-gserviceaccount-002E-com": {
                    "type": "google_project_iam_member",
                    "depends_on": [],
                    "primary": {
                        "id": "roles/datamigration.serviceAgentserviceAccount:service-19361973525@gcp-sa-datamigration.iam.gserviceaccount.com",
                        "attributes": {
                            "condition.#": "0",
                            "etag": "BwX/VfEmipI=",
                            "id": "roles/datamigration.serviceAgentserviceAccount:service-19361973525@gcp-sa-datamigration.iam.gserviceaccount.com",
                            "member": "serviceAccount:service-19361973525@gcp-sa-datamigration.iam.gserviceaccount.com",
                            "project": "ce-ps-3team",
                            "role": "roles/datamigration.serviceAgent"
                        },
                        "meta": {
                            "schema_version": 0
                        },
                        "tainted": false
                    },
                    "deposed": [],
                    "provider": "provider.google"
                },
                "google_project_iam_member.tfer--roles-002F-datapipelines-002E-serviceAgentserviceAccount-003A-service-19361973525-0040-gcp-sa-datapipelines-002E-iam-002E-gserviceaccount-002E-com": {
                    "type": "google_project_iam_member",
                    "depends_on": [],
                    "primary": {
                        "id": "roles/datapipelines.serviceAgentserviceAccount:service-19361973525@gcp-sa-datapipelines.iam.gserviceaccount.com",
                        "attributes": {
                            "condition.#": "0",
                            "etag": "BwX/VfB09rw=",
                            "id": "roles/datapipelines.serviceAgentserviceAccount:service-19361973525@gcp-sa-datapipelines.iam.gserviceaccount.com",
                            "member": "serviceAccount:service-19361973525@gcp-sa-datapipelines.iam.gserviceaccount.com",
                            "project": "ce-ps-3team",
                            "role": "roles/datapipelines.serviceAgent"
                        },
                        "meta": {
                            "schema_version": 0
                        },
                        "tainted": false
                    },
                    "deposed": [],
                    "provider": "provider.google"
                },
                "google_project_iam_member.tfer--roles-002F-dataproc-002E-serviceAgentserviceAccount-003A-service-19361973525-0040-dataproc-accounts-002E-iam-002E-gserviceaccount-002E-com": {
                    "type": "google_project_iam_member",
                    "depends_on": [],
                    "primary": {
                        "id": "roles/dataproc.serviceAgentserviceAccount:service-19361973525@dataproc-accounts.iam.gserviceaccount.com",
                        "attributes": {
                            "condition.#": "0",
                            "etag": "BwX/VfIa6G4=",
                            "id": "roles/dataproc.serviceAgentserviceAccount:service-19361973525@dataproc-accounts.iam.gserviceaccount.com",
                            "member": "serviceAccount:service-19361973525@dataproc-accounts.iam.gserviceaccount.com",
                            "project": "ce-ps-3team",
                            "role": "roles/dataproc.serviceAgent"
                        },
                        "meta": {
                            "schema_version": 0
                        },
                        "tainted": false
                    },
                    "deposed": [],
                    "provider": "provider.google"
                },
                "google_project_iam_member.tfer--roles-002F-editorserviceAccount-003A-19361973525-0040-cloudservices-002E-gserviceaccount-002E-com": {
                    "type": "google_project_iam_member",
                    "depends_on": [],
                    "primary": {
                        "id": "roles/editorserviceAccount:19361973525@cloudservices.gserviceaccount.com",
                        "attributes": {
                            "condition.#": "0",
                            "etag": "BwX/VfKlEMs=",
                            "id": "roles/editorserviceAccount:19361973525@cloudservices.gserviceaccount.com",
                            "member": "serviceAccount:19361973525@cloudservices.gserviceaccount.com",
                            "project": "ce-ps-3team",
                            "role": "roles/editor"
                        },
                        "meta": {
                            "schema_version": 0
                        },
                        "tainted": false
                    },
                    "deposed": [],
                    "provider": "provider.google"
                },
                "google_project_iam_member.tfer--roles-002F-editoruser-003A-saurav-002E-singh-0040-searce-002E-com": {
                    "type": "google_project_iam_member",
                    "depends_on": [],
                    "primary": {
                        "id": "roles/editoruser:saurav.singh@searce.com",
                        "attributes": {
                            "condition.#": "0",
                            "etag": "BwX/VfKlEMs=",
                            "id": "roles/editoruser:saurav.singh@searce.com",
                            "member": "user:saurav.singh@searce.com",
                            "project": "ce-ps-3team",
                            "role": "roles/editor"
                        },
                        "meta": {
                            "schema_version": 0
                        },
                        "tainted": false
                    },
                    "deposed": [],
                    "provider": "provider.google"
                },
                "google_project_iam_member.tfer--roles-002F-endpointsportal-002E-serviceAgentserviceAccount-003A-service-19361973525-0040-endpoints-portal-002E-iam-002E-gserviceaccount-002E-com": {
                    "type": "google_project_iam_member",
                    "depends_on": [],
                    "primary": {
                        "id": "roles/endpointsportal.serviceAgentserviceAccount:service-19361973525@endpoints-portal.iam.gserviceaccount.com",
                        "attributes": {
                            "condition.#": "0",
                            "etag": "BwX/VfKlEMs=",
                            "id": "roles/endpointsportal.serviceAgentserviceAccount:service-19361973525@endpoints-portal.iam.gserviceaccount.com",
                            "member": "serviceAccount:service-19361973525@endpoints-portal.iam.gserviceaccount.com",
                            "project": "ce-ps-3team",
                            "role": "roles/endpointsportal.serviceAgent"
                        },
                        "meta": {
                            "schema_version": 0
                        },
                        "tainted": false
                    },
                    "deposed": [],
                    "provider": "provider.google"
                },
                "google_project_iam_member.tfer--roles-002F-eventarc-002E-eventReceiverserviceAccount-003A-19361973525-compute-0040-developer-002E-gserviceaccount-002E-com": {
                    "type": "google_project_iam_member",
                    "depends_on": [],
                    "primary": {
                        "id": "roles/eventarc.eventReceiverserviceAccount:19361973525-compute@developer.gserviceaccount.com",
                        "attributes": {
                            "condition.#": "0",
                            "etag": "BwX/VfDNlLE=",
                            "id": "roles/eventarc.eventReceiverserviceAccount:19361973525-compute@developer.gserviceaccount.com",
                            "member": "serviceAccount:19361973525-compute@developer.gserviceaccount.com",
                            "project": "ce-ps-3team",
                            "role": "roles/eventarc.eventReceiver"
                        },
                        "meta": {
                            "schema_version": 0
                        },
                        "tainted": false
                    },
                    "deposed": [],
                    "provider": "provider.google"
                },
                "google_project_iam_member.tfer--roles-002F-eventarc-002E-serviceAgentserviceAccount-003A-service-19361973525-0040-gcp-sa-eventarc-002E-iam-002E-gserviceaccount-002E-com": {
                    "type": "google_project_iam_member",
                    "depends_on": [],
                    "primary": {
                        "id": "roles/eventarc.serviceAgentserviceAccount:service-19361973525@gcp-sa-eventarc.iam.gserviceaccount.com",
                        "attributes": {
                            "condition.#": "0",
                            "etag": "BwX/VfIa6G4=",
                            "id": "roles/eventarc.serviceAgentserviceAccount:service-19361973525@gcp-sa-eventarc.iam.gserviceaccount.com",
                            "member": "serviceAccount:service-19361973525@gcp-sa-eventarc.iam.gserviceaccount.com",
                            "project": "ce-ps-3team",
                            "role": "roles/eventarc.serviceAgent"
                        },
                        "meta": {
                            "schema_version": 0
                        },
                        "tainted": false
                    },
                    "deposed": [],
                    "provider": "provider.google"
                },
                "google_project_iam_member.tfer--roles-002F-file-002E-serviceAgentserviceAccount-003A-service-19361973525-0040-cloud-filer-002E-iam-002E-gserviceaccount-002E-com": {
                    "type": "google_project_iam_member",
                    "depends_on": [],
                    "primary": {
                        "id": "roles/file.serviceAgentserviceAccount:service-19361973525@cloud-filer.iam.gserviceaccount.com",
                        "attributes": {
                            "condition.#": "0",
                            "etag": "BwX/VfKlEMs=",
                            "id": "roles/file.serviceAgentserviceAccount:service-19361973525@cloud-filer.iam.gserviceaccount.com",
                            "member": "serviceAccount:service-19361973525@cloud-filer.iam.gserviceaccount.com",
                            "project": "ce-ps-3team",
                            "role": "roles/file.serviceAgent"
                        },
                        "meta": {
                            "schema_version": 0
                        },
                        "tainted": false
                    },
                    "deposed": [],
                    "provider": "provider.google"
                },
                "google_project_iam_member.tfer--roles-002F-firebase-002E-managementServiceAgentserviceAccount-003A-service-19361973525-0040-gcp-sa-firebase-002E-iam-002E-gserviceaccount-002E-com": {
                    "type": "google_project_iam_member",
                    "depends_on": [],
                    "primary": {
                        "id": "roles/firebase.managementServiceAgentserviceAccount:service-19361973525@gcp-sa-firebase.iam.gserviceaccount.com",
                        "attributes": {
                            "condition.#": "0",
                            "etag": "BwX/VeDWE7U=",
                            "id": "roles/firebase.managementServiceAgentserviceAccount:service-19361973525@gcp-sa-firebase.iam.gserviceaccount.com",
                            "member": "serviceAccount:service-19361973525@gcp-sa-firebase.iam.gserviceaccount.com",
                            "project": "ce-ps-3team",
                            "role": "roles/firebase.managementServiceAgent"
                        },
                        "meta": {
                            "schema_version": 0
                        },
                        "tainted": false
                    },
                    "deposed": [],
                    "provider": "provider.google"
                },
                "google_project_iam_member.tfer--roles-002F-firebaserules-002E-systemserviceAccount-003A-service-19361973525-0040-firebase-rules-002E-iam-002E-gserviceaccount-002E-com": {
                    "type": "google_project_iam_member",
                    "depends_on": [],
                    "primary": {
                        "id": "roles/firebaserules.systemserviceAccount:service-19361973525@firebase-rules.iam.gserviceaccount.com",
                        "attributes": {
                            "condition.#": "0",
                            "etag": "BwX/VfB09rw=",
                            "id": "roles/firebaserules.systemserviceAccount:service-19361973525@firebase-rules.iam.gserviceaccount.com",
                            "member": "serviceAccount:service-19361973525@firebase-rules.iam.gserviceaccount.com",
                            "project": "ce-ps-3team",
                            "role": "roles/firebaserules.system"
                        },
                        "meta": {
                            "schema_version": 0
                        },
                        "tainted": false
                    },
                    "deposed": [],
                    "provider": "provider.google"
                },
                "google_project_iam_member.tfer--roles-002F-firestore-002E-serviceAgentserviceAccount-003A-service-19361973525-0040-gcp-sa-firestore-002E-iam-002E-gserviceaccount-002E-com": {
                    "type": "google_project_iam_member",
                    "depends_on": [],
                    "primary": {
                        "id": "roles/firestore.serviceAgentserviceAccount:service-19361973525@gcp-sa-firestore.iam.gserviceaccount.com",
                        "attributes": {
                            "condition.#": "0",
                            "etag": "BwX/VfKlEMs=",
                            "id": "roles/firestore.serviceAgentserviceAccount:service-19361973525@gcp-sa-firestore.iam.gserviceaccount.com",
                            "member": "serviceAccount:service-19361973525@gcp-sa-firestore.iam.gserviceaccount.com",
                            "project": "ce-ps-3team",
                            "role": "roles/firestore.serviceAgent"
                        },
                        "meta": {
                            "schema_version": 0
                        },
                        "tainted": false
                    },
                    "deposed": [],
                    "provider": "provider.google"
                },
                "google_project_iam_member.tfer--roles-002F-gkehub-002E-adminserviceAccount-003A-baremetal-gcr-0040-ce-ps-3team-002E-iam-002E-gserviceaccount-002E-com": {
                    "type": "google_project_iam_member",
                    "depends_on": [],
                    "primary": {
                        "id": "roles/gkehub.adminserviceAccount:baremetal-gcr@ce-ps-3team.iam.gserviceaccount.com",
                        "attributes": {
                            "condition.#": "0",
                            "etag": "BwX/VfKlEMs=",
                            "id": "roles/gkehub.adminserviceAccount:baremetal-gcr@ce-ps-3team.iam.gserviceaccount.com",
                            "member": "serviceAccount:baremetal-gcr@ce-ps-3team.iam.gserviceaccount.com",
                            "project": "ce-ps-3team",
                            "role": "roles/gkehub.admin"
                        },
                        "meta": {
                            "schema_version": 0
                        },
                        "tainted": false
                    },
                    "deposed": [],
                    "provider": "provider.google"
                },
                "google_project_iam_member.tfer--roles-002F-gkehub-002E-adminuser-003A-tarun-002E-kumar-0040-searce-002E-com": {
                    "type": "google_project_iam_member",
                    "depends_on": [],
                    "primary": {
                        "id": "roles/gkehub.adminuser:tarun.kumar@searce.com",
                        "attributes": {
                            "condition.#": "0",
                            "etag": "BwX/VfF/jlQ=",
                            "id": "roles/gkehub.adminuser:tarun.kumar@searce.com",
                            "member": "user:tarun.kumar@searce.com",
                            "project": "ce-ps-3team",
                            "role": "roles/gkehub.admin"
                        },
                        "meta": {
                            "schema_version": 0
                        },
                        "tainted": false
                    },
                    "deposed": [],
                    "provider": "provider.google"
                },
                "google_project_iam_member.tfer--roles-002F-gkehub-002E-connectserviceAccount-003A-baremetal-gcr-0040-ce-ps-3team-002E-iam-002E-gserviceaccount-002E-com": {
                    "type": "google_project_iam_member",
                    "depends_on": [],
                    "primary": {
                        "id": "roles/gkehub.connectserviceAccount:baremetal-gcr@ce-ps-3team.iam.gserviceaccount.com",
                        "attributes": {
                            "condition.#": "0",
                            "etag": "BwX/VfB09rw=",
                            "id": "roles/gkehub.connectserviceAccount:baremetal-gcr@ce-ps-3team.iam.gserviceaccount.com",
                            "member": "serviceAccount:baremetal-gcr@ce-ps-3team.iam.gserviceaccount.com",
                            "project": "ce-ps-3team",
                            "role": "roles/gkehub.connect"
                        },
                        "meta": {
                            "schema_version": 0
                        },
                        "tainted": false
                    },
                    "deposed": [],
                    "provider": "provider.google"
                },
                "google_project_iam_member.tfer--roles-002F-gkehub-002E-serviceAgentserviceAccount-003A-service-19361973525-0040-gcp-sa-gkehub-002E-iam-002E-gserviceaccount-002E-com": {
                    "type": "google_project_iam_member",
                    "depends_on": [],
                    "primary": {
                        "id": "roles/gkehub.serviceAgentserviceAccount:service-19361973525@gcp-sa-gkehub.iam.gserviceaccount.com",
                        "attributes": {
                            "condition.#": "0",
                            "etag": "BwX/VfKlEMs=",
                            "id": "roles/gkehub.serviceAgentserviceAccount:service-19361973525@gcp-sa-gkehub.iam.gserviceaccount.com",
                            "member": "serviceAccount:service-19361973525@gcp-sa-gkehub.iam.gserviceaccount.com",
                            "project": "ce-ps-3team",
                            "role": "roles/gkehub.serviceAgent"
                        },
                        "meta": {
                            "schema_version": 0
                        },
                        "tainted": false
                    },
                    "deposed": [],
                    "provider": "provider.google"
                },
                "google_project_iam_member.tfer--roles-002F-gkemulticloud-002E-serviceAgentserviceAccount-003A-service-19361973525-0040-gcp-sa-gkemulticloud-002E-iam-002E-gserviceaccount-002E-com": {
                    "type": "google_project_iam_member",
                    "depends_on": [],
                    "primary": {
                        "id": "roles/gkemulticloud.serviceAgentserviceAccount:service-19361973525@gcp-sa-gkemulticloud.iam.gserviceaccount.com",
                        "attributes": {
                            "condition.#": "0",
                            "etag": "BwX/VfKlEMs=",
                            "id": "roles/gkemulticloud.serviceAgentserviceAccount:service-19361973525@gcp-sa-gkemulticloud.iam.gserviceaccount.com",
                            "member": "serviceAccount:service-19361973525@gcp-sa-gkemulticloud.iam.gserviceaccount.com",
                            "project": "ce-ps-3team",
                            "role": "roles/gkemulticloud.serviceAgent"
                        },
                        "meta": {
                            "schema_version": 0
                        },
                        "tainted": false
                    },
                    "deposed": [],
                    "provider": "provider.google"
                },
                "google_project_iam_member.tfer--roles-002F-gkeonprem-002E-serviceAgentserviceAccount-003A-service-19361973525-0040-gcp-sa-gkeonprem-002E-iam-002E-gserviceaccount-002E-com": {
                    "type": "google_project_iam_member",
                    "depends_on": [],
                    "primary": {
                        "id": "roles/gkeonprem.serviceAgentserviceAccount:service-19361973525@gcp-sa-gkeonprem.iam.gserviceaccount.com",
                        "attributes": {
                            "condition.#": "0",
                            "etag": "BwX/VfKlEMs=",
                            "id": "roles/gkeonprem.serviceAgentserviceAccount:service-19361973525@gcp-sa-gkeonprem.iam.gserviceaccount.com",
                            "member": "serviceAccount:service-19361973525@gcp-sa-gkeonprem.iam.gserviceaccount.com",
                            "project": "ce-ps-3team",
                            "role": "roles/gkeonprem.serviceAgent"
                        },
                        "meta": {
                            "schema_version": 0
                        },
                        "tainted": false
                    },
                    "deposed": [],
                    "provider": "provider.google"
                },
                "google_project_iam_member.tfer--roles-002F-iam-002E-roleAdminuser-003A-aben-002E-george-0040-searce-002E-com": {
                    "type": "google_project_iam_member",
                    "depends_on": [],
                    "primary": {
                        "id": "roles/iam.roleAdminuser:aben.george@searce.com",
                        "attributes": {
                            "condition.#": "0",
                            "etag": "BwX/VfF/jlQ=",
                            "id": "roles/iam.roleAdminuser:aben.george@searce.com",
                            "member": "user:aben.george@searce.com",
                            "project": "ce-ps-3team",
                            "role": "roles/iam.roleAdmin"
                        },
                        "meta": {
                            "schema_version": 0
                        },
                        "tainted": false
                    },
                    "deposed": [],
                    "provider": "provider.google"
                },
                "google_project_iam_member.tfer--roles-002F-iam-002E-roleAdminuser-003A-saurav-002E-singh-0040-searce-002E-com": {
                    "type": "google_project_iam_member",
                    "depends_on": [],
                    "primary": {
                        "id": "roles/iam.roleAdminuser:saurav.singh@searce.com",
                        "attributes": {
                            "condition.#": "0",
                            "etag": "BwX/VfKlEMs=",
                            "id": "roles/iam.roleAdminuser:saurav.singh@searce.com",
                            "member": "user:saurav.singh@searce.com",
                            "project": "ce-ps-3team",
                            "role": "roles/iam.roleAdmin"
                        },
                        "meta": {
                            "schema_version": 0
                        },
                        "tainted": false
                    },
                    "deposed": [],
                    "provider": "provider.google"
                },
                "google_project_iam_member.tfer--roles-002F-iam-002E-securityAdmindeleted-003A-serviceAccount-003A-gitlab-pod-poc-0040-ce-ps-3team-002E-iam-002E-gserviceaccount-002E-com-003F-uid-003D-112055378845491413900": {
                    "type": "google_project_iam_member",
                    "depends_on": [],
                    "primary": {
                        "id": "roles/iam.securityAdmindeleted:serviceAccount:gitlab-pod-poc@ce-ps-3team.iam.gserviceaccount.com?uid=112055378845491413900",
                        "attributes": {
                            "condition.#": "0",
                            "etag": "BwX/VfKlEMs=",
                            "id": "roles/iam.securityAdmindeleted:serviceAccount:gitlab-pod-poc@ce-ps-3team.iam.gserviceaccount.com?uid=112055378845491413900",
                            "member": "deleted:serviceAccount:gitlab-pod-poc@ce-ps-3team.iam.gserviceaccount.com?uid=112055378845491413900",
                            "project": "ce-ps-3team",
                            "role": "roles/iam.securityAdmin"
                        },
                        "meta": {
                            "schema_version": 0
                        },
                        "tainted": false
                    },
                    "deposed": [],
                    "provider": "provider.google"
                },
                "google_project_iam_member.tfer--roles-002F-iam-002E-securityAdminuser-003A-raghu-002E-manne-0040-searce-002E-com": {
                    "type": "google_project_iam_member",
                    "depends_on": [],
                    "primary": {
                        "id": "roles/iam.securityAdminuser:raghu.manne@searce.com",
                        "attributes": {
                            "condition.#": "0",
                            "etag": "BwX/VfKlEMs=",
                            "id": "roles/iam.securityAdminuser:raghu.manne@searce.com",
                            "member": "user:raghu.manne@searce.com",
                            "project": "ce-ps-3team",
                            "role": "roles/iam.securityAdmin"
                        },
                        "meta": {
                            "schema_version": 0
                        },
                        "tainted": false
                    },
                    "deposed": [],
                    "provider": "provider.google"
                },
                "google_project_iam_member.tfer--roles-002F-iam-002E-securityAdminuser-003A-tarun-002E-kumar-0040-searce-002E-com": {
                    "type": "google_project_iam_member",
                    "depends_on": [],
                    "primary": {
                        "id": "roles/iam.securityAdminuser:tarun.kumar@searce.com",
                        "attributes": {
                            "condition.#": "0",
                            "etag": "BwX/VfKlEMs=",
                            "id": "roles/iam.securityAdminuser:tarun.kumar@searce.com",
                            "member": "user:tarun.kumar@searce.com",
                            "project": "ce-ps-3team",
                            "role": "roles/iam.securityAdmin"
                        },
                        "meta": {
                            "schema_version": 0
                        },
                        "tainted": false
                    },
                    "deposed": [],
                    "provider": "provider.google"
                },
                "google_project_iam_member.tfer--roles-002F-iam-002E-securityRevieweruser-003A-saurav-002E-singh-0040-searce-002E-com": {
                    "type": "google_project_iam_member",
                    "depends_on": [],
                    "primary": {
                        "id": "roles/iam.securityRevieweruser:saurav.singh@searce.com",
                        "attributes": {
                            "condition.#": "0",
                            "etag": "BwX/VeDWE7U=",
                            "id": "roles/iam.securityRevieweruser:saurav.singh@searce.com",
                            "member": "user:saurav.singh@searce.com",
                            "project": "ce-ps-3team",
                            "role": "roles/iam.securityReviewer"
                        },
                        "meta": {
                            "schema_version": 0
                        },
                        "tainted": false
                    },
                    "deposed": [],
                    "provider": "provider.google"
                },
                "google_project_iam_member.tfer--roles-002F-iam-002E-serviceAccountAdmindeleted-003A-serviceAccount-003A-gitlab-pod-poc-0040-ce-ps-3team-002E-iam-002E-gserviceaccount-002E-com-003F-uid-003D-112055378845491413900": {
                    "type": "google_project_iam_member",
                    "depends_on": [],
                    "primary": {
                        "id": "roles/iam.serviceAccountAdmindeleted:serviceAccount:gitlab-pod-poc@ce-ps-3team.iam.gserviceaccount.com?uid=112055378845491413900",
                        "attributes": {
                            "condition.#": "0",
                            "etag": "BwX/VfKlEMs=",
                            "id": "roles/iam.serviceAccountAdmindeleted:serviceAccount:gitlab-pod-poc@ce-ps-3team.iam.gserviceaccount.com?uid=112055378845491413900",
                            "member": "deleted:serviceAccount:gitlab-pod-poc@ce-ps-3team.iam.gserviceaccount.com?uid=112055378845491413900",
                            "project": "ce-ps-3team",
                            "role": "roles/iam.serviceAccountAdmin"
                        },
                        "meta": {
                            "schema_version": 0
                        },
                        "tainted": false
                    },
                    "deposed": [],
                    "provider": "provider.google"
                },
                "google_project_iam_member.tfer--roles-002F-iam-002E-serviceAccountKeyAdminuser-003A-raghu-002E-manne-0040-searce-002E-com": {
                    "type": "google_project_iam_member",
                    "depends_on": [],
                    "primary": {
                        "id": "roles/iam.serviceAccountKeyAdminuser:raghu.manne@searce.com",
                        "attributes": {
                            "condition.#": "0",
                            "etag": "BwX/VeDWE7U=",
                            "id": "roles/iam.serviceAccountKeyAdminuser:raghu.manne@searce.com",
                            "member": "user:raghu.manne@searce.com",
                            "project": "ce-ps-3team",
                            "role": "roles/iam.serviceAccountKeyAdmin"
                        },
                        "meta": {
                            "schema_version": 0
                        },
                        "tainted": false
                    },
                    "deposed": [],
                    "provider": "provider.google"
                },
                "google_project_iam_member.tfer--roles-002F-iam-002E-serviceAccountUserdeleted-003A-serviceAccount-003A-gitlab-pod-k8s-bastion-sa-0040-ce-ps-3team-002E-iam-002E-gserviceaccount-002E-com-003F-uid-003D-109033674150540410997": {
                    "type": "google_project_iam_member",
                    "depends_on": [],
                    "primary": {
                        "id": "roles/iam.serviceAccountUserdeleted:serviceAccount:gitlab-pod-k8s-bastion-sa@ce-ps-3team.iam.gserviceaccount.com?uid=109033674150540410997",
                        "attributes": {
                            "condition.#": "0",
                            "etag": "BwX/VfKlEMs=",
                            "id": "roles/iam.serviceAccountUserdeleted:serviceAccount:gitlab-pod-k8s-bastion-sa@ce-ps-3team.iam.gserviceaccount.com?uid=109033674150540410997",
                            "member": "deleted:serviceAccount:gitlab-pod-k8s-bastion-sa@ce-ps-3team.iam.gserviceaccount.com?uid=109033674150540410997",
                            "project": "ce-ps-3team",
                            "role": "roles/iam.serviceAccountUser"
                        },
                        "meta": {
                            "schema_version": 0
                        },
                        "tainted": false
                    },
                    "deposed": [],
                    "provider": "provider.google"
                },
                "google_project_iam_member.tfer--roles-002F-iam-002E-serviceAccountUserserviceAccount-003A-19361973525-0040-cloudbuild-002E-gserviceaccount-002E-com": {
                    "type": "google_project_iam_member",
                    "depends_on": [],
                    "primary": {
                        "id": "roles/iam.serviceAccountUserserviceAccount:19361973525@cloudbuild.gserviceaccount.com",
                        "attributes": {
                            "condition.#": "0",
                            "etag": "BwX/VfB09rw=",
                            "id": "roles/iam.serviceAccountUserserviceAccount:19361973525@cloudbuild.gserviceaccount.com",
                            "member": "serviceAccount:19361973525@cloudbuild.gserviceaccount.com",
                            "project": "ce-ps-3team",
                            "role": "roles/iam.serviceAccountUser"
                        },
                        "meta": {
                            "schema_version": 0
                        },
                        "tainted": false
                    },
                    "deposed": [],
                    "provider": "provider.google"
                },
                "google_project_iam_member.tfer--roles-002F-iam-002E-serviceAccountUseruser-003A-Santhosh-002E-kumar-0040-searce-002E-com": {
                    "type": "google_project_iam_member",
                    "depends_on": [],
                    "primary": {
                        "id": "roles/iam.serviceAccountUseruser:Santhosh.kumar@searce.com",
                        "attributes": {
                            "condition.#": "0",
                            "etag": "BwX/VeDWE7U=",
                            "id": "roles/iam.serviceAccountUseruser:Santhosh.kumar@searce.com",
                            "member": "user:Santhosh.kumar@searce.com",
                            "project": "ce-ps-3team",
                            "role": "roles/iam.serviceAccountUser"
                        },
                        "meta": {
                            "schema_version": 0
                        },
                        "tainted": false
                    },
                    "deposed": [],
                    "provider": "provider.google"
                },
                "google_project_iam_member.tfer--roles-002F-iam-002E-serviceAccountUseruser-003A-aben-002E-george-0040-searce-002E-com": {
                    "type": "google_project_iam_member",
                    "depends_on": [],
                    "primary": {
                        "id": "roles/iam.serviceAccountUseruser:aben.george@searce.com",
                        "attributes": {
                            "condition.#": "0",
                            "etag": "BwX/VfIa6G4=",
                            "id": "roles/iam.serviceAccountUseruser:aben.george@searce.com",
                            "member": "user:aben.george@searce.com",
                            "project": "ce-ps-3team",
                            "role": "roles/iam.serviceAccountUser"
                        },
                        "meta": {
                            "schema_version": 0
                        },
                        "tainted": false
                    },
                    "deposed": [],
                    "provider": "provider.google"
                },
                "google_project_iam_member.tfer--roles-002F-iam-002E-serviceAccountUseruser-003A-aditya-002E-chandrakar-0040-searce-002E-com": {
                    "type": "google_project_iam_member",
                    "depends_on": [],
                    "primary": {
                        "id": "roles/iam.serviceAccountUseruser:aditya.chandrakar@searce.com",
                        "attributes": {
                            "condition.#": "0",
                            "etag": "BwX/VfDNlLE=",
                            "id": "roles/iam.serviceAccountUseruser:aditya.chandrakar@searce.com",
                            "member": "user:aditya.chandrakar@searce.com",
                            "project": "ce-ps-3team",
                            "role": "roles/iam.serviceAccountUser"
                        },
                        "meta": {
                            "schema_version": 0
                        },
                        "tainted": false
                    },
                    "deposed": [],
                    "provider": "provider.google"
                },
                "google_project_iam_member.tfer--roles-002F-iam-002E-serviceAccountUseruser-003A-arijita-002E-mitra-0040-searce-002E-com": {
                    "type": "google_project_iam_member",
                    "depends_on": [],
                    "primary": {
                        "id": "roles/iam.serviceAccountUseruser:arijita.mitra@searce.com",
                        "attributes": {
                            "condition.#": "0",
                            "etag": "BwX/VfKlEMs=",
                            "id": "roles/iam.serviceAccountUseruser:arijita.mitra@searce.com",
                            "member": "user:arijita.mitra@searce.com",
                            "project": "ce-ps-3team",
                            "role": "roles/iam.serviceAccountUser"
                        },
                        "meta": {
                            "schema_version": 0
                        },
                        "tainted": false
                    },
                    "deposed": [],
                    "provider": "provider.google"
                },
                "google_project_iam_member.tfer--roles-002F-iam-002E-serviceAccountUseruser-003A-harshal-002E-sanap-0040-searce-002E-com": {
                    "type": "google_project_iam_member",
                    "depends_on": [],
                    "primary": {
                        "id": "roles/iam.serviceAccountUseruser:harshal.sanap@searce.com",
                        "attributes": {
                            "condition.#": "0",
                            "etag": "BwX/VfEmipI=",
                            "id": "roles/iam.serviceAccountUseruser:harshal.sanap@searce.com",
                            "member": "user:harshal.sanap@searce.com",
                            "project": "ce-ps-3team",
                            "role": "roles/iam.serviceAccountUser"
                        },
                        "meta": {
                            "schema_version": 0
                        },
                        "tainted": false
                    },
                    "deposed": [],
                    "provider": "provider.google"
                },
                "google_project_iam_member.tfer--roles-002F-iap-002E-admindeleted-003A-serviceAccount-003A-gitlab-pod-poc-0040-ce-ps-3team-002E-iam-002E-gserviceaccount-002E-com-003F-uid-003D-112055378845491413900": {
                    "type": "google_project_iam_member",
                    "depends_on": [],
                    "primary": {
                        "id": "roles/iap.admindeleted:serviceAccount:gitlab-pod-poc@ce-ps-3team.iam.gserviceaccount.com?uid=112055378845491413900",
                        "attributes": {
                            "condition.#": "0",
                            "etag": "BwX/VfKlEMs=",
                            "id": "roles/iap.admindeleted:serviceAccount:gitlab-pod-poc@ce-ps-3team.iam.gserviceaccount.com?uid=112055378845491413900",
                            "member": "deleted:serviceAccount:gitlab-pod-poc@ce-ps-3team.iam.gserviceaccount.com?uid=112055378845491413900",
                            "project": "ce-ps-3team",
                            "role": "roles/iap.admin"
                        },
                        "meta": {
                            "schema_version": 0
                        },
                        "tainted": false
                    },
                    "deposed": [],
                    "provider": "provider.google"
                },
                "google_project_iam_member.tfer--roles-002F-iap-002E-adminuser-003A-saurav-002E-singh-0040-searce-002E-com": {
                    "type": "google_project_iam_member",
                    "depends_on": [],
                    "primary": {
                        "id": "roles/iap.adminuser:saurav.singh@searce.com",
                        "attributes": {
                            "condition.#": "0",
                            "etag": "BwX/VfKlEMs=",
                            "id": "roles/iap.adminuser:saurav.singh@searce.com",
                            "member": "user:saurav.singh@searce.com",
                            "project": "ce-ps-3team",
                            "role": "roles/iap.admin"
                        },
                        "meta": {
                            "schema_version": 0
                        },
                        "tainted": false
                    },
                    "deposed": [],
                    "provider": "provider.google"
                },
                "google_project_iam_member.tfer--roles-002F-iap-002E-settingsAdmindeleted-003A-serviceAccount-003A-gitlab-pod-poc-0040-ce-ps-3team-002E-iam-002E-gserviceaccount-002E-com-003F-uid-003D-112055378845491413900": {
                    "type": "google_project_iam_member",
                    "depends_on": [],
                    "primary": {
                        "id": "roles/iap.settingsAdmindeleted:serviceAccount:gitlab-pod-poc@ce-ps-3team.iam.gserviceaccount.com?uid=112055378845491413900",
                        "attributes": {
                            "condition.#": "0",
                            "etag": "BwX/VfF/jlQ=",
                            "id": "roles/iap.settingsAdmindeleted:serviceAccount:gitlab-pod-poc@ce-ps-3team.iam.gserviceaccount.com?uid=112055378845491413900",
                            "member": "deleted:serviceAccount:gitlab-pod-poc@ce-ps-3team.iam.gserviceaccount.com?uid=112055378845491413900",
                            "project": "ce-ps-3team",
                            "role": "roles/iap.settingsAdmin"
                        },
                        "meta": {
                            "schema_version": 0
                        },
                        "tainted": false
                    },
                    "deposed": [],
                    "provider": "provider.google"
                },
                "google_project_iam_member.tfer--roles-002F-iap-002E-tunnelResourceAccessoruser-003A-aben-002E-george-0040-searce-002E-com": {
                    "type": "google_project_iam_member",
                    "depends_on": [],
                    "primary": {
                        "id": "roles/iap.tunnelResourceAccessoruser:aben.george@searce.com",
                        "attributes": {
                            "condition.#": "0",
                            "etag": "BwX/VfKlEMs=",
                            "id": "roles/iap.tunnelResourceAccessoruser:aben.george@searce.com",
                            "member": "user:aben.george@searce.com",
                            "project": "ce-ps-3team",
                            "role": "roles/iap.tunnelResourceAccessor"
                        },
                        "meta": {
                            "schema_version": 0
                        },
                        "tainted": false
                    },
                    "deposed": [],
                    "provider": "provider.google"
                },
                "google_project_iam_member.tfer--roles-002F-memcache-002E-serviceAgentserviceAccount-003A-service-19361973525-0040-cloud-memcache-sa-002E-iam-002E-gserviceaccount-002E-com": {
                    "type": "google_project_iam_member",
                    "depends_on": [],
                    "primary": {
                        "id": "roles/memcache.serviceAgentserviceAccount:service-19361973525@cloud-memcache-sa.iam.gserviceaccount.com",
                        "attributes": {
                            "condition.#": "0",
                            "etag": "BwX/VfKlEMs=",
                            "id": "roles/memcache.serviceAgentserviceAccount:service-19361973525@cloud-memcache-sa.iam.gserviceaccount.com",
                            "member": "serviceAccount:service-19361973525@cloud-memcache-sa.iam.gserviceaccount.com",
                            "project": "ce-ps-3team",
                            "role": "roles/memcache.serviceAgent"
                        },
                        "meta": {
                            "schema_version": 0
                        },
                        "tainted": false
                    },
                    "deposed": [],
                    "provider": "provider.google"
                },
                "google_project_iam_member.tfer--roles-002F-meshconfig-002E-adminuser-003A-tarun-002E-kumar-0040-searce-002E-com": {
                    "type": "google_project_iam_member",
                    "depends_on": [],
                    "primary": {
                        "id": "roles/meshconfig.adminuser:tarun.kumar@searce.com",
                        "attributes": {
                            "condition.#": "0",
                            "etag": "BwX/VfKlEMs=",
                            "id": "roles/meshconfig.adminuser:tarun.kumar@searce.com",
                            "member": "user:tarun.kumar@searce.com",
                            "project": "ce-ps-3team",
                            "role": "roles/meshconfig.admin"
                        },
                        "meta": {
                            "schema_version": 0
                        },
                        "tainted": false
                    },
                    "deposed": [],
                    "provider": "provider.google"
                },
                "google_project_iam_member.tfer--roles-002F-meshcontrolplane-002E-serviceAgentserviceAccount-003A-service-19361973525-0040-gcp-sa-meshcontrolplane-002E-iam-002E-gserviceaccount-002E-com": {
                    "type": "google_project_iam_member",
                    "depends_on": [],
                    "primary": {
                        "id": "roles/meshcontrolplane.serviceAgentserviceAccount:service-19361973525@gcp-sa-meshcontrolplane.iam.gserviceaccount.com",
                        "attributes": {
                            "condition.#": "0",
                            "etag": "BwX/VfKlEMs=",
                            "id": "roles/meshcontrolplane.serviceAgentserviceAccount:service-19361973525@gcp-sa-meshcontrolplane.iam.gserviceaccount.com",
                            "member": "serviceAccount:service-19361973525@gcp-sa-meshcontrolplane.iam.gserviceaccount.com",
                            "project": "ce-ps-3team",
                            "role": "roles/meshcontrolplane.serviceAgent"
                        },
                        "meta": {
                            "schema_version": 0
                        },
                        "tainted": false
                    },
                    "deposed": [],
                    "provider": "provider.google"
                },
                "google_project_iam_member.tfer--roles-002F-meshdataplane-002E-serviceAgentserviceAccount-003A-service-19361973525-0040-gcp-sa-meshdataplane-002E-iam-002E-gserviceaccount-002E-com": {
                    "type": "google_project_iam_member",
                    "depends_on": [],
                    "primary": {
                        "id": "roles/meshdataplane.serviceAgentserviceAccount:service-19361973525@gcp-sa-meshdataplane.iam.gserviceaccount.com",
                        "attributes": {
                            "condition.#": "0",
                            "etag": "BwX/VfHKkAg=",
                            "id": "roles/meshdataplane.serviceAgentserviceAccount:service-19361973525@gcp-sa-meshdataplane.iam.gserviceaccount.com",
                            "member": "serviceAccount:service-19361973525@gcp-sa-meshdataplane.iam.gserviceaccount.com",
                            "project": "ce-ps-3team",
                            "role": "roles/meshdataplane.serviceAgent"
                        },
                        "meta": {
                            "schema_version": 0
                        },
                        "tainted": false
                    },
                    "deposed": [],
                    "provider": "provider.google"
                },
                "google_project_iam_member.tfer--roles-002F-monitoring-002E-dashboardEditorserviceAccount-003A-baremetal-gcr-0040-ce-ps-3team-002E-iam-002E-gserviceaccount-002E-com": {
                    "type": "google_project_iam_member",
                    "depends_on": [],
                    "primary": {
                        "id": "roles/monitoring.dashboardEditorserviceAccount:baremetal-gcr@ce-ps-3team.iam.gserviceaccount.com",
                        "attributes": {
                            "condition.#": "0",
                            "etag": "BwX/VfIa6G4=",
                            "id": "roles/monitoring.dashboardEditorserviceAccount:baremetal-gcr@ce-ps-3team.iam.gserviceaccount.com",
                            "member": "serviceAccount:baremetal-gcr@ce-ps-3team.iam.gserviceaccount.com",
                            "project": "ce-ps-3team",
                            "role": "roles/monitoring.dashboardEditor"
                        },
                        "meta": {
                            "schema_version": 0
                        },
                        "tainted": false
                    },
                    "deposed": [],
                    "provider": "provider.google"
                },
                "google_project_iam_member.tfer--roles-002F-monitoring-002E-metricWriterserviceAccount-003A-gke-to-eks-migration-poc-0040-ce-ps-3team-002E-iam-002E-gserviceaccount-002E-com": {
                    "type": "google_project_iam_member",
                    "depends_on": [],
                    "primary": {
                        "id": "roles/monitoring.metricWriterserviceAccount:gke-to-eks-migration-poc@ce-ps-3team.iam.gserviceaccount.com",
                        "attributes": {
                            "condition.#": "0",
                            "etag": "BwX/VfKlEMs=",
                            "id": "roles/monitoring.metricWriterserviceAccount:gke-to-eks-migration-poc@ce-ps-3team.iam.gserviceaccount.com",
                            "member": "serviceAccount:gke-to-eks-migration-poc@ce-ps-3team.iam.gserviceaccount.com",
                            "project": "ce-ps-3team",
                            "role": "roles/monitoring.metricWriter"
                        },
                        "meta": {
                            "schema_version": 0
                        },
                        "tainted": false
                    },
                    "deposed": [],
                    "provider": "provider.google"
                },
                "google_project_iam_member.tfer--roles-002F-monitoring-002E-notificationServiceAgentserviceAccount-003A-service-19361973525-0040-gcp-sa-monitoring-notification-002E-iam-002E-gserviceaccount-002E-com": {
                    "type": "google_project_iam_member",
                    "depends_on": [],
                    "primary": {
                        "id": "roles/monitoring.notificationServiceAgentserviceAccount:service-19361973525@gcp-sa-monitoring-notification.iam.gserviceaccount.com",
                        "attributes": {
                            "condition.#": "0",
                            "etag": "BwX/VeDWE7U=",
                            "id": "roles/monitoring.notificationServiceAgentserviceAccount:service-19361973525@gcp-sa-monitoring-notification.iam.gserviceaccount.com",
                            "member": "serviceAccount:service-19361973525@gcp-sa-monitoring-notification.iam.gserviceaccount.com",
                            "project": "ce-ps-3team",
                            "role": "roles/monitoring.notificationServiceAgent"
                        },
                        "meta": {
                            "schema_version": 0
                        },
                        "tainted": false
                    },
                    "deposed": [],
                    "provider": "provider.google"
                },
                "google_project_iam_member.tfer--roles-002F-monitoring-002E-viewerserviceAccount-003A-gke-to-eks-migration-poc-0040-ce-ps-3team-002E-iam-002E-gserviceaccount-002E-com": {
                    "type": "google_project_iam_member",
                    "depends_on": [],
                    "primary": {
                        "id": "roles/monitoring.viewerserviceAccount:gke-to-eks-migration-poc@ce-ps-3team.iam.gserviceaccount.com",
                        "attributes": {
                            "condition.#": "0",
                            "etag": "BwX/VfKlEMs=",
                            "id": "roles/monitoring.viewerserviceAccount:gke-to-eks-migration-poc@ce-ps-3team.iam.gserviceaccount.com",
                            "member": "serviceAccount:gke-to-eks-migration-poc@ce-ps-3team.iam.gserviceaccount.com",
                            "project": "ce-ps-3team",
                            "role": "roles/monitoring.viewer"
                        },
                        "meta": {
                            "schema_version": 0
                        },
                        "tainted": false
                    },
                    "deposed": [],
                    "provider": "provider.google"
                },
                "google_project_iam_member.tfer--roles-002F-monitoring-002E-viewerserviceAccount-003A-keda-gcppubsubtest-0040-ce-ps-3team-002E-iam-002E-gserviceaccount-002E-com": {
                    "type": "google_project_iam_member",
                    "depends_on": [],
                    "primary": {
                        "id": "roles/monitoring.viewerserviceAccount:keda-gcppubsubtest@ce-ps-3team.iam.gserviceaccount.com",
                        "attributes": {
                            "condition.#": "0",
                            "etag": "BwX/VfKlEMs=",
                            "id": "roles/monitoring.viewerserviceAccount:keda-gcppubsubtest@ce-ps-3team.iam.gserviceaccount.com",
                            "member": "serviceAccount:keda-gcppubsubtest@ce-ps-3team.iam.gserviceaccount.com",
                            "project": "ce-ps-3team",
                            "role": "roles/monitoring.viewer"
                        },
                        "meta": {
                            "schema_version": 0
                        },
                        "tainted": false
                    },
                    "deposed": [],
                    "provider": "provider.google"
                },
                "google_project_iam_member.tfer--roles-002F-multiclustermetering-002E-serviceAgentserviceAccount-003A-service-19361973525-0040-gcp-sa-mcmetering-002E-iam-002E-gserviceaccount-002E-com": {
                    "type": "google_project_iam_member",
                    "depends_on": [],
                    "primary": {
                        "id": "roles/multiclustermetering.serviceAgentserviceAccount:service-19361973525@gcp-sa-mcmetering.iam.gserviceaccount.com",
                        "attributes": {
                            "condition.#": "0",
                            "etag": "BwX/VfKlEMs=",
                            "id": "roles/multiclustermetering.serviceAgentserviceAccount:service-19361973525@gcp-sa-mcmetering.iam.gserviceaccount.com",
                            "member": "serviceAccount:service-19361973525@gcp-sa-mcmetering.iam.gserviceaccount.com",
                            "project": "ce-ps-3team",
                            "role": "roles/multiclustermetering.serviceAgent"
                        },
                        "meta": {
                            "schema_version": 0
                        },
                        "tainted": false
                    },
                    "deposed": [],
                    "provider": "provider.google"
                },
                "google_project_iam_member.tfer--roles-002F-networkmanagement-002E-serviceAgentserviceAccount-003A-service-19361973525-0040-gcp-sa-networkmanagement-002E-iam-002E-gserviceaccount-002E-com": {
                    "type": "google_project_iam_member",
                    "depends_on": [],
                    "primary": {
                        "id": "roles/networkmanagement.serviceAgentserviceAccount:service-19361973525@gcp-sa-networkmanagement.iam.gserviceaccount.com",
                        "attributes": {
                            "condition.#": "0",
                            "etag": "BwX/VfIa6G4=",
                            "id": "roles/networkmanagement.serviceAgentserviceAccount:service-19361973525@gcp-sa-networkmanagement.iam.gserviceaccount.com",
                            "member": "serviceAccount:service-19361973525@gcp-sa-networkmanagement.iam.gserviceaccount.com",
                            "project": "ce-ps-3team",
                            "role": "roles/networkmanagement.serviceAgent"
                        },
                        "meta": {
                            "schema_version": 0
                        },
                        "tainted": false
                    },
                    "deposed": [],
                    "provider": "provider.google"
                },
                "google_project_iam_member.tfer--roles-002F-notebooks-002E-serviceAgentserviceAccount-003A-service-19361973525-0040-gcp-sa-notebooks-002E-iam-002E-gserviceaccount-002E-com": {
                    "type": "google_project_iam_member",
                    "depends_on": [],
                    "primary": {
                        "id": "roles/notebooks.serviceAgentserviceAccount:service-19361973525@gcp-sa-notebooks.iam.gserviceaccount.com",
                        "attributes": {
                            "condition.#": "0",
                            "etag": "BwX/VfKlEMs=",
                            "id": "roles/notebooks.serviceAgentserviceAccount:service-19361973525@gcp-sa-notebooks.iam.gserviceaccount.com",
                            "member": "serviceAccount:service-19361973525@gcp-sa-notebooks.iam.gserviceaccount.com",
                            "project": "ce-ps-3team",
                            "role": "roles/notebooks.serviceAgent"
                        },
                        "meta": {
                            "schema_version": 0
                        },
                        "tainted": false
                    },
                    "deposed": [],
                    "provider": "provider.google"
                },
                "google_project_iam_member.tfer--roles-002F-opsconfigmonitoring-002E-resourceMetadata-002E-writerserviceAccount-003A-baremetal-gcr-0040-ce-ps-3team-002E-iam-002E-gserviceaccount-002E-com": {
                    "type": "google_project_iam_member",
                    "depends_on": [],
                    "primary": {
                        "id": "roles/opsconfigmonitoring.resourceMetadata.writerserviceAccount:baremetal-gcr@ce-ps-3team.iam.gserviceaccount.com",
                        "attributes": {
                            "condition.#": "0",
                            "etag": "BwX/VfKlEMs=",
                            "id": "roles/opsconfigmonitoring.resourceMetadata.writerserviceAccount:baremetal-gcr@ce-ps-3team.iam.gserviceaccount.com",
                            "member": "serviceAccount:baremetal-gcr@ce-ps-3team.iam.gserviceaccount.com",
                            "project": "ce-ps-3team",
                            "role": "roles/opsconfigmonitoring.resourceMetadata.writer"
                        },
                        "meta": {
                            "schema_version": 0
                        },
                        "tainted": false
                    },
                    "deposed": [],
                    "provider": "provider.google"
                },
                "google_project_iam_member.tfer--roles-002F-osconfig-002E-serviceAgentserviceAccount-003A-service-19361973525-0040-gcp-sa-osconfig-002E-iam-002E-gserviceaccount-002E-com": {
                    "type": "google_project_iam_member",
                    "depends_on": [],
                    "primary": {
                        "id": "roles/osconfig.serviceAgentserviceAccount:service-19361973525@gcp-sa-osconfig.iam.gserviceaccount.com",
                        "attributes": {
                            "condition.#": "0",
                            "etag": "BwX/VeDWE7U=",
                            "id": "roles/osconfig.serviceAgentserviceAccount:service-19361973525@gcp-sa-osconfig.iam.gserviceaccount.com",
                            "member": "serviceAccount:service-19361973525@gcp-sa-osconfig.iam.gserviceaccount.com",
                            "project": "ce-ps-3team",
                            "role": "roles/osconfig.serviceAgent"
                        },
                        "meta": {
                            "schema_version": 0
                        },
                        "tainted": false
                    },
                    "deposed": [],
                    "provider": "provider.google"
                },
                "google_project_iam_member.tfer--roles-002F-owneruser-003A-ajay-002E-adepu-0040-searce-002E-com": {
                    "type": "google_project_iam_member",
                    "depends_on": [],
                    "primary": {
                        "id": "roles/owneruser:ajay.adepu@searce.com",
                        "attributes": {
                            "condition.#": "0",
                            "etag": "BwX/VfKlEMs=",
                            "id": "roles/owneruser:ajay.adepu@searce.com",
                            "member": "user:ajay.adepu@searce.com",
                            "project": "ce-ps-3team",
                            "role": "roles/owner"
                        },
                        "meta": {
                            "schema_version": 0
                        },
                        "tainted": false
                    },
                    "deposed": [],
                    "provider": "provider.google"
                },
                "google_project_iam_member.tfer--roles-002F-owneruser-003A-ganesh-002E-kaila-0040-searce-002E-com": {
                    "type": "google_project_iam_member",
                    "depends_on": [],
                    "primary": {
                        "id": "roles/owneruser:ganesh.kaila@searce.com",
                        "attributes": {
                            "condition.#": "0",
                            "etag": "BwX/VfKlEMs=",
                            "id": "roles/owneruser:ganesh.kaila@searce.com",
                            "member": "user:ganesh.kaila@searce.com",
                            "project": "ce-ps-3team",
                            "role": "roles/owner"
                        },
                        "meta": {
                            "schema_version": 0
                        },
                        "tainted": false
                    },
                    "deposed": [],
                    "provider": "provider.google"
                },
                "google_project_iam_member.tfer--roles-002F-owneruser-003A-gangadhar-002E-sunkara-0040-searce-002E-com": {
                    "type": "google_project_iam_member",
                    "depends_on": [],
                    "primary": {
                        "id": "roles/owneruser:gangadhar.sunkara@searce.com",
                        "attributes": {
                            "condition.#": "0",
                            "etag": "BwX/VfKlEMs=",
                            "id": "roles/owneruser:gangadhar.sunkara@searce.com",
                            "member": "user:gangadhar.sunkara@searce.com",
                            "project": "ce-ps-3team",
                            "role": "roles/owner"
                        },
                        "meta": {
                            "schema_version": 0
                        },
                        "tainted": false
                    },
                    "deposed": [],
                    "provider": "provider.google"
                },
                "google_project_iam_member.tfer--roles-002F-owneruser-003A-nagababu-002E-medicharla-0040-searce-002E-com": {
                    "type": "google_project_iam_member",
                    "depends_on": [],
                    "primary": {
                        "id": "roles/owneruser:nagababu.medicharla@searce.com",
                        "attributes": {
                            "condition.#": "0",
                            "etag": "BwX/VfKlEMs=",
                            "id": "roles/owneruser:nagababu.medicharla@searce.com",
                            "member": "user:nagababu.medicharla@searce.com",
                            "project": "ce-ps-3team",
                            "role": "roles/owner"
                        },
                        "meta": {
                            "schema_version": 0
                        },
                        "tainted": false
                    },
                    "deposed": [],
                    "provider": "provider.google"
                },
                "google_project_iam_member.tfer--roles-002F-owneruser-003A-tarun-002E-kumar-0040-searce-002E-com": {
                    "type": "google_project_iam_member",
                    "depends_on": [],
                    "primary": {
                        "id": "roles/owneruser:tarun.kumar@searce.com",
                        "attributes": {
                            "condition.#": "0",
                            "etag": "BwX/VfKlEMs=",
                            "id": "roles/owneruser:tarun.kumar@searce.com",
                            "member": "user:tarun.kumar@searce.com",
                            "project": "ce-ps-3team",
                            "role": "roles/owner"
                        },
                        "meta": {
                            "schema_version": 0
                        },
                        "tainted": false
                    },
                    "deposed": [],
                    "provider": "provider.google"
                },
                "google_project_iam_member.tfer--roles-002F-pubsub-002E-adminuser-003A-Santhosh-002E-kumar-0040-searce-002E-com": {
                    "type": "google_project_iam_member",
                    "depends_on": [],
                    "primary": {
                        "id": "roles/pubsub.adminuser:Santhosh.kumar@searce.com",
                        "attributes": {
                            "condition.#": "0",
                            "etag": "BwX/VfKlEMs=",
                            "id": "roles/pubsub.adminuser:Santhosh.kumar@searce.com",
                            "member": "user:Santhosh.kumar@searce.com",
                            "project": "ce-ps-3team",
                            "role": "roles/pubsub.admin"
                        },
                        "meta": {
                            "schema_version": 0
                        },
                        "tainted": false
                    },
                    "deposed": [],
                    "provider": "provider.google"
                },
                "google_project_iam_member.tfer--roles-002F-pubsub-002E-serviceAgentserviceAccount-003A-service-19361973525-0040-gcp-sa-pubsub-002E-iam-002E-gserviceaccount-002E-com": {
                    "type": "google_project_iam_member",
                    "depends_on": [],
                    "primary": {
                        "id": "roles/pubsub.serviceAgentserviceAccount:service-19361973525@gcp-sa-pubsub.iam.gserviceaccount.com",
                        "attributes": {
                            "condition.#": "0",
                            "etag": "BwX/VfKlEMs=",
                            "id": "roles/pubsub.serviceAgentserviceAccount:service-19361973525@gcp-sa-pubsub.iam.gserviceaccount.com",
                            "member": "serviceAccount:service-19361973525@gcp-sa-pubsub.iam.gserviceaccount.com",
                            "project": "ce-ps-3team",
                            "role": "roles/pubsub.serviceAgent"
                        },
                        "meta": {
                            "schema_version": 0
                        },
                        "tainted": false
                    },
                    "deposed": [],
                    "provider": "provider.google"
                },
                "google_project_iam_member.tfer--roles-002F-pubsub-002E-subscriberserviceAccount-003A-keda-gcppubsubtest-0040-ce-ps-3team-002E-iam-002E-gserviceaccount-002E-com": {
                    "type": "google_project_iam_member",
                    "depends_on": [],
                    "primary": {
                        "id": "roles/pubsub.subscriberserviceAccount:keda-gcppubsubtest@ce-ps-3team.iam.gserviceaccount.com",
                        "attributes": {
                            "condition.#": "0",
                            "etag": "BwX/VfKlEMs=",
                            "id": "roles/pubsub.subscriberserviceAccount:keda-gcppubsubtest@ce-ps-3team.iam.gserviceaccount.com",
                            "member": "serviceAccount:keda-gcppubsubtest@ce-ps-3team.iam.gserviceaccount.com",
                            "project": "ce-ps-3team",
                            "role": "roles/pubsub.subscriber"
                        },
                        "meta": {
                            "schema_version": 0
                        },
                        "tainted": false
                    },
                    "deposed": [],
                    "provider": "provider.google"
                },
                "google_project_iam_member.tfer--roles-002F-redis-002E-serviceAgentserviceAccount-003A-service-19361973525-0040-cloud-redis-002E-iam-002E-gserviceaccount-002E-com": {
                    "type": "google_project_iam_member",
                    "depends_on": [],
                    "primary": {
                        "id": "roles/redis.serviceAgentserviceAccount:service-19361973525@cloud-redis.iam.gserviceaccount.com",
                        "attributes": {
                            "condition.#": "0",
                            "etag": "BwX/VfEmipI=",
                            "id": "roles/redis.serviceAgentserviceAccount:service-19361973525@cloud-redis.iam.gserviceaccount.com",
                            "member": "serviceAccount:service-19361973525@cloud-redis.iam.gserviceaccount.com",
                            "project": "ce-ps-3team",
                            "role": "roles/redis.serviceAgent"
                        },
                        "meta": {
                            "schema_version": 0
                        },
                        "tainted": false
                    },
                    "deposed": [],
                    "provider": "provider.google"
                },
                "google_project_iam_member.tfer--roles-002F-resourcemanager-002E-projectIamAdminuser-003A-ajay-002E-adepu-0040-searce-002E-com": {
                    "type": "google_project_iam_member",
                    "depends_on": [],
                    "primary": {
                        "id": "roles/resourcemanager.projectIamAdminuser:ajay.adepu@searce.com",
                        "attributes": {
                            "condition.#": "0",
                            "etag": "BwX/VfKlEMs=",
                            "id": "roles/resourcemanager.projectIamAdminuser:ajay.adepu@searce.com",
                            "member": "user:ajay.adepu@searce.com",
                            "project": "ce-ps-3team",
                            "role": "roles/resourcemanager.projectIamAdmin"
                        },
                        "meta": {
                            "schema_version": 0
                        },
                        "tainted": false
                    },
                    "deposed": [],
                    "provider": "provider.google"
                },
                "google_project_iam_member.tfer--roles-002F-resourcemanager-002E-projectIamAdminuser-003A-ganesh-002E-kaila-0040-searce-002E-com": {
                    "type": "google_project_iam_member",
                    "depends_on": [],
                    "primary": {
                        "id": "roles/resourcemanager.projectIamAdminuser:ganesh.kaila@searce.com",
                        "attributes": {
                            "condition.#": "0",
                            "etag": "BwX/VfKlEMs=",
                            "id": "roles/resourcemanager.projectIamAdminuser:ganesh.kaila@searce.com",
                            "member": "user:ganesh.kaila@searce.com",
                            "project": "ce-ps-3team",
                            "role": "roles/resourcemanager.projectIamAdmin"
                        },
                        "meta": {
                            "schema_version": 0
                        },
                        "tainted": false
                    },
                    "deposed": [],
                    "provider": "provider.google"
                },
                "google_project_iam_member.tfer--roles-002F-resourcemanager-002E-projectIamAdminuser-003A-gangadhar-002E-sunkara-0040-searce-002E-com": {
                    "type": "google_project_iam_member",
                    "depends_on": [],
                    "primary": {
                        "id": "roles/resourcemanager.projectIamAdminuser:gangadhar.sunkara@searce.com",
                        "attributes": {
                            "condition.#": "0",
                            "etag": "BwX/VfIa6G4=",
                            "id": "roles/resourcemanager.projectIamAdminuser:gangadhar.sunkara@searce.com",
                            "member": "user:gangadhar.sunkara@searce.com",
                            "project": "ce-ps-3team",
                            "role": "roles/resourcemanager.projectIamAdmin"
                        },
                        "meta": {
                            "schema_version": 0
                        },
                        "tainted": false
                    },
                    "deposed": [],
                    "provider": "provider.google"
                },
                "google_project_iam_member.tfer--roles-002F-resourcemanager-002E-projectIamAdminuser-003A-saurav-002E-singh-0040-searce-002E-com": {
                    "type": "google_project_iam_member",
                    "depends_on": [],
                    "primary": {
                        "id": "roles/resourcemanager.projectIamAdminuser:saurav.singh@searce.com",
                        "attributes": {
                            "condition.#": "0",
                            "etag": "BwX/VfKlEMs=",
                            "id": "roles/resourcemanager.projectIamAdminuser:saurav.singh@searce.com",
                            "member": "user:saurav.singh@searce.com",
                            "project": "ce-ps-3team",
                            "role": "roles/resourcemanager.projectIamAdmin"
                        },
                        "meta": {
                            "schema_version": 0
                        },
                        "tainted": false
                    },
                    "deposed": [],
                    "provider": "provider.google"
                },
                "google_project_iam_member.tfer--roles-002F-resourcemanager-002E-projectIamAdminuser-003A-tarun-002E-kumar-0040-searce-002E-com": {
                    "type": "google_project_iam_member",
                    "depends_on": [],
                    "primary": {
                        "id": "roles/resourcemanager.projectIamAdminuser:tarun.kumar@searce.com",
                        "attributes": {
                            "condition.#": "0",
                            "etag": "BwX/VfKlEMs=",
                            "id": "roles/resourcemanager.projectIamAdminuser:tarun.kumar@searce.com",
                            "member": "user:tarun.kumar@searce.com",
                            "project": "ce-ps-3team",
                            "role": "roles/resourcemanager.projectIamAdmin"
                        },
                        "meta": {
                            "schema_version": 0
                        },
                        "tainted": false
                    },
                    "deposed": [],
                    "provider": "provider.google"
                },
                "google_project_iam_member.tfer--roles-002F-run-002E-adminserviceAccount-003A-19361973525-0040-cloudbuild-002E-gserviceaccount-002E-com": {
                    "type": "google_project_iam_member",
                    "depends_on": [],
                    "primary": {
                        "id": "roles/run.adminserviceAccount:19361973525@cloudbuild.gserviceaccount.com",
                        "attributes": {
                            "condition.#": "0",
                            "etag": "BwX/VfIa6G4=",
                            "id": "roles/run.adminserviceAccount:19361973525@cloudbuild.gserviceaccount.com",
                            "member": "serviceAccount:19361973525@cloudbuild.gserviceaccount.com",
                            "project": "ce-ps-3team",
                            "role": "roles/run.admin"
                        },
                        "meta": {
                            "schema_version": 0
                        },
                        "tainted": false
                    },
                    "deposed": [],
                    "provider": "provider.google"
                },
                "google_project_iam_member.tfer--roles-002F-run-002E-serviceAgentserviceAccount-003A-service-19361973525-0040-serverless-robot-prod-002E-iam-002E-gserviceaccount-002E-com": {
                    "type": "google_project_iam_member",
                    "depends_on": [],
                    "primary": {
                        "id": "roles/run.serviceAgentserviceAccount:service-19361973525@serverless-robot-prod.iam.gserviceaccount.com",
                        "attributes": {
                            "condition.#": "0",
                            "etag": "BwX/VfKlEMs=",
                            "id": "roles/run.serviceAgentserviceAccount:service-19361973525@serverless-robot-prod.iam.gserviceaccount.com",
                            "member": "serviceAccount:service-19361973525@serverless-robot-prod.iam.gserviceaccount.com",
                            "project": "ce-ps-3team",
                            "role": "roles/run.serviceAgent"
                        },
                        "meta": {
                            "schema_version": 0
                        },
                        "tainted": false
                    },
                    "deposed": [],
                    "provider": "provider.google"
                },
                "google_project_iam_member.tfer--roles-002F-servicemanagement-002E-adminuser-003A-tarun-002E-kumar-0040-searce-002E-com": {
                    "type": "google_project_iam_member",
                    "depends_on": [],
                    "primary": {
                        "id": "roles/servicemanagement.adminuser:tarun.kumar@searce.com",
                        "attributes": {
                            "condition.#": "0",
                            "etag": "BwX/VfKlEMs=",
                            "id": "roles/servicemanagement.adminuser:tarun.kumar@searce.com",
                            "member": "user:tarun.kumar@searce.com",
                            "project": "ce-ps-3team",
                            "role": "roles/servicemanagement.admin"
                        },
                        "meta": {
                            "schema_version": 0
                        },
                        "tainted": false
                    },
                    "deposed": [],
                    "provider": "provider.google"
                },
                "google_project_iam_member.tfer--roles-002F-servicenetworking-002E-serviceAgentserviceAccount-003A-service-19361973525-0040-gcp-sa-cloudasset-002E-iam-002E-gserviceaccount-002E-com": {
                    "type": "google_project_iam_member",
                    "depends_on": [],
                    "primary": {
                        "id": "roles/servicenetworking.serviceAgentserviceAccount:service-19361973525@gcp-sa-cloudasset.iam.gserviceaccount.com",
                        "attributes": {
                            "condition.#": "0",
                            "etag": "BwX/VeDWE7U=",
                            "id": "roles/servicenetworking.serviceAgentserviceAccount:service-19361973525@gcp-sa-cloudasset.iam.gserviceaccount.com",
                            "member": "serviceAccount:service-19361973525@gcp-sa-cloudasset.iam.gserviceaccount.com",
                            "project": "ce-ps-3team",
                            "role": "roles/servicenetworking.serviceAgent"
                        },
                        "meta": {
                            "schema_version": 0
                        },
                        "tainted": false
                    },
                    "deposed": [],
                    "provider": "provider.google"
                },
                "google_project_iam_member.tfer--roles-002F-servicenetworking-002E-serviceAgentserviceAccount-003A-service-19361973525-0040-service-networking-002E-iam-002E-gserviceaccount-002E-com": {
                    "type": "google_project_iam_member",
                    "depends_on": [],
                    "primary": {
                        "id": "roles/servicenetworking.serviceAgentserviceAccount:service-19361973525@service-networking.iam.gserviceaccount.com",
                        "attributes": {
                            "condition.#": "0",
                            "etag": "BwX/VfB09rw=",
                            "id": "roles/servicenetworking.serviceAgentserviceAccount:service-19361973525@service-networking.iam.gserviceaccount.com",
                            "member": "serviceAccount:service-19361973525@service-networking.iam.gserviceaccount.com",
                            "project": "ce-ps-3team",
                            "role": "roles/servicenetworking.serviceAgent"
                        },
                        "meta": {
                            "schema_version": 0
                        },
                        "tainted": false
                    },
                    "deposed": [],
                    "provider": "provider.google"
                },
                "google_project_iam_member.tfer--roles-002F-serviceusage-002E-serviceUsageAdminuser-003A-raghu-002E-manne-0040-searce-002E-com": {
                    "type": "google_project_iam_member",
                    "depends_on": [],
                    "primary": {
                        "id": "roles/serviceusage.serviceUsageAdminuser:raghu.manne@searce.com",
                        "attributes": {
                            "condition.#": "0",
                            "etag": "BwX/VfKlEMs=",
                            "id": "roles/serviceusage.serviceUsageAdminuser:raghu.manne@searce.com",
                            "member": "user:raghu.manne@searce.com",
                            "project": "ce-ps-3team",
                            "role": "roles/serviceusage.serviceUsageAdmin"
                        },
                        "meta": {
                            "schema_version": 0
                        },
                        "tainted": false
                    },
                    "deposed": [],
                    "provider": "provider.google"
                },
                "google_project_iam_member.tfer--roles-002F-serviceusage-002E-serviceUsageAdminuser-003A-tarun-002E-kumar-0040-searce-002E-com": {
                    "type": "google_project_iam_member",
                    "depends_on": [],
                    "primary": {
                        "id": "roles/serviceusage.serviceUsageAdminuser:tarun.kumar@searce.com",
                        "attributes": {
                            "condition.#": "0",
                            "etag": "BwX/VfIa6G4=",
                            "id": "roles/serviceusage.serviceUsageAdminuser:tarun.kumar@searce.com",
                            "member": "user:tarun.kumar@searce.com",
                            "project": "ce-ps-3team",
                            "role": "roles/serviceusage.serviceUsageAdmin"
                        },
                        "meta": {
                            "schema_version": 0
                        },
                        "tainted": false
                    },
                    "deposed": [],
                    "provider": "provider.google"
                },
                "google_project_iam_member.tfer--roles-002F-serviceusage-002E-serviceUsageConsumeruser-003A-Santhosh-002E-kumar-0040-searce-002E-com": {
                    "type": "google_project_iam_member",
                    "depends_on": [],
                    "primary": {
                        "id": "roles/serviceusage.serviceUsageConsumeruser:Santhosh.kumar@searce.com",
                        "attributes": {
                            "condition.#": "0",
                            "etag": "BwX/VfKlEMs=",
                            "id": "roles/serviceusage.serviceUsageConsumeruser:Santhosh.kumar@searce.com",
                            "member": "user:Santhosh.kumar@searce.com",
                            "project": "ce-ps-3team",
                            "role": "roles/serviceusage.serviceUsageConsumer"
                        },
                        "meta": {
                            "schema_version": 0
                        },
                        "tainted": false
                    },
                    "deposed": [],
                    "provider": "provider.google"
                },
                "google_project_iam_member.tfer--roles-002F-serviceusage-002E-serviceUsageConsumeruser-003A-binayak-002E-kumar-0040-searce-002E-com": {
                    "type": "google_project_iam_member",
                    "depends_on": [],
                    "primary": {
                        "id": "roles/serviceusage.serviceUsageConsumeruser:binayak.kumar@searce.com",
                        "attributes": {
                            "condition.#": "0",
                            "etag": "BwX/VfHKkAg=",
                            "id": "roles/serviceusage.serviceUsageConsumeruser:binayak.kumar@searce.com",
                            "member": "user:binayak.kumar@searce.com",
                            "project": "ce-ps-3team",
                            "role": "roles/serviceusage.serviceUsageConsumer"
                        },
                        "meta": {
                            "schema_version": 0
                        },
                        "tainted": false
                    },
                    "deposed": [],
                    "provider": "provider.google"
                },
                "google_project_iam_member.tfer--roles-002F-serviceusage-002E-serviceUsageConsumeruser-003A-harshal-002E-sanap-0040-searce-002E-com": {
                    "type": "google_project_iam_member",
                    "depends_on": [],
                    "primary": {
                        "id": "roles/serviceusage.serviceUsageConsumeruser:harshal.sanap@searce.com",
                        "attributes": {
                            "condition.#": "0",
                            "etag": "BwX/VfHKkAg=",
                            "id": "roles/serviceusage.serviceUsageConsumeruser:harshal.sanap@searce.com",
                            "member": "user:harshal.sanap@searce.com",
                            "project": "ce-ps-3team",
                            "role": "roles/serviceusage.serviceUsageConsumer"
                        },
                        "meta": {
                            "schema_version": 0
                        },
                        "tainted": false
                    },
                    "deposed": [],
                    "provider": "provider.google"
                },
                "google_project_iam_member.tfer--roles-002F-serviceusage-002E-serviceUsageConsumeruser-003A-pallapolu-002E-sindhu-0040-searce-002E-com": {
                    "type": "google_project_iam_member",
                    "depends_on": [],
                    "primary": {
                        "id": "roles/serviceusage.serviceUsageConsumeruser:pallapolu.sindhu@searce.com",
                        "attributes": {
                            "condition.#": "0",
                            "etag": "BwX/VfKlEMs=",
                            "id": "roles/serviceusage.serviceUsageConsumeruser:pallapolu.sindhu@searce.com",
                            "member": "user:pallapolu.sindhu@searce.com",
                            "project": "ce-ps-3team",
                            "role": "roles/serviceusage.serviceUsageConsumer"
                        },
                        "meta": {
                            "schema_version": 0
                        },
                        "tainted": false
                    },
                    "deposed": [],
                    "provider": "provider.google"
                },
                "google_project_iam_member.tfer--roles-002F-serviceusage-002E-serviceUsageConsumeruser-003A-raghu-002E-manne-0040-searce-002E-com": {
                    "type": "google_project_iam_member",
                    "depends_on": [],
                    "primary": {
                        "id": "roles/serviceusage.serviceUsageConsumeruser:raghu.manne@searce.com",
                        "attributes": {
                            "condition.#": "0",
                            "etag": "BwX/VfKlEMs=",
                            "id": "roles/serviceusage.serviceUsageConsumeruser:raghu.manne@searce.com",
                            "member": "user:raghu.manne@searce.com",
                            "project": "ce-ps-3team",
                            "role": "roles/serviceusage.serviceUsageConsumer"
                        },
                        "meta": {
                            "schema_version": 0
                        },
                        "tainted": false
                    },
                    "deposed": [],
                    "provider": "provider.google"
                },
                "google_project_iam_member.tfer--roles-002F-serviceusage-002E-serviceUsageConsumeruser-003A-sai-002E-k-0040-searce-002E-com": {
                    "type": "google_project_iam_member",
                    "depends_on": [],
                    "primary": {
                        "id": "roles/serviceusage.serviceUsageConsumeruser:sai.k@searce.com",
                        "attributes": {
                            "condition.#": "0",
                            "etag": "BwX/VfKlEMs=",
                            "id": "roles/serviceusage.serviceUsageConsumeruser:sai.k@searce.com",
                            "member": "user:sai.k@searce.com",
                            "project": "ce-ps-3team",
                            "role": "roles/serviceusage.serviceUsageConsumer"
                        },
                        "meta": {
                            "schema_version": 0
                        },
                        "tainted": false
                    },
                    "deposed": [],
                    "provider": "provider.google"
                },
                "google_project_iam_member.tfer--roles-002F-serviceusage-002E-serviceUsageConsumeruser-003A-saurav-002E-singh-0040-searce-002E-com": {
                    "type": "google_project_iam_member",
                    "depends_on": [],
                    "primary": {
                        "id": "roles/serviceusage.serviceUsageConsumeruser:saurav.singh@searce.com",
                        "attributes": {
                            "condition.#": "0",
                            "etag": "BwX/VfKlEMs=",
                            "id": "roles/serviceusage.serviceUsageConsumeruser:saurav.singh@searce.com",
                            "member": "user:saurav.singh@searce.com",
                            "project": "ce-ps-3team",
                            "role": "roles/serviceusage.serviceUsageConsumer"
                        },
                        "meta": {
                            "schema_version": 0
                        },
                        "tainted": false
                    },
                    "deposed": [],
                    "provider": "provider.google"
                },
                "google_project_iam_member.tfer--roles-002F-serviceusage-002E-serviceUsageConsumeruser-003A-shivaling-002E-patil-0040-searce-002E-com": {
                    "type": "google_project_iam_member",
                    "depends_on": [],
                    "primary": {
                        "id": "roles/serviceusage.serviceUsageConsumeruser:shivaling.patil@searce.com",
                        "attributes": {
                            "condition.#": "0",
                            "etag": "BwX/VfKlEMs=",
                            "id": "roles/serviceusage.serviceUsageConsumeruser:shivaling.patil@searce.com",
                            "member": "user:shivaling.patil@searce.com",
                            "project": "ce-ps-3team",
                            "role": "roles/serviceusage.serviceUsageConsumer"
                        },
                        "meta": {
                            "schema_version": 0
                        },
                        "tainted": false
                    },
                    "deposed": [],
                    "provider": "provider.google"
                },
                "google_project_iam_member.tfer--roles-002F-sourcerepo-002E-serviceAgentserviceAccount-003A-service-19361973525-0040-sourcerepo-service-accounts-002E-iam-002E-gserviceaccount-002E-com": {
                    "type": "google_project_iam_member",
                    "depends_on": [],
                    "primary": {
                        "id": "roles/sourcerepo.serviceAgentserviceAccount:service-19361973525@sourcerepo-service-accounts.iam.gserviceaccount.com",
                        "attributes": {
                            "condition.#": "0",
                            "etag": "BwX/VfKlEMs=",
                            "id": "roles/sourcerepo.serviceAgentserviceAccount:service-19361973525@sourcerepo-service-accounts.iam.gserviceaccount.com",
                            "member": "serviceAccount:service-19361973525@sourcerepo-service-accounts.iam.gserviceaccount.com",
                            "project": "ce-ps-3team",
                            "role": "roles/sourcerepo.serviceAgent"
                        },
                        "meta": {
                            "schema_version": 0
                        },
                        "tainted": false
                    },
                    "deposed": [],
                    "provider": "provider.google"
                },
                "google_project_iam_member.tfer--roles-002F-stackdriver-002E-resourceMetadata-002E-writerserviceAccount-003A-baremetal-gcr-0040-ce-ps-3team-002E-iam-002E-gserviceaccount-002E-com": {
                    "type": "google_project_iam_member",
                    "depends_on": [],
                    "primary": {
                        "id": "roles/stackdriver.resourceMetadata.writerserviceAccount:baremetal-gcr@ce-ps-3team.iam.gserviceaccount.com",
                        "attributes": {
                            "condition.#": "0",
                            "etag": "BwX/VfKlEMs=",
                            "id": "roles/stackdriver.resourceMetadata.writerserviceAccount:baremetal-gcr@ce-ps-3team.iam.gserviceaccount.com",
                            "member": "serviceAccount:baremetal-gcr@ce-ps-3team.iam.gserviceaccount.com",
                            "project": "ce-ps-3team",
                            "role": "roles/stackdriver.resourceMetadata.writer"
                        },
                        "meta": {
                            "schema_version": 0
                        },
                        "tainted": false
                    },
                    "deposed": [],
                    "provider": "provider.google"
                },
                "google_project_iam_member.tfer--roles-002F-stackdriver-002E-resourceMetadata-002E-writerserviceAccount-003A-gke-to-eks-migration-poc-0040-ce-ps-3team-002E-iam-002E-gserviceaccount-002E-com": {
                    "type": "google_project_iam_member",
                    "depends_on": [],
                    "primary": {
                        "id": "roles/stackdriver.resourceMetadata.writerserviceAccount:gke-to-eks-migration-poc@ce-ps-3team.iam.gserviceaccount.com",
                        "attributes": {
                            "condition.#": "0",
                            "etag": "BwX/VfKlEMs=",
                            "id": "roles/stackdriver.resourceMetadata.writerserviceAccount:gke-to-eks-migration-poc@ce-ps-3team.iam.gserviceaccount.com",
                            "member": "serviceAccount:gke-to-eks-migration-poc@ce-ps-3team.iam.gserviceaccount.com",
                            "project": "ce-ps-3team",
                            "role": "roles/stackdriver.resourceMetadata.writer"
                        },
                        "meta": {
                            "schema_version": 0
                        },
                        "tainted": false
                    },
                    "deposed": [],
                    "provider": "provider.google"
                },
                "google_project_iam_member.tfer--roles-002F-storage-002E-admindeleted-003A-serviceAccount-003A-gitlab-pod-poc-0040-ce-ps-3team-002E-iam-002E-gserviceaccount-002E-com-003F-uid-003D-112055378845491413900": {
                    "type": "google_project_iam_member",
                    "depends_on": [],
                    "primary": {
                        "id": "roles/storage.admindeleted:serviceAccount:gitlab-pod-poc@ce-ps-3team.iam.gserviceaccount.com?uid=112055378845491413900",
                        "attributes": {
                            "condition.#": "0",
                            "etag": "BwX/VfKlEMs=",
                            "id": "roles/storage.admindeleted:serviceAccount:gitlab-pod-poc@ce-ps-3team.iam.gserviceaccount.com?uid=112055378845491413900",
                            "member": "deleted:serviceAccount:gitlab-pod-poc@ce-ps-3team.iam.gserviceaccount.com?uid=112055378845491413900",
                            "project": "ce-ps-3team",
                            "role": "roles/storage.admin"
                        },
                        "meta": {
                            "schema_version": 0
                        },
                        "tainted": false
                    },
                    "deposed": [],
                    "provider": "provider.google"
                },
                "google_project_iam_member.tfer--roles-002F-storage-002E-adminuser-003A-subbaraju-002E-penmetsa-0040-searce-002E-com": {
                    "type": "google_project_iam_member",
                    "depends_on": [],
                    "primary": {
                        "id": "roles/storage.adminuser:subbaraju.penmetsa@searce.com",
                        "attributes": {
                            "condition.#": "0",
                            "etag": "BwX/VfKlEMs=",
                            "id": "roles/storage.adminuser:subbaraju.penmetsa@searce.com",
                            "member": "user:subbaraju.penmetsa@searce.com",
                            "project": "ce-ps-3team",
                            "role": "roles/storage.admin"
                        },
                        "meta": {
                            "schema_version": 0
                        },
                        "tainted": false
                    },
                    "deposed": [],
                    "provider": "provider.google"
                },
                "google_project_iam_member.tfer--roles-002F-storage-002E-objectAdminserviceAccount-003A-service-19361973525-0040-gcp-sa-cloudasset-002E-iam-002E-gserviceaccount-002E-com": {
                    "type": "google_project_iam_member",
                    "depends_on": [],
                    "primary": {
                        "id": "roles/storage.objectAdminserviceAccount:service-19361973525@gcp-sa-cloudasset.iam.gserviceaccount.com",
                        "attributes": {
                            "condition.#": "0",
                            "etag": "BwX/VfHKkAg=",
                            "id": "roles/storage.objectAdminserviceAccount:service-19361973525@gcp-sa-cloudasset.iam.gserviceaccount.com",
                            "member": "serviceAccount:service-19361973525@gcp-sa-cloudasset.iam.gserviceaccount.com",
                            "project": "ce-ps-3team",
                            "role": "roles/storage.objectAdmin"
                        },
                        "meta": {
                            "schema_version": 0
                        },
                        "tainted": false
                    },
                    "deposed": [],
                    "provider": "provider.google"
                },
                "google_project_iam_member.tfer--roles-002F-storage-002E-objectAdminuser-003A-pallapolu-002E-sindhu-0040-searce-002E-com": {
                    "type": "google_project_iam_member",
                    "depends_on": [],
                    "primary": {
                        "id": "roles/storage.objectAdminuser:pallapolu.sindhu@searce.com",
                        "attributes": {
                            "condition.#": "0",
                            "etag": "BwX/VfKlEMs=",
                            "id": "roles/storage.objectAdminuser:pallapolu.sindhu@searce.com",
                            "member": "user:pallapolu.sindhu@searce.com",
                            "project": "ce-ps-3team",
                            "role": "roles/storage.objectAdmin"
                        },
                        "meta": {
                            "schema_version": 0
                        },
                        "tainted": false
                    },
                    "deposed": [],
                    "provider": "provider.google"
                },
                "google_project_iam_member.tfer--roles-002F-viewerdeleted-003A-serviceAccount-003A-gitlab-pod-poc-0040-ce-ps-3team-002E-iam-002E-gserviceaccount-002E-com-003F-uid-003D-112055378845491413900": {
                    "type": "google_project_iam_member",
                    "depends_on": [],
                    "primary": {
                        "id": "roles/viewerdeleted:serviceAccount:gitlab-pod-poc@ce-ps-3team.iam.gserviceaccount.com?uid=112055378845491413900",
                        "attributes": {
                            "condition.#": "0",
                            "etag": "BwX/VfKlEMs=",
                            "id": "roles/viewerdeleted:serviceAccount:gitlab-pod-poc@ce-ps-3team.iam.gserviceaccount.com?uid=112055378845491413900",
                            "member": "deleted:serviceAccount:gitlab-pod-poc@ce-ps-3team.iam.gserviceaccount.com?uid=112055378845491413900",
                            "project": "ce-ps-3team",
                            "role": "roles/viewer"
                        },
                        "meta": {
                            "schema_version": 0
                        },
                        "tainted": false
                    },
                    "deposed": [],
                    "provider": "provider.google"
                },
                "google_project_iam_member.tfer--roles-002F-vieweruser-003A-Santhosh-002E-kumar-0040-searce-002E-com": {
                    "type": "google_project_iam_member",
                    "depends_on": [],
                    "primary": {
                        "id": "roles/vieweruser:Santhosh.kumar@searce.com",
                        "attributes": {
                            "condition.#": "0",
                            "etag": "BwX/VfKlEMs=",
                            "id": "roles/vieweruser:Santhosh.kumar@searce.com",
                            "member": "user:Santhosh.kumar@searce.com",
                            "project": "ce-ps-3team",
                            "role": "roles/viewer"
                        },
                        "meta": {
                            "schema_version": 0
                        },
                        "tainted": false
                    },
                    "deposed": [],
                    "provider": "provider.google"
                },
                "google_project_iam_member.tfer--roles-002F-vieweruser-003A-aben-002E-george-0040-searce-002E-com": {
                    "type": "google_project_iam_member",
                    "depends_on": [],
                    "primary": {
                        "id": "roles/vieweruser:aben.george@searce.com",
                        "attributes": {
                            "condition.#": "0",
                            "etag": "BwX/VfKlEMs=",
                            "id": "roles/vieweruser:aben.george@searce.com",
                            "member": "user:aben.george@searce.com",
                            "project": "ce-ps-3team",
                            "role": "roles/viewer"
                        },
                        "meta": {
                            "schema_version": 0
                        },
                        "tainted": false
                    },
                    "deposed": [],
                    "provider": "provider.google"
                },
                "google_project_iam_member.tfer--roles-002F-vieweruser-003A-aditya-002E-chandrakar-0040-searce-002E-com": {
                    "type": "google_project_iam_member",
                    "depends_on": [],
                    "primary": {
                        "id": "roles/vieweruser:aditya.chandrakar@searce.com",
                        "attributes": {
                            "condition.#": "0",
                            "etag": "BwX/VfKlEMs=",
                            "id": "roles/vieweruser:aditya.chandrakar@searce.com",
                            "member": "user:aditya.chandrakar@searce.com",
                            "project": "ce-ps-3team",
                            "role": "roles/viewer"
                        },
                        "meta": {
                            "schema_version": 0
                        },
                        "tainted": false
                    },
                    "deposed": [],
                    "provider": "provider.google"
                },
                "google_project_iam_member.tfer--roles-002F-vieweruser-003A-arijita-002E-mitra-0040-searce-002E-com": {
                    "type": "google_project_iam_member",
                    "depends_on": [],
                    "primary": {
                        "id": "roles/vieweruser:arijita.mitra@searce.com",
                        "attributes": {
                            "condition.#": "0",
                            "etag": "BwX/VfHKkAg=",
                            "id": "roles/vieweruser:arijita.mitra@searce.com",
                            "member": "user:arijita.mitra@searce.com",
                            "project": "ce-ps-3team",
                            "role": "roles/viewer"
                        },
                        "meta": {
                            "schema_version": 0
                        },
                        "tainted": false
                    },
                    "deposed": [],
                    "provider": "provider.google"
                },
                "google_project_iam_member.tfer--roles-002F-vieweruser-003A-binayak-002E-kumar-0040-searce-002E-com": {
                    "type": "google_project_iam_member",
                    "depends_on": [],
                    "primary": {
                        "id": "roles/vieweruser:binayak.kumar@searce.com",
                        "attributes": {
                            "condition.#": "0",
                            "etag": "BwX/VeDWE7U=",
                            "id": "roles/vieweruser:binayak.kumar@searce.com",
                            "member": "user:binayak.kumar@searce.com",
                            "project": "ce-ps-3team",
                            "role": "roles/viewer"
                        },
                        "meta": {
                            "schema_version": 0
                        },
                        "tainted": false
                    },
                    "deposed": [],
                    "provider": "provider.google"
                },
                "google_project_iam_member.tfer--roles-002F-vieweruser-003A-harshal-002E-sanap-0040-searce-002E-com": {
                    "type": "google_project_iam_member",
                    "depends_on": [],
                    "primary": {
                        "id": "roles/vieweruser:harshal.sanap@searce.com",
                        "attributes": {
                            "condition.#": "0",
                            "etag": "BwX/VfKlEMs=",
                            "id": "roles/vieweruser:harshal.sanap@searce.com",
                            "member": "user:harshal.sanap@searce.com",
                            "project": "ce-ps-3team",
                            "role": "roles/viewer"
                        },
                        "meta": {
                            "schema_version": 0
                        },
                        "tainted": false
                    },
                    "deposed": [],
                    "provider": "provider.google"
                },
                "google_project_iam_member.tfer--roles-002F-vieweruser-003A-pallapolu-002E-sindhu-0040-searce-002E-com": {
                    "type": "google_project_iam_member",
                    "depends_on": [],
                    "primary": {
                        "id": "roles/vieweruser:pallapolu.sindhu@searce.com",
                        "attributes": {
                            "condition.#": "0",
                            "etag": "BwX/VfKlEMs=",
                            "id": "roles/vieweruser:pallapolu.sindhu@searce.com",
                            "member": "user:pallapolu.sindhu@searce.com",
                            "project": "ce-ps-3team",
                            "role": "roles/viewer"
                        },
                        "meta": {
                            "schema_version": 0
                        },
                        "tainted": false
                    },
                    "deposed": [],
                    "provider": "provider.google"
                },
                "google_project_iam_member.tfer--roles-002F-vieweruser-003A-prasada-002E-midde-0040-searce-002E-com": {
                    "type": "google_project_iam_member",
                    "depends_on": [],
                    "primary": {
                        "id": "roles/vieweruser:prasada.midde@searce.com",
                        "attributes": {
                            "condition.#": "0",
                            "etag": "BwX/VfKlEMs=",
                            "id": "roles/vieweruser:prasada.midde@searce.com",
                            "member": "user:prasada.midde@searce.com",
                            "project": "ce-ps-3team",
                            "role": "roles/viewer"
                        },
                        "meta": {
                            "schema_version": 0
                        },
                        "tainted": false
                    },
                    "deposed": [],
                    "provider": "provider.google"
                },
                "google_project_iam_member.tfer--roles-002F-vieweruser-003A-raghu-002E-manne-0040-searce-002E-com": {
                    "type": "google_project_iam_member",
                    "depends_on": [],
                    "primary": {
                        "id": "roles/vieweruser:raghu.manne@searce.com",
                        "attributes": {
                            "condition.#": "0",
                            "etag": "BwX/VfKlEMs=",
                            "id": "roles/vieweruser:raghu.manne@searce.com",
                            "member": "user:raghu.manne@searce.com",
                            "project": "ce-ps-3team",
                            "role": "roles/viewer"
                        },
                        "meta": {
                            "schema_version": 0
                        },
                        "tainted": false
                    },
                    "deposed": [],
                    "provider": "provider.google"
                },
                "google_project_iam_member.tfer--roles-002F-vieweruser-003A-sai-002E-k-0040-searce-002E-com": {
                    "type": "google_project_iam_member",
                    "depends_on": [],
                    "primary": {
                        "id": "roles/vieweruser:sai.k@searce.com",
                        "attributes": {
                            "condition.#": "0",
                            "etag": "BwX/VeDWE7U=",
                            "id": "roles/vieweruser:sai.k@searce.com",
                            "member": "user:sai.k@searce.com",
                            "project": "ce-ps-3team",
                            "role": "roles/viewer"
                        },
                        "meta": {
                            "schema_version": 0
                        },
                        "tainted": false
                    },
                    "deposed": [],
                    "provider": "provider.google"
                },
                "google_project_iam_member.tfer--roles-002F-vieweruser-003A-saurav-002E-singh-0040-searce-002E-com": {
                    "type": "google_project_iam_member",
                    "depends_on": [],
                    "primary": {
                        "id": "roles/vieweruser:saurav.singh@searce.com",
                        "attributes": {
                            "condition.#": "0",
                            "etag": "BwX/VfKlEMs=",
                            "id": "roles/vieweruser:saurav.singh@searce.com",
                            "member": "user:saurav.singh@searce.com",
                            "project": "ce-ps-3team",
                            "role": "roles/viewer"
                        },
                        "meta": {
                            "schema_version": 0
                        },
                        "tainted": false
                    },
                    "deposed": [],
                    "provider": "provider.google"
                },
                "google_project_iam_member.tfer--roles-002F-vieweruser-003A-shivaling-002E-patil-0040-searce-002E-com": {
                    "type": "google_project_iam_member",
                    "depends_on": [],
                    "primary": {
                        "id": "roles/vieweruser:shivaling.patil@searce.com",
                        "attributes": {
                            "condition.#": "0",
                            "etag": "BwX/VeDWE7U=",
                            "id": "roles/vieweruser:shivaling.patil@searce.com",
                            "member": "user:shivaling.patil@searce.com",
                            "project": "ce-ps-3team",
                            "role": "roles/viewer"
                        },
                        "meta": {
                            "schema_version": 0
                        },
                        "tainted": false
                    },
                    "deposed": [],
                    "provider": "provider.google"
                },
                "google_project_iam_member.tfer--roles-002F-vmmigration-002E-serviceAgentserviceAccount-003A-service-19361973525-0040-gcp-sa-vmmigration-002E-iam-002E-gserviceaccount-002E-com": {
                    "type": "google_project_iam_member",
                    "depends_on": [],
                    "primary": {
                        "id": "roles/vmmigration.serviceAgentserviceAccount:service-19361973525@gcp-sa-vmmigration.iam.gserviceaccount.com",
                        "attributes": {
                            "condition.#": "0",
                            "etag": "BwX/VfKlEMs=",
                            "id": "roles/vmmigration.serviceAgentserviceAccount:service-19361973525@gcp-sa-vmmigration.iam.gserviceaccount.com",
                            "member": "serviceAccount:service-19361973525@gcp-sa-vmmigration.iam.gserviceaccount.com",
                            "project": "ce-ps-3team",
                            "role": "roles/vmmigration.serviceAgent"
                        },
                        "meta": {
                            "schema_version": 0
                        },
                        "tainted": false
                    },
                    "deposed": [],
                    "provider": "provider.google"
                },
                "google_project_iam_member.tfer--roles-002F-vpcaccess-002E-serviceAgentserviceAccount-003A-service-19361973525-0040-gcp-sa-vpcaccess-002E-iam-002E-gserviceaccount-002E-com": {
                    "type": "google_project_iam_member",
                    "depends_on": [],
                    "primary": {
                        "id": "roles/vpcaccess.serviceAgentserviceAccount:service-19361973525@gcp-sa-vpcaccess.iam.gserviceaccount.com",
                        "attributes": {
                            "condition.#": "0",
                            "etag": "BwX/VfB09rw=",
                            "id": "roles/vpcaccess.serviceAgentserviceAccount:service-19361973525@gcp-sa-vpcaccess.iam.gserviceaccount.com",
                            "member": "serviceAccount:service-19361973525@gcp-sa-vpcaccess.iam.gserviceaccount.com",
                            "project": "ce-ps-3team",
                            "role": "roles/vpcaccess.serviceAgent"
                        },
                        "meta": {
                            "schema_version": 0
                        },
                        "tainted": false
                    },
                    "deposed": [],
                    "provider": "provider.google"
                },
                "google_project_iam_member.tfer--roles-002F-websecurityscanner-002E-serviceAgentserviceAccount-003A-service-19361973525-0040-gcp-sa-websecurityscanner-002E-iam-002E-gserviceaccount-002E-com": {
                    "type": "google_project_iam_member",
                    "depends_on": [],
                    "primary": {
                        "id": "roles/websecurityscanner.serviceAgentserviceAccount:service-19361973525@gcp-sa-websecurityscanner.iam.gserviceaccount.com",
                        "attributes": {
                            "condition.#": "0",
                            "etag": "BwX/VfKlEMs=",
                            "id": "roles/websecurityscanner.serviceAgentserviceAccount:service-19361973525@gcp-sa-websecurityscanner.iam.gserviceaccount.com",
                            "member": "serviceAccount:service-19361973525@gcp-sa-websecurityscanner.iam.gserviceaccount.com",
                            "project": "ce-ps-3team",
                            "role": "roles/websecurityscanner.serviceAgent"
                        },
                        "meta": {
                            "schema_version": 0
                        },
                        "tainted": false
                    },
                    "deposed": [],
                    "provider": "provider.google"
                },
                "google_project_iam_member.tfer--roles-002F-workflows-002E-serviceAgentserviceAccount-003A-service-19361973525-0040-gcp-sa-workflows-002E-iam-002E-gserviceaccount-002E-com": {
                    "type": "google_project_iam_member",
                    "depends_on": [],
                    "primary": {
                        "id": "roles/workflows.serviceAgentserviceAccount:service-19361973525@gcp-sa-workflows.iam.gserviceaccount.com",
                        "attributes": {
                            "condition.#": "0",
                            "etag": "BwX/VfKlEMs=",
                            "id": "roles/workflows.serviceAgentserviceAccount:service-19361973525@gcp-sa-workflows.iam.gserviceaccount.com",
                            "member": "serviceAccount:service-19361973525@gcp-sa-workflows.iam.gserviceaccount.com",
                            "project": "ce-ps-3team",
                            "role": "roles/workflows.serviceAgent"
                        },
                        "meta": {
                            "schema_version": 0
                        },
                        "tainted": false
                    },
                    "deposed": [],
                    "provider": "provider.google"
                },
                "google_project_iam_member.tfer--roles-002F-workstations-002E-serviceAgentserviceAccount-003A-service-19361973525-0040-gcp-sa-workstations-002E-iam-002E-gserviceaccount-002E-com": {
                    "type": "google_project_iam_member",
                    "depends_on": [],
                    "primary": {
                        "id": "roles/workstations.serviceAgentserviceAccount:service-19361973525@gcp-sa-workstations.iam.gserviceaccount.com",
                        "attributes": {
                            "condition.#": "0",
                            "etag": "BwX/VfHKkAg=",
                            "id": "roles/workstations.serviceAgentserviceAccount:service-19361973525@gcp-sa-workstations.iam.gserviceaccount.com",
                            "member": "serviceAccount:service-19361973525@gcp-sa-workstations.iam.gserviceaccount.com",
                            "project": "ce-ps-3team",
                            "role": "roles/workstations.serviceAgent"
                        },
                        "meta": {
                            "schema_version": 0
                        },
                        "tainted": false
                    },
                    "deposed": [],
                    "provider": "provider.google"
                },
                "google_service_account.tfer--101454332025492251187": {
                    "type": "google_service_account",
                    "depends_on": [],
                    "primary": {
                        "id": "projects/ce-ps-3team/serviceAccounts/keda-gcppubsubtest@ce-ps-3team.iam.gserviceaccount.com",
                        "attributes": {
                            "account_id": "keda-gcppubsubtest",
                            "description": "",
                            "disabled": "false",
                            "display_name": "keda-gcppubsubtest",
                            "email": "keda-gcppubsubtest@ce-ps-3team.iam.gserviceaccount.com",
                            "id": "projects/ce-ps-3team/serviceAccounts/keda-gcppubsubtest@ce-ps-3team.iam.gserviceaccount.com",
                            "name": "projects/ce-ps-3team/serviceAccounts/keda-gcppubsubtest@ce-ps-3team.iam.gserviceaccount.com",
                            "project": "ce-ps-3team",
                            "unique_id": "101454332025492251187"
                        },
                        "meta": {
                            "schema_version": 0
                        },
                        "tainted": false
                    },
                    "deposed": [],
                    "provider": "provider.google"
                },
                "google_service_account.tfer--103189860093338084938": {
                    "type": "google_service_account",
                    "depends_on": [],
                    "primary": {
                        "id": "projects/ce-ps-3team/serviceAccounts/baremetal-gcr@ce-ps-3team.iam.gserviceaccount.com",
                        "attributes": {
                            "account_id": "baremetal-gcr",
                            "description": "",
                            "disabled": "false",
                            "display_name": "",
                            "email": "baremetal-gcr@ce-ps-3team.iam.gserviceaccount.com",
                            "id": "projects/ce-ps-3team/serviceAccounts/baremetal-gcr@ce-ps-3team.iam.gserviceaccount.com",
                            "name": "projects/ce-ps-3team/serviceAccounts/baremetal-gcr@ce-ps-3team.iam.gserviceaccount.com",
                            "project": "ce-ps-3team",
                            "unique_id": "109253212381588305705"
                        },
                        "meta": {
                            "schema_version": 0
                        },
                        "tainted": false
                    },
                    "deposed": [],
                    "provider": "provider.google"
                },
                "google_service_account.tfer--103524776314436736613": {
                    "type": "google_service_account",
                    "depends_on": [],
                    "primary": {
                        "id": "projects/ce-ps-3team/serviceAccounts/gangadhars-test-sa@ce-ps-3team.iam.gserviceaccount.com",
                        "attributes": {
                            "account_id": "gangadhars-test-sa",
                            "description": "this is for testing purpose with compute instances",
                            "disabled": "false",
                            "display_name": "gangadhars-test-sa",
                            "email": "gangadhars-test-sa@ce-ps-3team.iam.gserviceaccount.com",
                            "id": "projects/ce-ps-3team/serviceAccounts/gangadhars-test-sa@ce-ps-3team.iam.gserviceaccount.com",
                            "name": "projects/ce-ps-3team/serviceAccounts/gangadhars-test-sa@ce-ps-3team.iam.gserviceaccount.com",
                            "project": "ce-ps-3team",
                            "unique_id": "103524776314436736613"
                        },
                        "meta": {
                            "schema_version": 0
                        },
                        "tainted": false
                    },
                    "deposed": [],
                    "provider": "provider.google"
                },
                "google_service_account.tfer--106506744714391445885": {
                    "type": "google_service_account",
                    "depends_on": [],
                    "primary": {
                        "id": "projects/ce-ps-3team/serviceAccounts/test-google-groups@ce-ps-3team.iam.gserviceaccount.com",
                        "attributes": {
                            "account_id": "test-google-groups",
                            "description": "Created By Piyush for google groups creation",
                            "disabled": "false",
                            "display_name": "test-google-groups",
                            "email": "test-google-groups@ce-ps-3team.iam.gserviceaccount.com",
                            "id": "projects/ce-ps-3team/serviceAccounts/test-google-groups@ce-ps-3team.iam.gserviceaccount.com",
                            "name": "projects/ce-ps-3team/serviceAccounts/test-google-groups@ce-ps-3team.iam.gserviceaccount.com",
                            "project": "ce-ps-3team",
                            "unique_id": "106506744714391445885"
                        },
                        "meta": {
                            "schema_version": 0
                        },
                        "tainted": false
                    },
                    "deposed": [],
                    "provider": "provider.google"
                },
                "google_service_account.tfer--112295234548117631061": {
                    "type": "google_service_account",
                    "depends_on": [],
                    "primary": {
                        "id": "projects/ce-ps-3team/serviceAccounts/vm-connectivity-test-shivaling@ce-ps-3team.iam.gserviceaccount.com",
                        "attributes": {
                            "account_id": "vm-connectivity-test-shivaling",
                            "description": "",
                            "disabled": "false",
                            "display_name": "vm-connectivity-test-shivaling",
                            "email": "vm-connectivity-test-shivaling@ce-ps-3team.iam.gserviceaccount.com",
                            "id": "projects/ce-ps-3team/serviceAccounts/vm-connectivity-test-shivaling@ce-ps-3team.iam.gserviceaccount.com",
                            "name": "projects/ce-ps-3team/serviceAccounts/vm-connectivity-test-shivaling@ce-ps-3team.iam.gserviceaccount.com",
                            "project": "ce-ps-3team",
                            "unique_id": "112295234548117631061"
                        },
                        "meta": {
                            "schema_version": 0
                        },
                        "tainted": false
                    },
                    "deposed": [],
                    "provider": "provider.google"
                },
                "google_service_account.tfer--113709310822933067102": {
                    "type": "google_service_account",
                    "depends_on": [],
                    "primary": {
                        "id": "projects/ce-ps-3team/serviceAccounts/edge01-devnet-compute-engine@ce-ps-3team.iam.gserviceaccount.com",
                        "attributes": {
                            "account_id": "edge01-devnet-compute-engine",
                            "description": "",
                            "disabled": "false",
                            "display_name": "edge01-devnet-compute-engine",
                            "email": "edge01-devnet-compute-engine@ce-ps-3team.iam.gserviceaccount.com",
                            "id": "projects/ce-ps-3team/serviceAccounts/edge01-devnet-compute-engine@ce-ps-3team.iam.gserviceaccount.com",
                            "name": "projects/ce-ps-3team/serviceAccounts/edge01-devnet-compute-engine@ce-ps-3team.iam.gserviceaccount.com",
                            "project": "ce-ps-3team",
                            "unique_id": "113709310822933067102"
                        },
                        "meta": {
                            "schema_version": 0
                        },
                        "tainted": false
                    },
                    "deposed": [],
                    "provider": "provider.google"
                },
                "google_service_account.tfer--115809471446649695836": {
                    "type": "google_service_account",
                    "depends_on": [],
                    "primary": {
                        "id": "projects/ce-ps-3team/serviceAccounts/gke-to-eks-migration-poc@ce-ps-3team.iam.gserviceaccount.com",
                        "attributes": {
                            "account_id": "gke-to-eks-migration-poc",
                            "description": "",
                            "disabled": "false",
                            "display_name": "gke-to-eks-migration-poc",
                            "email": "gke-to-eks-migration-poc@ce-ps-3team.iam.gserviceaccount.com",
                            "id": "projects/ce-ps-3team/serviceAccounts/gke-to-eks-migration-poc@ce-ps-3team.iam.gserviceaccount.com",
                            "name": "projects/ce-ps-3team/serviceAccounts/gke-to-eks-migration-poc@ce-ps-3team.iam.gserviceaccount.com",
                            "project": "ce-ps-3team",
                            "unique_id": "115809471446649695836"
                        },
                        "meta": {
                            "schema_version": 0
                        },
                        "tainted": false
                    },
                    "deposed": [],
                    "provider": "provider.google"
                },
                "google_service_account.tfer--116447987814103144089": {
                    "type": "google_service_account",
                    "depends_on": [],
                    "primary": {
                        "id": "projects/ce-ps-3team/serviceAccounts/ce-ps-3team@appspot.gserviceaccount.com",
                        "attributes": {
                            "account_id": "ce-ps-3team",
                            "description": "",
                            "disabled": "false",
                            "display_name": "App Engine default service account",
                            "email": "ce-ps-3team@appspot.gserviceaccount.com",
                            "id": "projects/ce-ps-3team/serviceAccounts/ce-ps-3team@appspot.gserviceaccount.com",
                            "name": "projects/ce-ps-3team/serviceAccounts/ce-ps-3team@appspot.gserviceaccount.com",
                            "project": "ce-ps-3team",
                            "unique_id": "116447987814103144089"
                        },
                        "meta": {
                            "schema_version": 0
                        },
                        "tainted": false
                    },
                    "deposed": [],
                    "provider": "provider.google"
                },
                "google_service_account.tfer--116600562929903752562": {
                    "type": "google_service_account",
                    "depends_on": [],
                    "primary": {
                        "id": "projects/ce-ps-3team/serviceAccounts/test-polygon-created-by-piyush@ce-ps-3team.iam.gserviceaccount.com",
                        "attributes": {
                            "account_id": "test-polygon-created-by-piyush",
                            "description": "",
                            "disabled": "false",
                            "display_name": "test-polygon-created-by-piyush",
                            "email": "test-polygon-created-by-piyush@ce-ps-3team.iam.gserviceaccount.com",
                            "id": "projects/ce-ps-3team/serviceAccounts/test-polygon-created-by-piyush@ce-ps-3team.iam.gserviceaccount.com",
                            "name": "projects/ce-ps-3team/serviceAccounts/test-polygon-created-by-piyush@ce-ps-3team.iam.gserviceaccount.com",
                            "project": "ce-ps-3team",
                            "unique_id": "116600562929903752562"
                        },
                        "meta": {
                            "schema_version": 0
                        },
                        "tainted": false
                    },
                    "deposed": [],
                    "provider": "provider.google"
                }
            },
            "depends_on": []
        },
        {
            "path": [
                "root"
            ],
            "outputs": {},
            "resources": {},
            "depends_on": []
        },
        {
            "path": [
                "root"
            ],
            "outputs": {},
            "resources": {},
            "depends_on": []
        },
        {
            "path": [
                "root"
            ],
            "outputs": {
                "google_monitoring_alert_policy_tfer--projects-002F-ce-ps-3team-002F-alertPolicies-002F-903462392805496779_id": {
                    "sensitive": false,
                    "type": "string",
                    "value": "projects/ce-ps-3team/alertPolicies/903462392805496779"
                },
                "google_monitoring_notification_channel_tfer--projects-002F-ce-ps-3team-002F-notificationChannels-002F-10126419887617550501_id": {
                    "sensitive": false,
                    "type": "string",
                    "value": "projects/ce-ps-3team/notificationChannels/10126419887617550501"
                },
                "google_monitoring_notification_channel_tfer--projects-002F-ce-ps-3team-002F-notificationChannels-002F-14982298141112649788_id": {
                    "sensitive": false,
                    "type": "string",
                    "value": "projects/ce-ps-3team/notificationChannels/14982298141112649788"
                },
                "google_monitoring_notification_channel_tfer--projects-002F-ce-ps-3team-002F-notificationChannels-002F-18228390185359157532_id": {
                    "sensitive": false,
                    "type": "string",
                    "value": "projects/ce-ps-3team/notificationChannels/18228390185359157532"
                },
                "google_monitoring_notification_channel_tfer--projects-002F-ce-ps-3team-002F-notificationChannels-002F-2769528366352328816_id": {
                    "sensitive": false,
                    "type": "string",
                    "value": "projects/ce-ps-3team/notificationChannels/2769528366352328816"
                },
                "google_monitoring_notification_channel_tfer--projects-002F-ce-ps-3team-002F-notificationChannels-002F-3505177257316148879_id": {
                    "sensitive": false,
                    "type": "string",
                    "value": "projects/ce-ps-3team/notificationChannels/3505177257316148879"
                },
                "google_monitoring_notification_channel_tfer--projects-002F-ce-ps-3team-002F-notificationChannels-002F-5211857720204504285_id": {
                    "sensitive": false,
                    "type": "string",
                    "value": "projects/ce-ps-3team/notificationChannels/5211857720204504285"
                },
                "google_monitoring_notification_channel_tfer--projects-002F-ce-ps-3team-002F-notificationChannels-002F-5516361872636405716_id": {
                    "sensitive": false,
                    "type": "string",
                    "value": "projects/ce-ps-3team/notificationChannels/5516361872636405716"
                }
            },
            "resources": {
                "google_monitoring_alert_policy.tfer--projects-002F-ce-ps-3team-002F-alertPolicies-002F-903462392805496779": {
                    "type": "google_monitoring_alert_policy",
                    "depends_on": [],
                    "primary": {
                        "id": "projects/ce-ps-3team/alertPolicies/903462392805496779",
                        "attributes": {
                            "combiner": "OR",
                            "conditions.#": "2",
                            "conditions.0.condition_absent.#": "0",
                            "conditions.0.condition_monitoring_query_language.#": "0",
                            "conditions.0.condition_threshold.#": "1",
                            "conditions.0.condition_threshold.0.aggregations.#": "1",
                            "conditions.0.condition_threshold.0.aggregations.0.alignment_period": "300s",
                            "conditions.0.condition_threshold.0.aggregations.0.cross_series_reducer": "",
                            "conditions.0.condition_threshold.0.aggregations.0.group_by_fields.#": "0",
                            "conditions.0.condition_threshold.0.aggregations.0.per_series_aligner": "ALIGN_MEAN",
                            "conditions.0.condition_threshold.0.comparison": "COMPARISON_GT",
                            "conditions.0.condition_threshold.0.denominator_aggregations.#": "0",
                            "conditions.0.condition_threshold.0.denominator_filter": "",
                            "conditions.0.condition_threshold.0.duration": "0s",
                            "conditions.0.condition_threshold.0.filter": "resource.type = \"gce_instance\" AND metric.type = \"compute.googleapis.com/instance/uptime\"",
                            "conditions.0.condition_threshold.0.threshold_value": "28800",
                            "conditions.0.condition_threshold.0.trigger.#": "1",
                            "conditions.0.condition_threshold.0.trigger.0.count": "1",
                            "conditions.0.condition_threshold.0.trigger.0.percent": "0",
                            "conditions.0.display_name": "VM Instance - Uptime",
                            "conditions.0.name": "projects/ce-ps-3team/alertPolicies/903462392805496779/conditions/903462392805497802",
                            "conditions.1.condition_absent.#": "0",
                            "conditions.1.condition_monitoring_query_language.#": "0",
                            "conditions.1.condition_threshold.#": "1",
                            "conditions.1.condition_threshold.0.aggregations.#": "1",
                            "conditions.1.condition_threshold.0.aggregations.0.alignment_period": "300s",
                            "conditions.1.condition_threshold.0.aggregations.0.cross_series_reducer": "REDUCE_MEAN",
                            "conditions.1.condition_threshold.0.aggregations.0.group_by_fields.#": "0",
                            "conditions.1.condition_threshold.0.aggregations.0.per_series_aligner": "ALIGN_SUM",
                            "conditions.1.condition_threshold.0.comparison": "COMPARISON_GT",
                            "conditions.1.condition_threshold.0.denominator_aggregations.#": "0",
                            "conditions.1.condition_threshold.0.denominator_filter": "",
                            "conditions.1.condition_threshold.0.duration": "0s",
                            "conditions.1.condition_threshold.0.filter": "resource.type = \"gce_instance\" AND metric.type = \"compute.googleapis.com/instance/uptime\"",
                            "conditions.1.condition_threshold.0.threshold_value": "28800",
                            "conditions.1.condition_threshold.0.trigger.#": "1",
                            "conditions.1.condition_threshold.0.trigger.0.count": "1",
                            "conditions.1.condition_threshold.0.trigger.0.percent": "0",
                            "conditions.1.display_name": "VM Instance - Uptime",
                            "conditions.1.name": "projects/ce-ps-3team/alertPolicies/903462392805496779/conditions/903462392805498825",
                            "creation_record.#": "1",
                            "creation_record.0.mutate_time": "2023-03-28T06:17:24.314345504Z",
                            "creation_record.0.mutated_by": "binayak.kumar@searce.com",
                            "display_name": "Compute Resource Running more than 8 hrs",
                            "documentation.#": "0",
                            "enabled": "true",
                            "id": "projects/ce-ps-3team/alertPolicies/903462392805496779",
                            "name": "projects/ce-ps-3team/alertPolicies/903462392805496779",
                            "notification_channels.#": "3",
                            "notification_channels.0": "projects/ce-ps-3team/notificationChannels/10126419887617550501",
                            "notification_channels.1": "projects/ce-ps-3team/notificationChannels/13259447599226576376",
                            "notification_channels.2": "projects/ce-ps-3team/notificationChannels/18228390185359157532",
                            "project": "ce-ps-3team",
                            "user_labels.%": "0"
                        },
                        "meta": {
                            "schema_version": 0
                        },
                        "tainted": false
                    },
                    "deposed": [],
                    "provider": "provider.google"
                },
                "google_monitoring_notification_channel.tfer--projects-002F-ce-ps-3team-002F-notificationChannels-002F-10126419887617550501": {
                    "type": "google_monitoring_notification_channel",
                    "depends_on": [],
                    "primary": {
                        "id": "projects/ce-ps-3team/notificationChannels/10126419887617550501",
                        "attributes": {
                            "description": "",
                            "display_name": "binayak",
                            "enabled": "true",
                            "id": "projects/ce-ps-3team/notificationChannels/10126419887617550501",
                            "labels.%": "1",
                            "labels.number": "+919937981842",
                            "name": "projects/ce-ps-3team/notificationChannels/10126419887617550501",
                            "project": "ce-ps-3team",
                            "type": "sms",
                            "user_labels.%": "0",
                            "verification_status": "VERIFIED"
                        },
                        "meta": {
                            "schema_version": 0
                        },
                        "tainted": false
                    },
                    "deposed": [],
                    "provider": "provider.google"
                },
                "google_monitoring_notification_channel.tfer--projects-002F-ce-ps-3team-002F-notificationChannels-002F-14982298141112649788": {
                    "type": "google_monitoring_notification_channel",
                    "depends_on": [],
                    "primary": {
                        "id": "projects/ce-ps-3team/notificationChannels/14982298141112649788",
                        "attributes": {
                            "description": "",
                            "display_name": "Ganesh Kaila",
                            "enabled": "true",
                            "id": "projects/ce-ps-3team/notificationChannels/14982298141112649788",
                            "labels.%": "1",
                            "labels.email_address": "ganesh.kaila@searce.com",
                            "name": "projects/ce-ps-3team/notificationChannels/14982298141112649788",
                            "project": "ce-ps-3team",
                            "type": "email",
                            "user_labels.%": "0",
                            "verification_status": ""
                        },
                        "meta": {
                            "schema_version": 0
                        },
                        "tainted": false
                    },
                    "deposed": [],
                    "provider": "provider.google"
                },
                "google_monitoring_notification_channel.tfer--projects-002F-ce-ps-3team-002F-notificationChannels-002F-18228390185359157532": {
                    "type": "google_monitoring_notification_channel",
                    "depends_on": [],
                    "primary": {
                        "id": "projects/ce-ps-3team/notificationChannels/18228390185359157532",
                        "attributes": {
                            "description": "",
                            "display_name": "binayak",
                            "enabled": "true",
                            "id": "projects/ce-ps-3team/notificationChannels/18228390185359157532",
                            "labels.%": "1",
                            "labels.email_address": "binayak.kumar@searce.com",
                            "name": "projects/ce-ps-3team/notificationChannels/18228390185359157532",
                            "project": "ce-ps-3team",
                            "type": "email",
                            "user_labels.%": "0",
                            "verification_status": ""
                        },
                        "meta": {
                            "schema_version": 0
                        },
                        "tainted": false
                    },
                    "deposed": [],
                    "provider": "provider.google"
                },
                "google_monitoring_notification_channel.tfer--projects-002F-ce-ps-3team-002F-notificationChannels-002F-2769528366352328816": {
                    "type": "google_monitoring_notification_channel",
                    "depends_on": [],
                    "primary": {
                        "id": "projects/ce-ps-3team/notificationChannels/2769528366352328816",
                        "attributes": {
                            "description": "",
                            "display_name": "thanusha.deepthi@searce.com",
                            "enabled": "true",
                            "id": "projects/ce-ps-3team/notificationChannels/2769528366352328816",
                            "labels.%": "1",
                            "labels.email_address": "thanusha.deepthi@searce.com",
                            "name": "projects/ce-ps-3team/notificationChannels/2769528366352328816",
                            "project": "ce-ps-3team",
                            "type": "email",
                            "user_labels.%": "0",
                            "verification_status": ""
                        },
                        "meta": {
                            "schema_version": 0
                        },
                        "tainted": false
                    },
                    "deposed": [],
                    "provider": "provider.google"
                },
                "google_monitoring_notification_channel.tfer--projects-002F-ce-ps-3team-002F-notificationChannels-002F-3505177257316148879": {
                    "type": "google_monitoring_notification_channel",
                    "depends_on": [],
                    "primary": {
                        "id": "projects/ce-ps-3team/notificationChannels/3505177257316148879",
                        "attributes": {
                            "description": "",
                            "display_name": "tf",
                            "enabled": "true",
                            "id": "projects/ce-ps-3team/notificationChannels/3505177257316148879",
                            "labels.%": "1",
                            "labels.number": "+919912999737",
                            "name": "projects/ce-ps-3team/notificationChannels/3505177257316148879",
                            "project": "ce-ps-3team",
                            "type": "sms",
                            "user_labels.%": "0",
                            "verification_status": "VERIFIED"
                        },
                        "meta": {
                            "schema_version": 0
                        },
                        "tainted": false
                    },
                    "deposed": [],
                    "provider": "provider.google"
                },
                "google_monitoring_notification_channel.tfer--projects-002F-ce-ps-3team-002F-notificationChannels-002F-5211857720204504285": {
                    "type": "google_monitoring_notification_channel",
                    "depends_on": [],
                    "primary": {
                        "id": "projects/ce-ps-3team/notificationChannels/5211857720204504285",
                        "attributes": {
                            "description": "",
                            "display_name": "Venkata",
                            "enabled": "true",
                            "id": "projects/ce-ps-3team/notificationChannels/5211857720204504285",
                            "labels.%": "1",
                            "labels.email_address": "venkata.kishore@searce.com",
                            "name": "projects/ce-ps-3team/notificationChannels/5211857720204504285",
                            "project": "ce-ps-3team",
                            "type": "email",
                            "user_labels.%": "0",
                            "verification_status": ""
                        },
                        "meta": {
                            "schema_version": 0
                        },
                        "tainted": false
                    },
                    "deposed": [],
                    "provider": "provider.google"
                },
                "google_monitoring_notification_channel.tfer--projects-002F-ce-ps-3team-002F-notificationChannels-002F-5516361872636405716": {
                    "type": "google_monitoring_notification_channel",
                    "depends_on": [],
                    "primary": {
                        "id": "projects/ce-ps-3team/notificationChannels/5516361872636405716",
                        "attributes": {
                            "description": "",
                            "display_name": "pusubtopic",
                            "enabled": "true",
                            "id": "projects/ce-ps-3team/notificationChannels/5516361872636405716",
                            "labels.%": "1",
                            "labels.topic": "projects/ce-ps-3team/topics/appengine",
                            "name": "projects/ce-ps-3team/notificationChannels/5516361872636405716",
                            "project": "ce-ps-3team",
                            "type": "pubsub",
                            "user_labels.%": "0",
                            "verification_status": ""
                        },
                        "meta": {
                            "schema_version": 0
                        },
                        "tainted": false
                    },
                    "deposed": [],
                    "provider": "provider.google"
                }
            },
            "depends_on": []
        },
        {
            "path": [
                "root"
            ],
            "outputs": {
                "google_compute_router_tfer--edge01-router_self_link": {
                    "sensitive": false,
                    "type": "string",
                    "value": "https://www.googleapis.com/compute/v1/projects/ce-ps-3team/regions/us-central1/routers/edge01-router"
                },
                "google_compute_router_tfer--gangadhars-router_self_link": {
                    "sensitive": false,
                    "type": "string",
                    "value": "https://www.googleapis.com/compute/v1/projects/ce-ps-3team/regions/us-central1/routers/gangadhars-router"
                }
            },
            "resources": {
                "google_compute_router.tfer--edge01-router": {
                    "type": "google_compute_router",
                    "depends_on": [],
                    "primary": {
                        "id": "edge01-router",
                        "attributes": {
                            "bgp.#": "1",
                            "bgp.0.advertise_mode": "CUSTOM",
                            "bgp.0.advertised_groups.#": "0",
                            "bgp.0.advertised_ip_ranges.#": "2",
                            "bgp.0.advertised_ip_ranges.0.description": "",
                            "bgp.0.advertised_ip_ranges.0.range": "10.10.0.0/18",
                            "bgp.0.advertised_ip_ranges.1.description": "",
                            "bgp.0.advertised_ip_ranges.1.range": "10.10.64.0/18",
                            "bgp.0.asn": "64514",
                            "creation_timestamp": "2023-05-23T03:47:50.101-07:00",
                            "description": "edge01 router",
                            "encrypted_interconnect_router": "false",
                            "id": "edge01-router",
                            "name": "edge01-router",
                            "network": "https://www.googleapis.com/compute/v1/projects/ce-ps-3team/global/networks/edge01-devent",
                            "project": "ce-ps-3team",
                            "region": "us-central1",
                            "self_link": "https://www.googleapis.com/compute/v1/projects/ce-ps-3team/regions/us-central1/routers/edge01-router"
                        },
                        "meta": {
                            "schema_version": 0
                        },
                        "tainted": false
                    },
                    "deposed": [],
                    "provider": "provider.google"
                },
                "google_compute_router.tfer--gangadhars-router": {
                    "type": "google_compute_router",
                    "depends_on": [],
                    "primary": {
                        "id": "gangadhars-router",
                        "attributes": {
                            "bgp.#": "0",
                            "creation_timestamp": "2023-05-12T03:43:15.402-07:00",
                            "description": "",
                            "encrypted_interconnect_router": "false",
                            "id": "gangadhars-router",
                            "name": "gangadhars-router",
                            "network": "https://www.googleapis.com/compute/v1/projects/ce-ps-3team/global/networks/gangadhars-network",
                            "project": "ce-ps-3team",
                            "region": "us-central1",
                            "self_link": "https://www.googleapis.com/compute/v1/projects/ce-ps-3team/regions/us-central1/routers/gangadhars-router"
                        },
                        "meta": {
                            "schema_version": 0
                        },
                        "tainted": false
                    },
                    "deposed": [],
                    "provider": "provider.google"
                }
            },
            "depends_on": []
        }
    ]
}