{
    "version": 3,
    "terraform_version": "0.12.31",
    "serial": 1,
    "lineage": "f6e81116-5cc9-2ac2-7ec7-31259f0a5f16",
    "modules": [
        {
            "path": [
                "root"
            ],
            "outputs": {
                "google_compute_instance_tfer--drs-sql-windows-poc_self_link": {
                    "sensitive": false,
                    "type": "string",
                    "value": "https://www.googleapis.com/compute/v1/projects/ce-ps-3team/zones/us-central1-a/instances/drs-sql-windows-poc"
                },
                "google_compute_instance_tfer--drs-windows-poc_self_link": {
                    "sensitive": false,
                    "type": "string",
                    "value": "https://www.googleapis.com/compute/v1/projects/ce-ps-3team/zones/us-central1-a/instances/drs-windows-poc"
                }
            },
            "resources": {
                "google_compute_instance.tfer--drs-sql-windows-poc": {
                    "type": "google_compute_instance",
                    "depends_on": [],
                    "primary": {
                        "id": "projects/ce-ps-3team/zones/us-central1-a/instances/drs-sql-windows-poc",
                        "attributes": {
                            "advanced_machine_features.#": "0",
                            "attached_disk.#": "0",
                            "boot_disk.#": "1",
                            "boot_disk.0.auto_delete": "true",
                            "boot_disk.0.device_name": "drs-sql-windows-poc",
                            "boot_disk.0.disk_encryption_key_raw": "",
                            "boot_disk.0.disk_encryption_key_sha256": "",
                            "boot_disk.0.initialize_params.#": "1",
                            "boot_disk.0.initialize_params.0.image": "https://www.googleapis.com/compute/v1/projects/windows-sql-cloud/global/images/sql-2014-enterprise-windows-2012-r2-dc-v20230621",
                            "boot_disk.0.initialize_params.0.labels.%": "0",
                            "boot_disk.0.initialize_params.0.size": "50",
                            "boot_disk.0.initialize_params.0.type": "pd-balanced",
                            "boot_disk.0.kms_key_self_link": "",
                            "boot_disk.0.mode": "READ_WRITE",
                            "boot_disk.0.source": "https://www.googleapis.com/compute/v1/projects/ce-ps-3team/zones/us-central1-a/disks/drs-sql-windows-poc",
                            "can_ip_forward": "false",
                            "confidential_instance_config.#": "1",
                            "confidential_instance_config.0.enable_confidential_compute": "false",
                            "cpu_platform": "AMD Rome",
                            "current_status": "RUNNING",
                            "deletion_protection": "false",
                            "description": "",
                            "enable_display": "false",
                            "guest_accelerator.#": "0",
                            "hostname": "",
                            "id": "projects/ce-ps-3team/zones/us-central1-a/instances/drs-sql-windows-poc",
                            "instance_id": "785722660283954811",
                            "label_fingerprint": "42WmSpB8rSM=",
                            "labels.%": "0",
                            "machine_type": "e2-medium",
                            "metadata.%": "1",
                            "metadata.windows-keys": "{\"expireOn\":\"2023-06-30T08:04:09.683367Z\",\"userName\":\"arijita_mitra\",\"email\":\"arijita.mitra@searce.com\",\"modulus\":\"g4peU2xHAAtzioA44g5t6kcc4PHUGEWPAR2az95S/v9w4QgvU9gnmOK7LOE5x1Uhd7aXO3EqFNEJiA/BkAhFMVjUm3NoK5A7whQ+SolLLTZK2zvea2EiFthKy2+J2r1ov1lJr3PYftSM/h9n6s3G46H40DiCrlTsviRDQF0O38YC4LvTZJoUk9y7f71vShBe+uWMKJT6BoxRT3OE5GqY+hMyursFudyh4rVHtVMrraXdP8HLxuPWiwBKk8sEC+m0mJHTP2i13QBct/UGB6zMhF/cJQSSDeHtIblnBiV3Qv+yDwgLqxQnuxh2KrP5PtxdfFn3fZkXoOXavuDIOqsvzQ==\",\"exponent\":\"AQAB\"}",
                            "metadata_fingerprint": "-rXCulPN9EA=",
                            "min_cpu_platform": "",
                            "name": "drs-sql-windows-poc",
                            "network_interface.#": "1",
                            "network_interface.0.access_config.#": "1",
                            "network_interface.0.access_config.0.nat_ip": "104.154.19.195",
                            "network_interface.0.access_config.0.network_tier": "PREMIUM",
                            "network_interface.0.access_config.0.public_ptr_domain_name": "",
                            "network_interface.0.alias_ip_range.#": "0",
                            "network_interface.0.ipv6_access_config.#": "0",
                            "network_interface.0.ipv6_access_type": "",
                            "network_interface.0.name": "nic0",
                            "network_interface.0.network": "https://www.googleapis.com/compute/v1/projects/ce-ps-3team/global/networks/raghu-test",
                            "network_interface.0.network_ip": "10.0.0.57",
                            "network_interface.0.nic_type": "",
                            "network_interface.0.stack_type": "IPV4_ONLY",
                            "network_interface.0.subnetwork": "https://www.googleapis.com/compute/v1/projects/ce-ps-3team/regions/us-central1/subnetworks/raghu-test",
                            "network_interface.0.subnetwork_project": "ce-ps-3team",
                            "project": "ce-ps-3team",
                            "reservation_affinity.#": "1",
                            "reservation_affinity.0.specific_reservation.#": "0",
                            "reservation_affinity.0.type": "ANY_RESERVATION",
                            "resource_policies.#": "0",
                            "scheduling.#": "1",
                            "scheduling.0.automatic_restart": "true",
                            "scheduling.0.min_node_cpus": "0",
                            "scheduling.0.node_affinities.#": "0",
                            "scheduling.0.on_host_maintenance": "MIGRATE",
                            "scheduling.0.preemptible": "false",
                            "scratch_disk.#": "0",
                            "self_link": "https://www.googleapis.com/compute/v1/projects/ce-ps-3team/zones/us-central1-a/instances/drs-sql-windows-poc",
                            "service_account.#": "1",
                            "service_account.0.email": "19361973525-compute@developer.gserviceaccount.com",
                            "service_account.0.scopes.#": "6",
                            "service_account.0.scopes.0": "https://www.googleapis.com/auth/devstorage.read_only",
                            "service_account.0.scopes.1": "https://www.googleapis.com/auth/logging.write",
                            "service_account.0.scopes.2": "https://www.googleapis.com/auth/monitoring.write",
                            "service_account.0.scopes.3": "https://www.googleapis.com/auth/service.management.readonly",
                            "service_account.0.scopes.4": "https://www.googleapis.com/auth/servicecontrol",
                            "service_account.0.scopes.5": "https://www.googleapis.com/auth/trace.append",
                            "shielded_instance_config.#": "1",
                            "shielded_instance_config.0.enable_integrity_monitoring": "true",
                            "shielded_instance_config.0.enable_secure_boot": "false",
                            "shielded_instance_config.0.enable_vtpm": "true",
                            "tags.#": "0",
                            "tags_fingerprint": "42WmSpB8rSM=",
                            "zone": "us-central1-a"
                        },
                        "meta": {
                            "schema_version": 6
                        },
                        "tainted": false
                    },
                    "deposed": [],
                    "provider": "provider.google"
                },
                "google_compute_instance.tfer--drs-windows-poc": {
                    "type": "google_compute_instance",
                    "depends_on": [],
                    "primary": {
                        "id": "projects/ce-ps-3team/zones/us-central1-a/instances/drs-windows-poc",
                        "attributes": {
                            "advanced_machine_features.#": "0",
                            "attached_disk.#": "0",
                            "boot_disk.#": "1",
                            "boot_disk.0.auto_delete": "true",
                            "boot_disk.0.device_name": "drs-poc",
                            "boot_disk.0.disk_encryption_key_raw": "",
                            "boot_disk.0.disk_encryption_key_sha256": "",
                            "boot_disk.0.initialize_params.#": "1",
                            "boot_disk.0.initialize_params.0.image": "https://www.googleapis.com/compute/v1/projects/windows-cloud/global/images/windows-server-2022-dc-v20230615",
                            "boot_disk.0.initialize_params.0.labels.%": "0",
                            "boot_disk.0.initialize_params.0.size": "50",
                            "boot_disk.0.initialize_params.0.type": "pd-balanced",
                            "boot_disk.0.kms_key_self_link": "",
                            "boot_disk.0.mode": "READ_WRITE",
                            "boot_disk.0.source": "https://www.googleapis.com/compute/v1/projects/ce-ps-3team/zones/us-central1-a/disks/drs-windows-poc",
                            "can_ip_forward": "false",
                            "confidential_instance_config.#": "1",
                            "confidential_instance_config.0.enable_confidential_compute": "false",
                            "cpu_platform": "AMD Rome",
                            "current_status": "RUNNING",
                            "deletion_protection": "false",
                            "description": "",
                            "enable_display": "false",
                            "guest_accelerator.#": "0",
                            "hostname": "",
                            "id": "projects/ce-ps-3team/zones/us-central1-a/instances/drs-windows-poc",
                            "instance_id": "7936349682021906906",
                            "label_fingerprint": "42WmSpB8rSM=",
                            "labels.%": "0",
                            "machine_type": "e2-medium",
                            "metadata.%": "1",
                            "metadata.windows-keys": "{\"expireOn\":\"2023-06-30T09:37:23.419840Z\",\"userName\":\"arijita_mitra\",\"email\":\"arijita.mitra@searce.com\",\"modulus\":\"0kmICOH46lOyJeHiPrYJorC6Mz6REM5Ur9Tdoyiz+J2pR5fmy8GtGyLnP9tBdpY1zXYtd2oZwx+ZHfXOTf4rRemr2wOyJ9II8fB55k7jdDewBrTnOFqg69NwOaphCmEJVlRLH4rFWmZ5S+aLizKqW38pP+iwGkrvoct6vu7J+mX+ypjDOqhpAutmlhgF9CS9a59GsDtY/pn3/dXl6QddCg3IPR2X4Em15wmrfVKFAUjep3Te5RjBc7oPwk89VnnKHXxvvz9pmvlVQqzxUp9DW85xsQS2DP5TsLULKNWMi0N0ieGKToEMFI2AhiO0r5fXksCcVASBHpq6uKCowJE9cw==\",\"exponent\":\"AQAB\"}",
                            "metadata_fingerprint": "CIMB6hszdaM=",
                            "min_cpu_platform": "",
                            "name": "drs-windows-poc",
                            "network_interface.#": "1",
                            "network_interface.0.access_config.#": "1",
                            "network_interface.0.access_config.0.nat_ip": "35.184.39.16",
                            "network_interface.0.access_config.0.network_tier": "PREMIUM",
                            "network_interface.0.access_config.0.public_ptr_domain_name": "",
                            "network_interface.0.alias_ip_range.#": "0",
                            "network_interface.0.ipv6_access_config.#": "0",
                            "network_interface.0.ipv6_access_type": "",
                            "network_interface.0.name": "nic0",
                            "network_interface.0.network": "https://www.googleapis.com/compute/v1/projects/ce-ps-3team/global/networks/raghu-test",
                            "network_interface.0.network_ip": "10.0.0.56",
                            "network_interface.0.nic_type": "",
                            "network_interface.0.stack_type": "IPV4_ONLY",
                            "network_interface.0.subnetwork": "https://www.googleapis.com/compute/v1/projects/ce-ps-3team/regions/us-central1/subnetworks/raghu-test",
                            "network_interface.0.subnetwork_project": "ce-ps-3team",
                            "project": "ce-ps-3team",
                            "reservation_affinity.#": "1",
                            "reservation_affinity.0.specific_reservation.#": "0",
                            "reservation_affinity.0.type": "ANY_RESERVATION",
                            "resource_policies.#": "0",
                            "scheduling.#": "1",
                            "scheduling.0.automatic_restart": "true",
                            "scheduling.0.min_node_cpus": "0",
                            "scheduling.0.node_affinities.#": "0",
                            "scheduling.0.on_host_maintenance": "MIGRATE",
                            "scheduling.0.preemptible": "false",
                            "scratch_disk.#": "0",
                            "self_link": "https://www.googleapis.com/compute/v1/projects/ce-ps-3team/zones/us-central1-a/instances/drs-windows-poc",
                            "service_account.#": "1",
                            "service_account.0.email": "19361973525-compute@developer.gserviceaccount.com",
                            "service_account.0.scopes.#": "6",
                            "service_account.0.scopes.0": "https://www.googleapis.com/auth/devstorage.read_only",
                            "service_account.0.scopes.1": "https://www.googleapis.com/auth/logging.write",
                            "service_account.0.scopes.2": "https://www.googleapis.com/auth/monitoring.write",
                            "service_account.0.scopes.3": "https://www.googleapis.com/auth/service.management.readonly",
                            "service_account.0.scopes.4": "https://www.googleapis.com/auth/servicecontrol",
                            "service_account.0.scopes.5": "https://www.googleapis.com/auth/trace.append",
                            "shielded_instance_config.#": "1",
                            "shielded_instance_config.0.enable_integrity_monitoring": "true",
                            "shielded_instance_config.0.enable_secure_boot": "false",
                            "shielded_instance_config.0.enable_vtpm": "true",
                            "tags.#": "0",
                            "tags_fingerprint": "42WmSpB8rSM=",
                            "zone": "us-central1-a"
                        },
                        "meta": {
                            "schema_version": 6
                        },
                        "tainted": false
                    },
                    "deposed": [],
                    "provider": "provider.google"
                }
            },
            "depends_on": []
        }
    ]
}
